{
  "version": 4,
  "terraform_version": "1.14.6",
  "serial": 2242,
  "lineage": "f79b37b2-926f-7071-e5b7-b395d34c4681",
  "outputs": {
    "iam_lambda_execution_role_arn": {
      "value": "arn:aws:iam::331504768406:role/flight-radar-stream-lambda-execution-role",
      "type": "string"
    },
    "kinesis_stream_flights_info": {
      "value": {
        "arn": "arn:aws:kinesis:us-east-1:331504768406:stream/flight-radar-stream-flights",
        "mode": "ON_DEMAND",
        "name": "flight-radar-stream-flights",
        "retention_hours": 24
      },
      "type": [
        "object",
        {
          "arn": "string",
          "mode": "string",
          "name": "string",
          "retention_hours": "number"
        }
      ]
    },
    "lambda_flights_enriched_arn": {
      "value": "arn:aws:lambda:us-east-1:331504768406:function:flight-radar-stream-flights_enriched",
      "type": "string"
    },
    "lambda_flights_raw_arn": {
      "value": "arn:aws:lambda:us-east-1:331504768406:function:flight-radar-stream-flights_raw",
      "type": "string"
    }
  },
  "resources": [
    {
      "mode": "data",
      "type": "aws_caller_identity",
      "name": "current",
      "provider": "provider[\"registry.terraform.io/hashicorp/aws\"]",
      "instances": [
        {
          "schema_version": 0,
          "attributes": {
            "account_id": "331504768406",
            "arn": "arn:aws:iam::331504768406:user/lake-admin",
            "id": "331504768406",
            "user_id": "AIDAU2LZZKWLCFPCWNTXM"
          },
          "sensitive_attributes": [],
          "identity_schema_version": 0
        }
      ]
    },
    {
      "mode": "data",
      "type": "aws_iam_role",
      "name": "datalake_role_name",
      "provider": "provider[\"registry.terraform.io/hashicorp/aws\"]",
      "instances": [
        {
          "schema_version": 0,
          "attributes": {
            "arn": "arn:aws:iam::331504768406:role/role-datalake-analytics",
            "assume_role_policy": "{\"Version\":\"2012-10-17\",\"Statement\":[{\"Effect\":\"Allow\",\"Principal\":{\"Service\":[\"sqs.amazonaws.com\",\"glue.amazonaws.com\",\"states.amazonaws.com\",\"firehose.amazonaws.com\",\"s3.amazonaws.com\",\"sns.amazonaws.com\",\"athena.amazonaws.com\"]},\"Action\":\"sts:AssumeRole\"}]}",
            "create_date": "2026-02-08T21:11:47Z",
            "description": "",
            "id": "role-datalake-analytics",
            "max_session_duration": 3600,
            "name": "role-datalake-analytics",
            "path": "/",
            "permissions_boundary": "",
            "role_last_used": [
              {
                "last_used_date": "2026-02-18T15:36:51Z",
                "region": "us-east-1"
              }
            ],
            "tags": {},
            "unique_id": "AROAU2LZZKWLJFUTIYNIP"
          },
          "sensitive_attributes": [],
          "identity_schema_version": 0
        }
      ]
    },
    {
      "mode": "data",
      "type": "aws_s3_bucket",
      "name": "landing",
      "provider": "provider[\"registry.terraform.io/hashicorp/aws\"]",
      "instances": [
        {
          "schema_version": 0,
          "attributes": {
            "arn": "arn:aws:s3:::lakehouse-landing-331504768406",
            "bucket": "lakehouse-landing-331504768406",
            "bucket_domain_name": "lakehouse-landing-331504768406.s3.amazonaws.com",
            "bucket_region": "us-east-1",
            "bucket_regional_domain_name": "lakehouse-landing-331504768406.s3.us-east-1.amazonaws.com",
            "hosted_zone_id": "Z3AQBSTGFYJSTF",
            "id": "lakehouse-landing-331504768406",
            "region": "us-east-1",
            "website_domain": null,
            "website_endpoint": null
          },
          "sensitive_attributes": [],
          "identity_schema_version": 0
        }
      ]
    },
    {
      "mode": "data",
      "type": "aws_subnets",
      "name": "private",
      "provider": "provider[\"registry.terraform.io/hashicorp/aws\"]",
      "instances": [
        {
          "schema_version": 0,
          "attributes": {
            "filter": [
              {
                "name": "tag:Name",
                "values": [
                  "*private*"
                ]
              },
              {
                "name": "vpc-id",
                "values": [
                  "vpc-022139f6bee3cbdd5"
                ]
              }
            ],
            "id": "us-east-1",
            "ids": [],
            "region": "us-east-1",
            "tags": null,
            "timeouts": null
          },
          "sensitive_attributes": [],
          "identity_schema_version": 0
        }
      ]
    },
    {
      "mode": "data",
      "type": "aws_vpc",
      "name": "main",
      "provider": "provider[\"registry.terraform.io/hashicorp/aws\"]",
      "instances": [
        {
          "schema_version": 0,
          "attributes": {
            "arn": "arn:aws:ec2:us-east-1:331504768406:vpc/vpc-022139f6bee3cbdd5",
            "cidr_block": "172.31.0.0/16",
            "cidr_block_associations": [
              {
                "association_id": "vpc-cidr-assoc-0c6ad64dbf0319d54",
                "cidr_block": "172.31.0.0/16",
                "state": "associated"
              }
            ],
            "default": true,
            "dhcp_options_id": "dopt-049c3fa63507ed2cb",
            "enable_dns_hostnames": true,
            "enable_dns_support": true,
            "enable_network_address_usage_metrics": false,
            "filter": null,
            "id": "vpc-022139f6bee3cbdd5",
            "instance_tenancy": "default",
            "ipv6_association_id": "",
            "ipv6_cidr_block": "",
            "main_route_table_id": "rtb-084e636a649daa8ec",
            "owner_id": "331504768406",
            "region": "us-east-1",
            "state": null,
            "tags": {},
            "timeouts": null
          },
          "sensitive_attributes": [],
          "identity_schema_version": 0
        }
      ]
    },
    {
      "module": "module.cloudwatch_monitoring",
      "mode": "data",
      "type": "aws_caller_identity",
      "name": "current",
      "provider": "provider[\"registry.terraform.io/hashicorp/aws\"]",
      "instances": [
        {
          "schema_version": 0,
          "attributes": {
            "account_id": "331504768406",
            "arn": "arn:aws:iam::331504768406:user/lake-admin",
            "id": "331504768406",
            "user_id": "AIDAU2LZZKWLCFPCWNTXM"
          },
          "sensitive_attributes": [],
          "identity_schema_version": 0
        }
      ]
    },
    {
      "module": "module.cloudwatch_monitoring",
      "mode": "managed",
      "type": "aws_cloudwatch_composite_alarm",
      "name": "pipeline_critical",
      "provider": "provider[\"registry.terraform.io/hashicorp/aws\"]",
      "instances": [
        {
          "schema_version": 0,
          "attributes": {
            "actions_enabled": true,
            "actions_suppressor": [
              {
                "alarm": "flight-radar-stream-production-maintenance-window",
                "extension_period": 600,
                "wait_period": 300
              }
            ],
            "alarm_actions": [],
            "alarm_description": "Alarme composto: Qualquer falha crítica no pipeline de streaming",
            "alarm_name": "flight-radar-stream-production-pipeline-critical",
            "alarm_rule": "ALARM(\"flight-radar-stream-production-kinesis-high-iterator-age\") OR ALARM(\"flight-radar-stream-production-kinesis-write-throttled\") OR ALARM(\"flight-radar-stream-production-firehose-s3-delivery-failures\")",
            "arn": "arn:aws:cloudwatch:us-east-1:331504768406:alarm:flight-radar-stream-production-pipeline-critical",
            "id": "flight-radar-stream-production-pipeline-critical",
            "insufficient_data_actions": [],
            "ok_actions": [],
            "region": "us-east-1",
            "tags": {
              "AlarmType": "CompositeCritical",
              "Environment": "production",
              "ManagedBy": "terraform",
              "Project": "flight-radar-stream",
              "Severity": "Critical"
            },
            "tags_all": {
              "AlarmType": "CompositeCritical",
              "Environment": "production",
              "ManagedBy": "terraform",
              "Project": "flight-radar-stream",
              "Severity": "Critical"
            }
          },
          "sensitive_attributes": [],
          "identity_schema_version": 0,
          "private": "bnVsbA==",
          "dependencies": [
            "data.aws_caller_identity.current",
            "data.aws_s3_bucket.landing",
            "module.cloudwatch_monitoring.aws_cloudwatch_metric_alarm.firehose_s3_delivery_failures",
            "module.cloudwatch_monitoring.aws_cloudwatch_metric_alarm.kinesis_iterator_age",
            "module.cloudwatch_monitoring.aws_cloudwatch_metric_alarm.kinesis_write_throttled",
            "module.cloudwatch_monitoring.aws_cloudwatch_metric_alarm.maintenance_window",
            "module.cloudwatch_monitoring.aws_sns_topic.pipeline_alarms",
            "module.iam.aws_iam_role.firehose_role",
            "module.iam.aws_iam_role.kda_execution",
            "module.iam.aws_iam_role.lambda_execution",
            "module.iam.aws_iam_role_policy.firehose_policy",
            "module.iam.aws_iam_role_policy.kda_policy",
            "module.iam.aws_iam_role_policy.lambda_kinesis_policy",
            "module.iam.aws_iam_role_policy.lambda_logs_policy",
            "module.iam.data.aws_iam_policy_document.firehose_assume_role_policy",
            "module.iam.data.aws_iam_policy_document.firehose_policy",
            "module.iam.data.aws_iam_policy_document.kda_assume_role_policy",
            "module.iam.data.aws_iam_policy_document.kda_policy",
            "module.iam.data.aws_iam_policy_document.lambda_assume_role_policy",
            "module.iam.data.aws_iam_policy_document.lambda_kinesis_policy",
            "module.iam.data.aws_iam_policy_document.lambda_logs_policy",
            "module.iam.data.aws_iam_policy_document.opensearch_dashboard_access",
            "module.kinesis_firehose_flights.aws_kinesis_firehose_delivery_stream.firehose_flights_to_s3",
            "module.kinesis_firehose_flights.data.aws_caller_identity.current",
            "module.kinesis_stream_flights.aws_kinesis_stream.kinesis_stream_flights",
            "module.kinesis_stream_flights.aws_kinesis_stream.kinesis_stream_flights_rt",
            "module.kinesis_stream_flights.data.aws_kinesis_stream.stream_info",
            "module.lambda_flights_enriched.aws_cloudwatch_log_group.log_group_flights_enriched",
            "module.lambda_flights_enriched.aws_lambda_function.lambda_flights_enriched",
            "module.lambda_flights_enriched.data.archive_file.lambda_function",
            "module.lambda_flights_enriched.data.archive_file.python_layer",
            "module.lambda_flights_enriched.data.aws_caller_identity.current",
            "module.lambda_flights_raw.aws_cloudwatch_log_group.log_group_flights_raw",
            "module.lambda_flights_raw.aws_lambda_function.lambda_flights_raw",
            "module.lambda_flights_raw.data.archive_file.lambda_function",
            "module.lambda_flights_raw.data.archive_file.python_layer",
            "module.lambda_flights_raw.data.aws_caller_identity.current"
          ]
        }
      ]
    },
    {
      "module": "module.cloudwatch_monitoring",
      "mode": "managed",
      "type": "aws_cloudwatch_composite_alarm",
      "name": "pipeline_degraded",
      "provider": "provider[\"registry.terraform.io/hashicorp/aws\"]",
      "instances": [
        {
          "schema_version": 0,
          "attributes": {
            "actions_enabled": true,
            "actions_suppressor": [],
            "alarm_actions": [],
            "alarm_description": "Alarme composto: Pipeline operando com degradação",
            "alarm_name": "flight-radar-stream-production-pipeline-degraded",
            "alarm_rule": "ALARM(\"flight-radar-stream-production-kinesis-read-throttled\") OR ALARM(\"flight-radar-stream-production-firehose-s3-low-success-rate\") OR ALARM(\"flight-radar-stream-production-lambda-flight-radar-stream-flights_raw-errors\")",
            "arn": "arn:aws:cloudwatch:us-east-1:331504768406:alarm:flight-radar-stream-production-pipeline-degraded",
            "id": "flight-radar-stream-production-pipeline-degraded",
            "insufficient_data_actions": [],
            "ok_actions": [],
            "region": "us-east-1",
            "tags": {
              "AlarmType": "CompositeDegraded",
              "Environment": "production",
              "ManagedBy": "terraform",
              "Project": "flight-radar-stream",
              "Severity": "Warning"
            },
            "tags_all": {
              "AlarmType": "CompositeDegraded",
              "Environment": "production",
              "ManagedBy": "terraform",
              "Project": "flight-radar-stream",
              "Severity": "Warning"
            }
          },
          "sensitive_attributes": [],
          "identity_schema_version": 0,
          "private": "bnVsbA==",
          "dependencies": [
            "data.aws_caller_identity.current",
            "data.aws_s3_bucket.landing",
            "module.cloudwatch_monitoring.aws_cloudwatch_metric_alarm.firehose_s3_success_rate",
            "module.cloudwatch_monitoring.aws_cloudwatch_metric_alarm.kinesis_read_throttled",
            "module.cloudwatch_monitoring.aws_cloudwatch_metric_alarm.lambda_errors",
            "module.cloudwatch_monitoring.aws_sns_topic.pipeline_alarms",
            "module.iam.aws_iam_role.firehose_role",
            "module.iam.aws_iam_role.kda_execution",
            "module.iam.aws_iam_role.lambda_execution",
            "module.iam.aws_iam_role_policy.firehose_policy",
            "module.iam.aws_iam_role_policy.kda_policy",
            "module.iam.aws_iam_role_policy.lambda_kinesis_policy",
            "module.iam.aws_iam_role_policy.lambda_logs_policy",
            "module.iam.data.aws_iam_policy_document.firehose_assume_role_policy",
            "module.iam.data.aws_iam_policy_document.firehose_policy",
            "module.iam.data.aws_iam_policy_document.kda_assume_role_policy",
            "module.iam.data.aws_iam_policy_document.kda_policy",
            "module.iam.data.aws_iam_policy_document.lambda_assume_role_policy",
            "module.iam.data.aws_iam_policy_document.lambda_kinesis_policy",
            "module.iam.data.aws_iam_policy_document.lambda_logs_policy",
            "module.iam.data.aws_iam_policy_document.opensearch_dashboard_access",
            "module.kinesis_firehose_flights.aws_kinesis_firehose_delivery_stream.firehose_flights_to_s3",
            "module.kinesis_firehose_flights.data.aws_caller_identity.current",
            "module.kinesis_stream_flights.aws_kinesis_stream.kinesis_stream_flights",
            "module.kinesis_stream_flights.aws_kinesis_stream.kinesis_stream_flights_rt",
            "module.kinesis_stream_flights.data.aws_kinesis_stream.stream_info",
            "module.lambda_flights_enriched.aws_cloudwatch_log_group.log_group_flights_enriched",
            "module.lambda_flights_enriched.aws_lambda_function.lambda_flights_enriched",
            "module.lambda_flights_enriched.data.archive_file.lambda_function",
            "module.lambda_flights_enriched.data.archive_file.python_layer",
            "module.lambda_flights_enriched.data.aws_caller_identity.current",
            "module.lambda_flights_raw.aws_cloudwatch_log_group.log_group_flights_raw",
            "module.lambda_flights_raw.aws_lambda_function.lambda_flights_raw",
            "module.lambda_flights_raw.data.archive_file.lambda_function",
            "module.lambda_flights_raw.data.archive_file.python_layer",
            "module.lambda_flights_raw.data.aws_caller_identity.current"
          ]
        }
      ]
    },
    {
      "module": "module.cloudwatch_monitoring",
      "mode": "managed",
      "type": "aws_cloudwatch_dashboard",
      "name": "streaming_pipeline",
      "provider": "provider[\"registry.terraform.io/hashicorp/aws\"]",
      "instances": [
        {
          "schema_version": 0,
          "attributes": {
            "dashboard_arn": "arn:aws:cloudwatch::331504768406:dashboard/flight-radar-stream-production-streaming-pipeline",
            "dashboard_body": "{\"widgets\":[{\"height\":1,\"properties\":{\"markdown\":\"# 🚀 FLIGHT-RADAR-STREAM - Pipeline\\n**Ambiente:** PRODUCTION\"},\"type\":\"text\",\"width\":24,\"x\":0,\"y\":0},{\"height\":6,\"properties\":{\"annotations\":{\"horizontal\":[]},\"metrics\":[[\"AWS/Kinesis\",\"IncomingRecords\",\"StreamName\",\"flight-radar-stream-flights\",{\"color\":\"#1f77b4\",\"label\":\"Count\"}]],\"period\":300,\"region\":\"us-east-1\",\"stat\":\"Sum\",\"title\":\"📥 Registros Entrando\",\"view\":\"timeSeries\",\"yAxis\":{\"left\":{\"label\":\"Reg/min\",\"min\":0}}},\"type\":\"metric\",\"width\":12,\"x\":0,\"y\":1},{\"height\":6,\"properties\":{\"annotations\":{\"horizontal\":[{\"color\":\"#d62728\",\"label\":\"Threshold\",\"value\":60000}]},\"metrics\":[[\"AWS/Kinesis\",\"GetRecords.IteratorAgeMilliseconds\",\"StreamName\",\"flight-radar-stream-flights\",{\"color\":\"#d62728\",\"label\":\"ms\"}]],\"period\":300,\"region\":\"us-east-1\",\"stat\":\"Maximum\",\"title\":\"⏱️ Iterator Age\",\"view\":\"timeSeries\",\"yAxis\":{\"left\":{\"label\":\"ms\",\"min\":0}}},\"type\":\"metric\",\"width\":12,\"x\":12,\"y\":1},{\"height\":6,\"properties\":{\"annotations\":{\"horizontal\":[]},\"metrics\":[[\"AWS/Kinesis\",\"IncomingBytes\",\"StreamName\",\"flight-radar-stream-flights\",{\"color\":\"#1f77b4\",\"label\":\"In\"}],[\"AWS/Kinesis\",\"OutgoingBytes\",\"StreamName\",\"flight-radar-stream-flights\",{\"color\":\"#2ca02c\",\"label\":\"Out\"}]],\"period\":300,\"region\":\"us-east-1\",\"stat\":\"Sum\",\"title\":\"📊 Throughput\",\"view\":\"timeSeries\",\"yAxis\":{\"left\":{\"label\":\"Bytes\",\"min\":0}}},\"type\":\"metric\",\"width\":12,\"x\":0,\"y\":7},{\"height\":6,\"properties\":{\"annotations\":{\"horizontal\":[]},\"metrics\":[[\"AWS/Kinesis\",\"WriteProvisionedThroughputExceeded\",\"StreamName\",\"flight-radar-stream-flights\",{\"color\":\"#d62728\",\"label\":\"Write\"}],[\"AWS/Kinesis\",\"ReadProvisionedThroughputExceeded\",\"StreamName\",\"flight-radar-stream-flights\",{\"color\":\"#ff7f0e\",\"label\":\"Read\"}]],\"period\":300,\"region\":\"us-east-1\",\"stat\":\"Sum\",\"title\":\"⚠️ Throttling\",\"view\":\"timeSeries\",\"yAxis\":{\"left\":{\"label\":\"Count\",\"min\":0}}},\"type\":\"metric\",\"width\":12,\"x\":12,\"y\":7},{\"height\":1,\"properties\":{\"markdown\":\"## 🪣 Firehose → S3\"},\"type\":\"text\",\"width\":24,\"x\":0,\"y\":13},{\"height\":6,\"properties\":{\"annotations\":{\"horizontal\":[]},\"metrics\":[[\"AWS/Firehose\",\"DeliveryToS3.Success\",\"DeliveryStreamName\",\"flight-radar-firehose-flights\",{\"color\":\"#2ca02c\",\"label\":\"OK\"}]],\"period\":300,\"region\":\"us-east-1\",\"stat\":\"Sum\",\"title\":\"✅ Sucesso\",\"view\":\"timeSeries\",\"yAxis\":{\"left\":{\"min\":0}}},\"type\":\"metric\",\"width\":8,\"x\":0,\"y\":14},{\"height\":6,\"properties\":{\"annotations\":{\"horizontal\":[]},\"metrics\":[[\"AWS/Firehose\",\"DeliveryToS3.Failed\",\"DeliveryStreamName\",\"flight-radar-firehose-flights\",{\"color\":\"#d62728\",\"label\":\"Fail\"}]],\"period\":300,\"region\":\"us-east-1\",\"stat\":\"Sum\",\"title\":\"❌ Falhas\",\"view\":\"timeSeries\",\"yAxis\":{\"left\":{\"min\":0}}},\"type\":\"metric\",\"width\":8,\"x\":8,\"y\":14},{\"height\":6,\"properties\":{\"annotations\":{\"horizontal\":[]},\"metrics\":[[\"AWS/Firehose\",\"DeliveryToS3.Success\",\"DeliveryStreamName\",\"flight-radar-firehose-flights\",{\"color\":\"#1f77b4\",\"label\":\"%\"}]],\"period\":300,\"region\":\"us-east-1\",\"stat\":\"Average\",\"title\":\"📈 Taxa %\",\"view\":\"timeSeries\",\"yAxis\":{\"left\":{\"label\":\"%\",\"max\":100,\"min\":0}}},\"type\":\"metric\",\"width\":8,\"x\":16,\"y\":14}]}",
            "dashboard_name": "flight-radar-stream-production-streaming-pipeline",
            "id": "flight-radar-stream-production-streaming-pipeline",
            "region": "us-east-1"
          },
          "sensitive_attributes": [],
          "identity_schema_version": 0,
          "private": "bnVsbA==",
          "dependencies": [
            "data.aws_caller_identity.current",
            "data.aws_s3_bucket.landing",
            "module.iam.aws_iam_role.firehose_role",
            "module.iam.aws_iam_role.kda_execution",
            "module.iam.aws_iam_role.lambda_execution",
            "module.iam.aws_iam_role_policy.firehose_policy",
            "module.iam.aws_iam_role_policy.kda_policy",
            "module.iam.aws_iam_role_policy.lambda_kinesis_policy",
            "module.iam.aws_iam_role_policy.lambda_logs_policy",
            "module.iam.data.aws_iam_policy_document.firehose_assume_role_policy",
            "module.iam.data.aws_iam_policy_document.firehose_policy",
            "module.iam.data.aws_iam_policy_document.kda_assume_role_policy",
            "module.iam.data.aws_iam_policy_document.kda_policy",
            "module.iam.data.aws_iam_policy_document.lambda_assume_role_policy",
            "module.iam.data.aws_iam_policy_document.lambda_kinesis_policy",
            "module.iam.data.aws_iam_policy_document.lambda_logs_policy",
            "module.iam.data.aws_iam_policy_document.opensearch_dashboard_access",
            "module.kinesis_firehose_flights.aws_kinesis_firehose_delivery_stream.firehose_flights_to_s3",
            "module.kinesis_firehose_flights.data.aws_caller_identity.current",
            "module.kinesis_stream_flights.aws_kinesis_stream.kinesis_stream_flights",
            "module.kinesis_stream_flights.aws_kinesis_stream.kinesis_stream_flights_rt",
            "module.kinesis_stream_flights.data.aws_kinesis_stream.stream_info",
            "module.lambda_flights_enriched.aws_cloudwatch_log_group.log_group_flights_enriched",
            "module.lambda_flights_enriched.aws_lambda_function.lambda_flights_enriched",
            "module.lambda_flights_enriched.data.archive_file.lambda_function",
            "module.lambda_flights_enriched.data.archive_file.python_layer",
            "module.lambda_flights_enriched.data.aws_caller_identity.current",
            "module.lambda_flights_raw.aws_cloudwatch_log_group.log_group_flights_raw",
            "module.lambda_flights_raw.aws_lambda_function.lambda_flights_raw",
            "module.lambda_flights_raw.data.archive_file.lambda_function",
            "module.lambda_flights_raw.data.archive_file.python_layer",
            "module.lambda_flights_raw.data.aws_caller_identity.current"
          ]
        }
      ]
    },
    {
      "module": "module.cloudwatch_monitoring",
      "mode": "managed",
      "type": "aws_cloudwatch_metric_alarm",
      "name": "firehose_s3_delivery_failures",
      "provider": "provider[\"registry.terraform.io/hashicorp/aws\"]",
      "instances": [
        {
          "index_key": 0,
          "schema_version": 1,
          "attributes": {
            "actions_enabled": true,
            "alarm_actions": [
              "arn:aws:sns:us-east-1:331504768406:flight-radar-stream-production-pipeline-alarms"
            ],
            "alarm_description": "Alerta: Falhas na entrega de registros para S3",
            "alarm_name": "flight-radar-stream-production-firehose-s3-delivery-failures",
            "arn": "arn:aws:cloudwatch:us-east-1:331504768406:alarm:flight-radar-stream-production-firehose-s3-delivery-failures",
            "comparison_operator": "GreaterThanThreshold",
            "datapoints_to_alarm": 0,
            "dimensions": {
              "DeliveryStreamName": "flight-radar-firehose-flights"
            },
            "evaluate_low_sample_count_percentiles": "",
            "evaluation_periods": 2,
            "extended_statistic": "",
            "id": "flight-radar-stream-production-firehose-s3-delivery-failures",
            "insufficient_data_actions": [],
            "metric_name": "DeliveryToS3.Failed",
            "metric_query": [],
            "namespace": "AWS/Firehose",
            "ok_actions": [],
            "period": 300,
            "region": "us-east-1",
            "statistic": "Sum",
            "tags": {
              "AlarmType": "FirehoseS3Failures",
              "Environment": "production",
              "ManagedBy": "terraform",
              "Project": "flight-radar-stream",
              "Severity": "High"
            },
            "tags_all": {
              "AlarmType": "FirehoseS3Failures",
              "Environment": "production",
              "ManagedBy": "terraform",
              "Project": "flight-radar-stream",
              "Severity": "High"
            },
            "threshold": 0,
            "threshold_metric_id": "",
            "treat_missing_data": "notBreaching",
            "unit": ""
          },
          "sensitive_attributes": [],
          "identity_schema_version": 0,
          "identity": {
            "account_id": "331504768406",
            "alarm_name": "flight-radar-stream-production-firehose-s3-delivery-failures",
            "region": "us-east-1"
          },
          "private": "eyJzY2hlbWFfdmVyc2lvbiI6IjEifQ==",
          "dependencies": [
            "data.aws_caller_identity.current",
            "data.aws_s3_bucket.landing",
            "module.cloudwatch_monitoring.aws_sns_topic.pipeline_alarms",
            "module.iam.aws_iam_role.firehose_role",
            "module.iam.aws_iam_role.kda_execution",
            "module.iam.aws_iam_role.lambda_execution",
            "module.iam.aws_iam_role_policy.firehose_policy",
            "module.iam.aws_iam_role_policy.kda_policy",
            "module.iam.aws_iam_role_policy.lambda_kinesis_policy",
            "module.iam.aws_iam_role_policy.lambda_logs_policy",
            "module.iam.data.aws_iam_policy_document.firehose_assume_role_policy",
            "module.iam.data.aws_iam_policy_document.firehose_policy",
            "module.iam.data.aws_iam_policy_document.kda_assume_role_policy",
            "module.iam.data.aws_iam_policy_document.kda_policy",
            "module.iam.data.aws_iam_policy_document.lambda_assume_role_policy",
            "module.iam.data.aws_iam_policy_document.lambda_kinesis_policy",
            "module.iam.data.aws_iam_policy_document.lambda_logs_policy",
            "module.iam.data.aws_iam_policy_document.opensearch_dashboard_access",
            "module.kinesis_firehose_flights.aws_kinesis_firehose_delivery_stream.firehose_flights_to_s3",
            "module.kinesis_firehose_flights.data.aws_caller_identity.current",
            "module.kinesis_stream_flights.aws_kinesis_stream.kinesis_stream_flights",
            "module.kinesis_stream_flights.aws_kinesis_stream.kinesis_stream_flights_rt",
            "module.kinesis_stream_flights.data.aws_kinesis_stream.stream_info",
            "module.lambda_flights_enriched.aws_cloudwatch_log_group.log_group_flights_enriched",
            "module.lambda_flights_enriched.aws_lambda_function.lambda_flights_enriched",
            "module.lambda_flights_enriched.data.archive_file.lambda_function",
            "module.lambda_flights_enriched.data.archive_file.python_layer",
            "module.lambda_flights_enriched.data.aws_caller_identity.current",
            "module.lambda_flights_raw.aws_cloudwatch_log_group.log_group_flights_raw",
            "module.lambda_flights_raw.aws_lambda_function.lambda_flights_raw",
            "module.lambda_flights_raw.data.archive_file.lambda_function",
            "module.lambda_flights_raw.data.archive_file.python_layer",
            "module.lambda_flights_raw.data.aws_caller_identity.current"
          ]
        }
      ]
    },
    {
      "module": "module.cloudwatch_monitoring",
      "mode": "managed",
      "type": "aws_cloudwatch_metric_alarm",
      "name": "firehose_s3_incoming_records_low",
      "provider": "provider[\"registry.terraform.io/hashicorp/aws\"]",
      "instances": [
        {
          "index_key": 0,
          "schema_version": 1,
          "attributes": {
            "actions_enabled": true,
            "alarm_actions": [
              "arn:aws:sns:us-east-1:331504768406:flight-radar-stream-production-pipeline-alarms"
            ],
            "alarm_description": "Alerta: Baixo volume de registros entrando no Firehose S3",
            "alarm_name": "flight-radar-stream-production-firehose-s3-no-incoming",
            "arn": "arn:aws:cloudwatch:us-east-1:331504768406:alarm:flight-radar-stream-production-firehose-s3-no-incoming",
            "comparison_operator": "LessThanThreshold",
            "datapoints_to_alarm": 0,
            "dimensions": {
              "DeliveryStreamName": "flight-radar-firehose-flights"
            },
            "evaluate_low_sample_count_percentiles": "",
            "evaluation_periods": 2,
            "extended_statistic": "",
            "id": "flight-radar-stream-production-firehose-s3-no-incoming",
            "insufficient_data_actions": [],
            "metric_name": "IncomingRecords",
            "metric_query": [],
            "namespace": "AWS/Firehose",
            "ok_actions": [],
            "period": 600,
            "region": "us-east-1",
            "statistic": "Sum",
            "tags": {
              "AlarmType": "FirehoseS3NoIncoming",
              "Environment": "production",
              "ManagedBy": "terraform",
              "Project": "flight-radar-stream",
              "Severity": "Medium"
            },
            "tags_all": {
              "AlarmType": "FirehoseS3NoIncoming",
              "Environment": "production",
              "ManagedBy": "terraform",
              "Project": "flight-radar-stream",
              "Severity": "Medium"
            },
            "threshold": 1,
            "threshold_metric_id": "",
            "treat_missing_data": "breaching",
            "unit": ""
          },
          "sensitive_attributes": [],
          "identity_schema_version": 0,
          "identity": {
            "account_id": "331504768406",
            "alarm_name": "flight-radar-stream-production-firehose-s3-no-incoming",
            "region": "us-east-1"
          },
          "private": "eyJzY2hlbWFfdmVyc2lvbiI6IjEifQ==",
          "dependencies": [
            "data.aws_caller_identity.current",
            "data.aws_s3_bucket.landing",
            "module.cloudwatch_monitoring.aws_sns_topic.pipeline_alarms",
            "module.iam.aws_iam_role.firehose_role",
            "module.iam.aws_iam_role.kda_execution",
            "module.iam.aws_iam_role.lambda_execution",
            "module.iam.aws_iam_role_policy.firehose_policy",
            "module.iam.aws_iam_role_policy.kda_policy",
            "module.iam.aws_iam_role_policy.lambda_kinesis_policy",
            "module.iam.aws_iam_role_policy.lambda_logs_policy",
            "module.iam.data.aws_iam_policy_document.firehose_assume_role_policy",
            "module.iam.data.aws_iam_policy_document.firehose_policy",
            "module.iam.data.aws_iam_policy_document.kda_assume_role_policy",
            "module.iam.data.aws_iam_policy_document.kda_policy",
            "module.iam.data.aws_iam_policy_document.lambda_assume_role_policy",
            "module.iam.data.aws_iam_policy_document.lambda_kinesis_policy",
            "module.iam.data.aws_iam_policy_document.lambda_logs_policy",
            "module.iam.data.aws_iam_policy_document.opensearch_dashboard_access",
            "module.kinesis_firehose_flights.aws_kinesis_firehose_delivery_stream.firehose_flights_to_s3",
            "module.kinesis_firehose_flights.data.aws_caller_identity.current",
            "module.kinesis_stream_flights.aws_kinesis_stream.kinesis_stream_flights",
            "module.kinesis_stream_flights.aws_kinesis_stream.kinesis_stream_flights_rt",
            "module.kinesis_stream_flights.data.aws_kinesis_stream.stream_info",
            "module.lambda_flights_enriched.aws_cloudwatch_log_group.log_group_flights_enriched",
            "module.lambda_flights_enriched.aws_lambda_function.lambda_flights_enriched",
            "module.lambda_flights_enriched.data.archive_file.lambda_function",
            "module.lambda_flights_enriched.data.archive_file.python_layer",
            "module.lambda_flights_enriched.data.aws_caller_identity.current",
            "module.lambda_flights_raw.aws_cloudwatch_log_group.log_group_flights_raw",
            "module.lambda_flights_raw.aws_lambda_function.lambda_flights_raw",
            "module.lambda_flights_raw.data.archive_file.lambda_function",
            "module.lambda_flights_raw.data.archive_file.python_layer",
            "module.lambda_flights_raw.data.aws_caller_identity.current"
          ]
        }
      ]
    },
    {
      "module": "module.cloudwatch_monitoring",
      "mode": "managed",
      "type": "aws_cloudwatch_metric_alarm",
      "name": "firehose_s3_success_rate",
      "provider": "provider[\"registry.terraform.io/hashicorp/aws\"]",
      "instances": [
        {
          "index_key": 0,
          "schema_version": 1,
          "attributes": {
            "actions_enabled": true,
            "alarm_actions": [
              "arn:aws:sns:us-east-1:331504768406:flight-radar-stream-production-pipeline-alarms"
            ],
            "alarm_description": "Alerta: Taxa de sucesso na entrega para S3 abaixo de 90%",
            "alarm_name": "flight-radar-stream-production-firehose-s3-low-success-rate",
            "arn": "arn:aws:cloudwatch:us-east-1:331504768406:alarm:flight-radar-stream-production-firehose-s3-low-success-rate",
            "comparison_operator": "LessThanThreshold",
            "datapoints_to_alarm": 0,
            "dimensions": {
              "DeliveryStreamName": "flight-radar-firehose-flights"
            },
            "evaluate_low_sample_count_percentiles": "",
            "evaluation_periods": 2,
            "extended_statistic": "",
            "id": "flight-radar-stream-production-firehose-s3-low-success-rate",
            "insufficient_data_actions": [],
            "metric_name": "DeliveryToS3.Success",
            "metric_query": [],
            "namespace": "AWS/Firehose",
            "ok_actions": [],
            "period": 300,
            "region": "us-east-1",
            "statistic": "Average",
            "tags": {
              "AlarmType": "FirehoseS3SuccessRate",
              "Environment": "production",
              "ManagedBy": "terraform",
              "Project": "flight-radar-stream",
              "Severity": "Medium"
            },
            "tags_all": {
              "AlarmType": "FirehoseS3SuccessRate",
              "Environment": "production",
              "ManagedBy": "terraform",
              "Project": "flight-radar-stream",
              "Severity": "Medium"
            },
            "threshold": 90,
            "threshold_metric_id": "",
            "treat_missing_data": "notBreaching",
            "unit": ""
          },
          "sensitive_attributes": [],
          "identity_schema_version": 0,
          "identity": {
            "account_id": "331504768406",
            "alarm_name": "flight-radar-stream-production-firehose-s3-low-success-rate",
            "region": "us-east-1"
          },
          "private": "eyJzY2hlbWFfdmVyc2lvbiI6IjEifQ==",
          "dependencies": [
            "data.aws_caller_identity.current",
            "data.aws_s3_bucket.landing",
            "module.cloudwatch_monitoring.aws_sns_topic.pipeline_alarms",
            "module.iam.aws_iam_role.firehose_role",
            "module.iam.aws_iam_role.kda_execution",
            "module.iam.aws_iam_role.lambda_execution",
            "module.iam.aws_iam_role_policy.firehose_policy",
            "module.iam.aws_iam_role_policy.kda_policy",
            "module.iam.aws_iam_role_policy.lambda_kinesis_policy",
            "module.iam.aws_iam_role_policy.lambda_logs_policy",
            "module.iam.data.aws_iam_policy_document.firehose_assume_role_policy",
            "module.iam.data.aws_iam_policy_document.firehose_policy",
            "module.iam.data.aws_iam_policy_document.kda_assume_role_policy",
            "module.iam.data.aws_iam_policy_document.kda_policy",
            "module.iam.data.aws_iam_policy_document.lambda_assume_role_policy",
            "module.iam.data.aws_iam_policy_document.lambda_kinesis_policy",
            "module.iam.data.aws_iam_policy_document.lambda_logs_policy",
            "module.iam.data.aws_iam_policy_document.opensearch_dashboard_access",
            "module.kinesis_firehose_flights.aws_kinesis_firehose_delivery_stream.firehose_flights_to_s3",
            "module.kinesis_firehose_flights.data.aws_caller_identity.current",
            "module.kinesis_stream_flights.aws_kinesis_stream.kinesis_stream_flights",
            "module.kinesis_stream_flights.aws_kinesis_stream.kinesis_stream_flights_rt",
            "module.kinesis_stream_flights.data.aws_kinesis_stream.stream_info",
            "module.lambda_flights_enriched.aws_cloudwatch_log_group.log_group_flights_enriched",
            "module.lambda_flights_enriched.aws_lambda_function.lambda_flights_enriched",
            "module.lambda_flights_enriched.data.archive_file.lambda_function",
            "module.lambda_flights_enriched.data.archive_file.python_layer",
            "module.lambda_flights_enriched.data.aws_caller_identity.current",
            "module.lambda_flights_raw.aws_cloudwatch_log_group.log_group_flights_raw",
            "module.lambda_flights_raw.aws_lambda_function.lambda_flights_raw",
            "module.lambda_flights_raw.data.archive_file.lambda_function",
            "module.lambda_flights_raw.data.archive_file.python_layer",
            "module.lambda_flights_raw.data.aws_caller_identity.current"
          ]
        }
      ]
    },
    {
      "module": "module.cloudwatch_monitoring",
      "mode": "managed",
      "type": "aws_cloudwatch_metric_alarm",
      "name": "kinesis_iterator_age",
      "provider": "provider[\"registry.terraform.io/hashicorp/aws\"]",
      "instances": [
        {
          "schema_version": 1,
          "attributes": {
            "actions_enabled": true,
            "alarm_actions": [
              "arn:aws:sns:us-east-1:331504768406:flight-radar-stream-production-pipeline-alarms"
            ],
            "alarm_description": "Alerta: Registros não processados por mais de 60s no stream",
            "alarm_name": "flight-radar-stream-production-kinesis-high-iterator-age",
            "arn": "arn:aws:cloudwatch:us-east-1:331504768406:alarm:flight-radar-stream-production-kinesis-high-iterator-age",
            "comparison_operator": "GreaterThanThreshold",
            "datapoints_to_alarm": 0,
            "dimensions": {
              "StreamName": "flight-radar-stream-flights"
            },
            "evaluate_low_sample_count_percentiles": "",
            "evaluation_periods": 2,
            "extended_statistic": "",
            "id": "flight-radar-stream-production-kinesis-high-iterator-age",
            "insufficient_data_actions": [],
            "metric_name": "GetRecords.IteratorAgeMilliseconds",
            "metric_query": [],
            "namespace": "AWS/Kinesis",
            "ok_actions": [],
            "period": 300,
            "region": "us-east-1",
            "statistic": "Maximum",
            "tags": {
              "AlarmType": "KinesisIteratorAge",
              "Environment": "production",
              "ManagedBy": "terraform",
              "Project": "flight-radar-stream",
              "Severity": "High"
            },
            "tags_all": {
              "AlarmType": "KinesisIteratorAge",
              "Environment": "production",
              "ManagedBy": "terraform",
              "Project": "flight-radar-stream",
              "Severity": "High"
            },
            "threshold": 60000,
            "threshold_metric_id": "",
            "treat_missing_data": "notBreaching",
            "unit": ""
          },
          "sensitive_attributes": [],
          "identity_schema_version": 0,
          "identity": {
            "account_id": "331504768406",
            "alarm_name": "flight-radar-stream-production-kinesis-high-iterator-age",
            "region": "us-east-1"
          },
          "private": "eyJzY2hlbWFfdmVyc2lvbiI6IjEifQ==",
          "dependencies": [
            "data.aws_caller_identity.current",
            "data.aws_s3_bucket.landing",
            "module.cloudwatch_monitoring.aws_sns_topic.pipeline_alarms",
            "module.iam.aws_iam_role.firehose_role",
            "module.iam.aws_iam_role.kda_execution",
            "module.iam.aws_iam_role.lambda_execution",
            "module.iam.aws_iam_role_policy.firehose_policy",
            "module.iam.aws_iam_role_policy.kda_policy",
            "module.iam.aws_iam_role_policy.lambda_kinesis_policy",
            "module.iam.aws_iam_role_policy.lambda_logs_policy",
            "module.iam.data.aws_iam_policy_document.firehose_assume_role_policy",
            "module.iam.data.aws_iam_policy_document.firehose_policy",
            "module.iam.data.aws_iam_policy_document.kda_assume_role_policy",
            "module.iam.data.aws_iam_policy_document.kda_policy",
            "module.iam.data.aws_iam_policy_document.lambda_assume_role_policy",
            "module.iam.data.aws_iam_policy_document.lambda_kinesis_policy",
            "module.iam.data.aws_iam_policy_document.lambda_logs_policy",
            "module.iam.data.aws_iam_policy_document.opensearch_dashboard_access",
            "module.kinesis_firehose_flights.aws_kinesis_firehose_delivery_stream.firehose_flights_to_s3",
            "module.kinesis_firehose_flights.data.aws_caller_identity.current",
            "module.kinesis_stream_flights.aws_kinesis_stream.kinesis_stream_flights",
            "module.kinesis_stream_flights.aws_kinesis_stream.kinesis_stream_flights_rt",
            "module.kinesis_stream_flights.data.aws_kinesis_stream.stream_info",
            "module.lambda_flights_enriched.aws_cloudwatch_log_group.log_group_flights_enriched",
            "module.lambda_flights_enriched.aws_lambda_function.lambda_flights_enriched",
            "module.lambda_flights_enriched.data.archive_file.lambda_function",
            "module.lambda_flights_enriched.data.archive_file.python_layer",
            "module.lambda_flights_enriched.data.aws_caller_identity.current",
            "module.lambda_flights_raw.aws_cloudwatch_log_group.log_group_flights_raw",
            "module.lambda_flights_raw.aws_lambda_function.lambda_flights_raw",
            "module.lambda_flights_raw.data.archive_file.lambda_function",
            "module.lambda_flights_raw.data.archive_file.python_layer",
            "module.lambda_flights_raw.data.aws_caller_identity.current"
          ]
        }
      ]
    },
    {
      "module": "module.cloudwatch_monitoring",
      "mode": "managed",
      "type": "aws_cloudwatch_metric_alarm",
      "name": "kinesis_no_incoming_records",
      "provider": "provider[\"registry.terraform.io/hashicorp/aws\"]",
      "instances": [
        {
          "schema_version": 1,
          "attributes": {
            "actions_enabled": true,
            "alarm_actions": [
              "arn:aws:sns:us-east-1:331504768406:flight-radar-stream-production-pipeline-alarms"
            ],
            "alarm_description": "Alerta: Nenhum registro recebido no stream por 10+ minutos",
            "alarm_name": "flight-radar-stream-production-kinesis-no-incoming-records",
            "arn": "arn:aws:cloudwatch:us-east-1:331504768406:alarm:flight-radar-stream-production-kinesis-no-incoming-records",
            "comparison_operator": "LessThanThreshold",
            "datapoints_to_alarm": 0,
            "dimensions": {
              "StreamName": "flight-radar-stream-flights"
            },
            "evaluate_low_sample_count_percentiles": "",
            "evaluation_periods": 2,
            "extended_statistic": "",
            "id": "flight-radar-stream-production-kinesis-no-incoming-records",
            "insufficient_data_actions": [],
            "metric_name": "IncomingRecords",
            "metric_query": [],
            "namespace": "AWS/Kinesis",
            "ok_actions": [],
            "period": 600,
            "region": "us-east-1",
            "statistic": "Sum",
            "tags": {
              "AlarmType": "KinesisNoRecords",
              "Environment": "production",
              "ManagedBy": "terraform",
              "Project": "flight-radar-stream",
              "Severity": "Medium"
            },
            "tags_all": {
              "AlarmType": "KinesisNoRecords",
              "Environment": "production",
              "ManagedBy": "terraform",
              "Project": "flight-radar-stream",
              "Severity": "Medium"
            },
            "threshold": 10,
            "threshold_metric_id": "",
            "treat_missing_data": "breaching",
            "unit": ""
          },
          "sensitive_attributes": [],
          "identity_schema_version": 0,
          "identity": {
            "account_id": "331504768406",
            "alarm_name": "flight-radar-stream-production-kinesis-no-incoming-records",
            "region": "us-east-1"
          },
          "private": "eyJzY2hlbWFfdmVyc2lvbiI6IjEifQ==",
          "dependencies": [
            "data.aws_caller_identity.current",
            "data.aws_s3_bucket.landing",
            "module.cloudwatch_monitoring.aws_sns_topic.pipeline_alarms",
            "module.iam.aws_iam_role.firehose_role",
            "module.iam.aws_iam_role.kda_execution",
            "module.iam.aws_iam_role.lambda_execution",
            "module.iam.aws_iam_role_policy.firehose_policy",
            "module.iam.aws_iam_role_policy.kda_policy",
            "module.iam.aws_iam_role_policy.lambda_kinesis_policy",
            "module.iam.aws_iam_role_policy.lambda_logs_policy",
            "module.iam.data.aws_iam_policy_document.firehose_assume_role_policy",
            "module.iam.data.aws_iam_policy_document.firehose_policy",
            "module.iam.data.aws_iam_policy_document.kda_assume_role_policy",
            "module.iam.data.aws_iam_policy_document.kda_policy",
            "module.iam.data.aws_iam_policy_document.lambda_assume_role_policy",
            "module.iam.data.aws_iam_policy_document.lambda_kinesis_policy",
            "module.iam.data.aws_iam_policy_document.lambda_logs_policy",
            "module.iam.data.aws_iam_policy_document.opensearch_dashboard_access",
            "module.kinesis_firehose_flights.aws_kinesis_firehose_delivery_stream.firehose_flights_to_s3",
            "module.kinesis_firehose_flights.data.aws_caller_identity.current",
            "module.kinesis_stream_flights.aws_kinesis_stream.kinesis_stream_flights",
            "module.kinesis_stream_flights.aws_kinesis_stream.kinesis_stream_flights_rt",
            "module.kinesis_stream_flights.data.aws_kinesis_stream.stream_info",
            "module.lambda_flights_enriched.aws_cloudwatch_log_group.log_group_flights_enriched",
            "module.lambda_flights_enriched.aws_lambda_function.lambda_flights_enriched",
            "module.lambda_flights_enriched.data.archive_file.lambda_function",
            "module.lambda_flights_enriched.data.archive_file.python_layer",
            "module.lambda_flights_enriched.data.aws_caller_identity.current",
            "module.lambda_flights_raw.aws_cloudwatch_log_group.log_group_flights_raw",
            "module.lambda_flights_raw.aws_lambda_function.lambda_flights_raw",
            "module.lambda_flights_raw.data.archive_file.lambda_function",
            "module.lambda_flights_raw.data.archive_file.python_layer",
            "module.lambda_flights_raw.data.aws_caller_identity.current"
          ]
        }
      ]
    },
    {
      "module": "module.cloudwatch_monitoring",
      "mode": "managed",
      "type": "aws_cloudwatch_metric_alarm",
      "name": "kinesis_read_throttled",
      "provider": "provider[\"registry.terraform.io/hashicorp/aws\"]",
      "instances": [
        {
          "schema_version": 1,
          "attributes": {
            "actions_enabled": true,
            "alarm_actions": [
              "arn:aws:sns:us-east-1:331504768406:flight-radar-stream-production-pipeline-alarms"
            ],
            "alarm_description": "Alerta: Throttling de leitura detectado no stream",
            "alarm_name": "flight-radar-stream-production-kinesis-read-throttled",
            "arn": "arn:aws:cloudwatch:us-east-1:331504768406:alarm:flight-radar-stream-production-kinesis-read-throttled",
            "comparison_operator": "GreaterThanThreshold",
            "datapoints_to_alarm": 0,
            "dimensions": {
              "StreamName": "flight-radar-stream-flights"
            },
            "evaluate_low_sample_count_percentiles": "",
            "evaluation_periods": 2,
            "extended_statistic": "",
            "id": "flight-radar-stream-production-kinesis-read-throttled",
            "insufficient_data_actions": [],
            "metric_name": "ReadProvisionedThroughputExceeded",
            "metric_query": [],
            "namespace": "AWS/Kinesis",
            "ok_actions": [],
            "period": 300,
            "region": "us-east-1",
            "statistic": "Sum",
            "tags": {
              "AlarmType": "KinesisReadThrottle",
              "Environment": "production",
              "ManagedBy": "terraform",
              "Project": "flight-radar-stream",
              "Severity": "High"
            },
            "tags_all": {
              "AlarmType": "KinesisReadThrottle",
              "Environment": "production",
              "ManagedBy": "terraform",
              "Project": "flight-radar-stream",
              "Severity": "High"
            },
            "threshold": 0,
            "threshold_metric_id": "",
            "treat_missing_data": "notBreaching",
            "unit": ""
          },
          "sensitive_attributes": [],
          "identity_schema_version": 0,
          "identity": {
            "account_id": "331504768406",
            "alarm_name": "flight-radar-stream-production-kinesis-read-throttled",
            "region": "us-east-1"
          },
          "private": "eyJzY2hlbWFfdmVyc2lvbiI6IjEifQ==",
          "dependencies": [
            "data.aws_caller_identity.current",
            "data.aws_s3_bucket.landing",
            "module.cloudwatch_monitoring.aws_sns_topic.pipeline_alarms",
            "module.iam.aws_iam_role.firehose_role",
            "module.iam.aws_iam_role.kda_execution",
            "module.iam.aws_iam_role.lambda_execution",
            "module.iam.aws_iam_role_policy.firehose_policy",
            "module.iam.aws_iam_role_policy.kda_policy",
            "module.iam.aws_iam_role_policy.lambda_kinesis_policy",
            "module.iam.aws_iam_role_policy.lambda_logs_policy",
            "module.iam.data.aws_iam_policy_document.firehose_assume_role_policy",
            "module.iam.data.aws_iam_policy_document.firehose_policy",
            "module.iam.data.aws_iam_policy_document.kda_assume_role_policy",
            "module.iam.data.aws_iam_policy_document.kda_policy",
            "module.iam.data.aws_iam_policy_document.lambda_assume_role_policy",
            "module.iam.data.aws_iam_policy_document.lambda_kinesis_policy",
            "module.iam.data.aws_iam_policy_document.lambda_logs_policy",
            "module.iam.data.aws_iam_policy_document.opensearch_dashboard_access",
            "module.kinesis_firehose_flights.aws_kinesis_firehose_delivery_stream.firehose_flights_to_s3",
            "module.kinesis_firehose_flights.data.aws_caller_identity.current",
            "module.kinesis_stream_flights.aws_kinesis_stream.kinesis_stream_flights",
            "module.kinesis_stream_flights.aws_kinesis_stream.kinesis_stream_flights_rt",
            "module.kinesis_stream_flights.data.aws_kinesis_stream.stream_info",
            "module.lambda_flights_enriched.aws_cloudwatch_log_group.log_group_flights_enriched",
            "module.lambda_flights_enriched.aws_lambda_function.lambda_flights_enriched",
            "module.lambda_flights_enriched.data.archive_file.lambda_function",
            "module.lambda_flights_enriched.data.archive_file.python_layer",
            "module.lambda_flights_enriched.data.aws_caller_identity.current",
            "module.lambda_flights_raw.aws_cloudwatch_log_group.log_group_flights_raw",
            "module.lambda_flights_raw.aws_lambda_function.lambda_flights_raw",
            "module.lambda_flights_raw.data.archive_file.lambda_function",
            "module.lambda_flights_raw.data.archive_file.python_layer",
            "module.lambda_flights_raw.data.aws_caller_identity.current"
          ]
        }
      ]
    },
    {
      "module": "module.cloudwatch_monitoring",
      "mode": "managed",
      "type": "aws_cloudwatch_metric_alarm",
      "name": "kinesis_write_throttled",
      "provider": "provider[\"registry.terraform.io/hashicorp/aws\"]",
      "instances": [
        {
          "schema_version": 1,
          "attributes": {
            "actions_enabled": true,
            "alarm_actions": [
              "arn:aws:sns:us-east-1:331504768406:flight-radar-stream-production-pipeline-alarms"
            ],
            "alarm_description": "Alerta: Throttling de escrita detectado no stream",
            "alarm_name": "flight-radar-stream-production-kinesis-write-throttled",
            "arn": "arn:aws:cloudwatch:us-east-1:331504768406:alarm:flight-radar-stream-production-kinesis-write-throttled",
            "comparison_operator": "GreaterThanThreshold",
            "datapoints_to_alarm": 0,
            "dimensions": {
              "StreamName": "flight-radar-stream-flights"
            },
            "evaluate_low_sample_count_percentiles": "",
            "evaluation_periods": 2,
            "extended_statistic": "",
            "id": "flight-radar-stream-production-kinesis-write-throttled",
            "insufficient_data_actions": [],
            "metric_name": "WriteProvisionedThroughputExceeded",
            "metric_query": [],
            "namespace": "AWS/Kinesis",
            "ok_actions": [],
            "period": 300,
            "region": "us-east-1",
            "statistic": "Sum",
            "tags": {
              "AlarmType": "KinesisWriteThrottle",
              "Environment": "production",
              "ManagedBy": "terraform",
              "Project": "flight-radar-stream",
              "Severity": "High"
            },
            "tags_all": {
              "AlarmType": "KinesisWriteThrottle",
              "Environment": "production",
              "ManagedBy": "terraform",
              "Project": "flight-radar-stream",
              "Severity": "High"
            },
            "threshold": 0,
            "threshold_metric_id": "",
            "treat_missing_data": "notBreaching",
            "unit": ""
          },
          "sensitive_attributes": [],
          "identity_schema_version": 0,
          "identity": {
            "account_id": "331504768406",
            "alarm_name": "flight-radar-stream-production-kinesis-write-throttled",
            "region": "us-east-1"
          },
          "private": "eyJzY2hlbWFfdmVyc2lvbiI6IjEifQ==",
          "dependencies": [
            "data.aws_caller_identity.current",
            "data.aws_s3_bucket.landing",
            "module.cloudwatch_monitoring.aws_sns_topic.pipeline_alarms",
            "module.iam.aws_iam_role.firehose_role",
            "module.iam.aws_iam_role.kda_execution",
            "module.iam.aws_iam_role.lambda_execution",
            "module.iam.aws_iam_role_policy.firehose_policy",
            "module.iam.aws_iam_role_policy.kda_policy",
            "module.iam.aws_iam_role_policy.lambda_kinesis_policy",
            "module.iam.aws_iam_role_policy.lambda_logs_policy",
            "module.iam.data.aws_iam_policy_document.firehose_assume_role_policy",
            "module.iam.data.aws_iam_policy_document.firehose_policy",
            "module.iam.data.aws_iam_policy_document.kda_assume_role_policy",
            "module.iam.data.aws_iam_policy_document.kda_policy",
            "module.iam.data.aws_iam_policy_document.lambda_assume_role_policy",
            "module.iam.data.aws_iam_policy_document.lambda_kinesis_policy",
            "module.iam.data.aws_iam_policy_document.lambda_logs_policy",
            "module.iam.data.aws_iam_policy_document.opensearch_dashboard_access",
            "module.kinesis_firehose_flights.aws_kinesis_firehose_delivery_stream.firehose_flights_to_s3",
            "module.kinesis_firehose_flights.data.aws_caller_identity.current",
            "module.kinesis_stream_flights.aws_kinesis_stream.kinesis_stream_flights",
            "module.kinesis_stream_flights.aws_kinesis_stream.kinesis_stream_flights_rt",
            "module.kinesis_stream_flights.data.aws_kinesis_stream.stream_info",
            "module.lambda_flights_enriched.aws_cloudwatch_log_group.log_group_flights_enriched",
            "module.lambda_flights_enriched.aws_lambda_function.lambda_flights_enriched",
            "module.lambda_flights_enriched.data.archive_file.lambda_function",
            "module.lambda_flights_enriched.data.archive_file.python_layer",
            "module.lambda_flights_enriched.data.aws_caller_identity.current",
            "module.lambda_flights_raw.aws_cloudwatch_log_group.log_group_flights_raw",
            "module.lambda_flights_raw.aws_lambda_function.lambda_flights_raw",
            "module.lambda_flights_raw.data.archive_file.lambda_function",
            "module.lambda_flights_raw.data.archive_file.python_layer",
            "module.lambda_flights_raw.data.aws_caller_identity.current"
          ]
        }
      ]
    },
    {
      "module": "module.cloudwatch_monitoring",
      "mode": "managed",
      "type": "aws_cloudwatch_metric_alarm",
      "name": "lambda_duration_p95",
      "provider": "provider[\"registry.terraform.io/hashicorp/aws\"]",
      "instances": [
        {
          "index_key": "flight-radar-stream-flights_enriched",
          "schema_version": 1,
          "attributes": {
            "actions_enabled": true,
            "alarm_actions": [
              "arn:aws:sns:us-east-1:331504768406:flight-radar-stream-production-pipeline-alarms"
            ],
            "alarm_description": "Alerta: Duração máxima acima de 5000ms na Lambda flight-radar-stream-flights_enriched",
            "alarm_name": "flight-radar-stream-production-lambda-flight-radar-stream-flights_enriched-high-duration",
            "arn": "arn:aws:cloudwatch:us-east-1:331504768406:alarm:flight-radar-stream-production-lambda-flight-radar-stream-flights_enriched-high-duration",
            "comparison_operator": "GreaterThanThreshold",
            "datapoints_to_alarm": 0,
            "dimensions": {
              "FunctionName": "flight-radar-stream-flights_enriched"
            },
            "evaluate_low_sample_count_percentiles": "",
            "evaluation_periods": 2,
            "extended_statistic": "",
            "id": "flight-radar-stream-production-lambda-flight-radar-stream-flights_enriched-high-duration",
            "insufficient_data_actions": [],
            "metric_name": "Duration",
            "metric_query": [],
            "namespace": "AWS/Lambda",
            "ok_actions": [],
            "period": 300,
            "region": "us-east-1",
            "statistic": "Maximum",
            "tags": {
              "AlarmType": "LambdaDuration",
              "Environment": "production",
              "LambdaName": "flight-radar-stream-flights_enriched",
              "ManagedBy": "terraform",
              "Project": "flight-radar-stream",
              "Severity": "Medium"
            },
            "tags_all": {
              "AlarmType": "LambdaDuration",
              "Environment": "production",
              "LambdaName": "flight-radar-stream-flights_enriched",
              "ManagedBy": "terraform",
              "Project": "flight-radar-stream",
              "Severity": "Medium"
            },
            "threshold": 5000,
            "threshold_metric_id": "",
            "treat_missing_data": "notBreaching",
            "unit": ""
          },
          "sensitive_attributes": [],
          "identity_schema_version": 0,
          "identity": {
            "account_id": "331504768406",
            "alarm_name": "flight-radar-stream-production-lambda-flight-radar-stream-flights_enriched-high-duration",
            "region": "us-east-1"
          },
          "private": "eyJzY2hlbWFfdmVyc2lvbiI6IjEifQ==",
          "dependencies": [
            "data.aws_caller_identity.current",
            "data.aws_s3_bucket.landing",
            "module.cloudwatch_monitoring.aws_sns_topic.pipeline_alarms",
            "module.iam.aws_iam_role.firehose_role",
            "module.iam.aws_iam_role.kda_execution",
            "module.iam.aws_iam_role.lambda_execution",
            "module.iam.aws_iam_role_policy.firehose_policy",
            "module.iam.aws_iam_role_policy.kda_policy",
            "module.iam.aws_iam_role_policy.lambda_kinesis_policy",
            "module.iam.aws_iam_role_policy.lambda_logs_policy",
            "module.iam.data.aws_iam_policy_document.firehose_assume_role_policy",
            "module.iam.data.aws_iam_policy_document.firehose_policy",
            "module.iam.data.aws_iam_policy_document.kda_assume_role_policy",
            "module.iam.data.aws_iam_policy_document.kda_policy",
            "module.iam.data.aws_iam_policy_document.lambda_assume_role_policy",
            "module.iam.data.aws_iam_policy_document.lambda_kinesis_policy",
            "module.iam.data.aws_iam_policy_document.lambda_logs_policy",
            "module.iam.data.aws_iam_policy_document.opensearch_dashboard_access",
            "module.kinesis_firehose_flights.aws_kinesis_firehose_delivery_stream.firehose_flights_to_s3",
            "module.kinesis_firehose_flights.data.aws_caller_identity.current",
            "module.kinesis_stream_flights.aws_kinesis_stream.kinesis_stream_flights",
            "module.kinesis_stream_flights.aws_kinesis_stream.kinesis_stream_flights_rt",
            "module.kinesis_stream_flights.data.aws_kinesis_stream.stream_info",
            "module.lambda_flights_enriched.aws_cloudwatch_log_group.log_group_flights_enriched",
            "module.lambda_flights_enriched.aws_lambda_function.lambda_flights_enriched",
            "module.lambda_flights_enriched.data.archive_file.lambda_function",
            "module.lambda_flights_enriched.data.archive_file.python_layer",
            "module.lambda_flights_enriched.data.aws_caller_identity.current",
            "module.lambda_flights_raw.aws_cloudwatch_log_group.log_group_flights_raw",
            "module.lambda_flights_raw.aws_lambda_function.lambda_flights_raw",
            "module.lambda_flights_raw.data.archive_file.lambda_function",
            "module.lambda_flights_raw.data.archive_file.python_layer",
            "module.lambda_flights_raw.data.aws_caller_identity.current"
          ]
        },
        {
          "index_key": "flight-radar-stream-flights_raw",
          "schema_version": 1,
          "attributes": {
            "actions_enabled": true,
            "alarm_actions": [
              "arn:aws:sns:us-east-1:331504768406:flight-radar-stream-production-pipeline-alarms"
            ],
            "alarm_description": "Alerta: Duração máxima acima de 5000ms na Lambda flight-radar-stream-flights_raw",
            "alarm_name": "flight-radar-stream-production-lambda-flight-radar-stream-flights_raw-high-duration",
            "arn": "arn:aws:cloudwatch:us-east-1:331504768406:alarm:flight-radar-stream-production-lambda-flight-radar-stream-flights_raw-high-duration",
            "comparison_operator": "GreaterThanThreshold",
            "datapoints_to_alarm": 0,
            "dimensions": {
              "FunctionName": "flight-radar-stream-flights_raw"
            },
            "evaluate_low_sample_count_percentiles": "",
            "evaluation_periods": 2,
            "extended_statistic": "",
            "id": "flight-radar-stream-production-lambda-flight-radar-stream-flights_raw-high-duration",
            "insufficient_data_actions": [],
            "metric_name": "Duration",
            "metric_query": [],
            "namespace": "AWS/Lambda",
            "ok_actions": [],
            "period": 300,
            "region": "us-east-1",
            "statistic": "Maximum",
            "tags": {
              "AlarmType": "LambdaDuration",
              "Environment": "production",
              "LambdaName": "flight-radar-stream-flights_raw",
              "ManagedBy": "terraform",
              "Project": "flight-radar-stream",
              "Severity": "Medium"
            },
            "tags_all": {
              "AlarmType": "LambdaDuration",
              "Environment": "production",
              "LambdaName": "flight-radar-stream-flights_raw",
              "ManagedBy": "terraform",
              "Project": "flight-radar-stream",
              "Severity": "Medium"
            },
            "threshold": 5000,
            "threshold_metric_id": "",
            "treat_missing_data": "notBreaching",
            "unit": ""
          },
          "sensitive_attributes": [],
          "identity_schema_version": 0,
          "identity": {
            "account_id": "331504768406",
            "alarm_name": "flight-radar-stream-production-lambda-flight-radar-stream-flights_raw-high-duration",
            "region": "us-east-1"
          },
          "private": "eyJzY2hlbWFfdmVyc2lvbiI6IjEifQ==",
          "dependencies": [
            "data.aws_caller_identity.current",
            "data.aws_s3_bucket.landing",
            "module.cloudwatch_monitoring.aws_sns_topic.pipeline_alarms",
            "module.iam.aws_iam_role.firehose_role",
            "module.iam.aws_iam_role.kda_execution",
            "module.iam.aws_iam_role.lambda_execution",
            "module.iam.aws_iam_role_policy.firehose_policy",
            "module.iam.aws_iam_role_policy.kda_policy",
            "module.iam.aws_iam_role_policy.lambda_kinesis_policy",
            "module.iam.aws_iam_role_policy.lambda_logs_policy",
            "module.iam.data.aws_iam_policy_document.firehose_assume_role_policy",
            "module.iam.data.aws_iam_policy_document.firehose_policy",
            "module.iam.data.aws_iam_policy_document.kda_assume_role_policy",
            "module.iam.data.aws_iam_policy_document.kda_policy",
            "module.iam.data.aws_iam_policy_document.lambda_assume_role_policy",
            "module.iam.data.aws_iam_policy_document.lambda_kinesis_policy",
            "module.iam.data.aws_iam_policy_document.lambda_logs_policy",
            "module.iam.data.aws_iam_policy_document.opensearch_dashboard_access",
            "module.kinesis_firehose_flights.aws_kinesis_firehose_delivery_stream.firehose_flights_to_s3",
            "module.kinesis_firehose_flights.data.aws_caller_identity.current",
            "module.kinesis_stream_flights.aws_kinesis_stream.kinesis_stream_flights",
            "module.kinesis_stream_flights.aws_kinesis_stream.kinesis_stream_flights_rt",
            "module.kinesis_stream_flights.data.aws_kinesis_stream.stream_info",
            "module.lambda_flights_enriched.aws_cloudwatch_log_group.log_group_flights_enriched",
            "module.lambda_flights_enriched.aws_lambda_function.lambda_flights_enriched",
            "module.lambda_flights_enriched.data.archive_file.lambda_function",
            "module.lambda_flights_enriched.data.archive_file.python_layer",
            "module.lambda_flights_enriched.data.aws_caller_identity.current",
            "module.lambda_flights_raw.aws_cloudwatch_log_group.log_group_flights_raw",
            "module.lambda_flights_raw.aws_lambda_function.lambda_flights_raw",
            "module.lambda_flights_raw.data.archive_file.lambda_function",
            "module.lambda_flights_raw.data.archive_file.python_layer",
            "module.lambda_flights_raw.data.aws_caller_identity.current"
          ]
        }
      ]
    },
    {
      "module": "module.cloudwatch_monitoring",
      "mode": "managed",
      "type": "aws_cloudwatch_metric_alarm",
      "name": "lambda_errors",
      "provider": "provider[\"registry.terraform.io/hashicorp/aws\"]",
      "instances": [
        {
          "index_key": "flight-radar-stream-flights_enriched",
          "schema_version": 1,
          "attributes": {
            "actions_enabled": true,
            "alarm_actions": [
              "arn:aws:sns:us-east-1:331504768406:flight-radar-stream-production-pipeline-alarms"
            ],
            "alarm_description": "Alerta: Erros detectados na função Lambda flight-radar-stream-flights_enriched",
            "alarm_name": "flight-radar-stream-production-lambda-flight-radar-stream-flights_enriched-errors",
            "arn": "arn:aws:cloudwatch:us-east-1:331504768406:alarm:flight-radar-stream-production-lambda-flight-radar-stream-flights_enriched-errors",
            "comparison_operator": "GreaterThanThreshold",
            "datapoints_to_alarm": 0,
            "dimensions": {
              "FunctionName": "flight-radar-stream-flights_enriched"
            },
            "evaluate_low_sample_count_percentiles": "",
            "evaluation_periods": 2,
            "extended_statistic": "",
            "id": "flight-radar-stream-production-lambda-flight-radar-stream-flights_enriched-errors",
            "insufficient_data_actions": [],
            "metric_name": "Errors",
            "metric_query": [],
            "namespace": "AWS/Lambda",
            "ok_actions": [],
            "period": 300,
            "region": "us-east-1",
            "statistic": "Sum",
            "tags": {
              "AlarmType": "LambdaErrors",
              "Environment": "production",
              "LambdaName": "flight-radar-stream-flights_enriched",
              "ManagedBy": "terraform",
              "Project": "flight-radar-stream",
              "Severity": "High"
            },
            "tags_all": {
              "AlarmType": "LambdaErrors",
              "Environment": "production",
              "LambdaName": "flight-radar-stream-flights_enriched",
              "ManagedBy": "terraform",
              "Project": "flight-radar-stream",
              "Severity": "High"
            },
            "threshold": 0,
            "threshold_metric_id": "",
            "treat_missing_data": "notBreaching",
            "unit": ""
          },
          "sensitive_attributes": [],
          "identity_schema_version": 0,
          "identity": {
            "account_id": "331504768406",
            "alarm_name": "flight-radar-stream-production-lambda-flight-radar-stream-flights_enriched-errors",
            "region": "us-east-1"
          },
          "private": "eyJzY2hlbWFfdmVyc2lvbiI6IjEifQ==",
          "dependencies": [
            "data.aws_caller_identity.current",
            "data.aws_s3_bucket.landing",
            "module.cloudwatch_monitoring.aws_sns_topic.pipeline_alarms",
            "module.iam.aws_iam_role.firehose_role",
            "module.iam.aws_iam_role.kda_execution",
            "module.iam.aws_iam_role.lambda_execution",
            "module.iam.aws_iam_role_policy.firehose_policy",
            "module.iam.aws_iam_role_policy.kda_policy",
            "module.iam.aws_iam_role_policy.lambda_kinesis_policy",
            "module.iam.aws_iam_role_policy.lambda_logs_policy",
            "module.iam.data.aws_iam_policy_document.firehose_assume_role_policy",
            "module.iam.data.aws_iam_policy_document.firehose_policy",
            "module.iam.data.aws_iam_policy_document.kda_assume_role_policy",
            "module.iam.data.aws_iam_policy_document.kda_policy",
            "module.iam.data.aws_iam_policy_document.lambda_assume_role_policy",
            "module.iam.data.aws_iam_policy_document.lambda_kinesis_policy",
            "module.iam.data.aws_iam_policy_document.lambda_logs_policy",
            "module.iam.data.aws_iam_policy_document.opensearch_dashboard_access",
            "module.kinesis_firehose_flights.aws_kinesis_firehose_delivery_stream.firehose_flights_to_s3",
            "module.kinesis_firehose_flights.data.aws_caller_identity.current",
            "module.kinesis_stream_flights.aws_kinesis_stream.kinesis_stream_flights",
            "module.kinesis_stream_flights.aws_kinesis_stream.kinesis_stream_flights_rt",
            "module.kinesis_stream_flights.data.aws_kinesis_stream.stream_info",
            "module.lambda_flights_enriched.aws_cloudwatch_log_group.log_group_flights_enriched",
            "module.lambda_flights_enriched.aws_lambda_function.lambda_flights_enriched",
            "module.lambda_flights_enriched.data.archive_file.lambda_function",
            "module.lambda_flights_enriched.data.archive_file.python_layer",
            "module.lambda_flights_enriched.data.aws_caller_identity.current",
            "module.lambda_flights_raw.aws_cloudwatch_log_group.log_group_flights_raw",
            "module.lambda_flights_raw.aws_lambda_function.lambda_flights_raw",
            "module.lambda_flights_raw.data.archive_file.lambda_function",
            "module.lambda_flights_raw.data.archive_file.python_layer",
            "module.lambda_flights_raw.data.aws_caller_identity.current"
          ]
        },
        {
          "index_key": "flight-radar-stream-flights_raw",
          "schema_version": 1,
          "attributes": {
            "actions_enabled": true,
            "alarm_actions": [
              "arn:aws:sns:us-east-1:331504768406:flight-radar-stream-production-pipeline-alarms"
            ],
            "alarm_description": "Alerta: Erros detectados na função Lambda flight-radar-stream-flights_raw",
            "alarm_name": "flight-radar-stream-production-lambda-flight-radar-stream-flights_raw-errors",
            "arn": "arn:aws:cloudwatch:us-east-1:331504768406:alarm:flight-radar-stream-production-lambda-flight-radar-stream-flights_raw-errors",
            "comparison_operator": "GreaterThanThreshold",
            "datapoints_to_alarm": 0,
            "dimensions": {
              "FunctionName": "flight-radar-stream-flights_raw"
            },
            "evaluate_low_sample_count_percentiles": "",
            "evaluation_periods": 2,
            "extended_statistic": "",
            "id": "flight-radar-stream-production-lambda-flight-radar-stream-flights_raw-errors",
            "insufficient_data_actions": [],
            "metric_name": "Errors",
            "metric_query": [],
            "namespace": "AWS/Lambda",
            "ok_actions": [],
            "period": 300,
            "region": "us-east-1",
            "statistic": "Sum",
            "tags": {
              "AlarmType": "LambdaErrors",
              "Environment": "production",
              "LambdaName": "flight-radar-stream-flights_raw",
              "ManagedBy": "terraform",
              "Project": "flight-radar-stream",
              "Severity": "High"
            },
            "tags_all": {
              "AlarmType": "LambdaErrors",
              "Environment": "production",
              "LambdaName": "flight-radar-stream-flights_raw",
              "ManagedBy": "terraform",
              "Project": "flight-radar-stream",
              "Severity": "High"
            },
            "threshold": 0,
            "threshold_metric_id": "",
            "treat_missing_data": "notBreaching",
            "unit": ""
          },
          "sensitive_attributes": [],
          "identity_schema_version": 0,
          "identity": {
            "account_id": "331504768406",
            "alarm_name": "flight-radar-stream-production-lambda-flight-radar-stream-flights_raw-errors",
            "region": "us-east-1"
          },
          "private": "eyJzY2hlbWFfdmVyc2lvbiI6IjEifQ==",
          "dependencies": [
            "data.aws_caller_identity.current",
            "data.aws_s3_bucket.landing",
            "module.cloudwatch_monitoring.aws_sns_topic.pipeline_alarms",
            "module.iam.aws_iam_role.firehose_role",
            "module.iam.aws_iam_role.kda_execution",
            "module.iam.aws_iam_role.lambda_execution",
            "module.iam.aws_iam_role_policy.firehose_policy",
            "module.iam.aws_iam_role_policy.kda_policy",
            "module.iam.aws_iam_role_policy.lambda_kinesis_policy",
            "module.iam.aws_iam_role_policy.lambda_logs_policy",
            "module.iam.data.aws_iam_policy_document.firehose_assume_role_policy",
            "module.iam.data.aws_iam_policy_document.firehose_policy",
            "module.iam.data.aws_iam_policy_document.kda_assume_role_policy",
            "module.iam.data.aws_iam_policy_document.kda_policy",
            "module.iam.data.aws_iam_policy_document.lambda_assume_role_policy",
            "module.iam.data.aws_iam_policy_document.lambda_kinesis_policy",
            "module.iam.data.aws_iam_policy_document.lambda_logs_policy",
            "module.iam.data.aws_iam_policy_document.opensearch_dashboard_access",
            "module.kinesis_firehose_flights.aws_kinesis_firehose_delivery_stream.firehose_flights_to_s3",
            "module.kinesis_firehose_flights.data.aws_caller_identity.current",
            "module.kinesis_stream_flights.aws_kinesis_stream.kinesis_stream_flights",
            "module.kinesis_stream_flights.aws_kinesis_stream.kinesis_stream_flights_rt",
            "module.kinesis_stream_flights.data.aws_kinesis_stream.stream_info",
            "module.lambda_flights_enriched.aws_cloudwatch_log_group.log_group_flights_enriched",
            "module.lambda_flights_enriched.aws_lambda_function.lambda_flights_enriched",
            "module.lambda_flights_enriched.data.archive_file.lambda_function",
            "module.lambda_flights_enriched.data.archive_file.python_layer",
            "module.lambda_flights_enriched.data.aws_caller_identity.current",
            "module.lambda_flights_raw.aws_cloudwatch_log_group.log_group_flights_raw",
            "module.lambda_flights_raw.aws_lambda_function.lambda_flights_raw",
            "module.lambda_flights_raw.data.archive_file.lambda_function",
            "module.lambda_flights_raw.data.archive_file.python_layer",
            "module.lambda_flights_raw.data.aws_caller_identity.current"
          ]
        }
      ]
    },
    {
      "module": "module.cloudwatch_monitoring",
      "mode": "managed",
      "type": "aws_cloudwatch_metric_alarm",
      "name": "lambda_throttles",
      "provider": "provider[\"registry.terraform.io/hashicorp/aws\"]",
      "instances": [
        {
          "index_key": "flight-radar-stream-flights_enriched",
          "schema_version": 1,
          "attributes": {
            "actions_enabled": true,
            "alarm_actions": [
              "arn:aws:sns:us-east-1:331504768406:flight-radar-stream-production-pipeline-alarms"
            ],
            "alarm_description": "Alerta: Throttling detectado na função Lambda flight-radar-stream-flights_enriched",
            "alarm_name": "flight-radar-stream-production-lambda-flight-radar-stream-flights_enriched-throttles",
            "arn": "arn:aws:cloudwatch:us-east-1:331504768406:alarm:flight-radar-stream-production-lambda-flight-radar-stream-flights_enriched-throttles",
            "comparison_operator": "GreaterThanThreshold",
            "datapoints_to_alarm": 0,
            "dimensions": {
              "FunctionName": "flight-radar-stream-flights_enriched"
            },
            "evaluate_low_sample_count_percentiles": "",
            "evaluation_periods": 2,
            "extended_statistic": "",
            "id": "flight-radar-stream-production-lambda-flight-radar-stream-flights_enriched-throttles",
            "insufficient_data_actions": [],
            "metric_name": "Throttles",
            "metric_query": [],
            "namespace": "AWS/Lambda",
            "ok_actions": [],
            "period": 300,
            "region": "us-east-1",
            "statistic": "Sum",
            "tags": {
              "AlarmType": "LambdaThrottles",
              "Environment": "production",
              "LambdaName": "flight-radar-stream-flights_enriched",
              "ManagedBy": "terraform",
              "Project": "flight-radar-stream",
              "Severity": "Medium"
            },
            "tags_all": {
              "AlarmType": "LambdaThrottles",
              "Environment": "production",
              "LambdaName": "flight-radar-stream-flights_enriched",
              "ManagedBy": "terraform",
              "Project": "flight-radar-stream",
              "Severity": "Medium"
            },
            "threshold": 10,
            "threshold_metric_id": "",
            "treat_missing_data": "notBreaching",
            "unit": ""
          },
          "sensitive_attributes": [],
          "identity_schema_version": 0,
          "identity": {
            "account_id": "331504768406",
            "alarm_name": "flight-radar-stream-production-lambda-flight-radar-stream-flights_enriched-throttles",
            "region": "us-east-1"
          },
          "private": "eyJzY2hlbWFfdmVyc2lvbiI6IjEifQ==",
          "dependencies": [
            "data.aws_caller_identity.current",
            "data.aws_s3_bucket.landing",
            "module.cloudwatch_monitoring.aws_sns_topic.pipeline_alarms",
            "module.iam.aws_iam_role.firehose_role",
            "module.iam.aws_iam_role.kda_execution",
            "module.iam.aws_iam_role.lambda_execution",
            "module.iam.aws_iam_role_policy.firehose_policy",
            "module.iam.aws_iam_role_policy.kda_policy",
            "module.iam.aws_iam_role_policy.lambda_kinesis_policy",
            "module.iam.aws_iam_role_policy.lambda_logs_policy",
            "module.iam.data.aws_iam_policy_document.firehose_assume_role_policy",
            "module.iam.data.aws_iam_policy_document.firehose_policy",
            "module.iam.data.aws_iam_policy_document.kda_assume_role_policy",
            "module.iam.data.aws_iam_policy_document.kda_policy",
            "module.iam.data.aws_iam_policy_document.lambda_assume_role_policy",
            "module.iam.data.aws_iam_policy_document.lambda_kinesis_policy",
            "module.iam.data.aws_iam_policy_document.lambda_logs_policy",
            "module.iam.data.aws_iam_policy_document.opensearch_dashboard_access",
            "module.kinesis_firehose_flights.aws_kinesis_firehose_delivery_stream.firehose_flights_to_s3",
            "module.kinesis_firehose_flights.data.aws_caller_identity.current",
            "module.kinesis_stream_flights.aws_kinesis_stream.kinesis_stream_flights",
            "module.kinesis_stream_flights.aws_kinesis_stream.kinesis_stream_flights_rt",
            "module.kinesis_stream_flights.data.aws_kinesis_stream.stream_info",
            "module.lambda_flights_enriched.aws_cloudwatch_log_group.log_group_flights_enriched",
            "module.lambda_flights_enriched.aws_lambda_function.lambda_flights_enriched",
            "module.lambda_flights_enriched.data.archive_file.lambda_function",
            "module.lambda_flights_enriched.data.archive_file.python_layer",
            "module.lambda_flights_enriched.data.aws_caller_identity.current",
            "module.lambda_flights_raw.aws_cloudwatch_log_group.log_group_flights_raw",
            "module.lambda_flights_raw.aws_lambda_function.lambda_flights_raw",
            "module.lambda_flights_raw.data.archive_file.lambda_function",
            "module.lambda_flights_raw.data.archive_file.python_layer",
            "module.lambda_flights_raw.data.aws_caller_identity.current"
          ]
        },
        {
          "index_key": "flight-radar-stream-flights_raw",
          "schema_version": 1,
          "attributes": {
            "actions_enabled": true,
            "alarm_actions": [
              "arn:aws:sns:us-east-1:331504768406:flight-radar-stream-production-pipeline-alarms"
            ],
            "alarm_description": "Alerta: Throttling detectado na função Lambda flight-radar-stream-flights_raw",
            "alarm_name": "flight-radar-stream-production-lambda-flight-radar-stream-flights_raw-throttles",
            "arn": "arn:aws:cloudwatch:us-east-1:331504768406:alarm:flight-radar-stream-production-lambda-flight-radar-stream-flights_raw-throttles",
            "comparison_operator": "GreaterThanThreshold",
            "datapoints_to_alarm": 0,
            "dimensions": {
              "FunctionName": "flight-radar-stream-flights_raw"
            },
            "evaluate_low_sample_count_percentiles": "",
            "evaluation_periods": 2,
            "extended_statistic": "",
            "id": "flight-radar-stream-production-lambda-flight-radar-stream-flights_raw-throttles",
            "insufficient_data_actions": [],
            "metric_name": "Throttles",
            "metric_query": [],
            "namespace": "AWS/Lambda",
            "ok_actions": [],
            "period": 300,
            "region": "us-east-1",
            "statistic": "Sum",
            "tags": {
              "AlarmType": "LambdaThrottles",
              "Environment": "production",
              "LambdaName": "flight-radar-stream-flights_raw",
              "ManagedBy": "terraform",
              "Project": "flight-radar-stream",
              "Severity": "Medium"
            },
            "tags_all": {
              "AlarmType": "LambdaThrottles",
              "Environment": "production",
              "LambdaName": "flight-radar-stream-flights_raw",
              "ManagedBy": "terraform",
              "Project": "flight-radar-stream",
              "Severity": "Medium"
            },
            "threshold": 10,
            "threshold_metric_id": "",
            "treat_missing_data": "notBreaching",
            "unit": ""
          },
          "sensitive_attributes": [],
          "identity_schema_version": 0,
          "identity": {
            "account_id": "331504768406",
            "alarm_name": "flight-radar-stream-production-lambda-flight-radar-stream-flights_raw-throttles",
            "region": "us-east-1"
          },
          "private": "eyJzY2hlbWFfdmVyc2lvbiI6IjEifQ==",
          "dependencies": [
            "data.aws_caller_identity.current",
            "data.aws_s3_bucket.landing",
            "module.cloudwatch_monitoring.aws_sns_topic.pipeline_alarms",
            "module.iam.aws_iam_role.firehose_role",
            "module.iam.aws_iam_role.kda_execution",
            "module.iam.aws_iam_role.lambda_execution",
            "module.iam.aws_iam_role_policy.firehose_policy",
            "module.iam.aws_iam_role_policy.kda_policy",
            "module.iam.aws_iam_role_policy.lambda_kinesis_policy",
            "module.iam.aws_iam_role_policy.lambda_logs_policy",
            "module.iam.data.aws_iam_policy_document.firehose_assume_role_policy",
            "module.iam.data.aws_iam_policy_document.firehose_policy",
            "module.iam.data.aws_iam_policy_document.kda_assume_role_policy",
            "module.iam.data.aws_iam_policy_document.kda_policy",
            "module.iam.data.aws_iam_policy_document.lambda_assume_role_policy",
            "module.iam.data.aws_iam_policy_document.lambda_kinesis_policy",
            "module.iam.data.aws_iam_policy_document.lambda_logs_policy",
            "module.iam.data.aws_iam_policy_document.opensearch_dashboard_access",
            "module.kinesis_firehose_flights.aws_kinesis_firehose_delivery_stream.firehose_flights_to_s3",
            "module.kinesis_firehose_flights.data.aws_caller_identity.current",
            "module.kinesis_stream_flights.aws_kinesis_stream.kinesis_stream_flights",
            "module.kinesis_stream_flights.aws_kinesis_stream.kinesis_stream_flights_rt",
            "module.kinesis_stream_flights.data.aws_kinesis_stream.stream_info",
            "module.lambda_flights_enriched.aws_cloudwatch_log_group.log_group_flights_enriched",
            "module.lambda_flights_enriched.aws_lambda_function.lambda_flights_enriched",
            "module.lambda_flights_enriched.data.archive_file.lambda_function",
            "module.lambda_flights_enriched.data.archive_file.python_layer",
            "module.lambda_flights_enriched.data.aws_caller_identity.current",
            "module.lambda_flights_raw.aws_cloudwatch_log_group.log_group_flights_raw",
            "module.lambda_flights_raw.aws_lambda_function.lambda_flights_raw",
            "module.lambda_flights_raw.data.archive_file.lambda_function",
            "module.lambda_flights_raw.data.archive_file.python_layer",
            "module.lambda_flights_raw.data.aws_caller_identity.current"
          ]
        }
      ]
    },
    {
      "module": "module.cloudwatch_monitoring",
      "mode": "managed",
      "type": "aws_cloudwatch_metric_alarm",
      "name": "maintenance_window",
      "provider": "provider[\"registry.terraform.io/hashicorp/aws\"]",
      "instances": [
        {
          "schema_version": 1,
          "attributes": {
            "actions_enabled": true,
            "alarm_actions": [],
            "alarm_description": "Alarme para suprimir notificações durante janela de manutenção",
            "alarm_name": "flight-radar-stream-production-maintenance-window",
            "arn": "arn:aws:cloudwatch:us-east-1:331504768406:alarm:flight-radar-stream-production-maintenance-window",
            "comparison_operator": "GreaterThanThreshold",
            "datapoints_to_alarm": 0,
            "dimensions": {},
            "evaluate_low_sample_count_percentiles": "",
            "evaluation_periods": 1,
            "extended_statistic": "",
            "id": "flight-radar-stream-production-maintenance-window",
            "insufficient_data_actions": [],
            "metric_name": "MaintenanceMode",
            "metric_query": [],
            "namespace": "Custom/FlightRadar",
            "ok_actions": [],
            "period": 60,
            "region": "us-east-1",
            "statistic": "Maximum",
            "tags": {
              "AlarmType": "MaintenanceWindow",
              "Environment": "production",
              "ManagedBy": "terraform",
              "Project": "flight-radar-stream",
              "Severity": "Info"
            },
            "tags_all": {
              "AlarmType": "MaintenanceWindow",
              "Environment": "production",
              "ManagedBy": "terraform",
              "Project": "flight-radar-stream",
              "Severity": "Info"
            },
            "threshold": 1,
            "threshold_metric_id": "",
            "treat_missing_data": "notBreaching",
            "unit": ""
          },
          "sensitive_attributes": [],
          "identity_schema_version": 0,
          "identity": {
            "account_id": "331504768406",
            "alarm_name": "flight-radar-stream-production-maintenance-window",
            "region": "us-east-1"
          },
          "private": "eyJzY2hlbWFfdmVyc2lvbiI6IjEifQ==",
          "dependencies": [
            "data.aws_caller_identity.current",
            "data.aws_s3_bucket.landing",
            "module.iam.aws_iam_role.firehose_role",
            "module.iam.aws_iam_role.kda_execution",
            "module.iam.aws_iam_role.lambda_execution",
            "module.iam.aws_iam_role_policy.firehose_policy",
            "module.iam.aws_iam_role_policy.kda_policy",
            "module.iam.aws_iam_role_policy.lambda_kinesis_policy",
            "module.iam.aws_iam_role_policy.lambda_logs_policy",
            "module.iam.data.aws_iam_policy_document.firehose_assume_role_policy",
            "module.iam.data.aws_iam_policy_document.firehose_policy",
            "module.iam.data.aws_iam_policy_document.kda_assume_role_policy",
            "module.iam.data.aws_iam_policy_document.kda_policy",
            "module.iam.data.aws_iam_policy_document.lambda_assume_role_policy",
            "module.iam.data.aws_iam_policy_document.lambda_kinesis_policy",
            "module.iam.data.aws_iam_policy_document.lambda_logs_policy",
            "module.iam.data.aws_iam_policy_document.opensearch_dashboard_access",
            "module.kinesis_firehose_flights.aws_kinesis_firehose_delivery_stream.firehose_flights_to_s3",
            "module.kinesis_firehose_flights.data.aws_caller_identity.current",
            "module.kinesis_stream_flights.aws_kinesis_stream.kinesis_stream_flights",
            "module.kinesis_stream_flights.aws_kinesis_stream.kinesis_stream_flights_rt",
            "module.kinesis_stream_flights.data.aws_kinesis_stream.stream_info",
            "module.lambda_flights_enriched.aws_cloudwatch_log_group.log_group_flights_enriched",
            "module.lambda_flights_enriched.aws_lambda_function.lambda_flights_enriched",
            "module.lambda_flights_enriched.data.archive_file.lambda_function",
            "module.lambda_flights_enriched.data.archive_file.python_layer",
            "module.lambda_flights_enriched.data.aws_caller_identity.current",
            "module.lambda_flights_raw.aws_cloudwatch_log_group.log_group_flights_raw",
            "module.lambda_flights_raw.aws_lambda_function.lambda_flights_raw",
            "module.lambda_flights_raw.data.archive_file.lambda_function",
            "module.lambda_flights_raw.data.archive_file.python_layer",
            "module.lambda_flights_raw.data.aws_caller_identity.current"
          ]
        }
      ]
    },
    {
      "module": "module.cloudwatch_monitoring",
      "mode": "managed",
      "type": "aws_sns_topic",
      "name": "pipeline_alarms",
      "provider": "provider[\"registry.terraform.io/hashicorp/aws\"]",
      "instances": [
        {
          "schema_version": 0,
          "attributes": {
            "application_failure_feedback_role_arn": "",
            "application_success_feedback_role_arn": "",
            "application_success_feedback_sample_rate": 0,
            "archive_policy": "",
            "arn": "arn:aws:sns:us-east-1:331504768406:flight-radar-stream-production-pipeline-alarms",
            "beginning_archive_time": "",
            "content_based_deduplication": false,
            "delivery_policy": "",
            "display_name": "",
            "fifo_throughput_scope": "",
            "fifo_topic": false,
            "firehose_failure_feedback_role_arn": "",
            "firehose_success_feedback_role_arn": "",
            "firehose_success_feedback_sample_rate": 0,
            "http_failure_feedback_role_arn": "",
            "http_success_feedback_role_arn": "",
            "http_success_feedback_sample_rate": 0,
            "id": "arn:aws:sns:us-east-1:331504768406:flight-radar-stream-production-pipeline-alarms",
            "kms_master_key_id": "",
            "lambda_failure_feedback_role_arn": "",
            "lambda_success_feedback_role_arn": "",
            "lambda_success_feedback_sample_rate": 0,
            "name": "flight-radar-stream-production-pipeline-alarms",
            "name_prefix": "",
            "owner": "331504768406",
            "policy": "{\"Id\":\"__default_policy_ID\",\"Statement\":[{\"Action\":[\"SNS:GetTopicAttributes\",\"SNS:SetTopicAttributes\",\"SNS:AddPermission\",\"SNS:RemovePermission\",\"SNS:DeleteTopic\",\"SNS:Subscribe\",\"SNS:ListSubscriptionsByTopic\",\"SNS:Publish\"],\"Condition\":{\"StringEquals\":{\"AWS:SourceOwner\":\"331504768406\"}},\"Effect\":\"Allow\",\"Principal\":{\"AWS\":\"*\"},\"Resource\":\"arn:aws:sns:us-east-1:331504768406:flight-radar-stream-production-pipeline-alarms\",\"Sid\":\"__default_statement_ID\"}],\"Version\":\"2008-10-17\"}",
            "region": "us-east-1",
            "signature_version": 0,
            "sqs_failure_feedback_role_arn": "",
            "sqs_success_feedback_role_arn": "",
            "sqs_success_feedback_sample_rate": 0,
            "tags": {
              "Environment": "production",
              "ManagedBy": "terraform",
              "Project": "flight-radar-stream",
              "Purpose": "CloudWatch Alarms"
            },
            "tags_all": {
              "Environment": "production",
              "ManagedBy": "terraform",
              "Project": "flight-radar-stream",
              "Purpose": "CloudWatch Alarms"
            },
            "tracing_config": ""
          },
          "sensitive_attributes": [],
          "identity_schema_version": 0,
          "identity": {
            "arn": "arn:aws:sns:us-east-1:331504768406:flight-radar-stream-production-pipeline-alarms"
          },
          "private": "bnVsbA==",
          "dependencies": [
            "data.aws_caller_identity.current",
            "data.aws_s3_bucket.landing",
            "module.iam.aws_iam_role.firehose_role",
            "module.iam.aws_iam_role.kda_execution",
            "module.iam.aws_iam_role.lambda_execution",
            "module.iam.aws_iam_role_policy.firehose_policy",
            "module.iam.aws_iam_role_policy.kda_policy",
            "module.iam.aws_iam_role_policy.lambda_kinesis_policy",
            "module.iam.aws_iam_role_policy.lambda_logs_policy",
            "module.iam.data.aws_iam_policy_document.firehose_assume_role_policy",
            "module.iam.data.aws_iam_policy_document.firehose_policy",
            "module.iam.data.aws_iam_policy_document.kda_assume_role_policy",
            "module.iam.data.aws_iam_policy_document.kda_policy",
            "module.iam.data.aws_iam_policy_document.lambda_assume_role_policy",
            "module.iam.data.aws_iam_policy_document.lambda_kinesis_policy",
            "module.iam.data.aws_iam_policy_document.lambda_logs_policy",
            "module.iam.data.aws_iam_policy_document.opensearch_dashboard_access",
            "module.kinesis_firehose_flights.aws_kinesis_firehose_delivery_stream.firehose_flights_to_s3",
            "module.kinesis_firehose_flights.data.aws_caller_identity.current",
            "module.kinesis_stream_flights.aws_kinesis_stream.kinesis_stream_flights",
            "module.kinesis_stream_flights.aws_kinesis_stream.kinesis_stream_flights_rt",
            "module.kinesis_stream_flights.data.aws_kinesis_stream.stream_info",
            "module.lambda_flights_enriched.aws_cloudwatch_log_group.log_group_flights_enriched",
            "module.lambda_flights_enriched.aws_lambda_function.lambda_flights_enriched",
            "module.lambda_flights_enriched.data.archive_file.lambda_function",
            "module.lambda_flights_enriched.data.archive_file.python_layer",
            "module.lambda_flights_enriched.data.aws_caller_identity.current",
            "module.lambda_flights_raw.aws_cloudwatch_log_group.log_group_flights_raw",
            "module.lambda_flights_raw.aws_lambda_function.lambda_flights_raw",
            "module.lambda_flights_raw.data.archive_file.lambda_function",
            "module.lambda_flights_raw.data.archive_file.python_layer",
            "module.lambda_flights_raw.data.aws_caller_identity.current"
          ]
        }
      ]
    },
    {
      "module": "module.cloudwatch_monitoring",
      "mode": "managed",
      "type": "aws_sns_topic_subscription",
      "name": "alerts_email",
      "provider": "provider[\"registry.terraform.io/hashicorp/aws\"]",
      "instances": [
        {
          "index_key": 0,
          "schema_version": 0,
          "attributes": {
            "arn": "arn:aws:sns:us-east-1:331504768406:flight-radar-stream-production-pipeline-alarms:efcd80d9-8f1a-410c-a91a-408e06f81b90",
            "confirmation_timeout_in_minutes": 1,
            "confirmation_was_authenticated": false,
            "delivery_policy": "",
            "endpoint": "jamilvilela@gmail.com",
            "endpoint_auto_confirms": false,
            "filter_policy": "",
            "filter_policy_scope": "",
            "id": "arn:aws:sns:us-east-1:331504768406:flight-radar-stream-production-pipeline-alarms:efcd80d9-8f1a-410c-a91a-408e06f81b90",
            "owner_id": "331504768406",
            "pending_confirmation": true,
            "protocol": "email",
            "raw_message_delivery": false,
            "redrive_policy": "",
            "region": "us-east-1",
            "replay_policy": "",
            "subscription_role_arn": "",
            "topic_arn": "arn:aws:sns:us-east-1:331504768406:flight-radar-stream-production-pipeline-alarms"
          },
          "sensitive_attributes": [],
          "identity_schema_version": 0,
          "identity": {
            "arn": "arn:aws:sns:us-east-1:331504768406:flight-radar-stream-production-pipeline-alarms:efcd80d9-8f1a-410c-a91a-408e06f81b90"
          },
          "private": "bnVsbA==",
          "dependencies": [
            "data.aws_caller_identity.current",
            "data.aws_s3_bucket.landing",
            "module.cloudwatch_monitoring.aws_sns_topic.pipeline_alarms",
            "module.iam.aws_iam_role.firehose_role",
            "module.iam.aws_iam_role.kda_execution",
            "module.iam.aws_iam_role.lambda_execution",
            "module.iam.aws_iam_role_policy.firehose_policy",
            "module.iam.aws_iam_role_policy.kda_policy",
            "module.iam.aws_iam_role_policy.lambda_kinesis_policy",
            "module.iam.aws_iam_role_policy.lambda_logs_policy",
            "module.iam.data.aws_iam_policy_document.firehose_assume_role_policy",
            "module.iam.data.aws_iam_policy_document.firehose_policy",
            "module.iam.data.aws_iam_policy_document.kda_assume_role_policy",
            "module.iam.data.aws_iam_policy_document.kda_policy",
            "module.iam.data.aws_iam_policy_document.lambda_assume_role_policy",
            "module.iam.data.aws_iam_policy_document.lambda_kinesis_policy",
            "module.iam.data.aws_iam_policy_document.lambda_logs_policy",
            "module.iam.data.aws_iam_policy_document.opensearch_dashboard_access",
            "module.kinesis_firehose_flights.aws_kinesis_firehose_delivery_stream.firehose_flights_to_s3",
            "module.kinesis_firehose_flights.data.aws_caller_identity.current",
            "module.kinesis_stream_flights.aws_kinesis_stream.kinesis_stream_flights",
            "module.kinesis_stream_flights.aws_kinesis_stream.kinesis_stream_flights_rt",
            "module.kinesis_stream_flights.data.aws_kinesis_stream.stream_info",
            "module.lambda_flights_enriched.aws_cloudwatch_log_group.log_group_flights_enriched",
            "module.lambda_flights_enriched.aws_lambda_function.lambda_flights_enriched",
            "module.lambda_flights_enriched.data.archive_file.lambda_function",
            "module.lambda_flights_enriched.data.archive_file.python_layer",
            "module.lambda_flights_enriched.data.aws_caller_identity.current",
            "module.lambda_flights_raw.aws_cloudwatch_log_group.log_group_flights_raw",
            "module.lambda_flights_raw.aws_lambda_function.lambda_flights_raw",
            "module.lambda_flights_raw.data.archive_file.lambda_function",
            "module.lambda_flights_raw.data.archive_file.python_layer",
            "module.lambda_flights_raw.data.aws_caller_identity.current"
          ]
        }
      ]
    },
    {
      "module": "module.iam",
      "mode": "data",
      "type": "aws_iam_policy_document",
      "name": "firehose_assume_role_policy",
      "provider": "provider[\"registry.terraform.io/hashicorp/aws\"]",
      "instances": [
        {
          "schema_version": 0,
          "attributes": {
            "id": "414810265",
            "json": "{\n  \"Version\": \"2012-10-17\",\n  \"Statement\": [\n    {\n      \"Effect\": \"Allow\",\n      \"Action\": \"sts:AssumeRole\",\n      \"Principal\": {\n        \"Service\": \"firehose.amazonaws.com\"\n      }\n    }\n  ]\n}",
            "minified_json": "{\"Version\":\"2012-10-17\",\"Statement\":[{\"Effect\":\"Allow\",\"Action\":\"sts:AssumeRole\",\"Principal\":{\"Service\":\"firehose.amazonaws.com\"}}]}",
            "override_json": null,
            "override_policy_documents": null,
            "policy_id": null,
            "source_json": null,
            "source_policy_documents": null,
            "statement": [
              {
                "actions": [
                  "sts:AssumeRole"
                ],
                "condition": [],
                "effect": "Allow",
                "not_actions": [],
                "not_principals": [],
                "not_resources": [],
                "principals": [
                  {
                    "identifiers": [
                      "firehose.amazonaws.com"
                    ],
                    "type": "Service"
                  }
                ],
                "resources": [],
                "sid": ""
              }
            ],
            "version": "2012-10-17"
          },
          "sensitive_attributes": [],
          "identity_schema_version": 0
        }
      ]
    },
    {
      "module": "module.iam",
      "mode": "data",
      "type": "aws_iam_policy_document",
      "name": "firehose_policy",
      "provider": "provider[\"registry.terraform.io/hashicorp/aws\"]",
      "instances": [
        {
          "schema_version": 0,
          "attributes": {
            "id": "3755439632",
            "json": "{\n  \"Version\": \"2012-10-17\",\n  \"Statement\": [\n    {\n      \"Effect\": \"Allow\",\n      \"Action\": [\n        \"s3:PutObjectAcl\",\n        \"s3:PutObject\",\n        \"s3:ListBucket\",\n        \"s3:GetBucketLocation\"\n      ],\n      \"Resource\": [\n        \"arn:aws:s3:::lakehouse-landing-331504768406/*\",\n        \"arn:aws:s3:::lakehouse-landing-331504768406\"\n      ]\n    },\n    {\n      \"Effect\": \"Allow\",\n      \"Action\": \"lambda:InvokeFunction\",\n      \"Resource\": \"*\"\n    },\n    {\n      \"Effect\": \"Allow\",\n      \"Action\": [\n        \"kinesis:ListShards\",\n        \"kinesis:GetShardIterator\",\n        \"kinesis:GetRecords\",\n        \"kinesis:DescribeStream\"\n      ],\n      \"Resource\": \"*\"\n    },\n    {\n      \"Effect\": \"Allow\",\n      \"Action\": [\n        \"aoss:WriteDocument\",\n        \"aoss:UpdateIndex\",\n        \"aoss:UpdateCollectionItems\",\n        \"aoss:ReadDocument\",\n        \"aoss:DescribeIndex\",\n        \"aoss:DescribeCollectionItems\",\n        \"aoss:DeleteIndex\",\n        \"aoss:DeleteCollectionItems\",\n        \"aoss:CreateIndex\",\n        \"aoss:CreateCollectionItems\",\n        \"aoss:APIAccessAll\"\n      ],\n      \"Resource\": \"*\"\n    }\n  ]\n}",
            "minified_json": "{\"Version\":\"2012-10-17\",\"Statement\":[{\"Effect\":\"Allow\",\"Action\":[\"s3:PutObjectAcl\",\"s3:PutObject\",\"s3:ListBucket\",\"s3:GetBucketLocation\"],\"Resource\":[\"arn:aws:s3:::lakehouse-landing-331504768406/*\",\"arn:aws:s3:::lakehouse-landing-331504768406\"]},{\"Effect\":\"Allow\",\"Action\":\"lambda:InvokeFunction\",\"Resource\":\"*\"},{\"Effect\":\"Allow\",\"Action\":[\"kinesis:ListShards\",\"kinesis:GetShardIterator\",\"kinesis:GetRecords\",\"kinesis:DescribeStream\"],\"Resource\":\"*\"},{\"Effect\":\"Allow\",\"Action\":[\"aoss:WriteDocument\",\"aoss:UpdateIndex\",\"aoss:UpdateCollectionItems\",\"aoss:ReadDocument\",\"aoss:DescribeIndex\",\"aoss:DescribeCollectionItems\",\"aoss:DeleteIndex\",\"aoss:DeleteCollectionItems\",\"aoss:CreateIndex\",\"aoss:CreateCollectionItems\",\"aoss:APIAccessAll\"],\"Resource\":\"*\"}]}",
            "override_json": null,
            "override_policy_documents": null,
            "policy_id": null,
            "source_json": null,
            "source_policy_documents": null,
            "statement": [
              {
                "actions": [
                  "s3:GetBucketLocation",
                  "s3:ListBucket",
                  "s3:PutObject",
                  "s3:PutObjectAcl"
                ],
                "condition": [],
                "effect": "Allow",
                "not_actions": [],
                "not_principals": [],
                "not_resources": [],
                "principals": [],
                "resources": [
                  "arn:aws:s3:::lakehouse-landing-331504768406",
                  "arn:aws:s3:::lakehouse-landing-331504768406/*"
                ],
                "sid": ""
              },
              {
                "actions": [
                  "lambda:InvokeFunction"
                ],
                "condition": [],
                "effect": "Allow",
                "not_actions": [],
                "not_principals": [],
                "not_resources": [],
                "principals": [],
                "resources": [
                  "*"
                ],
                "sid": ""
              },
              {
                "actions": [
                  "kinesis:DescribeStream",
                  "kinesis:GetRecords",
                  "kinesis:GetShardIterator",
                  "kinesis:ListShards"
                ],
                "condition": [],
                "effect": "Allow",
                "not_actions": [],
                "not_principals": [],
                "not_resources": [],
                "principals": [],
                "resources": [
                  "*"
                ],
                "sid": ""
              },
              {
                "actions": [
                  "aoss:APIAccessAll",
                  "aoss:CreateCollectionItems",
                  "aoss:CreateIndex",
                  "aoss:DeleteCollectionItems",
                  "aoss:DeleteIndex",
                  "aoss:DescribeCollectionItems",
                  "aoss:DescribeIndex",
                  "aoss:ReadDocument",
                  "aoss:UpdateCollectionItems",
                  "aoss:UpdateIndex",
                  "aoss:WriteDocument"
                ],
                "condition": [],
                "effect": "Allow",
                "not_actions": [],
                "not_principals": [],
                "not_resources": [],
                "principals": [],
                "resources": [
                  "*"
                ],
                "sid": ""
              }
            ],
            "version": "2012-10-17"
          },
          "sensitive_attributes": [],
          "identity_schema_version": 0
        }
      ]
    },
    {
      "module": "module.iam",
      "mode": "data",
      "type": "aws_iam_policy_document",
      "name": "kda_assume_role_policy",
      "provider": "provider[\"registry.terraform.io/hashicorp/aws\"]",
      "instances": [
        {
          "schema_version": 0,
          "attributes": {
            "id": "28356347",
            "json": "{\n  \"Version\": \"2012-10-17\",\n  \"Statement\": [\n    {\n      \"Effect\": \"Allow\",\n      \"Action\": \"sts:AssumeRole\",\n      \"Principal\": {\n        \"Service\": \"kinesisanalytics.amazonaws.com\"\n      }\n    }\n  ]\n}",
            "minified_json": "{\"Version\":\"2012-10-17\",\"Statement\":[{\"Effect\":\"Allow\",\"Action\":\"sts:AssumeRole\",\"Principal\":{\"Service\":\"kinesisanalytics.amazonaws.com\"}}]}",
            "override_json": null,
            "override_policy_documents": null,
            "policy_id": null,
            "source_json": null,
            "source_policy_documents": null,
            "statement": [
              {
                "actions": [
                  "sts:AssumeRole"
                ],
                "condition": [],
                "effect": "Allow",
                "not_actions": [],
                "not_principals": [],
                "not_resources": [],
                "principals": [
                  {
                    "identifiers": [
                      "kinesisanalytics.amazonaws.com"
                    ],
                    "type": "Service"
                  }
                ],
                "resources": [],
                "sid": ""
              }
            ],
            "version": "2012-10-17"
          },
          "sensitive_attributes": [],
          "identity_schema_version": 0
        }
      ]
    },
    {
      "module": "module.iam",
      "mode": "data",
      "type": "aws_iam_policy_document",
      "name": "kda_policy",
      "provider": "provider[\"registry.terraform.io/hashicorp/aws\"]",
      "instances": [
        {
          "schema_version": 0,
          "attributes": {
            "id": "1436684435",
            "json": "{\n  \"Version\": \"2012-10-17\",\n  \"Statement\": [\n    {\n      \"Effect\": \"Allow\",\n      \"Action\": [\n        \"kinesis:PutRecords\",\n        \"kinesis:PutRecord\",\n        \"kinesis:ListStreams\",\n        \"kinesis:ListShards\",\n        \"kinesis:ListRecords\",\n        \"kinesis:GetShardIterator\",\n        \"kinesis:GetRecords\",\n        \"kinesis:DescribeStream\"\n      ],\n      \"Resource\": \"*\"\n    },\n    {\n      \"Effect\": \"Allow\",\n      \"Action\": [\n        \"s3:PutObject\",\n        \"s3:ListBucket\",\n        \"s3:GetObjectVersion\",\n        \"s3:GetObject\",\n        \"s3:DeleteObject\"\n      ],\n      \"Resource\": [\n        \"arn:aws:s3:::*/*\",\n        \"arn:aws:s3:::*\"\n      ]\n    },\n    {\n      \"Effect\": \"Allow\",\n      \"Action\": [\n        \"logs:PutLogEvents\",\n        \"logs:DescribeLogStreams\",\n        \"logs:CreateLogStream\",\n        \"logs:CreateLogGroup\"\n      ],\n      \"Resource\": \"arn:aws:logs:*:*:*\"\n    },\n    {\n      \"Effect\": \"Allow\",\n      \"Action\": \"cloudwatch:PutMetricData\",\n      \"Resource\": \"*\"\n    },\n    {\n      \"Effect\": \"Allow\",\n      \"Action\": [\n        \"kinesisanalytics:ListApplicationSnapshots\",\n        \"kinesisanalytics:DescribeApplicationSnapshot\",\n        \"kinesisanalytics:DeleteApplicationSnapshot\",\n        \"kinesisanalytics:CreateApplicationSnapshot\"\n      ],\n      \"Resource\": \"*\"\n    },\n    {\n      \"Effect\": \"Allow\",\n      \"Action\": [\n        \"kms:GenerateDataKey\",\n        \"kms:DescribeKey\",\n        \"kms:Decrypt\"\n      ],\n      \"Resource\": \"*\"\n    }\n  ]\n}",
            "minified_json": "{\"Version\":\"2012-10-17\",\"Statement\":[{\"Effect\":\"Allow\",\"Action\":[\"kinesis:PutRecords\",\"kinesis:PutRecord\",\"kinesis:ListStreams\",\"kinesis:ListShards\",\"kinesis:ListRecords\",\"kinesis:GetShardIterator\",\"kinesis:GetRecords\",\"kinesis:DescribeStream\"],\"Resource\":\"*\"},{\"Effect\":\"Allow\",\"Action\":[\"s3:PutObject\",\"s3:ListBucket\",\"s3:GetObjectVersion\",\"s3:GetObject\",\"s3:DeleteObject\"],\"Resource\":[\"arn:aws:s3:::*/*\",\"arn:aws:s3:::*\"]},{\"Effect\":\"Allow\",\"Action\":[\"logs:PutLogEvents\",\"logs:DescribeLogStreams\",\"logs:CreateLogStream\",\"logs:CreateLogGroup\"],\"Resource\":\"arn:aws:logs:*:*:*\"},{\"Effect\":\"Allow\",\"Action\":\"cloudwatch:PutMetricData\",\"Resource\":\"*\"},{\"Effect\":\"Allow\",\"Action\":[\"kinesisanalytics:ListApplicationSnapshots\",\"kinesisanalytics:DescribeApplicationSnapshot\",\"kinesisanalytics:DeleteApplicationSnapshot\",\"kinesisanalytics:CreateApplicationSnapshot\"],\"Resource\":\"*\"},{\"Effect\":\"Allow\",\"Action\":[\"kms:GenerateDataKey\",\"kms:DescribeKey\",\"kms:Decrypt\"],\"Resource\":\"*\"}]}",
            "override_json": null,
            "override_policy_documents": null,
            "policy_id": null,
            "source_json": null,
            "source_policy_documents": null,
            "statement": [
              {
                "actions": [
                  "kinesis:DescribeStream",
                  "kinesis:GetRecords",
                  "kinesis:GetShardIterator",
                  "kinesis:ListRecords",
                  "kinesis:ListShards",
                  "kinesis:ListStreams",
                  "kinesis:PutRecord",
                  "kinesis:PutRecords"
                ],
                "condition": [],
                "effect": "Allow",
                "not_actions": [],
                "not_principals": [],
                "not_resources": [],
                "principals": [],
                "resources": [
                  "*"
                ],
                "sid": ""
              },
              {
                "actions": [
                  "s3:DeleteObject",
                  "s3:GetObject",
                  "s3:GetObjectVersion",
                  "s3:ListBucket",
                  "s3:PutObject"
                ],
                "condition": [],
                "effect": "Allow",
                "not_actions": [],
                "not_principals": [],
                "not_resources": [],
                "principals": [],
                "resources": [
                  "arn:aws:s3:::*",
                  "arn:aws:s3:::*/*"
                ],
                "sid": ""
              },
              {
                "actions": [
                  "logs:CreateLogGroup",
                  "logs:CreateLogStream",
                  "logs:DescribeLogStreams",
                  "logs:PutLogEvents"
                ],
                "condition": [],
                "effect": "Allow",
                "not_actions": [],
                "not_principals": [],
                "not_resources": [],
                "principals": [],
                "resources": [
                  "arn:aws:logs:*:*:*"
                ],
                "sid": ""
              },
              {
                "actions": [
                  "cloudwatch:PutMetricData"
                ],
                "condition": [],
                "effect": "Allow",
                "not_actions": [],
                "not_principals": [],
                "not_resources": [],
                "principals": [],
                "resources": [
                  "*"
                ],
                "sid": ""
              },
              {
                "actions": [
                  "kinesisanalytics:CreateApplicationSnapshot",
                  "kinesisanalytics:DeleteApplicationSnapshot",
                  "kinesisanalytics:DescribeApplicationSnapshot",
                  "kinesisanalytics:ListApplicationSnapshots"
                ],
                "condition": [],
                "effect": "Allow",
                "not_actions": [],
                "not_principals": [],
                "not_resources": [],
                "principals": [],
                "resources": [
                  "*"
                ],
                "sid": ""
              },
              {
                "actions": [
                  "kms:Decrypt",
                  "kms:DescribeKey",
                  "kms:GenerateDataKey"
                ],
                "condition": [],
                "effect": "Allow",
                "not_actions": [],
                "not_principals": [],
                "not_resources": [],
                "principals": [],
                "resources": [
                  "*"
                ],
                "sid": ""
              }
            ],
            "version": "2012-10-17"
          },
          "sensitive_attributes": [],
          "identity_schema_version": 0
        }
      ]
    },
    {
      "module": "module.iam",
      "mode": "data",
      "type": "aws_iam_policy_document",
      "name": "lambda_assume_role_policy",
      "provider": "provider[\"registry.terraform.io/hashicorp/aws\"]",
      "instances": [
        {
          "schema_version": 0,
          "attributes": {
            "id": "2690255455",
            "json": "{\n  \"Version\": \"2012-10-17\",\n  \"Statement\": [\n    {\n      \"Effect\": \"Allow\",\n      \"Action\": \"sts:AssumeRole\",\n      \"Principal\": {\n        \"Service\": \"lambda.amazonaws.com\"\n      }\n    }\n  ]\n}",
            "minified_json": "{\"Version\":\"2012-10-17\",\"Statement\":[{\"Effect\":\"Allow\",\"Action\":\"sts:AssumeRole\",\"Principal\":{\"Service\":\"lambda.amazonaws.com\"}}]}",
            "override_json": null,
            "override_policy_documents": null,
            "policy_id": null,
            "source_json": null,
            "source_policy_documents": null,
            "statement": [
              {
                "actions": [
                  "sts:AssumeRole"
                ],
                "condition": [],
                "effect": "Allow",
                "not_actions": [],
                "not_principals": [],
                "not_resources": [],
                "principals": [
                  {
                    "identifiers": [
                      "lambda.amazonaws.com"
                    ],
                    "type": "Service"
                  }
                ],
                "resources": [],
                "sid": ""
              }
            ],
            "version": "2012-10-17"
          },
          "sensitive_attributes": [],
          "identity_schema_version": 0
        }
      ]
    },
    {
      "module": "module.iam",
      "mode": "data",
      "type": "aws_iam_policy_document",
      "name": "lambda_kinesis_policy",
      "provider": "provider[\"registry.terraform.io/hashicorp/aws\"]",
      "instances": [
        {
          "schema_version": 0,
          "attributes": {
            "id": "3145098114",
            "json": "{\n  \"Version\": \"2012-10-17\",\n  \"Statement\": [\n    {\n      \"Effect\": \"Allow\",\n      \"Action\": [\n        \"kinesis:PutRecords\",\n        \"kinesis:PutRecord\",\n        \"kinesis:ListStreams\",\n        \"kinesis:ListShards\",\n        \"kinesis:DescribeStream\"\n      ],\n      \"Resource\": \"*\"\n    }\n  ]\n}",
            "minified_json": "{\"Version\":\"2012-10-17\",\"Statement\":[{\"Effect\":\"Allow\",\"Action\":[\"kinesis:PutRecords\",\"kinesis:PutRecord\",\"kinesis:ListStreams\",\"kinesis:ListShards\",\"kinesis:DescribeStream\"],\"Resource\":\"*\"}]}",
            "override_json": null,
            "override_policy_documents": null,
            "policy_id": null,
            "source_json": null,
            "source_policy_documents": null,
            "statement": [
              {
                "actions": [
                  "kinesis:DescribeStream",
                  "kinesis:ListShards",
                  "kinesis:ListStreams",
                  "kinesis:PutRecord",
                  "kinesis:PutRecords"
                ],
                "condition": [],
                "effect": "Allow",
                "not_actions": [],
                "not_principals": [],
                "not_resources": [],
                "principals": [],
                "resources": [
                  "*"
                ],
                "sid": ""
              }
            ],
            "version": "2012-10-17"
          },
          "sensitive_attributes": [],
          "identity_schema_version": 0
        }
      ]
    },
    {
      "module": "module.iam",
      "mode": "data",
      "type": "aws_iam_policy_document",
      "name": "lambda_logs_policy",
      "provider": "provider[\"registry.terraform.io/hashicorp/aws\"]",
      "instances": [
        {
          "schema_version": 0,
          "attributes": {
            "id": "16712114",
            "json": "{\n  \"Version\": \"2012-10-17\",\n  \"Statement\": [\n    {\n      \"Effect\": \"Allow\",\n      \"Action\": [\n        \"logs:PutLogEvents\",\n        \"logs:CreateLogStream\",\n        \"logs:CreateLogGroup\"\n      ],\n      \"Resource\": \"arn:aws:logs:*:*:*\"\n    }\n  ]\n}",
            "minified_json": "{\"Version\":\"2012-10-17\",\"Statement\":[{\"Effect\":\"Allow\",\"Action\":[\"logs:PutLogEvents\",\"logs:CreateLogStream\",\"logs:CreateLogGroup\"],\"Resource\":\"arn:aws:logs:*:*:*\"}]}",
            "override_json": null,
            "override_policy_documents": null,
            "policy_id": null,
            "source_json": null,
            "source_policy_documents": null,
            "statement": [
              {
                "actions": [
                  "logs:CreateLogGroup",
                  "logs:CreateLogStream",
                  "logs:PutLogEvents"
                ],
                "condition": [],
                "effect": "Allow",
                "not_actions": [],
                "not_principals": [],
                "not_resources": [],
                "principals": [],
                "resources": [
                  "arn:aws:logs:*:*:*"
                ],
                "sid": ""
              }
            ],
            "version": "2012-10-17"
          },
          "sensitive_attributes": [],
          "identity_schema_version": 0
        }
      ]
    },
    {
      "module": "module.iam",
      "mode": "data",
      "type": "aws_iam_policy_document",
      "name": "opensearch_dashboard_access",
      "provider": "provider[\"registry.terraform.io/hashicorp/aws\"]",
      "instances": [
        {
          "schema_version": 0,
          "attributes": {
            "id": "3147684122",
            "json": "{\n  \"Version\": \"2012-10-17\",\n  \"Statement\": [\n    {\n      \"Effect\": \"Allow\",\n      \"Action\": [\n        \"aoss:WriteDocument\",\n        \"aoss:ReadDocument\",\n        \"aoss:DescribeCollectionItems\",\n        \"aoss:DashboardsWrite\",\n        \"aoss:DashboardsRead\",\n        \"aoss:DashboardsDelete\"\n      ],\n      \"Resource\": \"*\"\n    },\n    {\n      \"Effect\": \"Allow\",\n      \"Action\": [\n        \"aoss:ListCollections\",\n        \"aoss:GetCollection\"\n      ],\n      \"Resource\": \"*\"\n    }\n  ]\n}",
            "minified_json": "{\"Version\":\"2012-10-17\",\"Statement\":[{\"Effect\":\"Allow\",\"Action\":[\"aoss:WriteDocument\",\"aoss:ReadDocument\",\"aoss:DescribeCollectionItems\",\"aoss:DashboardsWrite\",\"aoss:DashboardsRead\",\"aoss:DashboardsDelete\"],\"Resource\":\"*\"},{\"Effect\":\"Allow\",\"Action\":[\"aoss:ListCollections\",\"aoss:GetCollection\"],\"Resource\":\"*\"}]}",
            "override_json": null,
            "override_policy_documents": null,
            "policy_id": null,
            "source_json": null,
            "source_policy_documents": null,
            "statement": [
              {
                "actions": [
                  "aoss:DashboardsDelete",
                  "aoss:DashboardsRead",
                  "aoss:DashboardsWrite",
                  "aoss:DescribeCollectionItems",
                  "aoss:ReadDocument",
                  "aoss:WriteDocument"
                ],
                "condition": [],
                "effect": "Allow",
                "not_actions": [],
                "not_principals": [],
                "not_resources": [],
                "principals": [],
                "resources": [
                  "*"
                ],
                "sid": ""
              },
              {
                "actions": [
                  "aoss:GetCollection",
                  "aoss:ListCollections"
                ],
                "condition": [],
                "effect": "Allow",
                "not_actions": [],
                "not_principals": [],
                "not_resources": [],
                "principals": [],
                "resources": [
                  "*"
                ],
                "sid": ""
              }
            ],
            "version": "2012-10-17"
          },
          "sensitive_attributes": [],
          "identity_schema_version": 0
        }
      ]
    },
    {
      "module": "module.iam",
      "mode": "managed",
      "type": "aws_iam_role",
      "name": "firehose_role",
      "provider": "provider[\"registry.terraform.io/hashicorp/aws\"]",
      "instances": [
        {
          "schema_version": 0,
          "attributes": {
            "arn": "arn:aws:iam::331504768406:role/flight-radar-stream-firehose-role",
            "assume_role_policy": "{\"Statement\":[{\"Action\":\"sts:AssumeRole\",\"Effect\":\"Allow\",\"Principal\":{\"Service\":\"firehose.amazonaws.com\"}}],\"Version\":\"2012-10-17\"}",
            "create_date": "2026-04-22T23:09:28Z",
            "description": "",
            "force_detach_policies": false,
            "id": "flight-radar-stream-firehose-role",
            "inline_policy": [
              {
                "name": "flight-radar-stream-firehose-policy",
                "policy": "{\"Version\":\"2012-10-17\",\"Statement\":[{\"Action\":[\"s3:PutObjectAcl\",\"s3:PutObject\",\"s3:ListBucket\",\"s3:GetBucketLocation\"],\"Effect\":\"Allow\",\"Resource\":[\"arn:aws:s3:::lakehouse-landing-331504768406/*\",\"arn:aws:s3:::lakehouse-landing-331504768406\"]},{\"Action\":\"lambda:InvokeFunction\",\"Effect\":\"Allow\",\"Resource\":\"*\"},{\"Action\":[\"kinesis:ListShards\",\"kinesis:GetShardIterator\",\"kinesis:GetRecords\",\"kinesis:DescribeStream\"],\"Effect\":\"Allow\",\"Resource\":\"*\"},{\"Action\":[\"aoss:WriteDocument\",\"aoss:UpdateIndex\",\"aoss:UpdateCollectionItems\",\"aoss:ReadDocument\",\"aoss:DescribeIndex\",\"aoss:DescribeCollectionItems\",\"aoss:DeleteIndex\",\"aoss:DeleteCollectionItems\",\"aoss:CreateIndex\",\"aoss:CreateCollectionItems\",\"aoss:APIAccessAll\"],\"Effect\":\"Allow\",\"Resource\":\"*\"}]}"
              }
            ],
            "managed_policy_arns": [],
            "max_session_duration": 3600,
            "name": "flight-radar-stream-firehose-role",
            "name_prefix": "",
            "path": "/",
            "permissions_boundary": "",
            "tags": {
              "Environment": "production",
              "ManagedBy": "terraform",
              "Project": "flight-radar-stream"
            },
            "tags_all": {
              "Environment": "production",
              "ManagedBy": "terraform",
              "Project": "flight-radar-stream"
            },
            "unique_id": "AROAU2LZZKWLPKG5VTYAQ"
          },
          "sensitive_attributes": [],
          "identity_schema_version": 0,
          "identity": {
            "account_id": "331504768406",
            "name": "flight-radar-stream-firehose-role"
          },
          "private": "bnVsbA==",
          "dependencies": [
            "module.iam.data.aws_iam_policy_document.firehose_assume_role_policy"
          ]
        }
      ]
    },
    {
      "module": "module.iam",
      "mode": "managed",
      "type": "aws_iam_role",
      "name": "kda_execution",
      "provider": "provider[\"registry.terraform.io/hashicorp/aws\"]",
      "instances": [
        {
          "schema_version": 0,
          "attributes": {
            "arn": "arn:aws:iam::331504768406:role/flight-radar-stream-kda-execution-role",
            "assume_role_policy": "{\"Statement\":[{\"Action\":\"sts:AssumeRole\",\"Effect\":\"Allow\",\"Principal\":{\"Service\":\"kinesisanalytics.amazonaws.com\"}}],\"Version\":\"2012-10-17\"}",
            "create_date": "2026-04-22T23:09:28Z",
            "description": "",
            "force_detach_policies": false,
            "id": "flight-radar-stream-kda-execution-role",
            "inline_policy": [
              {
                "name": "flight-radar-stream-kda-policy",
                "policy": "{\"Version\":\"2012-10-17\",\"Statement\":[{\"Action\":[\"kinesis:PutRecords\",\"kinesis:PutRecord\",\"kinesis:ListStreams\",\"kinesis:ListShards\",\"kinesis:ListRecords\",\"kinesis:GetShardIterator\",\"kinesis:GetRecords\",\"kinesis:DescribeStream\"],\"Effect\":\"Allow\",\"Resource\":\"*\"},{\"Action\":[\"s3:PutObject\",\"s3:ListBucket\",\"s3:GetObjectVersion\",\"s3:GetObject\",\"s3:DeleteObject\"],\"Effect\":\"Allow\",\"Resource\":[\"arn:aws:s3:::*/*\",\"arn:aws:s3:::*\"]},{\"Action\":[\"logs:PutLogEvents\",\"logs:DescribeLogStreams\",\"logs:CreateLogStream\",\"logs:CreateLogGroup\"],\"Effect\":\"Allow\",\"Resource\":\"arn:aws:logs:*:*:*\"},{\"Action\":\"cloudwatch:PutMetricData\",\"Effect\":\"Allow\",\"Resource\":\"*\"},{\"Action\":[\"kinesisanalytics:ListApplicationSnapshots\",\"kinesisanalytics:DescribeApplicationSnapshot\",\"kinesisanalytics:DeleteApplicationSnapshot\",\"kinesisanalytics:CreateApplicationSnapshot\"],\"Effect\":\"Allow\",\"Resource\":\"*\"},{\"Action\":[\"kms:GenerateDataKey\",\"kms:DescribeKey\",\"kms:Decrypt\"],\"Effect\":\"Allow\",\"Resource\":\"*\"}]}"
              }
            ],
            "managed_policy_arns": [],
            "max_session_duration": 3600,
            "name": "flight-radar-stream-kda-execution-role",
            "name_prefix": "",
            "path": "/",
            "permissions_boundary": "",
            "tags": {
              "Environment": "production",
              "ManagedBy": "terraform",
              "Project": "flight-radar-stream"
            },
            "tags_all": {
              "Environment": "production",
              "ManagedBy": "terraform",
              "Project": "flight-radar-stream"
            },
            "unique_id": "AROAU2LZZKWLO2KICWJ54"
          },
          "sensitive_attributes": [],
          "identity_schema_version": 0,
          "identity": {
            "account_id": "331504768406",
            "name": "flight-radar-stream-kda-execution-role"
          },
          "private": "bnVsbA==",
          "dependencies": [
            "module.iam.data.aws_iam_policy_document.kda_assume_role_policy"
          ]
        }
      ]
    },
    {
      "module": "module.iam",
      "mode": "managed",
      "type": "aws_iam_role",
      "name": "lambda_execution",
      "provider": "provider[\"registry.terraform.io/hashicorp/aws\"]",
      "instances": [
        {
          "schema_version": 0,
          "attributes": {
            "arn": "arn:aws:iam::331504768406:role/flight-radar-stream-lambda-execution-role",
            "assume_role_policy": "{\"Statement\":[{\"Action\":\"sts:AssumeRole\",\"Effect\":\"Allow\",\"Principal\":{\"Service\":\"lambda.amazonaws.com\"}}],\"Version\":\"2012-10-17\"}",
            "create_date": "2026-04-22T23:09:28Z",
            "description": "",
            "force_detach_policies": false,
            "id": "flight-radar-stream-lambda-execution-role",
            "inline_policy": [
              {
                "name": "flight-radar-stream-lambda-kinesis-policy",
                "policy": "{\"Version\":\"2012-10-17\",\"Statement\":[{\"Action\":[\"kinesis:PutRecords\",\"kinesis:PutRecord\",\"kinesis:ListStreams\",\"kinesis:ListShards\",\"kinesis:DescribeStream\"],\"Effect\":\"Allow\",\"Resource\":\"*\"}]}"
              },
              {
                "name": "flight-radar-stream-lambda-logs-policy",
                "policy": "{\"Version\":\"2012-10-17\",\"Statement\":[{\"Action\":[\"logs:PutLogEvents\",\"logs:CreateLogStream\",\"logs:CreateLogGroup\"],\"Effect\":\"Allow\",\"Resource\":\"arn:aws:logs:*:*:*\"}]}"
              }
            ],
            "managed_policy_arns": [],
            "max_session_duration": 3600,
            "name": "flight-radar-stream-lambda-execution-role",
            "name_prefix": "",
            "path": "/",
            "permissions_boundary": "",
            "tags": {
              "Environment": "production",
              "ManagedBy": "terraform",
              "Project": "flight-radar-stream"
            },
            "tags_all": {
              "Environment": "production",
              "ManagedBy": "terraform",
              "Project": "flight-radar-stream"
            },
            "unique_id": "AROAU2LZZKWLHQ56PI47D"
          },
          "sensitive_attributes": [],
          "identity_schema_version": 0,
          "identity": {
            "account_id": "331504768406",
            "name": "flight-radar-stream-lambda-execution-role"
          },
          "private": "bnVsbA==",
          "dependencies": [
            "module.iam.data.aws_iam_policy_document.lambda_assume_role_policy"
          ]
        }
      ]
    },
    {
      "module": "module.iam",
      "mode": "managed",
      "type": "aws_iam_role_policy",
      "name": "firehose_policy",
      "provider": "provider[\"registry.terraform.io/hashicorp/aws\"]",
      "instances": [
        {
          "schema_version": 0,
          "attributes": {
            "id": "flight-radar-stream-firehose-role:flight-radar-stream-firehose-policy",
            "name": "flight-radar-stream-firehose-policy",
            "name_prefix": "",
            "policy": "{\"Version\":\"2012-10-17\",\"Statement\":[{\"Action\":[\"s3:PutObjectAcl\",\"s3:PutObject\",\"s3:ListBucket\",\"s3:GetBucketLocation\"],\"Effect\":\"Allow\",\"Resource\":[\"arn:aws:s3:::lakehouse-landing-331504768406/*\",\"arn:aws:s3:::lakehouse-landing-331504768406\"]},{\"Action\":\"lambda:InvokeFunction\",\"Effect\":\"Allow\",\"Resource\":\"*\"},{\"Action\":[\"kinesis:ListShards\",\"kinesis:GetShardIterator\",\"kinesis:GetRecords\",\"kinesis:DescribeStream\"],\"Effect\":\"Allow\",\"Resource\":\"*\"},{\"Action\":[\"aoss:WriteDocument\",\"aoss:UpdateIndex\",\"aoss:UpdateCollectionItems\",\"aoss:ReadDocument\",\"aoss:DescribeIndex\",\"aoss:DescribeCollectionItems\",\"aoss:DeleteIndex\",\"aoss:DeleteCollectionItems\",\"aoss:CreateIndex\",\"aoss:CreateCollectionItems\",\"aoss:APIAccessAll\"],\"Effect\":\"Allow\",\"Resource\":\"*\"}]}",
            "role": "flight-radar-stream-firehose-role"
          },
          "sensitive_attributes": [],
          "identity_schema_version": 0,
          "identity": {
            "account_id": "331504768406",
            "name": "flight-radar-stream-firehose-policy",
            "role": "flight-radar-stream-firehose-role"
          },
          "private": "bnVsbA==",
          "dependencies": [
            "data.aws_caller_identity.current",
            "data.aws_s3_bucket.landing",
            "module.iam.aws_iam_role.firehose_role",
            "module.iam.data.aws_iam_policy_document.firehose_assume_role_policy",
            "module.iam.data.aws_iam_policy_document.firehose_policy"
          ]
        }
      ]
    },
    {
      "module": "module.iam",
      "mode": "managed",
      "type": "aws_iam_role_policy",
      "name": "kda_policy",
      "provider": "provider[\"registry.terraform.io/hashicorp/aws\"]",
      "instances": [
        {
          "schema_version": 0,
          "attributes": {
            "id": "flight-radar-stream-kda-execution-role:flight-radar-stream-kda-policy",
            "name": "flight-radar-stream-kda-policy",
            "name_prefix": "",
            "policy": "{\"Version\":\"2012-10-17\",\"Statement\":[{\"Action\":[\"kinesis:PutRecords\",\"kinesis:PutRecord\",\"kinesis:ListStreams\",\"kinesis:ListShards\",\"kinesis:ListRecords\",\"kinesis:GetShardIterator\",\"kinesis:GetRecords\",\"kinesis:DescribeStream\"],\"Effect\":\"Allow\",\"Resource\":\"*\"},{\"Action\":[\"s3:PutObject\",\"s3:ListBucket\",\"s3:GetObjectVersion\",\"s3:GetObject\",\"s3:DeleteObject\"],\"Effect\":\"Allow\",\"Resource\":[\"arn:aws:s3:::*/*\",\"arn:aws:s3:::*\"]},{\"Action\":[\"logs:PutLogEvents\",\"logs:DescribeLogStreams\",\"logs:CreateLogStream\",\"logs:CreateLogGroup\"],\"Effect\":\"Allow\",\"Resource\":\"arn:aws:logs:*:*:*\"},{\"Action\":\"cloudwatch:PutMetricData\",\"Effect\":\"Allow\",\"Resource\":\"*\"},{\"Action\":[\"kinesisanalytics:ListApplicationSnapshots\",\"kinesisanalytics:DescribeApplicationSnapshot\",\"kinesisanalytics:DeleteApplicationSnapshot\",\"kinesisanalytics:CreateApplicationSnapshot\"],\"Effect\":\"Allow\",\"Resource\":\"*\"},{\"Action\":[\"kms:GenerateDataKey\",\"kms:DescribeKey\",\"kms:Decrypt\"],\"Effect\":\"Allow\",\"Resource\":\"*\"}]}",
            "role": "flight-radar-stream-kda-execution-role"
          },
          "sensitive_attributes": [],
          "identity_schema_version": 0,
          "identity": {
            "account_id": "331504768406",
            "name": "flight-radar-stream-kda-policy",
            "role": "flight-radar-stream-kda-execution-role"
          },
          "private": "bnVsbA==",
          "dependencies": [
            "module.iam.aws_iam_role.kda_execution",
            "module.iam.data.aws_iam_policy_document.kda_assume_role_policy",
            "module.iam.data.aws_iam_policy_document.kda_policy"
          ]
        }
      ]
    },
    {
      "module": "module.iam",
      "mode": "managed",
      "type": "aws_iam_role_policy",
      "name": "lambda_kinesis_policy",
      "provider": "provider[\"registry.terraform.io/hashicorp/aws\"]",
      "instances": [
        {
          "schema_version": 0,
          "attributes": {
            "id": "flight-radar-stream-lambda-execution-role:flight-radar-stream-lambda-kinesis-policy",
            "name": "flight-radar-stream-lambda-kinesis-policy",
            "name_prefix": "",
            "policy": "{\"Version\":\"2012-10-17\",\"Statement\":[{\"Action\":[\"kinesis:PutRecords\",\"kinesis:PutRecord\",\"kinesis:ListStreams\",\"kinesis:ListShards\",\"kinesis:DescribeStream\"],\"Effect\":\"Allow\",\"Resource\":\"*\"}]}",
            "role": "flight-radar-stream-lambda-execution-role"
          },
          "sensitive_attributes": [],
          "identity_schema_version": 0,
          "identity": {
            "account_id": "331504768406",
            "name": "flight-radar-stream-lambda-kinesis-policy",
            "role": "flight-radar-stream-lambda-execution-role"
          },
          "private": "bnVsbA==",
          "dependencies": [
            "module.iam.aws_iam_role.lambda_execution",
            "module.iam.data.aws_iam_policy_document.lambda_assume_role_policy",
            "module.iam.data.aws_iam_policy_document.lambda_kinesis_policy"
          ]
        }
      ]
    },
    {
      "module": "module.iam",
      "mode": "managed",
      "type": "aws_iam_role_policy",
      "name": "lambda_logs_policy",
      "provider": "provider[\"registry.terraform.io/hashicorp/aws\"]",
      "instances": [
        {
          "schema_version": 0,
          "attributes": {
            "id": "flight-radar-stream-lambda-execution-role:flight-radar-stream-lambda-logs-policy",
            "name": "flight-radar-stream-lambda-logs-policy",
            "name_prefix": "",
            "policy": "{\"Version\":\"2012-10-17\",\"Statement\":[{\"Action\":[\"logs:PutLogEvents\",\"logs:CreateLogStream\",\"logs:CreateLogGroup\"],\"Effect\":\"Allow\",\"Resource\":\"arn:aws:logs:*:*:*\"}]}",
            "role": "flight-radar-stream-lambda-execution-role"
          },
          "sensitive_attributes": [],
          "identity_schema_version": 0,
          "identity": {
            "account_id": "331504768406",
            "name": "flight-radar-stream-lambda-logs-policy",
            "role": "flight-radar-stream-lambda-execution-role"
          },
          "private": "bnVsbA==",
          "dependencies": [
            "module.iam.aws_iam_role.lambda_execution",
            "module.iam.data.aws_iam_policy_document.lambda_assume_role_policy",
            "module.iam.data.aws_iam_policy_document.lambda_logs_policy"
          ]
        }
      ]
    },
    {
      "module": "module.kinesis_analytics_flights",
      "mode": "data",
      "type": "archive_file",
      "name": "flink_sql_zip",
      "provider": "provider[\"registry.terraform.io/hashicorp/archive\"]",
      "instances": [
        {
          "schema_version": 0,
          "attributes": {
            "exclude_symlink_directories": null,
            "excludes": null,
            "id": "5634866bf6ece6c41ff7ba1ece69afaf3e86488e",
            "output_base64sha256": "zhi9EaQGz4vXaCw8DoVz5zL7Dky9si7QjFss/iU18+Q=",
            "output_base64sha512": "+kzLr67Ligzz3tRxXkjmOpilWO1sNulok4nTqKrG18ananaRCok6Ub8OrqjFkOSwZf5SsEyPbDF3zqelCoxOJQ==",
            "output_file_mode": null,
            "output_md5": "33dd40c5d1db56f6e789bf4d56f657c5",
            "output_path": "modules/kinesis_analytics_flights/flink_sql_app.zip",
            "output_sha": "5634866bf6ece6c41ff7ba1ece69afaf3e86488e",
            "output_sha256": "ce18bd11a406cf8bd7682c3c0e8573e732fb0e4cbdb22ed08c5b2cfe2535f3e4",
            "output_sha512": "fa4ccbafaecb8a0cf3ded4715e48e63a98a558ed6c36e9689389d3a8aac6d7c6a76a76910a893a51bf0eaea8c590e4b065fe52b04c8f6c3177cea7a50a8c4e25",
            "output_size": 5848,
            "source": [
              {
                "content": "-- ============================================================================\r\n-- FLINK SQL: SINK A - Agregação por País/Fase de Voo (1 minuto)\r\n-- ============================================================================\r\n--\r\n-- Agregação: por país e fase de voo, janela de 1 minuto\r\n-- Casos de uso:\r\n--   - Mapa de densidade de tráfego em tempo real (QuickSight)\r\n--   - Alertas de congestionamento por região\r\n--   - Análise de distribuição de fase de voo por país\r\n--\r\n-- Destino: Kinesis Stream \"flights-positions-1min\"\r\n-- Frequência: evento a cada minuto (TUMBLE window)\r\n--\r\n\r\nCREATE TABLE kinesis_positions_1min (\r\n    window_start        TIMESTAMP(3),\r\n    window_end          TIMESTAMP(3),\r\n    origin_country      STRING,\r\n    flight_phase        STRING,\r\n    aircraft_count      BIGINT,\r\n    avg_altitude_ft     DOUBLE,\r\n    avg_velocity_kts    DOUBLE,\r\n    avg_heading         DOUBLE,\r\n    on_ground_count     BIGINT,\r\n    PRIMARY KEY (window_start, origin_country, flight_phase) NOT ENFORCED\r\n) WITH (\r\n    'connector'         = 'kinesis',\r\n    'stream'            = 'flights-positions-1min',\r\n    'aws.region'        = 'us-east-1',\r\n    'format'            = 'json',\r\n    'sink.parallelism'  = '4'\r\n);\r\n\r\nINSERT INTO kinesis_positions_1min\r\nSELECT\r\n    TUMBLE_START(event_time, INTERVAL '1' MINUTE)   AS window_start,\r\n    TUMBLE_END(event_time,   INTERVAL '1' MINUTE)   AS window_end,\r\n    origin_country,\r\n    flight_phase,\r\n    COUNT(*)                                         AS aircraft_count,\r\n    AVG(altitude_ft)                                 AS avg_altitude_ft,\r\n    AVG(velocity_kts)                                AS avg_velocity_kts,\r\n    AVG(heading)                                     AS avg_heading,\r\n    SUM(CASE WHEN on_ground THEN 1 ELSE 0 END)       AS on_ground_count\r\nFROM enriched_flights\r\nWHERE origin_country IS NOT NULL\r\n  AND flight_phase IS NOT NULL\r\nGROUP BY\r\n    TUMBLE(event_time, INTERVAL '1' MINUTE),\r\n    origin_country,\r\n    flight_phase;\r\n\r\n-- ============================================================================\r\n-- SINK B - Distribuição por Faixa de Altitude (1 minuto)\r\n-- ============================================================================\r\n--\r\n-- Agregação: por fase de voo e tendência vertical, janela de 1 minuto\r\n-- Casos de uso:\r\n--   - Detectar anomalias de altitude (aeronaves descendo quando deveriam estar em cruzeiro)\r\n--   - Monitorar distribuição de aeronaves por altitude\r\n--   - Análise de padrões de subida/descida\r\n--\r\n-- Filtro: apenas voos em ar (on_ground = false)\r\n-- Destino: Kinesis Stream \"flights-altitude-bands\"\r\n--\r\n\r\nCREATE TABLE kinesis_altitude_bands (\r\n    window_start        TIMESTAMP(3),\r\n    flight_phase        STRING,\r\n    vertical_trend      STRING,\r\n    aircraft_count      BIGINT,\r\n    min_altitude_ft     DOUBLE,\r\n    max_altitude_ft     DOUBLE,\r\n    avg_altitude_ft     DOUBLE,\r\n    velocity_stddev     DOUBLE,\r\n    PRIMARY KEY (window_start, flight_phase, vertical_trend) NOT ENFORCED\r\n) WITH (\r\n    'connector'         = 'kinesis',\r\n    'stream'            = 'flights-altitude-bands',\r\n    'aws.region'        = 'us-east-1',\r\n    'format'            = 'json',\r\n    'sink.parallelism'  = '2'\r\n);\r\n\r\nINSERT INTO kinesis_altitude_bands\r\nSELECT\r\n    TUMBLE_START(event_time, INTERVAL '1' MINUTE) AS window_start,\r\n    flight_phase,\r\n    vertical_trend,\r\n    COUNT(*)                                       AS aircraft_count,\r\n    MIN(altitude_ft)                               AS min_altitude_ft,\r\n    MAX(altitude_ft)                               AS max_altitude_ft,\r\n    AVG(altitude_ft)                               AS avg_altitude_ft,\r\n    STDDEV(velocity_kts)                           AS velocity_stddev\r\nFROM enriched_flights\r\nWHERE on_ground = FALSE\r\n  AND altitude_ft IS NOT NULL\r\nGROUP BY\r\n    TUMBLE(event_time, INTERVAL '1' MINUTE),\r\n    flight_phase,\r\n    vertical_trend;\r\n\r\n-- ============================================================================\r\n-- SINK C - Mudanças de Fase de Voo (30 segundos)\r\n-- ============================================================================\r\n--\r\n-- Agregação: passthrough com filtro de mudança de fase, janela de 30 segundos\r\n-- Casos de uso:\r\n--   - Alertas em tempo real de mudanças de fase críticas\r\n--   - Detectar subidas/descidas agressivas (\u003e500 fpm)\r\n--   - Monitorar transições takeoff → climb → cruise\r\n--\r\n-- Filtro: \r\n--   - Apenas aeronaves em movimento vertical (climbing/descending)\r\n--   - Taxa vertical \u003e 500 fpm (evita variações insignificantes)\r\n--   - Apenas em ar (on_ground = false)\r\n--\r\n-- Destino: Kinesis Stream \"flights-phase-changes\"\r\n--\r\n\r\nCREATE TABLE kinesis_phase_changes (\r\n    window_start        TIMESTAMP(3),\r\n    icao24              STRING,\r\n    callsign            STRING,\r\n    origin_country      STRING,\r\n    vertical_trend      STRING,\r\n    vrate_fpm           DOUBLE,\r\n    altitude_ft         DOUBLE,\r\n    speed_category      STRING,\r\n    heading             DOUBLE,\r\n    longitude           DOUBLE,\r\n    latitude            DOUBLE,\r\n    PRIMARY KEY (window_start, icao24) NOT ENFORCED\r\n) WITH (\r\n    'connector'         = 'kinesis',\r\n    'stream'            = 'flights-phase-changes',\r\n    'aws.region'        = 'us-east-1',\r\n    'format'            = 'json',\r\n    'sink.parallelism'  = '1'  -- Baixa taxa de eventos\r\n);\r\n\r\nINSERT INTO kinesis_phase_changes\r\nSELECT\r\n    TUMBLE_START(event_time, INTERVAL '30' SECOND) AS window_start,\r\n    icao24,\r\n    callsign,\r\n    origin_country,\r\n    vertical_trend,\r\n    vrate_fpm,\r\n    altitude_ft,\r\n    speed_category,\r\n    heading,\r\n    longitude,\r\n    latitude\r\nFROM enriched_flights\r\nWHERE vertical_trend IN ('climbing', 'descending')\r\n  AND ABS(vrate_fpm) \u003e 500      -- Filtra variações insignificantes (\u003c 500 fpm)\r\n  AND on_ground = FALSE;\r\n\r\n-- ============================================================================\r\n-- SINK D - Passthrough Enriquecido (Todas as Aeronaves)\r\n-- ============================================================================\r\n--\r\n-- Agregação: nenhuma (passthrough com dados enriquecidos)\r\n-- Casos de uso:\r\n--   - Base para data science: clustering de rotas, padrões de squawk\r\n--   - Histórico completo em S3 via Firehose\r\n--   - Treinamento de modelos de detecção de anomalias\r\n--\r\n-- Nota: SEM watermarking/windowing, apenas enriquecimento\r\n-- Destino: Kinesis Stream \"flights-enriched-raw\"\r\n--\r\n\r\nCREATE TABLE kinesis_enriched_raw (\r\n    event_time          TIMESTAMP(3),\r\n    icao24              STRING,\r\n    callsign            STRING,\r\n    origin_country      STRING,\r\n    longitude           DOUBLE,\r\n    latitude            DOUBLE,\r\n    altitude_ft         DOUBLE,\r\n    geo_altitude_ft     DOUBLE,\r\n    velocity_kts        DOUBLE,\r\n    heading             DOUBLE,\r\n    vrate_fpm           DOUBLE,\r\n    flight_phase        STRING,\r\n    vertical_trend      STRING,\r\n    speed_category      STRING,\r\n    on_ground           BOOLEAN,\r\n    squawk              STRING,\r\n    spi                 BOOLEAN,\r\n    PRIMARY KEY (icao24) NOT ENFORCED\r\n) WITH (\r\n    'connector'         = 'kinesis',\r\n    'stream'            = 'flights-enriched-raw',\r\n    'aws.region'        = 'us-east-1',\r\n    'format'            = 'json',\r\n    'sink.parallelism'  = '8'  -- Alta taxa de dados\r\n);\r\n\r\nINSERT INTO kinesis_enriched_raw\r\nSELECT\r\n    event_time,\r\n    icao24,\r\n    callsign,\r\n    origin_country,\r\n    longitude,\r\n    latitude,\r\n    altitude_ft,\r\n    geo_altitude_ft,\r\n    velocity_kts,\r\n    heading,\r\n    vrate_fpm,\r\n    flight_phase,\r\n    vertical_trend,\r\n    speed_category,\r\n    on_ground,\r\n    squawk,\r\n    spi\r\nFROM enriched_flights;\r\n\r\n-- =============================================================================\r\n-- RESUMO DOS SINKS\r\n-- =============================================================================\r\n--\r\n-- Sink A (flights-positions-1min):\r\n--   Rate: 1 evento/min por país/fase\r\n--   Tamanho: baixo (~50-100 eventos/min globalmente)\r\n--   Uso: dashboard tempo real de densidade\r\n--\r\n-- Sink B (flights-altitude-bands):\r\n--   Rate: 1 evento/min por combinação única\r\n--   Tamanho: médio (~500-1000 eventos/min)\r\n--   Uso: detecção de anomalias de altitude\r\n--\r\n-- Sink C (flights-phase-changes):\r\n--   Rate: variável (somente mudanças significativas)\r\n--   Tamanho: baixo (~100-500 eventos/min em horário de pico)\r\n--   Uso: alertas em tempo real de eventos críticos\r\n--\r\n-- Sink D (flights-enriched-raw):\r\n--   Rate: 1 evento por aeronave por ~10s (conforme atualização ADS-B)\r\n--   Tamanho: ALTO (~50k-100k eventos/min globalmente)\r\n--   Uso: histórico completo, data science, análise ad-hoc\r\n--\r\n-- =============================================================================\r\n",
                "filename": "sql/03_sinks_kinesis.sql"
              },
              {
                "content": "-- ============================================================================\r\n-- FLINK SQL: SOURCE - Ingestão de dados ADS-B do OpenSky via Kinesis\r\n-- ============================================================================\r\n-- \r\n-- Este script define a tabela source que consome eventos brutos de voos\r\n-- do Kinesis Stream \"flights-raw\". Cada evento é um vetor de estado ADS-B\r\n-- contendo informações de posição, velocidade e altitude de uma aeronave.\r\n--\r\n-- Watermark: 30 segundos para tolerar eventos fora de ordem (múltiplos sensores)\r\n--\r\n\r\n-- Source table: Kinesis Stream com dados brutos ADS-B\r\nCREATE TABLE state_vectors_source (\r\n    icao24              STRING NOT NULL,           -- Identificador único da aeronave (ICAO)\r\n    callsign            STRING,                    -- Callsign (ex: \"TAP1234\")\r\n    origin_country      STRING,                    -- País de origem (ISO 2-letter code)\r\n    time_position       STRING,                    -- ISO 8601 timestamp da posição\r\n    last_contact        STRING,                    -- ISO 8601 timestamp do último contato\r\n    longitude           DOUBLE,                    -- Longitude em graus (-180 a 180)\r\n    latitude            DOUBLE,                    -- Latitude em graus (-90 a 90)\r\n    altitude            DOUBLE,                    -- Altitude em metros (pode ser null)\r\n    on_ground           BOOLEAN,                   -- Indica se aeronave está no solo\r\n    velocity            DOUBLE,                    -- Velocidade em m/s (pode ser null)\r\n    heading             DOUBLE,                    -- Direção em graus (0-360)\r\n    vertical_rate       DOUBLE,                    -- Taxa vertical em m/s (positivo=subindo)\r\n    geo_altitude        DOUBLE,                    -- Altitude geométrica em metros\r\n    squawk              STRING,                    -- Código squawk transponder\r\n    spi                 BOOLEAN,                   -- Special Position Identification flag\r\n    position_source     INT,                       -- Fonte de posição (0=ADS-B, 1=surface, 2=radar, etc)\r\n    \r\n    -- Metadados Kinesis\r\n    event_time          TIMESTAMP(3) METADATA FROM 'timestamp',  -- Timestamp do evento Kinesis\r\n    \r\n    -- Watermark: tolera 30s de atraso para eventos fora de ordem\r\n    WATERMARK FOR event_time AS event_time - INTERVAL '30' SECOND\r\n) WITH (\r\n    'connector'                 = 'kinesis',\r\n    'stream'                    = 'flights-raw',\r\n    'aws.region'                = 'us-east-1',\r\n    'scan.stream.initpos'       = 'LATEST',          -- Inicia a partir dos eventos mais recentes\r\n    'format'                    = 'json',\r\n    'json.ignore-parse-errors'  = 'true',            -- Ignora JSON malformado\r\n    'json.fail-on-missing-field'= 'false'            -- Permite campos faltantes (nulls)\r\n);\r\n\r\n-- =============================================================================\r\n-- NOTAS TÉCNICAS\r\n-- =============================================================================\r\n--\r\n-- 1. WATERMARK:\r\n--    - 30s permite que eventos atrasados 30s ou menos sejam inclusos\r\n--    - Útil pois múltiplos sensores ADS-B reportam a mesma aeronave com latências\r\n--    - Após 30s, janelas temporais fecham e novos eventos são descartados\r\n--\r\n-- 2. TIMESTAMP HANDLING:\r\n--    - event_time vem do metadata Kinesis (quando chegou no stream)\r\n--    - time_position é string ISO 8601 que será parseado na VIEW enriquecida\r\n--\r\n-- 3. VALIDAÇÕES:\r\n--    - icao24 é NOT NULL (identificador obrigatório)\r\n--    - longitude/latitude tem validação na VIEW (entre -180/180 e -90/90)\r\n--    - on_ground é BOOLEAN para fase de voo\r\n--\r\n-- 4. DADOS NULL:\r\n--    - altitude, velocity podem ser NULL para aeronaves em solo\r\n--    - vertical_rate é NULL durante voo horizontal\r\n--    - callsign pode ser vazio ou NULL\r\n--\r\n-- =============================================================================\r\n",
                "filename": "sql/01_source.sql"
              },
              {
                "content": "-- ============================================================================\r\n-- FLINK SQL: VIEW ENRIQUECIDA - Conversão de unidades e classificação\r\n-- ============================================================================\r\n--\r\n-- Esta view realiza:\r\n-- 1. Conversão de unidades (m/s ↔ knots, m ↔ feet)\r\n-- 2. Classificação de fase de voo (ground, takeoff_landing, low, cruise, high_altitude)\r\n-- 3. Classificação de tendência vertical (climbing, descending, level)\r\n-- 4. Classificação de velocidade (slow, medium, fast, supersonic)\r\n-- 5. Validação de dados (longitude, latitude, icao24)\r\n--\r\n-- A view filtra dados inválidos e enriquece cada evento com campos analíticos.\r\n--\r\n\r\nCREATE TEMPORARY VIEW enriched_flights AS\r\nSELECT\r\n    -- Identificadores e meta\r\n    icao24,\r\n    TRIM(callsign)                              AS callsign,\r\n    origin_country,\r\n    squawk,\r\n    spi,\r\n    position_source,\r\n    \r\n    -- Timestamps\r\n    TO_TIMESTAMP(time_position, 'yyyy-MM-dd''T''HH:mm:ss') \r\n                                                AS time_position_ts,\r\n    TO_TIMESTAMP(last_contact, 'yyyy-MM-dd''T''HH:mm:ss')\r\n                                                AS last_contact_ts,\r\n    event_time,\r\n\r\n    -- Posição geográfica\r\n    longitude,\r\n    latitude,\r\n    on_ground,\r\n\r\n    -- Altitude (múltiplas unidades)\r\n    altitude                                    AS altitude_m,\r\n    altitude * 3.28084                          AS altitude_ft,\r\n    geo_altitude * 3.28084                      AS geo_altitude_ft,\r\n\r\n    -- Velocidade (múltiplas unidades)\r\n    velocity                                    AS velocity_ms,\r\n    velocity * 1.94384                          AS velocity_kts,\r\n\r\n    -- Direção e taxa vertical\r\n    heading,\r\n    vertical_rate                               AS vrate_ms,\r\n    vertical_rate * 196.85                      AS vrate_fpm,\r\n    \r\n    -- =========================================================================\r\n    -- CLASSIFICAÇÕES ANALÍTICAS\r\n    -- =========================================================================\r\n\r\n    -- FASE DE VOO (altitude em pés)\r\n    -- Baseado em altitude acima do solo para determinar fase operacional\r\n    CASE\r\n        WHEN on_ground = TRUE                    \r\n            THEN 'ground'\r\n        WHEN altitude * 3.28084 \u003c 1000           \r\n            THEN 'takeoff_landing'\r\n        WHEN altitude * 3.28084 \u003c 10000          \r\n            THEN 'low'\r\n        WHEN altitude * 3.28084 \u003c 35000          \r\n            THEN 'cruise'\r\n        ELSE                                      \r\n            'high_altitude'\r\n    END                                         AS flight_phase,\r\n\r\n    -- TENDÊNCIA VERTICAL\r\n    -- Classifica movimento vertical para detectar padrões de subida/descida\r\n    CASE\r\n        WHEN vertical_rate \u003e  2.0  \r\n            THEN 'climbing'\r\n        WHEN vertical_rate \u003c -2.0  \r\n            THEN 'descending'\r\n        ELSE                            \r\n            'level'\r\n    END                                         AS vertical_trend,\r\n\r\n    -- CATEGORIA DE VELOCIDADE (em knots)\r\n    -- Faixas típicas de operação para aeronaves comerciais\r\n    CASE\r\n        WHEN velocity * 1.94384 \u003c 100  \r\n            THEN 'slow'\r\n        WHEN velocity * 1.94384 \u003c 300  \r\n            THEN 'medium'\r\n        WHEN velocity * 1.94384 \u003c 500  \r\n            THEN 'fast'\r\n        ELSE                                \r\n            'supersonic'\r\n    END                                         AS speed_category\r\n\r\nFROM state_vectors_source\r\n\r\n-- ============================================================================\r\n-- VALIDAÇÕES E FILTROS\r\n-- ============================================================================\r\n--\r\n-- Icao24 obrigatório (identificador único)\r\nWHERE icao24 IS NOT NULL\r\n  -- Coordenadas devem estar dentro de limites válidos\r\n  AND longitude BETWEEN -180 AND 180\r\n  AND latitude  BETWEEN -90  AND 90;\r\n\r\n-- =============================================================================\r\n-- REFERÊNCIA DE CONVERSÃO\r\n-- =============================================================================\r\n--\r\n-- Altitude:\r\n--   1 metro = 3.28084 pés\r\n--   1000 m = 3280.84 ft (aproximadamente)\r\n--\r\n-- Velocidade:\r\n--   1 m/s = 1.94384 knots\r\n--   10 m/s ≈ 19.4 knots\r\n--\r\n-- Taxa Vertical:\r\n--   1 m/s = 196.85 feet per minute (fpm)\r\n--   0.5 m/s ≈ 98 fpm (descida suave)\r\n--   2.0 m/s ≈ 394 fpm (descida/subida moderada)\r\n--\r\n-- FASES DE VOO (típicas para comercial):\r\n--   Ground: Na pista/estacionamento\r\n--   Takeoff/Landing: \u003c 1000 ft (manobras críticas)\r\n--   Low: 1000-10000 ft (partida e aproximação)\r\n--   Cruise: 10000-35000 ft (altitude de cruzeiro típica)\r\n--   High Altitude: \u003e 35000 ft (cruzeiro em altitude)\r\n--\r\n-- TENDÊNCIAS VERTICAIS (limiares):\r\n--   \u003e 2.0 m/s (≈ 394 fpm): subindo significativamente\r\n--   \u003c -2.0 m/s: descendo significativamente\r\n--   entre -2.0 e 2.0: voo horizontal (variação de altitude mínima)\r\n--\r\n-- VELOCIDADES COMERCIAIS (em knots):\r\n--   Slow: \u003c 100 kts (situações anormais, taxi, falha de motor)\r\n--   Medium: 100-300 kts (subida/descida, aproximação)\r\n--   Fast: 300-500 kts (cruzeiro em altitude)\r\n--   Supersonic: \u003e 500 kts (militares, teste, erro de dados)\r\n--\r\n-- =============================================================================\r\n",
                "filename": "sql/02_enriched_view.sql"
              }
            ],
            "source_content": null,
            "source_content_filename": null,
            "source_dir": null,
            "source_file": null,
            "type": "zip"
          },
          "sensitive_attributes": [],
          "identity_schema_version": 0
        }
      ]
    },
    {
      "module": "module.kinesis_analytics_flights",
      "mode": "managed",
      "type": "aws_cloudwatch_log_group",
      "name": "kda_flights_log_group",
      "provider": "provider[\"registry.terraform.io/hashicorp/aws\"]",
      "instances": [
        {
          "schema_version": 0,
          "attributes": {
            "arn": "arn:aws:logs:us-east-1:331504768406:log-group:/aws/kinesisanalytics/flight-radar-stream-kda-flights",
            "deletion_protection_enabled": false,
            "id": "/aws/kinesisanalytics/flight-radar-stream-kda-flights",
            "kms_key_id": "",
            "log_group_class": "STANDARD",
            "name": "/aws/kinesisanalytics/flight-radar-stream-kda-flights",
            "name_prefix": "",
            "region": "us-east-1",
            "retention_in_days": 7,
            "skip_destroy": false,
            "tags": {
              "Component": "KDA-Flink",
              "Environment": "production",
              "ManagedBy": "terraform",
              "Name": "flight-radar-stream-kda-flights-log",
              "Project": "flight-radar-stream",
              "Purpose": "Stream-Processing-Enrichment"
            },
            "tags_all": {
              "Component": "KDA-Flink",
              "Environment": "production",
              "ManagedBy": "terraform",
              "Name": "flight-radar-stream-kda-flights-log",
              "Project": "flight-radar-stream",
              "Purpose": "Stream-Processing-Enrichment"
            }
          },
          "sensitive_attributes": [],
          "identity_schema_version": 0,
          "identity": {
            "account_id": "331504768406",
            "name": "/aws/kinesisanalytics/flight-radar-stream-kda-flights",
            "region": "us-east-1"
          },
          "private": "bnVsbA==",
          "dependencies": [
            "data.aws_caller_identity.current",
            "data.aws_s3_bucket.landing",
            "module.iam.aws_iam_role.firehose_role",
            "module.iam.aws_iam_role.kda_execution",
            "module.iam.aws_iam_role.lambda_execution",
            "module.iam.aws_iam_role_policy.firehose_policy",
            "module.iam.aws_iam_role_policy.kda_policy",
            "module.iam.aws_iam_role_policy.lambda_kinesis_policy",
            "module.iam.aws_iam_role_policy.lambda_logs_policy",
            "module.iam.data.aws_iam_policy_document.firehose_assume_role_policy",
            "module.iam.data.aws_iam_policy_document.firehose_policy",
            "module.iam.data.aws_iam_policy_document.kda_assume_role_policy",
            "module.iam.data.aws_iam_policy_document.kda_policy",
            "module.iam.data.aws_iam_policy_document.lambda_assume_role_policy",
            "module.iam.data.aws_iam_policy_document.lambda_kinesis_policy",
            "module.iam.data.aws_iam_policy_document.lambda_logs_policy",
            "module.iam.data.aws_iam_policy_document.opensearch_dashboard_access",
            "module.kinesis_stream_flights.aws_kinesis_stream.kinesis_stream_flights",
            "module.kinesis_stream_flights.aws_kinesis_stream.kinesis_stream_flights_rt",
            "module.kinesis_stream_flights.data.aws_kinesis_stream.stream_info"
          ]
        }
      ]
    },
    {
      "module": "module.kinesis_analytics_flights",
      "mode": "managed",
      "type": "aws_cloudwatch_log_stream",
      "name": "kda_flights_log_stream",
      "provider": "provider[\"registry.terraform.io/hashicorp/aws\"]",
      "instances": [
        {
          "schema_version": 0,
          "attributes": {
            "arn": "arn:aws:logs:us-east-1:331504768406:log-group:/aws/kinesisanalytics/flight-radar-stream-kda-flights:log-stream:FlinkApplicationLogs",
            "id": "FlinkApplicationLogs",
            "log_group_name": "/aws/kinesisanalytics/flight-radar-stream-kda-flights",
            "name": "FlinkApplicationLogs",
            "region": "us-east-1"
          },
          "sensitive_attributes": [],
          "identity_schema_version": 0,
          "private": "bnVsbA==",
          "dependencies": [
            "data.aws_caller_identity.current",
            "data.aws_s3_bucket.landing",
            "module.iam.aws_iam_role.firehose_role",
            "module.iam.aws_iam_role.kda_execution",
            "module.iam.aws_iam_role.lambda_execution",
            "module.iam.aws_iam_role_policy.firehose_policy",
            "module.iam.aws_iam_role_policy.kda_policy",
            "module.iam.aws_iam_role_policy.lambda_kinesis_policy",
            "module.iam.aws_iam_role_policy.lambda_logs_policy",
            "module.iam.data.aws_iam_policy_document.firehose_assume_role_policy",
            "module.iam.data.aws_iam_policy_document.firehose_policy",
            "module.iam.data.aws_iam_policy_document.kda_assume_role_policy",
            "module.iam.data.aws_iam_policy_document.kda_policy",
            "module.iam.data.aws_iam_policy_document.lambda_assume_role_policy",
            "module.iam.data.aws_iam_policy_document.lambda_kinesis_policy",
            "module.iam.data.aws_iam_policy_document.lambda_logs_policy",
            "module.iam.data.aws_iam_policy_document.opensearch_dashboard_access",
            "module.kinesis_analytics_flights.aws_cloudwatch_log_group.kda_flights_log_group",
            "module.kinesis_stream_flights.aws_kinesis_stream.kinesis_stream_flights",
            "module.kinesis_stream_flights.aws_kinesis_stream.kinesis_stream_flights_rt",
            "module.kinesis_stream_flights.data.aws_kinesis_stream.stream_info"
          ]
        }
      ]
    },
    {
      "module": "module.kinesis_analytics_flights",
      "mode": "managed",
      "type": "aws_s3_object",
      "name": "flink_sql_zip",
      "provider": "provider[\"registry.terraform.io/hashicorp/aws\"]",
      "instances": [
        {
          "schema_version": 0,
          "attributes": {
            "acl": null,
            "arn": "arn:aws:s3:::lakehouse-workspace-331504768406/flink/flight-radar-stream-kda-flights-33dd40c5d1db56f6e789bf4d56f657c5.zip",
            "bucket": "lakehouse-workspace-331504768406",
            "bucket_key_enabled": false,
            "cache_control": "",
            "checksum_algorithm": null,
            "checksum_crc32": "",
            "checksum_crc32c": "",
            "checksum_crc64nvme": "",
            "checksum_sha1": "",
            "checksum_sha256": "",
            "content": null,
            "content_base64": null,
            "content_disposition": "",
            "content_encoding": "",
            "content_language": "",
            "content_type": "application/octet-stream",
            "etag": "33dd40c5d1db56f6e789bf4d56f657c5",
            "force_destroy": false,
            "id": "lakehouse-workspace-331504768406/flink/flight-radar-stream-kda-flights-33dd40c5d1db56f6e789bf4d56f657c5.zip",
            "key": "flink/flight-radar-stream-kda-flights-33dd40c5d1db56f6e789bf4d56f657c5.zip",
            "kms_key_id": null,
            "metadata": null,
            "object_lock_legal_hold_status": "",
            "object_lock_mode": "",
            "object_lock_retain_until_date": "",
            "override_provider": [],
            "region": "us-east-1",
            "server_side_encryption": "AES256",
            "source": "modules/kinesis_analytics_flights/flink_sql_app.zip",
            "source_hash": null,
            "storage_class": "STANDARD",
            "tags": null,
            "tags_all": {},
            "version_id": "",
            "website_redirect": ""
          },
          "sensitive_attributes": [],
          "identity_schema_version": 0,
          "identity": {
            "account_id": "331504768406",
            "bucket": "lakehouse-workspace-331504768406",
            "key": "flink/flight-radar-stream-kda-flights-33dd40c5d1db56f6e789bf4d56f657c5.zip",
            "region": "us-east-1"
          },
          "private": "bnVsbA==",
          "dependencies": [
            "data.aws_caller_identity.current",
            "data.aws_s3_bucket.landing",
            "module.iam.aws_iam_role.firehose_role",
            "module.iam.aws_iam_role.kda_execution",
            "module.iam.aws_iam_role.lambda_execution",
            "module.iam.aws_iam_role_policy.firehose_policy",
            "module.iam.aws_iam_role_policy.kda_policy",
            "module.iam.aws_iam_role_policy.lambda_kinesis_policy",
            "module.iam.aws_iam_role_policy.lambda_logs_policy",
            "module.iam.data.aws_iam_policy_document.firehose_assume_role_policy",
            "module.iam.data.aws_iam_policy_document.firehose_policy",
            "module.iam.data.aws_iam_policy_document.kda_assume_role_policy",
            "module.iam.data.aws_iam_policy_document.kda_policy",
            "module.iam.data.aws_iam_policy_document.lambda_assume_role_policy",
            "module.iam.data.aws_iam_policy_document.lambda_kinesis_policy",
            "module.iam.data.aws_iam_policy_document.lambda_logs_policy",
            "module.iam.data.aws_iam_policy_document.opensearch_dashboard_access",
            "module.kinesis_analytics_flights.data.archive_file.flink_sql_zip",
            "module.kinesis_stream_flights.aws_kinesis_stream.kinesis_stream_flights",
            "module.kinesis_stream_flights.aws_kinesis_stream.kinesis_stream_flights_rt",
            "module.kinesis_stream_flights.data.aws_kinesis_stream.stream_info"
          ]
        }
      ]
    },
    {
      "module": "module.kinesis_firehose_flights",
      "mode": "data",
      "type": "aws_caller_identity",
      "name": "current",
      "provider": "provider[\"registry.terraform.io/hashicorp/aws\"]",
      "instances": [
        {
          "schema_version": 0,
          "attributes": {
            "account_id": "331504768406",
            "arn": "arn:aws:iam::331504768406:user/lake-admin",
            "id": "331504768406",
            "user_id": "AIDAU2LZZKWLCFPCWNTXM"
          },
          "sensitive_attributes": [],
          "identity_schema_version": 0
        }
      ]
    },
    {
      "module": "module.kinesis_firehose_flights",
      "mode": "managed",
      "type": "aws_kinesis_firehose_delivery_stream",
      "name": "firehose_flights_to_s3",
      "provider": "provider[\"registry.terraform.io/hashicorp/aws\"]",
      "instances": [
        {
          "schema_version": 1,
          "attributes": {
            "arn": "arn:aws:firehose:us-east-1:331504768406:deliverystream/flight-radar-firehose-flights",
            "destination": "extended_s3",
            "destination_id": "destinationId-000000000001",
            "elasticsearch_configuration": [],
            "extended_s3_configuration": [
              {
                "bucket_arn": "arn:aws:s3:::lakehouse-landing-331504768406",
                "buffering_interval": 60,
                "buffering_size": 2,
                "cloudwatch_logging_options": [
                  {
                    "enabled": true,
                    "log_group_name": "/aws/kinesisfirehose/flight-radar-firehose-flights",
                    "log_stream_name": "S3Delivery"
                  }
                ],
                "compression_format": "Snappy",
                "custom_time_zone": "America/Sao_Paulo",
                "data_format_conversion_configuration": [],
                "dynamic_partitioning_configuration": [
                  {
                    "enabled": false,
                    "retry_duration": 300
                  }
                ],
                "error_output_prefix": "opensky/flights-errors/year=!{timestamp:yyyy}/month=!{timestamp:MM}/day=!{timestamp:dd}/hour=!{timestamp:HH}/!{firehose:error-output-type}/",
                "file_extension": ".json",
                "kms_key_arn": "",
                "prefix": "opensky/flights/year=!{timestamp:yyyy}/month=!{timestamp:MM}/day=!{timestamp:dd}/hour=!{timestamp:HH}/",
                "processing_configuration": [
                  {
                    "enabled": false,
                    "processors": []
                  }
                ],
                "role_arn": "arn:aws:iam::331504768406:role/flight-radar-stream-firehose-role",
                "s3_backup_configuration": [],
                "s3_backup_mode": "Disabled"
              }
            ],
            "http_endpoint_configuration": [],
            "iceberg_configuration": [],
            "id": "arn:aws:firehose:us-east-1:331504768406:deliverystream/flight-radar-firehose-flights",
            "kinesis_source_configuration": [
              {
                "kinesis_stream_arn": "arn:aws:kinesis:us-east-1:331504768406:stream/flight-radar-stream-flights",
                "role_arn": "arn:aws:iam::331504768406:role/flight-radar-stream-firehose-role"
              }
            ],
            "msk_source_configuration": [],
            "name": "flight-radar-firehose-flights",
            "opensearch_configuration": [],
            "opensearchserverless_configuration": [],
            "redshift_configuration": [],
            "region": "us-east-1",
            "server_side_encryption": [
              {
                "enabled": false,
                "key_arn": "",
                "key_type": "AWS_OWNED_CMK"
              }
            ],
            "snowflake_configuration": [],
            "splunk_configuration": [],
            "tags": {
              "Environment": "production",
              "ManagedBy": "terraform",
              "Name": "flight-radar-firehose-flights",
              "Project": "flight-radar-stream",
              "StreamType": "flights-enriched"
            },
            "tags_all": {
              "Environment": "production",
              "ManagedBy": "terraform",
              "Name": "flight-radar-firehose-flights",
              "Project": "flight-radar-stream",
              "StreamType": "flights-enriched"
            },
            "timeouts": null,
            "version_id": "1"
          },
          "sensitive_attributes": [],
          "identity_schema_version": 0,
          "private": "eyJlMmJmYjczMC1lY2FhLTExZTYtOGY4OC0zNDM2M2JjN2M0YzAiOnsiY3JlYXRlIjoxODAwMDAwMDAwMDAwLCJkZWxldGUiOjE4MDAwMDAwMDAwMDAsInVwZGF0ZSI6NjAwMDAwMDAwMDAwfSwic2NoZW1hX3ZlcnNpb24iOiIxIn0=",
          "dependencies": [
            "data.aws_caller_identity.current",
            "data.aws_s3_bucket.landing",
            "module.iam.aws_iam_role.firehose_role",
            "module.iam.data.aws_iam_policy_document.firehose_assume_role_policy",
            "module.kinesis_stream_flights.aws_kinesis_stream.kinesis_stream_flights"
          ]
        }
      ]
    },
    {
      "module": "module.kinesis_stream_flights",
      "mode": "data",
      "type": "aws_kinesis_stream",
      "name": "stream_info",
      "provider": "provider[\"registry.terraform.io/hashicorp/aws\"]",
      "instances": [
        {
          "schema_version": 0,
          "attributes": {
            "arn": "arn:aws:kinesis:us-east-1:331504768406:stream/flight-radar-stream-flights",
            "closed_shards": [],
            "creation_timestamp": 1776899367,
            "encryption_type": "NONE",
            "id": "arn:aws:kinesis:us-east-1:331504768406:stream/flight-radar-stream-flights",
            "kms_key_id": "",
            "max_record_size_in_kib": 1024,
            "name": "flight-radar-stream-flights",
            "open_shards": [
              "shardId-000000000000",
              "shardId-000000000001",
              "shardId-000000000002",
              "shardId-000000000003"
            ],
            "region": "us-east-1",
            "retention_period": 24,
            "shard_level_metrics": [],
            "status": "ACTIVE",
            "stream_mode_details": [
              {
                "stream_mode": "ON_DEMAND"
              }
            ],
            "tags": {
              "Environment": "production",
              "ManagedBy": "terraform",
              "Name": "flight-radar-stream-flights",
              "Project": "flight-radar-stream",
              "StreamType": "flights-raw"
            }
          },
          "sensitive_attributes": [],
          "identity_schema_version": 0
        }
      ]
    },
    {
      "module": "module.kinesis_stream_flights",
      "mode": "managed",
      "type": "aws_kinesis_stream",
      "name": "kinesis_stream_flights",
      "provider": "provider[\"registry.terraform.io/hashicorp/aws\"]",
      "instances": [
        {
          "schema_version": 1,
          "attributes": {
            "arn": "arn:aws:kinesis:us-east-1:331504768406:stream/flight-radar-stream-flights",
            "encryption_type": "NONE",
            "enforce_consumer_deletion": false,
            "id": "arn:aws:kinesis:us-east-1:331504768406:stream/flight-radar-stream-flights",
            "kms_key_id": "",
            "max_record_size_in_kib": 1024,
            "name": "flight-radar-stream-flights",
            "region": "us-east-1",
            "retention_period": 24,
            "shard_count": 0,
            "shard_level_metrics": [],
            "stream_mode_details": [
              {
                "stream_mode": "ON_DEMAND"
              }
            ],
            "tags": {
              "Environment": "production",
              "ManagedBy": "terraform",
              "Name": "flight-radar-stream-flights",
              "Project": "flight-radar-stream",
              "StreamType": "flights-raw"
            },
            "tags_all": {
              "Environment": "production",
              "ManagedBy": "terraform",
              "Name": "flight-radar-stream-flights",
              "Project": "flight-radar-stream",
              "StreamType": "flights-raw"
            },
            "timeouts": null
          },
          "sensitive_attributes": [],
          "identity_schema_version": 0,
          "private": "eyJlMmJmYjczMC1lY2FhLTExZTYtOGY4OC0zNDM2M2JjN2M0YzAiOnsiY3JlYXRlIjozMDAwMDAwMDAwMDAsImRlbGV0ZSI6NzIwMDAwMDAwMDAwMCwidXBkYXRlIjo3MjAwMDAwMDAwMDAwfSwic2NoZW1hX3ZlcnNpb24iOiIxIn0="
        }
      ]
    },
    {
      "module": "module.kinesis_stream_flights",
      "mode": "managed",
      "type": "aws_kinesis_stream",
      "name": "kinesis_stream_flights_rt",
      "provider": "provider[\"registry.terraform.io/hashicorp/aws\"]",
      "instances": [
        {
          "schema_version": 1,
          "attributes": {
            "arn": "arn:aws:kinesis:us-east-1:331504768406:stream/flight-radar-stream-flights-rt",
            "encryption_type": "NONE",
            "enforce_consumer_deletion": false,
            "id": "arn:aws:kinesis:us-east-1:331504768406:stream/flight-radar-stream-flights-rt",
            "kms_key_id": "",
            "max_record_size_in_kib": 1024,
            "name": "flight-radar-stream-flights-rt",
            "region": "us-east-1",
            "retention_period": 24,
            "shard_count": 0,
            "shard_level_metrics": [],
            "stream_mode_details": [
              {
                "stream_mode": "ON_DEMAND"
              }
            ],
            "tags": {
              "Environment": "production",
              "ManagedBy": "terraform",
              "Name": "flight-radar-stream-flights-rt",
              "Project": "flight-radar-stream",
              "StreamType": "flights-redshift-rt"
            },
            "tags_all": {
              "Environment": "production",
              "ManagedBy": "terraform",
              "Name": "flight-radar-stream-flights-rt",
              "Project": "flight-radar-stream",
              "StreamType": "flights-redshift-rt"
            },
            "timeouts": null
          },
          "sensitive_attributes": [],
          "identity_schema_version": 0,
          "private": "eyJlMmJmYjczMC1lY2FhLTExZTYtOGY4OC0zNDM2M2JjN2M0YzAiOnsiY3JlYXRlIjozMDAwMDAwMDAwMDAsImRlbGV0ZSI6NzIwMDAwMDAwMDAwMCwidXBkYXRlIjo3MjAwMDAwMDAwMDAwfSwic2NoZW1hX3ZlcnNpb24iOiIxIn0="
        }
      ]
    },
    {
      "module": "module.kms",
      "mode": "managed",
      "type": "aws_kms_alias",
      "name": "firehose_kms_alias",
      "provider": "provider[\"registry.terraform.io/hashicorp/aws\"]",
      "instances": [
        {
          "schema_version": 0,
          "attributes": {
            "arn": "arn:aws:kms:us-east-1:331504768406:alias/flight-radar-stream-firehose-kms",
            "id": "alias/flight-radar-stream-firehose-kms",
            "name": "alias/flight-radar-stream-firehose-kms",
            "name_prefix": "",
            "region": "us-east-1",
            "target_key_arn": "arn:aws:kms:us-east-1:331504768406:key/3f2f0d20-ddaa-4f21-b0c1-6fc543ee9e74",
            "target_key_id": "3f2f0d20-ddaa-4f21-b0c1-6fc543ee9e74"
          },
          "sensitive_attributes": [],
          "identity_schema_version": 0,
          "identity": {
            "account_id": "331504768406",
            "name": "alias/flight-radar-stream-firehose-kms",
            "region": "us-east-1"
          },
          "private": "bnVsbA==",
          "dependencies": [
            "module.kms.aws_kms_key.firehose_kms"
          ]
        }
      ]
    },
    {
      "module": "module.kms",
      "mode": "managed",
      "type": "aws_kms_key",
      "name": "firehose_kms",
      "provider": "provider[\"registry.terraform.io/hashicorp/aws\"]",
      "instances": [
        {
          "schema_version": 0,
          "attributes": {
            "arn": "arn:aws:kms:us-east-1:331504768406:key/3f2f0d20-ddaa-4f21-b0c1-6fc543ee9e74",
            "bypass_policy_lockout_safety_check": false,
            "custom_key_store_id": "",
            "customer_master_key_spec": "SYMMETRIC_DEFAULT",
            "deletion_window_in_days": 30,
            "description": "KMS key para criptografia do Firehose flights",
            "enable_key_rotation": true,
            "id": "3f2f0d20-ddaa-4f21-b0c1-6fc543ee9e74",
            "is_enabled": true,
            "key_id": "3f2f0d20-ddaa-4f21-b0c1-6fc543ee9e74",
            "key_usage": "ENCRYPT_DECRYPT",
            "multi_region": false,
            "policy": "{\"Id\":\"key-default-1\",\"Statement\":[{\"Action\":\"kms:*\",\"Effect\":\"Allow\",\"Principal\":{\"AWS\":\"arn:aws:iam::331504768406:root\"},\"Resource\":\"*\",\"Sid\":\"Enable IAM User Permissions\"}],\"Version\":\"2012-10-17\"}",
            "region": "us-east-1",
            "rotation_period_in_days": 365,
            "tags": {
              "Environment": "production",
              "ManagedBy": "terraform",
              "Project": "flight-radar-stream"
            },
            "tags_all": {
              "Environment": "production",
              "ManagedBy": "terraform",
              "Project": "flight-radar-stream"
            },
            "timeouts": null,
            "xks_key_id": ""
          },
          "sensitive_attributes": [],
          "identity_schema_version": 0,
          "identity": {
            "account_id": "331504768406",
            "id": "3f2f0d20-ddaa-4f21-b0c1-6fc543ee9e74",
            "region": "us-east-1"
          },
          "private": "eyJlMmJmYjczMC1lY2FhLTExZTYtOGY4OC0zNDM2M2JjN2M0YzAiOnsiY3JlYXRlIjoxMjAwMDAwMDAwMDB9fQ=="
        }
      ]
    },
    {
      "module": "module.lambda_flights_enriched",
      "mode": "data",
      "type": "archive_file",
      "name": "lambda_function",
      "provider": "provider[\"registry.terraform.io/hashicorp/archive\"]",
      "instances": [
        {
          "schema_version": 0,
          "attributes": {
            "exclude_symlink_directories": null,
            "excludes": null,
            "id": "bcf15a09b51a516161441363369ab05f706d72d0",
            "output_base64sha256": "+WL/myfsT8TgNqpzMP/6PtrRyxokNSynEBtTo/EmCMc=",
            "output_base64sha512": "3nSUTT8SFSE8rQ7cYcfgP6XA6I+HJWHn8FW90c06dS9gPnI3XzJlni6fMJ72U2R/rUTHTezG95a/S19W8VCJmw==",
            "output_file_mode": null,
            "output_md5": "6a2fd091facd2f4ca0410f12534731b4",
            "output_path": "modules/lambda_flights_enriched/.terraform/lambda_flights_enriched.zip",
            "output_sha": "bcf15a09b51a516161441363369ab05f706d72d0",
            "output_sha256": "f962ff9b27ec4fc4e036aa7330fffa3edad1cb1a24352ca7101b53a3f12608c7",
            "output_sha512": "de74944d3f1215213cad0edc61c7e03fa5c0e88f872561e7f055bdd1cd3a752f603e72375f32659e2e9f309ef653647fad44c74decc6f796bf4b5f56f150899b",
            "output_size": 1340,
            "source": [],
            "source_content": null,
            "source_content_filename": null,
            "source_dir": "./../app/src/lambda_flights_enriched",
            "source_file": null,
            "type": "zip"
          },
          "sensitive_attributes": [],
          "identity_schema_version": 0
        }
      ]
    },
    {
      "module": "module.lambda_flights_enriched",
      "mode": "data",
      "type": "archive_file",
      "name": "python_layer",
      "provider": "provider[\"registry.terraform.io/hashicorp/archive\"]",
      "instances": [
        {
          "schema_version": 0,
          "attributes": {
            "exclude_symlink_directories": null,
            "excludes": null,
            "id": "283599dc55b483424d03013cb1f117b9329b037c",
            "output_base64sha256": "rA7pI7r7SKD0A+CK6uBLVfMZPyVBeQCNhj5mCVA68+E=",
            "output_base64sha512": "DqsyrfgYse/Zx8y0vfuf6bCvwtb11/r9LXmnYPB4lr7jQdKP1BGnvlnFXHLUOcXbWPhdREUVaPMU6BvuMMBVzA==",
            "output_file_mode": null,
            "output_md5": "7d2b0ff8c0b9d24ca38fa3da52bc3963",
            "output_path": "modules/lambda_flights_enriched/.terraform/python_layer.zip",
            "output_sha": "283599dc55b483424d03013cb1f117b9329b037c",
            "output_sha256": "ac0ee923bafb48a0f403e08aeae04b55f3193f254179008d863e6609503af3e1",
            "output_sha512": "0eab32adf818b1efd9c7ccb4bdfb9fe9b0afc2d6f5d7fafd2d79a760f07896bee341d28fd411a7be59c55c72d439c5db58f85d44451568f314e81bee30c055cc",
            "output_size": 17880239,
            "source": [],
            "source_content": null,
            "source_content_filename": null,
            "source_dir": "./../app/layers",
            "source_file": null,
            "type": "zip"
          },
          "sensitive_attributes": [],
          "identity_schema_version": 0
        }
      ]
    },
    {
      "module": "module.lambda_flights_enriched",
      "mode": "data",
      "type": "aws_caller_identity",
      "name": "current",
      "provider": "provider[\"registry.terraform.io/hashicorp/aws\"]",
      "instances": [
        {
          "schema_version": 0,
          "attributes": {
            "account_id": "331504768406",
            "arn": "arn:aws:iam::331504768406:user/lake-admin",
            "id": "331504768406",
            "user_id": "AIDAU2LZZKWLCFPCWNTXM"
          },
          "sensitive_attributes": [],
          "identity_schema_version": 0
        }
      ]
    },
    {
      "module": "module.lambda_flights_enriched",
      "mode": "managed",
      "type": "aws_cloudwatch_log_group",
      "name": "log_group_flights_enriched",
      "provider": "provider[\"registry.terraform.io/hashicorp/aws\"]",
      "instances": [
        {
          "schema_version": 0,
          "attributes": {
            "arn": "arn:aws:logs:us-east-1:331504768406:log-group:/aws/lambda/flight-radar-stream-flights_enriched",
            "deletion_protection_enabled": false,
            "id": "/aws/lambda/flight-radar-stream-flights_enriched",
            "kms_key_id": "",
            "log_group_class": "STANDARD",
            "name": "/aws/lambda/flight-radar-stream-flights_enriched",
            "name_prefix": "",
            "region": "us-east-1",
            "retention_in_days": 7,
            "skip_destroy": false,
            "tags": {},
            "tags_all": {}
          },
          "sensitive_attributes": [],
          "identity_schema_version": 0,
          "identity": {
            "account_id": "331504768406",
            "name": "/aws/lambda/flight-radar-stream-flights_enriched",
            "region": "us-east-1"
          },
          "private": "bnVsbA==",
          "dependencies": [
            "data.aws_caller_identity.current",
            "data.aws_s3_bucket.landing",
            "module.iam.aws_iam_role.firehose_role",
            "module.iam.aws_iam_role.kda_execution",
            "module.iam.aws_iam_role.lambda_execution",
            "module.iam.aws_iam_role_policy.firehose_policy",
            "module.iam.aws_iam_role_policy.kda_policy",
            "module.iam.aws_iam_role_policy.lambda_kinesis_policy",
            "module.iam.aws_iam_role_policy.lambda_logs_policy",
            "module.iam.data.aws_iam_policy_document.firehose_assume_role_policy",
            "module.iam.data.aws_iam_policy_document.firehose_policy",
            "module.iam.data.aws_iam_policy_document.kda_assume_role_policy",
            "module.iam.data.aws_iam_policy_document.kda_policy",
            "module.iam.data.aws_iam_policy_document.lambda_assume_role_policy",
            "module.iam.data.aws_iam_policy_document.lambda_kinesis_policy",
            "module.iam.data.aws_iam_policy_document.lambda_logs_policy",
            "module.iam.data.aws_iam_policy_document.opensearch_dashboard_access",
            "module.lambda_flights_enriched.aws_lambda_function.lambda_flights_enriched",
            "module.lambda_flights_enriched.data.archive_file.lambda_function"
          ]
        }
      ]
    },
    {
      "module": "module.lambda_flights_enriched",
      "mode": "managed",
      "type": "aws_lambda_function",
      "name": "lambda_flights_enriched",
      "provider": "provider[\"registry.terraform.io/hashicorp/aws\"]",
      "instances": [
        {
          "schema_version": 0,
          "attributes": {
            "architectures": [
              "x86_64"
            ],
            "arn": "arn:aws:lambda:us-east-1:331504768406:function:flight-radar-stream-flights_enriched",
            "capacity_provider_config": [],
            "code_sha256": "+WL/myfsT8TgNqpzMP/6PtrRyxokNSynEBtTo/EmCMc=",
            "code_signing_config_arn": "",
            "dead_letter_config": [],
            "description": "",
            "durable_config": [],
            "environment": [],
            "ephemeral_storage": [
              {
                "size": 512
              }
            ],
            "file_system_config": [],
            "filename": "modules/lambda_flights_enriched/.terraform/lambda_flights_enriched.zip",
            "function_name": "flight-radar-stream-flights_enriched",
            "handler": "lambda_function.lambda_handler",
            "id": "flight-radar-stream-flights_enriched",
            "image_config": [],
            "image_uri": "",
            "invoke_arn": "arn:aws:apigateway:us-east-1:lambda:path/2015-03-31/functions/arn:aws:lambda:us-east-1:331504768406:function:flight-radar-stream-flights_enriched/invocations",
            "kms_key_arn": "",
            "last_modified": "2026-04-22T23:09:38.539+0000",
            "layers": [],
            "logging_config": [
              {
                "application_log_level": "",
                "log_format": "Text",
                "log_group": "/aws/lambda/flight-radar-stream-flights_enriched",
                "system_log_level": ""
              }
            ],
            "memory_size": 512,
            "package_type": "Zip",
            "publish": false,
            "publish_to": null,
            "qualified_arn": "arn:aws:lambda:us-east-1:331504768406:function:flight-radar-stream-flights_enriched:$LATEST",
            "qualified_invoke_arn": "arn:aws:apigateway:us-east-1:lambda:path/2015-03-31/functions/arn:aws:lambda:us-east-1:331504768406:function:flight-radar-stream-flights_enriched:$LATEST/invocations",
            "region": "us-east-1",
            "replace_security_groups_on_destroy": null,
            "replacement_security_group_ids": null,
            "reserved_concurrent_executions": -1,
            "response_streaming_invoke_arn": "arn:aws:apigateway:us-east-1:lambda:path/2021-11-15/functions/arn:aws:lambda:us-east-1:331504768406:function:flight-radar-stream-flights_enriched/response-streaming-invocations",
            "role": "arn:aws:iam::331504768406:role/flight-radar-stream-lambda-execution-role",
            "runtime": "python3.12",
            "s3_bucket": null,
            "s3_key": null,
            "s3_object_version": null,
            "signing_job_arn": "",
            "signing_profile_version_arn": "",
            "skip_destroy": false,
            "snap_start": [],
            "source_code_hash": "+WL/myfsT8TgNqpzMP/6PtrRyxokNSynEBtTo/EmCMc=",
            "source_code_size": 1340,
            "source_kms_key_arn": "",
            "tags": {
              "Environment": "production",
              "ManagedBy": "terraform",
              "Project": "flight-radar-stream"
            },
            "tags_all": {
              "Environment": "production",
              "ManagedBy": "terraform",
              "Project": "flight-radar-stream"
            },
            "tenancy_config": [],
            "timeout": 60,
            "timeouts": null,
            "tracing_config": [
              {
                "mode": "PassThrough"
              }
            ],
            "version": "$LATEST",
            "vpc_config": []
          },
          "sensitive_attributes": [],
          "identity_schema_version": 0,
          "identity": {
            "account_id": "331504768406",
            "function_name": "flight-radar-stream-flights_enriched",
            "region": "us-east-1"
          },
          "private": "eyJlMmJmYjczMC1lY2FhLTExZTYtOGY4OC0zNDM2M2JjN2M0YzAiOnsiY3JlYXRlIjo2MDAwMDAwMDAwMDAsImRlbGV0ZSI6NjAwMDAwMDAwMDAwLCJ1cGRhdGUiOjYwMDAwMDAwMDAwMH19",
          "dependencies": [
            "data.aws_caller_identity.current",
            "data.aws_s3_bucket.landing",
            "module.iam.aws_iam_role.firehose_role",
            "module.iam.aws_iam_role.kda_execution",
            "module.iam.aws_iam_role.lambda_execution",
            "module.iam.aws_iam_role_policy.firehose_policy",
            "module.iam.aws_iam_role_policy.kda_policy",
            "module.iam.aws_iam_role_policy.lambda_kinesis_policy",
            "module.iam.aws_iam_role_policy.lambda_logs_policy",
            "module.iam.data.aws_iam_policy_document.firehose_assume_role_policy",
            "module.iam.data.aws_iam_policy_document.firehose_policy",
            "module.iam.data.aws_iam_policy_document.kda_assume_role_policy",
            "module.iam.data.aws_iam_policy_document.kda_policy",
            "module.iam.data.aws_iam_policy_document.lambda_assume_role_policy",
            "module.iam.data.aws_iam_policy_document.lambda_kinesis_policy",
            "module.iam.data.aws_iam_policy_document.lambda_logs_policy",
            "module.iam.data.aws_iam_policy_document.opensearch_dashboard_access",
            "module.lambda_flights_enriched.data.archive_file.lambda_function"
          ]
        }
      ]
    },
    {
      "module": "module.lambda_flights_raw",
      "mode": "data",
      "type": "archive_file",
      "name": "lambda_function",
      "provider": "provider[\"registry.terraform.io/hashicorp/archive\"]",
      "instances": [
        {
          "schema_version": 0,
          "attributes": {
            "exclude_symlink_directories": null,
            "excludes": null,
            "id": "3ffe2999a2ccaceafc5356f65976785a820a67c6",
            "output_base64sha256": "ZMx8ZKBfRYlZOugfF1bAuUggn+FSkdgAhO2JFckDM9M=",
            "output_base64sha512": "JQP1h7iLfXmmk067ZVghC6vQVU19GAx2AzdzGoeVAEHF66qm+IuBQUw/+wJs1puLnkk+WJdzBZIW/7htPDiIOA==",
            "output_file_mode": null,
            "output_md5": "9f7ea0c97eeac43052c3bb47754585ba",
            "output_path": "modules/lambda_flights_raw/.terraform/lambda_flights_raw.zip",
            "output_sha": "3ffe2999a2ccaceafc5356f65976785a820a67c6",
            "output_sha256": "64cc7c64a05f4589593ae81f1756c0b948209fe15291d80084ed8915c90333d3",
            "output_sha512": "2503f587b88b7d79a6934ebb6558210babd0554d7d180c760337731a87950041c5ebaaa6f88b81414c3ffb026cd69b8b9e493e589773059216ffb86d3c388838",
            "output_size": 5258,
            "source": [],
            "source_content": null,
            "source_content_filename": null,
            "source_dir": "./../app/src/lambda_flights_raw",
            "source_file": null,
            "type": "zip"
          },
          "sensitive_attributes": [],
          "identity_schema_version": 0
        }
      ]
    },
    {
      "module": "module.lambda_flights_raw",
      "mode": "data",
      "type": "archive_file",
      "name": "python_layer",
      "provider": "provider[\"registry.terraform.io/hashicorp/archive\"]",
      "instances": [
        {
          "schema_version": 0,
          "attributes": {
            "exclude_symlink_directories": null,
            "excludes": null,
            "id": "283599dc55b483424d03013cb1f117b9329b037c",
            "output_base64sha256": "rA7pI7r7SKD0A+CK6uBLVfMZPyVBeQCNhj5mCVA68+E=",
            "output_base64sha512": "DqsyrfgYse/Zx8y0vfuf6bCvwtb11/r9LXmnYPB4lr7jQdKP1BGnvlnFXHLUOcXbWPhdREUVaPMU6BvuMMBVzA==",
            "output_file_mode": null,
            "output_md5": "7d2b0ff8c0b9d24ca38fa3da52bc3963",
            "output_path": "modules/lambda_flights_raw/.terraform/python_layer.zip",
            "output_sha": "283599dc55b483424d03013cb1f117b9329b037c",
            "output_sha256": "ac0ee923bafb48a0f403e08aeae04b55f3193f254179008d863e6609503af3e1",
            "output_sha512": "0eab32adf818b1efd9c7ccb4bdfb9fe9b0afc2d6f5d7fafd2d79a760f07896bee341d28fd411a7be59c55c72d439c5db58f85d44451568f314e81bee30c055cc",
            "output_size": 17880239,
            "source": [],
            "source_content": null,
            "source_content_filename": null,
            "source_dir": "./../app/layers",
            "source_file": null,
            "type": "zip"
          },
          "sensitive_attributes": [],
          "identity_schema_version": 0
        }
      ]
    },
    {
      "module": "module.lambda_flights_raw",
      "mode": "data",
      "type": "aws_caller_identity",
      "name": "current",
      "provider": "provider[\"registry.terraform.io/hashicorp/aws\"]",
      "instances": [
        {
          "schema_version": 0,
          "attributes": {
            "account_id": "331504768406",
            "arn": "arn:aws:iam::331504768406:user/lake-admin",
            "id": "331504768406",
            "user_id": "AIDAU2LZZKWLCFPCWNTXM"
          },
          "sensitive_attributes": [],
          "identity_schema_version": 0
        }
      ]
    },
    {
      "module": "module.lambda_flights_raw",
      "mode": "managed",
      "type": "aws_cloudwatch_log_group",
      "name": "log_group_flights_raw",
      "provider": "provider[\"registry.terraform.io/hashicorp/aws\"]",
      "instances": [
        {
          "schema_version": 0,
          "attributes": {
            "arn": "arn:aws:logs:us-east-1:331504768406:log-group:/aws/lambda/flight-radar-stream-flights_raw",
            "deletion_protection_enabled": false,
            "id": "/aws/lambda/flight-radar-stream-flights_raw",
            "kms_key_id": "",
            "log_group_class": "STANDARD",
            "name": "/aws/lambda/flight-radar-stream-flights_raw",
            "name_prefix": "",
            "region": "us-east-1",
            "retention_in_days": 7,
            "skip_destroy": false,
            "tags": {},
            "tags_all": {}
          },
          "sensitive_attributes": [],
          "identity_schema_version": 0,
          "identity": {
            "account_id": "331504768406",
            "name": "/aws/lambda/flight-radar-stream-flights_raw",
            "region": "us-east-1"
          },
          "private": "bnVsbA==",
          "dependencies": [
            "data.aws_caller_identity.current",
            "data.aws_s3_bucket.landing",
            "module.iam.aws_iam_role.firehose_role",
            "module.iam.aws_iam_role.kda_execution",
            "module.iam.aws_iam_role.lambda_execution",
            "module.iam.aws_iam_role_policy.firehose_policy",
            "module.iam.aws_iam_role_policy.kda_policy",
            "module.iam.aws_iam_role_policy.lambda_kinesis_policy",
            "module.iam.aws_iam_role_policy.lambda_logs_policy",
            "module.iam.data.aws_iam_policy_document.firehose_assume_role_policy",
            "module.iam.data.aws_iam_policy_document.firehose_policy",
            "module.iam.data.aws_iam_policy_document.kda_assume_role_policy",
            "module.iam.data.aws_iam_policy_document.kda_policy",
            "module.iam.data.aws_iam_policy_document.lambda_assume_role_policy",
            "module.iam.data.aws_iam_policy_document.lambda_kinesis_policy",
            "module.iam.data.aws_iam_policy_document.lambda_logs_policy",
            "module.iam.data.aws_iam_policy_document.opensearch_dashboard_access",
            "module.kinesis_stream_flights.aws_kinesis_stream.kinesis_stream_flights",
            "module.kinesis_stream_flights.aws_kinesis_stream.kinesis_stream_flights_rt",
            "module.kinesis_stream_flights.data.aws_kinesis_stream.stream_info",
            "module.lambda_flights_raw.aws_lambda_function.lambda_flights_raw",
            "module.lambda_flights_raw.data.archive_file.lambda_function"
          ]
        }
      ]
    },
    {
      "module": "module.lambda_flights_raw",
      "mode": "managed",
      "type": "aws_lambda_function",
      "name": "lambda_flights_raw",
      "provider": "provider[\"registry.terraform.io/hashicorp/aws\"]",
      "instances": [
        {
          "schema_version": 0,
          "attributes": {
            "architectures": [
              "x86_64"
            ],
            "arn": "arn:aws:lambda:us-east-1:331504768406:function:flight-radar-stream-flights_raw",
            "capacity_provider_config": [],
            "code_sha256": "ZMx8ZKBfRYlZOugfF1bAuUggn+FSkdgAhO2JFckDM9M=",
            "code_signing_config_arn": "",
            "dead_letter_config": [],
            "description": "",
            "durable_config": [],
            "environment": [
              {
                "variables": {
                  "KINESIS_STREAM": "flight-radar-stream-flights",
                  "LOG_LEVEL": "INFO"
                }
              }
            ],
            "ephemeral_storage": [
              {
                "size": 512
              }
            ],
            "file_system_config": [],
            "filename": "modules/lambda_flights_raw/.terraform/lambda_flights_raw.zip",
            "function_name": "flight-radar-stream-flights_raw",
            "handler": "lambda_function.lambda_handler",
            "id": "flight-radar-stream-flights_raw",
            "image_config": [],
            "image_uri": "",
            "invoke_arn": "arn:aws:apigateway:us-east-1:lambda:path/2015-03-31/functions/arn:aws:lambda:us-east-1:331504768406:function:flight-radar-stream-flights_raw/invocations",
            "kms_key_arn": "",
            "last_modified": "2026-04-22T23:09:50.474+0000",
            "layers": [],
            "logging_config": [
              {
                "application_log_level": "",
                "log_format": "Text",
                "log_group": "/aws/lambda/flight-radar-stream-flights_raw",
                "system_log_level": ""
              }
            ],
            "memory_size": 512,
            "package_type": "Zip",
            "publish": false,
            "publish_to": null,
            "qualified_arn": "arn:aws:lambda:us-east-1:331504768406:function:flight-radar-stream-flights_raw:$LATEST",
            "qualified_invoke_arn": "arn:aws:apigateway:us-east-1:lambda:path/2015-03-31/functions/arn:aws:lambda:us-east-1:331504768406:function:flight-radar-stream-flights_raw:$LATEST/invocations",
            "region": "us-east-1",
            "replace_security_groups_on_destroy": null,
            "replacement_security_group_ids": null,
            "reserved_concurrent_executions": -1,
            "response_streaming_invoke_arn": "arn:aws:apigateway:us-east-1:lambda:path/2021-11-15/functions/arn:aws:lambda:us-east-1:331504768406:function:flight-radar-stream-flights_raw/response-streaming-invocations",
            "role": "arn:aws:iam::331504768406:role/flight-radar-stream-lambda-execution-role",
            "runtime": "python3.12",
            "s3_bucket": null,
            "s3_key": null,
            "s3_object_version": null,
            "signing_job_arn": "",
            "signing_profile_version_arn": "",
            "skip_destroy": false,
            "snap_start": [],
            "source_code_hash": "ZMx8ZKBfRYlZOugfF1bAuUggn+FSkdgAhO2JFckDM9M=",
            "source_code_size": 5258,
            "source_kms_key_arn": "",
            "tags": {
              "Environment": "production",
              "ManagedBy": "terraform",
              "Project": "flight-radar-stream"
            },
            "tags_all": {
              "Environment": "production",
              "ManagedBy": "terraform",
              "Project": "flight-radar-stream"
            },
            "tenancy_config": [],
            "timeout": 60,
            "timeouts": null,
            "tracing_config": [
              {
                "mode": "PassThrough"
              }
            ],
            "version": "$LATEST",
            "vpc_config": []
          },
          "sensitive_attributes": [],
          "identity_schema_version": 0,
          "identity": {
            "account_id": "331504768406",
            "function_name": "flight-radar-stream-flights_raw",
            "region": "us-east-1"
          },
          "private": "eyJlMmJmYjczMC1lY2FhLTExZTYtOGY4OC0zNDM2M2JjN2M0YzAiOnsiY3JlYXRlIjo2MDAwMDAwMDAwMDAsImRlbGV0ZSI6NjAwMDAwMDAwMDAwLCJ1cGRhdGUiOjYwMDAwMDAwMDAwMH19",
          "dependencies": [
            "data.aws_caller_identity.current",
            "data.aws_s3_bucket.landing",
            "module.iam.aws_iam_role.firehose_role",
            "module.iam.aws_iam_role.kda_execution",
            "module.iam.aws_iam_role.lambda_execution",
            "module.iam.aws_iam_role_policy.firehose_policy",
            "module.iam.aws_iam_role_policy.kda_policy",
            "module.iam.aws_iam_role_policy.lambda_kinesis_policy",
            "module.iam.aws_iam_role_policy.lambda_logs_policy",
            "module.iam.data.aws_iam_policy_document.firehose_assume_role_policy",
            "module.iam.data.aws_iam_policy_document.firehose_policy",
            "module.iam.data.aws_iam_policy_document.kda_assume_role_policy",
            "module.iam.data.aws_iam_policy_document.kda_policy",
            "module.iam.data.aws_iam_policy_document.lambda_assume_role_policy",
            "module.iam.data.aws_iam_policy_document.lambda_kinesis_policy",
            "module.iam.data.aws_iam_policy_document.lambda_logs_policy",
            "module.iam.data.aws_iam_policy_document.opensearch_dashboard_access",
            "module.kinesis_stream_flights.aws_kinesis_stream.kinesis_stream_flights",
            "module.kinesis_stream_flights.aws_kinesis_stream.kinesis_stream_flights_rt",
            "module.kinesis_stream_flights.data.aws_kinesis_stream.stream_info",
            "module.lambda_flights_raw.data.archive_file.lambda_function"
          ]
        }
      ]
    }
  ],
  "check_results": [
    {
      "object_kind": "var",
      "config_addr": "module.kinesis_stream_flights.var.retention_hours",
      "status": "pass",
      "objects": [
        {
          "object_addr": "module.kinesis_stream_flights.var.retention_hours",
          "status": "pass"
        }
      ]
    },
    {
      "object_kind": "var",
      "config_addr": "var.alarm_thresholds",
      "status": "pass",
      "objects": [
        {
          "object_addr": "var.alarm_thresholds",
          "status": "pass"
        }
      ]
    },
    {
      "object_kind": "var",
      "config_addr": "var.flink_config",
      "status": "pass",
      "objects": [
        {
          "object_addr": "var.flink_config",
          "status": "pass"
        }
      ]
    },
    {
      "object_kind": "var",
      "config_addr": "var.redshift_config",
      "status": "pass",
      "objects": [
        {
          "object_addr": "var.redshift_config",
          "status": "pass"
        }
      ]
    },
    {
      "object_kind": "var",
      "config_addr": "var.alerts_email",
      "status": "pass",
      "objects": [
        {
          "object_addr": "var.alerts_email",
          "status": "pass"
        }
      ]
    },
    {
      "object_kind": "var",
      "config_addr": "module.cloudwatch_monitoring.var.alerts_email",
      "status": "pass",
      "objects": [
        {
          "object_addr": "module.cloudwatch_monitoring.var.alerts_email",
          "status": "pass"
        }
      ]
    },
    {
      "object_kind": "var",
      "config_addr": "module.cloudwatch_monitoring.var.dash_user_arns",
      "status": "pass",
      "objects": [
        {
          "object_addr": "module.cloudwatch_monitoring.var.dash_user_arns",
          "status": "pass"
        }
      ]
    }
  ]
}
