{
  "version": 4,
  "terraform_version": "1.14.6",
  "serial": 407,
  "lineage": "202f9f0b-8911-a987-bec5-77419b7a259f",
  "outputs": {
    "api_id": {
      "value": "co4hnuyl72",
      "type": "string"
    },
    "api_invoke_url": {
      "value": "https://co4hnuyl72.execute-api.us-east-1.amazonaws.com/v1",
      "type": "string"
    },
    "api_key_id": {
      "value": "c7p8fwvytb",
      "type": "string"
    },
    "api_key_value": {
      "value": "x8vqGVhjnZ2LF1rJvQz037pq4ohUflV22aGLap68",
      "type": "string",
      "sensitive": true
    },
    "flights_dlq_arn": {
      "value": "arn:aws:sqs:us-east-1:331504768406:flight-radar-stream-flights-dlq",
      "type": "string"
    },
    "flights_dlq_url": {
      "value": "https://sqs.us-east-1.amazonaws.com/331504768406/flight-radar-stream-flights-dlq",
      "type": "string"
    },
    "kinesis_stream_flights_info": {
      "value": {
        "flights": {
          "arn": "arn:aws:kinesis:us-east-1:331504768406:stream/flight-radar-stream-flights",
          "mode": "ON_DEMAND",
          "name": "flight-radar-stream-flights",
          "retention_hours": 24
        },
        "flights_altitude_bands": {
          "arn": "arn:aws:kinesis:us-east-1:331504768406:stream/flight-radar-stream-flights-altitude-bands",
          "mode": "ON_DEMAND",
          "name": "flight-radar-stream-flights-altitude-bands",
          "retention_hours": 24
        },
        "flights_enriched_raw": {
          "arn": "arn:aws:kinesis:us-east-1:331504768406:stream/flight-radar-stream-flights-enriched-raw",
          "mode": "ON_DEMAND",
          "name": "flight-radar-stream-flights-enriched-raw",
          "retention_hours": 24
        },
        "flights_phase_changes": {
          "arn": "arn:aws:kinesis:us-east-1:331504768406:stream/flight-radar-stream-flights-phase-changes",
          "mode": "ON_DEMAND",
          "name": "flight-radar-stream-flights-phase-changes",
          "retention_hours": 24
        },
        "flights_positions_1min": {
          "arn": "arn:aws:kinesis:us-east-1:331504768406:stream/flight-radar-stream-flights-positions-1min",
          "mode": "ON_DEMAND",
          "name": "flight-radar-stream-flights-positions-1min",
          "retention_hours": 24
        },
        "flights_rt": {
          "arn": "arn:aws:kinesis:us-east-1:331504768406:stream/flight-radar-stream-flights-rt",
          "mode": "ON_DEMAND",
          "name": "flight-radar-stream-flights-rt",
          "retention_hours": 24
        }
      },
      "type": [
        "object",
        {
          "flights": [
            "object",
            {
              "arn": "string",
              "mode": "string",
              "name": "string",
              "retention_hours": "number"
            }
          ],
          "flights_altitude_bands": [
            "object",
            {
              "arn": "string",
              "mode": "string",
              "name": "string",
              "retention_hours": "number"
            }
          ],
          "flights_enriched_raw": [
            "object",
            {
              "arn": "string",
              "mode": "string",
              "name": "string",
              "retention_hours": "number"
            }
          ],
          "flights_phase_changes": [
            "object",
            {
              "arn": "string",
              "mode": "string",
              "name": "string",
              "retention_hours": "number"
            }
          ],
          "flights_positions_1min": [
            "object",
            {
              "arn": "string",
              "mode": "string",
              "name": "string",
              "retention_hours": "number"
            }
          ],
          "flights_rt": [
            "object",
            {
              "arn": "string",
              "mode": "string",
              "name": "string",
              "retention_hours": "number"
            }
          ]
        }
      ]
    },
    "lambda_flights_function_arn": {
      "value": "arn:aws:lambda:us-east-1:331504768406:function:flight-radar-stream-flights_raw",
      "type": "string"
    },
    "lambda_flights_function_name": {
      "value": "flight-radar-stream-flights_raw",
      "type": "string"
    },
    "lambda_flights_iam_role_arn": {
      "value": "arn:aws:iam::331504768406:role/flight-radar-stream-flights_raw-execution-role",
      "type": "string"
    }
  },
  "resources": [
    {
      "mode": "data",
      "type": "aws_caller_identity",
      "name": "current",
      "provider": "provider[\"registry.terraform.io/hashicorp/aws\"]",
      "instances": [
        {
          "schema_version": 0,
          "attributes": {
            "account_id": "331504768406",
            "arn": "arn:aws:iam::331504768406:user/lake-admin",
            "id": "331504768406",
            "user_id": "AIDAU2LZZKWLCFPCWNTXM"
          },
          "sensitive_attributes": [],
          "identity_schema_version": 0
        }
      ]
    },
    {
      "mode": "data",
      "type": "aws_region",
      "name": "current",
      "provider": "provider[\"registry.terraform.io/hashicorp/aws\"]",
      "instances": [
        {
          "schema_version": 0,
          "attributes": {
            "description": "US East (N. Virginia)",
            "endpoint": "ec2.us-east-1.amazonaws.com",
            "id": "us-east-1",
            "name": "us-east-1",
            "region": "us-east-1"
          },
          "sensitive_attributes": [],
          "identity_schema_version": 0
        }
      ]
    },
    {
      "module": "module.api_gateway",
      "mode": "data",
      "type": "aws_caller_identity",
      "name": "current",
      "provider": "provider[\"registry.terraform.io/hashicorp/aws\"]",
      "instances": [
        {
          "schema_version": 0,
          "attributes": {
            "account_id": "331504768406",
            "arn": "arn:aws:iam::331504768406:user/lake-admin",
            "id": "331504768406",
            "user_id": "AIDAU2LZZKWLCFPCWNTXM"
          },
          "sensitive_attributes": [],
          "identity_schema_version": 0
        }
      ]
    },
    {
      "module": "module.api_gateway",
      "mode": "data",
      "type": "aws_iam_policy_document",
      "name": "apigateway_assume_role",
      "provider": "provider[\"registry.terraform.io/hashicorp/aws\"]",
      "instances": [
        {
          "schema_version": 0,
          "attributes": {
            "id": "2699642182",
            "json": "{\n  \"Version\": \"2012-10-17\",\n  \"Statement\": [\n    {\n      \"Effect\": \"Allow\",\n      \"Action\": \"sts:AssumeRole\",\n      \"Principal\": {\n        \"Service\": \"apigateway.amazonaws.com\"\n      }\n    }\n  ]\n}",
            "minified_json": "{\"Version\":\"2012-10-17\",\"Statement\":[{\"Effect\":\"Allow\",\"Action\":\"sts:AssumeRole\",\"Principal\":{\"Service\":\"apigateway.amazonaws.com\"}}]}",
            "override_json": null,
            "override_policy_documents": null,
            "policy_id": null,
            "source_json": null,
            "source_policy_documents": null,
            "statement": [
              {
                "actions": [
                  "sts:AssumeRole"
                ],
                "condition": [],
                "effect": "Allow",
                "not_actions": [],
                "not_principals": [],
                "not_resources": [],
                "principals": [
                  {
                    "identifiers": [
                      "apigateway.amazonaws.com"
                    ],
                    "type": "Service"
                  }
                ],
                "resources": [],
                "sid": ""
              }
            ],
            "version": "2012-10-17"
          },
          "sensitive_attributes": [],
          "identity_schema_version": 0
        }
      ]
    },
    {
      "module": "module.api_gateway",
      "mode": "data",
      "type": "aws_iam_policy_document",
      "name": "apigateway_authorizer_invoke",
      "provider": "provider[\"registry.terraform.io/hashicorp/aws\"]",
      "instances": [
        {
          "schema_version": 0,
          "attributes": {
            "id": "1067062982",
            "json": "{\n  \"Version\": \"2012-10-17\",\n  \"Statement\": [\n    {\n      \"Effect\": \"Allow\",\n      \"Action\": \"lambda:InvokeFunction\",\n      \"Resource\": \"arn:aws:lambda:us-east-1:331504768406:function:flight-radar-stream-flights-authorizer\"\n    }\n  ]\n}",
            "minified_json": "{\"Version\":\"2012-10-17\",\"Statement\":[{\"Effect\":\"Allow\",\"Action\":\"lambda:InvokeFunction\",\"Resource\":\"arn:aws:lambda:us-east-1:331504768406:function:flight-radar-stream-flights-authorizer\"}]}",
            "override_json": null,
            "override_policy_documents": null,
            "policy_id": null,
            "source_json": null,
            "source_policy_documents": null,
            "statement": [
              {
                "actions": [
                  "lambda:InvokeFunction"
                ],
                "condition": [],
                "effect": "Allow",
                "not_actions": [],
                "not_principals": [],
                "not_resources": [],
                "principals": [],
                "resources": [
                  "arn:aws:lambda:us-east-1:331504768406:function:flight-radar-stream-flights-authorizer"
                ],
                "sid": ""
              }
            ],
            "version": "2012-10-17"
          },
          "sensitive_attributes": [],
          "identity_schema_version": 0
        }
      ]
    },
    {
      "module": "module.api_gateway",
      "mode": "data",
      "type": "aws_iam_policy_document",
      "name": "apigw_logs_assume_role",
      "provider": "provider[\"registry.terraform.io/hashicorp/aws\"]",
      "instances": [
        {
          "schema_version": 0,
          "attributes": {
            "id": "2699642182",
            "json": "{\n  \"Version\": \"2012-10-17\",\n  \"Statement\": [\n    {\n      \"Effect\": \"Allow\",\n      \"Action\": \"sts:AssumeRole\",\n      \"Principal\": {\n        \"Service\": \"apigateway.amazonaws.com\"\n      }\n    }\n  ]\n}",
            "minified_json": "{\"Version\":\"2012-10-17\",\"Statement\":[{\"Effect\":\"Allow\",\"Action\":\"sts:AssumeRole\",\"Principal\":{\"Service\":\"apigateway.amazonaws.com\"}}]}",
            "override_json": null,
            "override_policy_documents": null,
            "policy_id": null,
            "source_json": null,
            "source_policy_documents": null,
            "statement": [
              {
                "actions": [
                  "sts:AssumeRole"
                ],
                "condition": [],
                "effect": "Allow",
                "not_actions": [],
                "not_principals": [],
                "not_resources": [],
                "principals": [
                  {
                    "identifiers": [
                      "apigateway.amazonaws.com"
                    ],
                    "type": "Service"
                  }
                ],
                "resources": [],
                "sid": ""
              }
            ],
            "version": "2012-10-17"
          },
          "sensitive_attributes": [],
          "identity_schema_version": 0
        }
      ]
    },
    {
      "module": "module.api_gateway",
      "mode": "data",
      "type": "aws_iam_policy_document",
      "name": "apigw_logs_policy",
      "provider": "provider[\"registry.terraform.io/hashicorp/aws\"]",
      "instances": [
        {
          "schema_version": 0,
          "attributes": {
            "id": "2629339504",
            "json": "{\n  \"Version\": \"2012-10-17\",\n  \"Statement\": [\n    {\n      \"Sid\": \"CloudWatchLogs\",\n      \"Effect\": \"Allow\",\n      \"Action\": [\n        \"logs:PutRetentionPolicy\",\n        \"logs:PutLogEvents\",\n        \"logs:DescribeLogStreams\",\n        \"logs:DescribeLogGroups\",\n        \"logs:CreateLogStream\",\n        \"logs:CreateLogGroup\"\n      ],\n      \"Resource\": \"arn:aws:logs:us-east-1:331504768406:*\"\n    }\n  ]\n}",
            "minified_json": "{\"Version\":\"2012-10-17\",\"Statement\":[{\"Sid\":\"CloudWatchLogs\",\"Effect\":\"Allow\",\"Action\":[\"logs:PutRetentionPolicy\",\"logs:PutLogEvents\",\"logs:DescribeLogStreams\",\"logs:DescribeLogGroups\",\"logs:CreateLogStream\",\"logs:CreateLogGroup\"],\"Resource\":\"arn:aws:logs:us-east-1:331504768406:*\"}]}",
            "override_json": null,
            "override_policy_documents": null,
            "policy_id": null,
            "source_json": null,
            "source_policy_documents": null,
            "statement": [
              {
                "actions": [
                  "logs:CreateLogGroup",
                  "logs:CreateLogStream",
                  "logs:DescribeLogGroups",
                  "logs:DescribeLogStreams",
                  "logs:PutLogEvents",
                  "logs:PutRetentionPolicy"
                ],
                "condition": [],
                "effect": "Allow",
                "not_actions": [],
                "not_principals": [],
                "not_resources": [],
                "principals": [],
                "resources": [
                  "arn:aws:logs:us-east-1:331504768406:*"
                ],
                "sid": "CloudWatchLogs"
              }
            ],
            "version": "2012-10-17"
          },
          "sensitive_attributes": [],
          "identity_schema_version": 0
        }
      ]
    },
    {
      "module": "module.api_gateway",
      "mode": "data",
      "type": "aws_region",
      "name": "current",
      "provider": "provider[\"registry.terraform.io/hashicorp/aws\"]",
      "instances": [
        {
          "schema_version": 0,
          "attributes": {
            "description": "US East (N. Virginia)",
            "endpoint": "ec2.us-east-1.amazonaws.com",
            "id": "us-east-1",
            "name": "us-east-1",
            "region": "us-east-1"
          },
          "sensitive_attributes": [],
          "identity_schema_version": 0
        }
      ]
    },
    {
      "module": "module.api_gateway",
      "mode": "managed",
      "type": "aws_api_gateway_account",
      "name": "this",
      "provider": "provider[\"registry.terraform.io/hashicorp/aws\"]",
      "instances": [
        {
          "index_key": 0,
          "schema_version": 0,
          "attributes": {
            "api_key_version": "4",
            "cloudwatch_role_arn": "arn:aws:iam::331504768406:role/flight-radar-stream-flights-api-apigw-logs-role",
            "features": [
              "UsagePlans"
            ],
            "id": "331504768406",
            "region": "us-east-1",
            "throttle_settings": [
              {
                "burst_limit": 5000,
                "rate_limit": 10000
              }
            ]
          },
          "sensitive_attributes": [],
          "identity_schema_version": 0,
          "dependencies": [
            "module.api_gateway.aws_iam_role.apigw_cloudwatch_logs",
            "module.api_gateway.data.aws_iam_policy_document.apigw_logs_assume_role"
          ]
        }
      ]
    },
    {
      "module": "module.api_gateway",
      "mode": "managed",
      "type": "aws_api_gateway_api_key",
      "name": "this",
      "provider": "provider[\"registry.terraform.io/hashicorp/aws\"]",
      "instances": [
        {
          "index_key": 0,
          "schema_version": 0,
          "attributes": {
            "arn": "arn:aws:apigateway:us-east-1::/apikeys/c7p8fwvytb",
            "created_date": "2026-06-06T15:18:17Z",
            "customer_id": "",
            "description": "Primary API key for flights-api",
            "enabled": true,
            "id": "c7p8fwvytb",
            "last_updated_date": "2026-06-06T15:18:17Z",
            "name": "flight-radar-stream-flights-api-api-key",
            "region": "us-east-1",
            "tags": {
              "Environment": "production",
              "ManagedBy": "terraform",
              "Project": "flight-radar-stream"
            },
            "tags_all": {
              "Environment": "production",
              "ManagedBy": "terraform",
              "Project": "flight-radar-stream"
            },
            "value": "x8vqGVhjnZ2LF1rJvQz037pq4ohUflV22aGLap68"
          },
          "sensitive_attributes": [
            [
              {
                "type": "get_attr",
                "value": "value"
              }
            ]
          ],
          "identity_schema_version": 0,
          "private": "bnVsbA=="
        }
      ]
    },
    {
      "module": "module.api_gateway",
      "mode": "managed",
      "type": "aws_api_gateway_authorizer",
      "name": "this",
      "provider": "provider[\"registry.terraform.io/hashicorp/aws\"]",
      "instances": [
        {
          "index_key": 0,
          "schema_version": 0,
          "attributes": {
            "arn": "arn:aws:apigateway:us-east-1::/restapis/co4hnuyl72/authorizers/1klqol",
            "authorizer_credentials": "arn:aws:iam::331504768406:role/flight-radar-stream-flights-api-authorizer-invoke-role",
            "authorizer_result_ttl_in_seconds": 300,
            "authorizer_uri": "arn:aws:apigateway:us-east-1:lambda:path/2015-03-31/functions/arn:aws:lambda:us-east-1:331504768406:function:flight-radar-stream-flights-authorizer/invocations",
            "id": "1klqol",
            "identity_source": "method.request.header.X-Api-Key",
            "identity_validation_expression": "",
            "name": "flight-radar-stream-flights-api-authorizer",
            "provider_arns": [],
            "region": "us-east-1",
            "rest_api_id": "co4hnuyl72",
            "type": "TOKEN"
          },
          "sensitive_attributes": [],
          "identity_schema_version": 0,
          "private": "bnVsbA==",
          "dependencies": [
            "module.api_gateway.aws_api_gateway_rest_api.this",
            "module.api_gateway.aws_iam_role.apigateway_authorizer",
            "module.api_gateway.data.aws_iam_policy_document.apigateway_assume_role",
            "module.lambda_authorizer.aws_iam_role.authorizer",
            "module.lambda_authorizer.aws_lambda_function.authorizer",
            "module.lambda_authorizer.data.archive_file.authorizer_function",
            "module.lambda_authorizer.data.aws_iam_policy_document.assume_role",
            "module.python_layer.aws_lambda_layer_version.this",
            "module.python_layer.data.archive_file.layer"
          ],
          "create_before_destroy": true
        }
      ]
    },
    {
      "module": "module.api_gateway",
      "mode": "managed",
      "type": "aws_api_gateway_deployment",
      "name": "this",
      "provider": "provider[\"registry.terraform.io/hashicorp/aws\"]",
      "instances": [
        {
          "index_key": 0,
          "schema_version": 0,
          "attributes": {
            "created_date": "2026-06-06T15:18:51Z",
            "description": "",
            "id": "nno63l",
            "region": "us-east-1",
            "rest_api_id": "co4hnuyl72",
            "triggers": {
              "redeploy": "f05e069ee1e3fd5b20b5758a29532758650bf9d9"
            },
            "variables": null
          },
          "sensitive_attributes": [],
          "identity_schema_version": 0,
          "private": "bnVsbA==",
          "dependencies": [
            "module.api_gateway.aws_api_gateway_authorizer.this",
            "module.api_gateway.aws_api_gateway_integration.get_flights_lambda",
            "module.api_gateway.aws_api_gateway_integration.post_flights_batch_lambda",
            "module.api_gateway.aws_api_gateway_integration.post_flights_lambda",
            "module.api_gateway.aws_api_gateway_method.get_flights",
            "module.api_gateway.aws_api_gateway_method.post_flights",
            "module.api_gateway.aws_api_gateway_method.post_flights_batch",
            "module.api_gateway.aws_api_gateway_resource.flights",
            "module.api_gateway.aws_api_gateway_resource.flights_batch",
            "module.api_gateway.aws_api_gateway_rest_api.this",
            "module.api_gateway.aws_iam_role.apigateway_authorizer",
            "module.api_gateway.data.aws_iam_policy_document.apigateway_assume_role",
            "module.flights_dlq.aws_sqs_queue.dlq",
            "module.lambda_authorizer.aws_iam_role.authorizer",
            "module.lambda_authorizer.aws_lambda_function.authorizer",
            "module.lambda_authorizer.data.archive_file.authorizer_function",
            "module.lambda_authorizer.data.aws_iam_policy_document.assume_role",
            "module.lambda_flights.aws_iam_role.lambda_execution",
            "module.lambda_flights.aws_lambda_function.lambda_flights",
            "module.lambda_flights.data.archive_file.lambda_function",
            "module.lambda_flights.data.aws_iam_policy_document.lambda_assume_role",
            "module.python_layer.aws_lambda_layer_version.this",
            "module.python_layer.data.archive_file.layer"
          ],
          "create_before_destroy": true
        }
      ]
    },
    {
      "module": "module.api_gateway",
      "mode": "managed",
      "type": "aws_api_gateway_integration",
      "name": "get_flights_lambda",
      "provider": "provider[\"registry.terraform.io/hashicorp/aws\"]",
      "instances": [
        {
          "index_key": 0,
          "schema_version": 0,
          "attributes": {
            "cache_key_parameters": [],
            "cache_namespace": "p7mh8x",
            "connection_id": "",
            "connection_type": "INTERNET",
            "content_handling": "",
            "credentials": "",
            "http_method": "GET",
            "id": "agi-co4hnuyl72-p7mh8x-GET",
            "integration_http_method": "POST",
            "integration_target": "",
            "passthrough_behavior": "WHEN_NO_MATCH",
            "region": "us-east-1",
            "request_parameters": {},
            "request_templates": {},
            "resource_id": "p7mh8x",
            "response_transfer_mode": "BUFFERED",
            "rest_api_id": "co4hnuyl72",
            "timeout_milliseconds": 29000,
            "tls_config": [],
            "type": "AWS_PROXY",
            "uri": "arn:aws:apigateway:us-east-1:lambda:path/2015-03-31/functions/arn:aws:lambda:us-east-1:331504768406:function:flight-radar-stream-flights_raw/invocations"
          },
          "sensitive_attributes": [],
          "identity_schema_version": 0,
          "identity": {
            "account_id": "331504768406",
            "http_method": "GET",
            "region": "us-east-1",
            "resource_id": "p7mh8x",
            "rest_api_id": "co4hnuyl72"
          },
          "private": "bnVsbA==",
          "dependencies": [
            "module.api_gateway.aws_api_gateway_authorizer.this",
            "module.api_gateway.aws_api_gateway_method.get_flights",
            "module.api_gateway.aws_api_gateway_resource.flights",
            "module.api_gateway.aws_api_gateway_rest_api.this",
            "module.api_gateway.aws_iam_role.apigateway_authorizer",
            "module.api_gateway.data.aws_iam_policy_document.apigateway_assume_role",
            "module.flights_dlq.aws_sqs_queue.dlq",
            "module.lambda_authorizer.aws_iam_role.authorizer",
            "module.lambda_authorizer.aws_lambda_function.authorizer",
            "module.lambda_authorizer.data.archive_file.authorizer_function",
            "module.lambda_authorizer.data.aws_iam_policy_document.assume_role",
            "module.lambda_flights.aws_iam_role.lambda_execution",
            "module.lambda_flights.aws_lambda_function.lambda_flights",
            "module.lambda_flights.data.archive_file.lambda_function",
            "module.lambda_flights.data.aws_iam_policy_document.lambda_assume_role",
            "module.python_layer.aws_lambda_layer_version.this",
            "module.python_layer.data.archive_file.layer"
          ],
          "create_before_destroy": true
        }
      ]
    },
    {
      "module": "module.api_gateway",
      "mode": "managed",
      "type": "aws_api_gateway_integration",
      "name": "post_flights_batch_lambda",
      "provider": "provider[\"registry.terraform.io/hashicorp/aws\"]",
      "instances": [
        {
          "index_key": 0,
          "schema_version": 0,
          "attributes": {
            "cache_key_parameters": [],
            "cache_namespace": "b5poc3",
            "connection_id": "",
            "connection_type": "INTERNET",
            "content_handling": "",
            "credentials": "",
            "http_method": "POST",
            "id": "agi-co4hnuyl72-b5poc3-POST",
            "integration_http_method": "POST",
            "integration_target": "",
            "passthrough_behavior": "WHEN_NO_MATCH",
            "region": "us-east-1",
            "request_parameters": {},
            "request_templates": {},
            "resource_id": "b5poc3",
            "response_transfer_mode": "BUFFERED",
            "rest_api_id": "co4hnuyl72",
            "timeout_milliseconds": 29000,
            "tls_config": [],
            "type": "AWS_PROXY",
            "uri": "arn:aws:apigateway:us-east-1:lambda:path/2015-03-31/functions/arn:aws:lambda:us-east-1:331504768406:function:flight-radar-stream-flights_raw/invocations"
          },
          "sensitive_attributes": [],
          "identity_schema_version": 0,
          "identity": {
            "account_id": "331504768406",
            "http_method": "POST",
            "region": "us-east-1",
            "resource_id": "b5poc3",
            "rest_api_id": "co4hnuyl72"
          },
          "private": "bnVsbA==",
          "dependencies": [
            "module.api_gateway.aws_api_gateway_authorizer.this",
            "module.api_gateway.aws_api_gateway_method.post_flights_batch",
            "module.api_gateway.aws_api_gateway_resource.flights",
            "module.api_gateway.aws_api_gateway_resource.flights_batch",
            "module.api_gateway.aws_api_gateway_rest_api.this",
            "module.api_gateway.aws_iam_role.apigateway_authorizer",
            "module.api_gateway.data.aws_iam_policy_document.apigateway_assume_role",
            "module.flights_dlq.aws_sqs_queue.dlq",
            "module.lambda_authorizer.aws_iam_role.authorizer",
            "module.lambda_authorizer.aws_lambda_function.authorizer",
            "module.lambda_authorizer.data.archive_file.authorizer_function",
            "module.lambda_authorizer.data.aws_iam_policy_document.assume_role",
            "module.lambda_flights.aws_iam_role.lambda_execution",
            "module.lambda_flights.aws_lambda_function.lambda_flights",
            "module.lambda_flights.data.archive_file.lambda_function",
            "module.lambda_flights.data.aws_iam_policy_document.lambda_assume_role",
            "module.python_layer.aws_lambda_layer_version.this",
            "module.python_layer.data.archive_file.layer"
          ],
          "create_before_destroy": true
        }
      ]
    },
    {
      "module": "module.api_gateway",
      "mode": "managed",
      "type": "aws_api_gateway_integration",
      "name": "post_flights_lambda",
      "provider": "provider[\"registry.terraform.io/hashicorp/aws\"]",
      "instances": [
        {
          "index_key": 0,
          "schema_version": 0,
          "attributes": {
            "cache_key_parameters": [],
            "cache_namespace": "p7mh8x",
            "connection_id": "",
            "connection_type": "INTERNET",
            "content_handling": "",
            "credentials": "",
            "http_method": "POST",
            "id": "agi-co4hnuyl72-p7mh8x-POST",
            "integration_http_method": "POST",
            "integration_target": "",
            "passthrough_behavior": "WHEN_NO_MATCH",
            "region": "us-east-1",
            "request_parameters": {},
            "request_templates": {},
            "resource_id": "p7mh8x",
            "response_transfer_mode": "BUFFERED",
            "rest_api_id": "co4hnuyl72",
            "timeout_milliseconds": 29000,
            "tls_config": [],
            "type": "AWS_PROXY",
            "uri": "arn:aws:apigateway:us-east-1:lambda:path/2015-03-31/functions/arn:aws:lambda:us-east-1:331504768406:function:flight-radar-stream-flights_raw/invocations"
          },
          "sensitive_attributes": [],
          "identity_schema_version": 0,
          "identity": {
            "account_id": "331504768406",
            "http_method": "POST",
            "region": "us-east-1",
            "resource_id": "p7mh8x",
            "rest_api_id": "co4hnuyl72"
          },
          "private": "bnVsbA==",
          "dependencies": [
            "module.api_gateway.aws_api_gateway_authorizer.this",
            "module.api_gateway.aws_api_gateway_method.post_flights",
            "module.api_gateway.aws_api_gateway_resource.flights",
            "module.api_gateway.aws_api_gateway_rest_api.this",
            "module.api_gateway.aws_iam_role.apigateway_authorizer",
            "module.api_gateway.data.aws_iam_policy_document.apigateway_assume_role",
            "module.flights_dlq.aws_sqs_queue.dlq",
            "module.lambda_authorizer.aws_iam_role.authorizer",
            "module.lambda_authorizer.aws_lambda_function.authorizer",
            "module.lambda_authorizer.data.archive_file.authorizer_function",
            "module.lambda_authorizer.data.aws_iam_policy_document.assume_role",
            "module.lambda_flights.aws_iam_role.lambda_execution",
            "module.lambda_flights.aws_lambda_function.lambda_flights",
            "module.lambda_flights.data.archive_file.lambda_function",
            "module.lambda_flights.data.aws_iam_policy_document.lambda_assume_role",
            "module.python_layer.aws_lambda_layer_version.this",
            "module.python_layer.data.archive_file.layer"
          ],
          "create_before_destroy": true
        }
      ]
    },
    {
      "module": "module.api_gateway",
      "mode": "managed",
      "type": "aws_api_gateway_method",
      "name": "get_flights",
      "provider": "provider[\"registry.terraform.io/hashicorp/aws\"]",
      "instances": [
        {
          "index_key": 0,
          "schema_version": 0,
          "attributes": {
            "api_key_required": true,
            "authorization": "CUSTOM",
            "authorization_scopes": [],
            "authorizer_id": "1klqol",
            "http_method": "GET",
            "id": "agm-co4hnuyl72-p7mh8x-GET",
            "operation_name": "",
            "region": "us-east-1",
            "request_models": {},
            "request_parameters": {},
            "request_validator_id": "",
            "resource_id": "p7mh8x",
            "rest_api_id": "co4hnuyl72"
          },
          "sensitive_attributes": [],
          "identity_schema_version": 0,
          "identity": {
            "account_id": "331504768406",
            "http_method": "GET",
            "region": "us-east-1",
            "resource_id": "p7mh8x",
            "rest_api_id": "co4hnuyl72"
          },
          "private": "bnVsbA==",
          "dependencies": [
            "module.api_gateway.aws_api_gateway_authorizer.this",
            "module.api_gateway.aws_api_gateway_resource.flights",
            "module.api_gateway.aws_api_gateway_rest_api.this",
            "module.api_gateway.aws_iam_role.apigateway_authorizer",
            "module.api_gateway.data.aws_iam_policy_document.apigateway_assume_role",
            "module.lambda_authorizer.aws_iam_role.authorizer",
            "module.lambda_authorizer.aws_lambda_function.authorizer",
            "module.lambda_authorizer.data.archive_file.authorizer_function",
            "module.lambda_authorizer.data.aws_iam_policy_document.assume_role",
            "module.python_layer.aws_lambda_layer_version.this",
            "module.python_layer.data.archive_file.layer"
          ],
          "create_before_destroy": true
        }
      ]
    },
    {
      "module": "module.api_gateway",
      "mode": "managed",
      "type": "aws_api_gateway_method",
      "name": "post_flights",
      "provider": "provider[\"registry.terraform.io/hashicorp/aws\"]",
      "instances": [
        {
          "index_key": 0,
          "schema_version": 0,
          "attributes": {
            "api_key_required": true,
            "authorization": "CUSTOM",
            "authorization_scopes": [],
            "authorizer_id": "1klqol",
            "http_method": "POST",
            "id": "agm-co4hnuyl72-p7mh8x-POST",
            "operation_name": "",
            "region": "us-east-1",
            "request_models": {},
            "request_parameters": {},
            "request_validator_id": "",
            "resource_id": "p7mh8x",
            "rest_api_id": "co4hnuyl72"
          },
          "sensitive_attributes": [],
          "identity_schema_version": 0,
          "identity": {
            "account_id": "331504768406",
            "http_method": "POST",
            "region": "us-east-1",
            "resource_id": "p7mh8x",
            "rest_api_id": "co4hnuyl72"
          },
          "private": "bnVsbA==",
          "dependencies": [
            "module.api_gateway.aws_api_gateway_authorizer.this",
            "module.api_gateway.aws_api_gateway_resource.flights",
            "module.api_gateway.aws_api_gateway_rest_api.this",
            "module.api_gateway.aws_iam_role.apigateway_authorizer",
            "module.api_gateway.data.aws_iam_policy_document.apigateway_assume_role",
            "module.lambda_authorizer.aws_iam_role.authorizer",
            "module.lambda_authorizer.aws_lambda_function.authorizer",
            "module.lambda_authorizer.data.archive_file.authorizer_function",
            "module.lambda_authorizer.data.aws_iam_policy_document.assume_role",
            "module.python_layer.aws_lambda_layer_version.this",
            "module.python_layer.data.archive_file.layer"
          ],
          "create_before_destroy": true
        }
      ]
    },
    {
      "module": "module.api_gateway",
      "mode": "managed",
      "type": "aws_api_gateway_method",
      "name": "post_flights_batch",
      "provider": "provider[\"registry.terraform.io/hashicorp/aws\"]",
      "instances": [
        {
          "index_key": 0,
          "schema_version": 0,
          "attributes": {
            "api_key_required": true,
            "authorization": "CUSTOM",
            "authorization_scopes": [],
            "authorizer_id": "1klqol",
            "http_method": "POST",
            "id": "agm-co4hnuyl72-b5poc3-POST",
            "operation_name": "",
            "region": "us-east-1",
            "request_models": {},
            "request_parameters": {},
            "request_validator_id": "",
            "resource_id": "b5poc3",
            "rest_api_id": "co4hnuyl72"
          },
          "sensitive_attributes": [],
          "identity_schema_version": 0,
          "identity": {
            "account_id": "331504768406",
            "http_method": "POST",
            "region": "us-east-1",
            "resource_id": "b5poc3",
            "rest_api_id": "co4hnuyl72"
          },
          "private": "bnVsbA==",
          "dependencies": [
            "module.api_gateway.aws_api_gateway_authorizer.this",
            "module.api_gateway.aws_api_gateway_resource.flights",
            "module.api_gateway.aws_api_gateway_resource.flights_batch",
            "module.api_gateway.aws_api_gateway_rest_api.this",
            "module.api_gateway.aws_iam_role.apigateway_authorizer",
            "module.api_gateway.data.aws_iam_policy_document.apigateway_assume_role",
            "module.lambda_authorizer.aws_iam_role.authorizer",
            "module.lambda_authorizer.aws_lambda_function.authorizer",
            "module.lambda_authorizer.data.archive_file.authorizer_function",
            "module.lambda_authorizer.data.aws_iam_policy_document.assume_role",
            "module.python_layer.aws_lambda_layer_version.this",
            "module.python_layer.data.archive_file.layer"
          ],
          "create_before_destroy": true
        }
      ]
    },
    {
      "module": "module.api_gateway",
      "mode": "managed",
      "type": "aws_api_gateway_resource",
      "name": "flights",
      "provider": "provider[\"registry.terraform.io/hashicorp/aws\"]",
      "instances": [
        {
          "index_key": 0,
          "schema_version": 0,
          "attributes": {
            "id": "p7mh8x",
            "parent_id": "aq2ai9sfw9",
            "path": "/flights",
            "path_part": "flights",
            "region": "us-east-1",
            "rest_api_id": "co4hnuyl72"
          },
          "sensitive_attributes": [],
          "identity_schema_version": 0,
          "identity": {
            "account_id": "331504768406",
            "id": "p7mh8x",
            "region": "us-east-1",
            "rest_api_id": "co4hnuyl72"
          },
          "private": "bnVsbA==",
          "dependencies": [
            "module.api_gateway.aws_api_gateway_rest_api.this"
          ],
          "create_before_destroy": true
        }
      ]
    },
    {
      "module": "module.api_gateway",
      "mode": "managed",
      "type": "aws_api_gateway_resource",
      "name": "flights_batch",
      "provider": "provider[\"registry.terraform.io/hashicorp/aws\"]",
      "instances": [
        {
          "index_key": 0,
          "schema_version": 0,
          "attributes": {
            "id": "b5poc3",
            "parent_id": "p7mh8x",
            "path": "/flights/batch",
            "path_part": "batch",
            "region": "us-east-1",
            "rest_api_id": "co4hnuyl72"
          },
          "sensitive_attributes": [],
          "identity_schema_version": 0,
          "identity": {
            "account_id": "331504768406",
            "id": "b5poc3",
            "region": "us-east-1",
            "rest_api_id": "co4hnuyl72"
          },
          "private": "bnVsbA==",
          "dependencies": [
            "module.api_gateway.aws_api_gateway_resource.flights",
            "module.api_gateway.aws_api_gateway_rest_api.this"
          ],
          "create_before_destroy": true
        }
      ]
    },
    {
      "module": "module.api_gateway",
      "mode": "managed",
      "type": "aws_api_gateway_rest_api",
      "name": "this",
      "provider": "provider[\"registry.terraform.io/hashicorp/aws\"]",
      "instances": [
        {
          "index_key": 0,
          "schema_version": 0,
          "attributes": {
            "api_key_source": "HEADER",
            "arn": "arn:aws:apigateway:us-east-1::/restapis/co4hnuyl72",
            "binary_media_types": [],
            "body": null,
            "created_date": "2026-06-06T15:18:17Z",
            "description": "Edge API for ingesting flight data into the streaming pipeline",
            "disable_execute_api_endpoint": false,
            "endpoint_configuration": [
              {
                "ip_address_type": "ipv4",
                "types": [
                  "REGIONAL"
                ],
                "vpc_endpoint_ids": []
              }
            ],
            "execution_arn": "arn:aws:execute-api:us-east-1:331504768406:co4hnuyl72",
            "fail_on_warnings": null,
            "id": "co4hnuyl72",
            "minimum_compression_size": "",
            "name": "flight-radar-stream-flights-api",
            "parameters": null,
            "policy": "",
            "put_rest_api_mode": null,
            "region": "us-east-1",
            "root_resource_id": "aq2ai9sfw9",
            "tags": {
              "Environment": "production",
              "ManagedBy": "terraform",
              "Project": "flight-radar-stream"
            },
            "tags_all": {
              "Environment": "production",
              "ManagedBy": "terraform",
              "Project": "flight-radar-stream"
            }
          },
          "sensitive_attributes": [],
          "identity_schema_version": 0,
          "identity": {
            "account_id": "331504768406",
            "id": "co4hnuyl72",
            "region": "us-east-1"
          },
          "private": "bnVsbA==",
          "create_before_destroy": true
        }
      ]
    },
    {
      "module": "module.api_gateway",
      "mode": "managed",
      "type": "aws_api_gateway_stage",
      "name": "this",
      "provider": "provider[\"registry.terraform.io/hashicorp/aws\"]",
      "instances": [
        {
          "index_key": 0,
          "schema_version": 0,
          "attributes": {
            "access_log_settings": [
              {
                "destination_arn": "arn:aws:logs:us-east-1:331504768406:log-group:/aws/apigateway/flight-radar-stream-flights-api/access",
                "format": "{\"caller\":\"$context.identity.caller\",\"httpMethod\":\"$context.httpMethod\",\"integrationError\":\"$context.integrationErrorMessage\",\"ip\":\"$context.identity.sourceIp\",\"protocol\":\"$context.protocol\",\"requestId\":\"$context.requestId\",\"requestTime\":\"$context.requestTime\",\"resourcePath\":\"$context.resourcePath\",\"responseLength\":\"$context.responseLength\",\"status\":\"$context.status\",\"user\":\"$context.identity.user\"}"
              }
            ],
            "arn": "arn:aws:apigateway:us-east-1::/restapis/co4hnuyl72/stages/v1",
            "cache_cluster_enabled": false,
            "cache_cluster_size": "",
            "canary_settings": [],
            "client_certificate_id": "",
            "deployment_id": "nno63l",
            "description": "",
            "documentation_version": "",
            "execution_arn": "arn:aws:execute-api:us-east-1:331504768406:co4hnuyl72/v1",
            "id": "ags-co4hnuyl72-v1",
            "invoke_url": "https://co4hnuyl72.execute-api.us-east-1.amazonaws.com/v1",
            "region": "us-east-1",
            "rest_api_id": "co4hnuyl72",
            "stage_name": "v1",
            "tags": {
              "Environment": "production",
              "ManagedBy": "terraform",
              "Project": "flight-radar-stream"
            },
            "tags_all": {
              "Environment": "production",
              "ManagedBy": "terraform",
              "Project": "flight-radar-stream"
            },
            "variables": {},
            "web_acl_arn": "",
            "xray_tracing_enabled": false
          },
          "sensitive_attributes": [],
          "identity_schema_version": 0,
          "private": "bnVsbA==",
          "dependencies": [
            "module.api_gateway.aws_api_gateway_account.this",
            "module.api_gateway.aws_api_gateway_authorizer.this",
            "module.api_gateway.aws_api_gateway_deployment.this",
            "module.api_gateway.aws_api_gateway_integration.get_flights_lambda",
            "module.api_gateway.aws_api_gateway_integration.post_flights_batch_lambda",
            "module.api_gateway.aws_api_gateway_integration.post_flights_lambda",
            "module.api_gateway.aws_api_gateway_method.get_flights",
            "module.api_gateway.aws_api_gateway_method.post_flights",
            "module.api_gateway.aws_api_gateway_method.post_flights_batch",
            "module.api_gateway.aws_api_gateway_resource.flights",
            "module.api_gateway.aws_api_gateway_resource.flights_batch",
            "module.api_gateway.aws_api_gateway_rest_api.this",
            "module.api_gateway.aws_cloudwatch_log_group.apigw_access",
            "module.api_gateway.aws_iam_role.apigateway_authorizer",
            "module.api_gateway.aws_iam_role.apigw_cloudwatch_logs",
            "module.api_gateway.data.aws_iam_policy_document.apigateway_assume_role",
            "module.api_gateway.data.aws_iam_policy_document.apigw_logs_assume_role",
            "module.flights_dlq.aws_sqs_queue.dlq",
            "module.lambda_authorizer.aws_iam_role.authorizer",
            "module.lambda_authorizer.aws_lambda_function.authorizer",
            "module.lambda_authorizer.data.archive_file.authorizer_function",
            "module.lambda_authorizer.data.aws_iam_policy_document.assume_role",
            "module.lambda_flights.aws_iam_role.lambda_execution",
            "module.lambda_flights.aws_lambda_function.lambda_flights",
            "module.lambda_flights.data.archive_file.lambda_function",
            "module.lambda_flights.data.aws_iam_policy_document.lambda_assume_role",
            "module.python_layer.aws_lambda_layer_version.this",
            "module.python_layer.data.archive_file.layer"
          ]
        }
      ]
    },
    {
      "module": "module.api_gateway",
      "mode": "managed",
      "type": "aws_api_gateway_usage_plan",
      "name": "this",
      "provider": "provider[\"registry.terraform.io/hashicorp/aws\"]",
      "instances": [
        {
          "index_key": 0,
          "schema_version": 0,
          "attributes": {
            "api_stages": [
              {
                "api_id": "co4hnuyl72",
                "stage": "v1",
                "throttle": []
              }
            ],
            "arn": "arn:aws:apigateway:us-east-1::/usageplans/bnrem0",
            "description": "Throttling and quota for the flights-api API",
            "id": "bnrem0",
            "name": "flight-radar-stream-flights-api-usage-plan",
            "product_code": "",
            "quota_settings": [
              {
                "limit": 100000,
                "offset": 0,
                "period": "DAY"
              }
            ],
            "region": "us-east-1",
            "tags": {
              "Environment": "production",
              "ManagedBy": "terraform",
              "Project": "flight-radar-stream"
            },
            "tags_all": {
              "Environment": "production",
              "ManagedBy": "terraform",
              "Project": "flight-radar-stream"
            },
            "throttle_settings": [
              {
                "burst_limit": 200,
                "rate_limit": 100
              }
            ]
          },
          "sensitive_attributes": [],
          "identity_schema_version": 0,
          "private": "bnVsbA==",
          "dependencies": [
            "module.api_gateway.aws_api_gateway_account.this",
            "module.api_gateway.aws_api_gateway_authorizer.this",
            "module.api_gateway.aws_api_gateway_deployment.this",
            "module.api_gateway.aws_api_gateway_integration.get_flights_lambda",
            "module.api_gateway.aws_api_gateway_integration.post_flights_batch_lambda",
            "module.api_gateway.aws_api_gateway_integration.post_flights_lambda",
            "module.api_gateway.aws_api_gateway_method.get_flights",
            "module.api_gateway.aws_api_gateway_method.post_flights",
            "module.api_gateway.aws_api_gateway_method.post_flights_batch",
            "module.api_gateway.aws_api_gateway_resource.flights",
            "module.api_gateway.aws_api_gateway_resource.flights_batch",
            "module.api_gateway.aws_api_gateway_rest_api.this",
            "module.api_gateway.aws_api_gateway_stage.this",
            "module.api_gateway.aws_cloudwatch_log_group.apigw_access",
            "module.api_gateway.aws_iam_role.apigateway_authorizer",
            "module.api_gateway.aws_iam_role.apigw_cloudwatch_logs",
            "module.api_gateway.data.aws_iam_policy_document.apigateway_assume_role",
            "module.api_gateway.data.aws_iam_policy_document.apigw_logs_assume_role",
            "module.flights_dlq.aws_sqs_queue.dlq",
            "module.lambda_authorizer.aws_iam_role.authorizer",
            "module.lambda_authorizer.aws_lambda_function.authorizer",
            "module.lambda_authorizer.data.archive_file.authorizer_function",
            "module.lambda_authorizer.data.aws_iam_policy_document.assume_role",
            "module.lambda_flights.aws_iam_role.lambda_execution",
            "module.lambda_flights.aws_lambda_function.lambda_flights",
            "module.lambda_flights.data.archive_file.lambda_function",
            "module.lambda_flights.data.aws_iam_policy_document.lambda_assume_role",
            "module.python_layer.aws_lambda_layer_version.this",
            "module.python_layer.data.archive_file.layer"
          ]
        }
      ]
    },
    {
      "module": "module.api_gateway",
      "mode": "managed",
      "type": "aws_api_gateway_usage_plan_key",
      "name": "this",
      "provider": "provider[\"registry.terraform.io/hashicorp/aws\"]",
      "instances": [
        {
          "index_key": 0,
          "schema_version": 0,
          "attributes": {
            "id": "c7p8fwvytb",
            "key_id": "c7p8fwvytb",
            "key_type": "API_KEY",
            "name": "flight-radar-stream-flights-api-api-key",
            "region": "us-east-1",
            "usage_plan_id": "bnrem0",
            "value": "x8vqGVhjnZ2LF1rJvQz037pq4ohUflV22aGLap68"
          },
          "sensitive_attributes": [],
          "identity_schema_version": 0,
          "private": "bnVsbA==",
          "dependencies": [
            "module.api_gateway.aws_api_gateway_account.this",
            "module.api_gateway.aws_api_gateway_api_key.this",
            "module.api_gateway.aws_api_gateway_authorizer.this",
            "module.api_gateway.aws_api_gateway_deployment.this",
            "module.api_gateway.aws_api_gateway_integration.get_flights_lambda",
            "module.api_gateway.aws_api_gateway_integration.post_flights_batch_lambda",
            "module.api_gateway.aws_api_gateway_integration.post_flights_lambda",
            "module.api_gateway.aws_api_gateway_method.get_flights",
            "module.api_gateway.aws_api_gateway_method.post_flights",
            "module.api_gateway.aws_api_gateway_method.post_flights_batch",
            "module.api_gateway.aws_api_gateway_resource.flights",
            "module.api_gateway.aws_api_gateway_resource.flights_batch",
            "module.api_gateway.aws_api_gateway_rest_api.this",
            "module.api_gateway.aws_api_gateway_stage.this",
            "module.api_gateway.aws_api_gateway_usage_plan.this",
            "module.api_gateway.aws_cloudwatch_log_group.apigw_access",
            "module.api_gateway.aws_iam_role.apigateway_authorizer",
            "module.api_gateway.aws_iam_role.apigw_cloudwatch_logs",
            "module.api_gateway.data.aws_iam_policy_document.apigateway_assume_role",
            "module.api_gateway.data.aws_iam_policy_document.apigw_logs_assume_role",
            "module.flights_dlq.aws_sqs_queue.dlq",
            "module.lambda_authorizer.aws_iam_role.authorizer",
            "module.lambda_authorizer.aws_lambda_function.authorizer",
            "module.lambda_authorizer.data.archive_file.authorizer_function",
            "module.lambda_authorizer.data.aws_iam_policy_document.assume_role",
            "module.lambda_flights.aws_iam_role.lambda_execution",
            "module.lambda_flights.aws_lambda_function.lambda_flights",
            "module.lambda_flights.data.archive_file.lambda_function",
            "module.lambda_flights.data.aws_iam_policy_document.lambda_assume_role",
            "module.python_layer.aws_lambda_layer_version.this",
            "module.python_layer.data.archive_file.layer"
          ]
        }
      ]
    },
    {
      "module": "module.api_gateway",
      "mode": "managed",
      "type": "aws_cloudwatch_log_group",
      "name": "apigw_access",
      "provider": "provider[\"registry.terraform.io/hashicorp/aws\"]",
      "instances": [
        {
          "index_key": 0,
          "schema_version": 0,
          "attributes": {
            "arn": "arn:aws:logs:us-east-1:331504768406:log-group:/aws/apigateway/flight-radar-stream-flights-api/access",
            "deletion_protection_enabled": false,
            "id": "/aws/apigateway/flight-radar-stream-flights-api/access",
            "kms_key_id": "",
            "log_group_class": "STANDARD",
            "name": "/aws/apigateway/flight-radar-stream-flights-api/access",
            "name_prefix": "",
            "region": "us-east-1",
            "retention_in_days": 30,
            "skip_destroy": false,
            "tags": {
              "Environment": "production",
              "ManagedBy": "terraform",
              "Project": "flight-radar-stream"
            },
            "tags_all": {
              "Environment": "production",
              "ManagedBy": "terraform",
              "Project": "flight-radar-stream"
            }
          },
          "sensitive_attributes": [],
          "identity_schema_version": 0,
          "identity": {
            "account_id": "331504768406",
            "name": "/aws/apigateway/flight-radar-stream-flights-api/access",
            "region": "us-east-1"
          },
          "private": "bnVsbA=="
        }
      ]
    },
    {
      "module": "module.api_gateway",
      "mode": "managed",
      "type": "aws_iam_role",
      "name": "apigateway_authorizer",
      "provider": "provider[\"registry.terraform.io/hashicorp/aws\"]",
      "instances": [
        {
          "index_key": 0,
          "schema_version": 0,
          "attributes": {
            "arn": "arn:aws:iam::331504768406:role/flight-radar-stream-flights-api-authorizer-invoke-role",
            "assume_role_policy": "{\"Statement\":[{\"Action\":\"sts:AssumeRole\",\"Effect\":\"Allow\",\"Principal\":{\"Service\":\"apigateway.amazonaws.com\"}}],\"Version\":\"2012-10-17\"}",
            "create_date": "2026-06-06T15:18:17Z",
            "description": "",
            "force_detach_policies": false,
            "id": "flight-radar-stream-flights-api-authorizer-invoke-role",
            "inline_policy": [
              {
                "name": "flight-radar-stream-flights-api-authorizer-invoke-policy",
                "policy": "{\"Version\":\"2012-10-17\",\"Statement\":[{\"Action\":\"lambda:InvokeFunction\",\"Effect\":\"Allow\",\"Resource\":\"arn:aws:lambda:us-east-1:331504768406:function:flight-radar-stream-flights-authorizer\"}]}"
              }
            ],
            "managed_policy_arns": [],
            "max_session_duration": 3600,
            "name": "flight-radar-stream-flights-api-authorizer-invoke-role",
            "name_prefix": "",
            "path": "/",
            "permissions_boundary": "",
            "tags": {
              "Environment": "production",
              "ManagedBy": "terraform",
              "Project": "flight-radar-stream"
            },
            "tags_all": {
              "Environment": "production",
              "ManagedBy": "terraform",
              "Project": "flight-radar-stream"
            },
            "unique_id": "AROAU2LZZKWLDVXXSYHVT"
          },
          "sensitive_attributes": [],
          "identity_schema_version": 0,
          "identity": {
            "account_id": "331504768406",
            "name": "flight-radar-stream-flights-api-authorizer-invoke-role"
          },
          "private": "bnVsbA==",
          "dependencies": [
            "module.api_gateway.data.aws_iam_policy_document.apigateway_assume_role"
          ],
          "create_before_destroy": true
        }
      ]
    },
    {
      "module": "module.api_gateway",
      "mode": "managed",
      "type": "aws_iam_role",
      "name": "apigw_cloudwatch_logs",
      "provider": "provider[\"registry.terraform.io/hashicorp/aws\"]",
      "instances": [
        {
          "index_key": 0,
          "schema_version": 0,
          "attributes": {
            "arn": "arn:aws:iam::331504768406:role/flight-radar-stream-flights-api-apigw-logs-role",
            "assume_role_policy": "{\"Statement\":[{\"Action\":\"sts:AssumeRole\",\"Effect\":\"Allow\",\"Principal\":{\"Service\":\"apigateway.amazonaws.com\"}}],\"Version\":\"2012-10-17\"}",
            "create_date": "2026-06-06T17:01:13Z",
            "description": "",
            "force_detach_policies": false,
            "id": "flight-radar-stream-flights-api-apigw-logs-role",
            "inline_policy": [
              {
                "name": "flight-radar-stream-flights-api-apigw-logs-policy",
                "policy": "{\"Version\":\"2012-10-17\",\"Statement\":[{\"Action\":[\"logs:PutRetentionPolicy\",\"logs:PutLogEvents\",\"logs:DescribeLogStreams\",\"logs:DescribeLogGroups\",\"logs:CreateLogStream\",\"logs:CreateLogGroup\"],\"Effect\":\"Allow\",\"Resource\":\"arn:aws:logs:us-east-1:331504768406:*\",\"Sid\":\"CloudWatchLogs\"}]}"
              }
            ],
            "managed_policy_arns": [],
            "max_session_duration": 3600,
            "name": "flight-radar-stream-flights-api-apigw-logs-role",
            "name_prefix": "",
            "path": "/",
            "permissions_boundary": "",
            "tags": {
              "Environment": "production",
              "ManagedBy": "terraform",
              "Project": "flight-radar-stream"
            },
            "tags_all": {
              "Environment": "production",
              "ManagedBy": "terraform",
              "Project": "flight-radar-stream"
            },
            "unique_id": "AROAU2LZZKWLKGWQDWFRL"
          },
          "sensitive_attributes": [],
          "identity_schema_version": 0,
          "identity": {
            "account_id": "331504768406",
            "name": "flight-radar-stream-flights-api-apigw-logs-role"
          },
          "private": "bnVsbA==",
          "dependencies": [
            "module.api_gateway.data.aws_iam_policy_document.apigw_logs_assume_role"
          ]
        }
      ]
    },
    {
      "module": "module.api_gateway",
      "mode": "managed",
      "type": "aws_iam_role_policy",
      "name": "apigateway_authorizer_invoke",
      "provider": "provider[\"registry.terraform.io/hashicorp/aws\"]",
      "instances": [
        {
          "index_key": 0,
          "schema_version": 0,
          "attributes": {
            "id": "flight-radar-stream-flights-api-authorizer-invoke-role:flight-radar-stream-flights-api-authorizer-invoke-policy",
            "name": "flight-radar-stream-flights-api-authorizer-invoke-policy",
            "name_prefix": "",
            "policy": "{\"Version\":\"2012-10-17\",\"Statement\":[{\"Action\":\"lambda:InvokeFunction\",\"Effect\":\"Allow\",\"Resource\":\"arn:aws:lambda:us-east-1:331504768406:function:flight-radar-stream-flights-authorizer\"}]}",
            "role": "flight-radar-stream-flights-api-authorizer-invoke-role"
          },
          "sensitive_attributes": [],
          "identity_schema_version": 0,
          "identity": {
            "account_id": "331504768406",
            "name": "flight-radar-stream-flights-api-authorizer-invoke-policy",
            "role": "flight-radar-stream-flights-api-authorizer-invoke-role"
          },
          "private": "bnVsbA==",
          "dependencies": [
            "module.api_gateway.aws_iam_role.apigateway_authorizer",
            "module.api_gateway.data.aws_iam_policy_document.apigateway_assume_role",
            "module.api_gateway.data.aws_iam_policy_document.apigateway_authorizer_invoke",
            "module.lambda_authorizer.aws_iam_role.authorizer",
            "module.lambda_authorizer.aws_lambda_function.authorizer",
            "module.lambda_authorizer.data.archive_file.authorizer_function",
            "module.lambda_authorizer.data.aws_iam_policy_document.assume_role",
            "module.python_layer.aws_lambda_layer_version.this",
            "module.python_layer.data.archive_file.layer"
          ]
        }
      ]
    },
    {
      "module": "module.api_gateway",
      "mode": "managed",
      "type": "aws_iam_role_policy",
      "name": "apigw_cloudwatch_logs",
      "provider": "provider[\"registry.terraform.io/hashicorp/aws\"]",
      "instances": [
        {
          "index_key": 0,
          "schema_version": 0,
          "attributes": {
            "id": "flight-radar-stream-flights-api-apigw-logs-role:flight-radar-stream-flights-api-apigw-logs-policy",
            "name": "flight-radar-stream-flights-api-apigw-logs-policy",
            "name_prefix": "",
            "policy": "{\"Version\":\"2012-10-17\",\"Statement\":[{\"Action\":[\"logs:PutRetentionPolicy\",\"logs:PutLogEvents\",\"logs:DescribeLogStreams\",\"logs:DescribeLogGroups\",\"logs:CreateLogStream\",\"logs:CreateLogGroup\"],\"Effect\":\"Allow\",\"Resource\":\"arn:aws:logs:us-east-1:331504768406:*\",\"Sid\":\"CloudWatchLogs\"}]}",
            "role": "flight-radar-stream-flights-api-apigw-logs-role"
          },
          "sensitive_attributes": [],
          "identity_schema_version": 0,
          "identity": {
            "account_id": "331504768406",
            "name": "flight-radar-stream-flights-api-apigw-logs-policy",
            "role": "flight-radar-stream-flights-api-apigw-logs-role"
          },
          "private": "bnVsbA==",
          "dependencies": [
            "module.api_gateway.aws_iam_role.apigw_cloudwatch_logs",
            "module.api_gateway.data.aws_caller_identity.current",
            "module.api_gateway.data.aws_iam_policy_document.apigw_logs_assume_role",
            "module.api_gateway.data.aws_iam_policy_document.apigw_logs_policy",
            "module.api_gateway.data.aws_region.current"
          ]
        }
      ]
    },
    {
      "module": "module.flights_dlq",
      "mode": "managed",
      "type": "aws_sqs_queue",
      "name": "dlq",
      "provider": "provider[\"registry.terraform.io/hashicorp/aws\"]",
      "instances": [
        {
          "schema_version": 0,
          "attributes": {
            "arn": "arn:aws:sqs:us-east-1:331504768406:flight-radar-stream-flights-dlq",
            "content_based_deduplication": false,
            "deduplication_scope": "",
            "delay_seconds": 0,
            "fifo_queue": false,
            "fifo_throughput_limit": "",
            "id": "https://sqs.us-east-1.amazonaws.com/331504768406/flight-radar-stream-flights-dlq",
            "kms_data_key_reuse_period_seconds": 300,
            "kms_master_key_id": "",
            "max_message_size": 262144,
            "message_retention_seconds": 1209600,
            "name": "flight-radar-stream-flights-dlq",
            "name_prefix": "",
            "policy": "",
            "receive_wait_time_seconds": 10,
            "redrive_allow_policy": "",
            "redrive_policy": "",
            "region": "us-east-1",
            "sqs_managed_sse_enabled": true,
            "tags": {
              "Environment": "production",
              "ManagedBy": "terraform",
              "Project": "flight-radar-stream"
            },
            "tags_all": {
              "Environment": "production",
              "ManagedBy": "terraform",
              "Project": "flight-radar-stream"
            },
            "timeouts": null,
            "url": "https://sqs.us-east-1.amazonaws.com/331504768406/flight-radar-stream-flights-dlq",
            "visibility_timeout_seconds": 900
          },
          "sensitive_attributes": [],
          "identity_schema_version": 1,
          "identity": {
            "url": "https://sqs.us-east-1.amazonaws.com/331504768406/flight-radar-stream-flights-dlq"
          },
          "private": "eyJlMmJmYjczMC1lY2FhLTExZTYtOGY4OC0zNDM2M2JjN2M0YzAiOnsiY3JlYXRlIjoxODAwMDAwMDAwMDAsImRlbGV0ZSI6MTgwMDAwMDAwMDAwLCJ1cGRhdGUiOjE4MDAwMDAwMDAwMH19",
          "create_before_destroy": true
        }
      ]
    },
    {
      "module": "module.kinesis_analytics_flights",
      "mode": "data",
      "type": "archive_file",
      "name": "flink_sql_zip",
      "provider": "provider[\"registry.terraform.io/hashicorp/archive\"]",
      "instances": [
        {
          "schema_version": 0,
          "attributes": {
            "exclude_symlink_directories": null,
            "excludes": [
              "QUICK_START.md",
              "README.md",
              "deploy_flink_sql.sh"
            ],
            "id": "92e4d092881849a28a9c1b2f0069eba636e49819",
            "output_base64sha256": "bK6hb9pjo8Tc/543bA675SAIvejeJlXvqxv/hgYeUvk=",
            "output_base64sha512": "ZMnuwya2kTMIIHw1zL9vxKUOt9M56oWC/2AbVPcv5dRKHu1LXpm2/3PPuFiDwB7JtCi5bA9yj1VRw2bZGbhiPA==",
            "output_file_mode": null,
            "output_md5": "d0f20b8cfff46012313f54878f1c6cfc",
            "output_path": "modules/kinesis_analytics_flights/flink_sql_app.zip",
            "output_sha": "92e4d092881849a28a9c1b2f0069eba636e49819",
            "output_sha256": "6caea16fda63a3c4dcff9e376c0ebbe52008bde8de2655efab1bff86061e52f9",
            "output_sha512": "64c9eec326b6913308207c35ccbf6fc4a50eb7d339ea8582ff601b54f72fe5d44a1eed4b5e99b6ff73cfb85883c01ec9b428b96c0f728f5551c366d919b8623c",
            "output_size": 9936671,
            "source": [],
            "source_content": null,
            "source_content_filename": null,
            "source_dir": "./../app/flink-sql-application",
            "source_file": null,
            "type": "zip"
          },
          "sensitive_attributes": [],
          "identity_schema_version": 0
        }
      ]
    },
    {
      "module": "module.kinesis_analytics_flights",
      "mode": "data",
      "type": "aws_caller_identity",
      "name": "current",
      "provider": "provider[\"registry.terraform.io/hashicorp/aws\"]",
      "instances": [
        {
          "schema_version": 0,
          "attributes": {
            "account_id": "331504768406",
            "arn": "arn:aws:iam::331504768406:user/lake-admin",
            "id": "331504768406",
            "user_id": "AIDAU2LZZKWLCFPCWNTXM"
          },
          "sensitive_attributes": [],
          "identity_schema_version": 0
        }
      ]
    },
    {
      "module": "module.kinesis_analytics_flights",
      "mode": "data",
      "type": "aws_iam_policy_document",
      "name": "kda_assume_role",
      "provider": "provider[\"registry.terraform.io/hashicorp/aws\"]",
      "instances": [
        {
          "schema_version": 0,
          "attributes": {
            "id": "28356347",
            "json": "{\n  \"Version\": \"2012-10-17\",\n  \"Statement\": [\n    {\n      \"Effect\": \"Allow\",\n      \"Action\": \"sts:AssumeRole\",\n      \"Principal\": {\n        \"Service\": \"kinesisanalytics.amazonaws.com\"\n      }\n    }\n  ]\n}",
            "minified_json": "{\"Version\":\"2012-10-17\",\"Statement\":[{\"Effect\":\"Allow\",\"Action\":\"sts:AssumeRole\",\"Principal\":{\"Service\":\"kinesisanalytics.amazonaws.com\"}}]}",
            "override_json": null,
            "override_policy_documents": null,
            "policy_id": null,
            "source_json": null,
            "source_policy_documents": null,
            "statement": [
              {
                "actions": [
                  "sts:AssumeRole"
                ],
                "condition": [],
                "effect": "Allow",
                "not_actions": [],
                "not_principals": [],
                "not_resources": [],
                "principals": [
                  {
                    "identifiers": [
                      "kinesisanalytics.amazonaws.com"
                    ],
                    "type": "Service"
                  }
                ],
                "resources": [],
                "sid": ""
              }
            ],
            "version": "2012-10-17"
          },
          "sensitive_attributes": [],
          "identity_schema_version": 0
        }
      ]
    },
    {
      "module": "module.kinesis_analytics_flights",
      "mode": "data",
      "type": "aws_iam_policy_document",
      "name": "kda_policy",
      "provider": "provider[\"registry.terraform.io/hashicorp/aws\"]",
      "instances": [
        {
          "schema_version": 0,
          "attributes": {
            "id": "2673892479",
            "json": "{\n  \"Version\": \"2012-10-17\",\n  \"Statement\": [\n    {\n      \"Effect\": \"Allow\",\n      \"Action\": [\n        \"kinesis:PutRecords\",\n        \"kinesis:PutRecord\",\n        \"kinesis:ListStreams\",\n        \"kinesis:ListShards\",\n        \"kinesis:ListRecords\",\n        \"kinesis:GetShardIterator\",\n        \"kinesis:GetRecords\",\n        \"kinesis:DescribeStreamSummary\",\n        \"kinesis:DescribeStream\"\n      ],\n      \"Resource\": \"*\"\n    },\n    {\n      \"Effect\": \"Allow\",\n      \"Action\": [\n        \"s3:PutObject\",\n        \"s3:ListBucket\",\n        \"s3:GetObjectVersion\",\n        \"s3:GetObject\",\n        \"s3:DeleteObject\"\n      ],\n      \"Resource\": [\n        \"arn:aws:s3:::lakehouse-workspace-331504768406/*\",\n        \"arn:aws:s3:::lakehouse-workspace-331504768406\"\n      ]\n    },\n    {\n      \"Effect\": \"Allow\",\n      \"Action\": [\n        \"logs:PutLogEvents\",\n        \"logs:DescribeLogStreams\",\n        \"logs:CreateLogStream\",\n        \"logs:CreateLogGroup\"\n      ],\n      \"Resource\": \"arn:aws:logs:*:*:*\"\n    },\n    {\n      \"Effect\": \"Allow\",\n      \"Action\": \"cloudwatch:PutMetricData\",\n      \"Resource\": \"*\"\n    },\n    {\n      \"Effect\": \"Allow\",\n      \"Action\": [\n        \"kinesisanalytics:ListApplicationSnapshots\",\n        \"kinesisanalytics:DescribeApplicationSnapshot\",\n        \"kinesisanalytics:DeleteApplicationSnapshot\",\n        \"kinesisanalytics:CreateApplicationSnapshot\"\n      ],\n      \"Resource\": \"*\"\n    },\n    {\n      \"Effect\": \"Allow\",\n      \"Action\": [\n        \"kms:GenerateDataKey\",\n        \"kms:DescribeKey\",\n        \"kms:Decrypt\"\n      ],\n      \"Resource\": \"arn:aws:kms:us-east-1:331504768406:key/*\",\n      \"Condition\": {\n        \"StringEquals\": {\n          \"kms:ViaService\": [\n            \"kinesis.us-east-1.amazonaws.com\",\n            \"s3.us-east-1.amazonaws.com\"\n          ]\n        }\n      }\n    }\n  ]\n}",
            "minified_json": "{\"Version\":\"2012-10-17\",\"Statement\":[{\"Effect\":\"Allow\",\"Action\":[\"kinesis:PutRecords\",\"kinesis:PutRecord\",\"kinesis:ListStreams\",\"kinesis:ListShards\",\"kinesis:ListRecords\",\"kinesis:GetShardIterator\",\"kinesis:GetRecords\",\"kinesis:DescribeStreamSummary\",\"kinesis:DescribeStream\"],\"Resource\":\"*\"},{\"Effect\":\"Allow\",\"Action\":[\"s3:PutObject\",\"s3:ListBucket\",\"s3:GetObjectVersion\",\"s3:GetObject\",\"s3:DeleteObject\"],\"Resource\":[\"arn:aws:s3:::lakehouse-workspace-331504768406/*\",\"arn:aws:s3:::lakehouse-workspace-331504768406\"]},{\"Effect\":\"Allow\",\"Action\":[\"logs:PutLogEvents\",\"logs:DescribeLogStreams\",\"logs:CreateLogStream\",\"logs:CreateLogGroup\"],\"Resource\":\"arn:aws:logs:*:*:*\"},{\"Effect\":\"Allow\",\"Action\":\"cloudwatch:PutMetricData\",\"Resource\":\"*\"},{\"Effect\":\"Allow\",\"Action\":[\"kinesisanalytics:ListApplicationSnapshots\",\"kinesisanalytics:DescribeApplicationSnapshot\",\"kinesisanalytics:DeleteApplicationSnapshot\",\"kinesisanalytics:CreateApplicationSnapshot\"],\"Resource\":\"*\"},{\"Effect\":\"Allow\",\"Action\":[\"kms:GenerateDataKey\",\"kms:DescribeKey\",\"kms:Decrypt\"],\"Resource\":\"arn:aws:kms:us-east-1:331504768406:key/*\",\"Condition\":{\"StringEquals\":{\"kms:ViaService\":[\"kinesis.us-east-1.amazonaws.com\",\"s3.us-east-1.amazonaws.com\"]}}}]}",
            "override_json": null,
            "override_policy_documents": null,
            "policy_id": null,
            "source_json": null,
            "source_policy_documents": null,
            "statement": [
              {
                "actions": [
                  "kinesis:DescribeStream",
                  "kinesis:DescribeStreamSummary",
                  "kinesis:GetRecords",
                  "kinesis:GetShardIterator",
                  "kinesis:ListRecords",
                  "kinesis:ListShards",
                  "kinesis:ListStreams",
                  "kinesis:PutRecord",
                  "kinesis:PutRecords"
                ],
                "condition": [],
                "effect": "Allow",
                "not_actions": [],
                "not_principals": [],
                "not_resources": [],
                "principals": [],
                "resources": [
                  "*"
                ],
                "sid": ""
              },
              {
                "actions": [
                  "s3:DeleteObject",
                  "s3:GetObject",
                  "s3:GetObjectVersion",
                  "s3:ListBucket",
                  "s3:PutObject"
                ],
                "condition": [],
                "effect": "Allow",
                "not_actions": [],
                "not_principals": [],
                "not_resources": [],
                "principals": [],
                "resources": [
                  "arn:aws:s3:::lakehouse-workspace-331504768406",
                  "arn:aws:s3:::lakehouse-workspace-331504768406/*"
                ],
                "sid": ""
              },
              {
                "actions": [
                  "logs:CreateLogGroup",
                  "logs:CreateLogStream",
                  "logs:DescribeLogStreams",
                  "logs:PutLogEvents"
                ],
                "condition": [],
                "effect": "Allow",
                "not_actions": [],
                "not_principals": [],
                "not_resources": [],
                "principals": [],
                "resources": [
                  "arn:aws:logs:*:*:*"
                ],
                "sid": ""
              },
              {
                "actions": [
                  "cloudwatch:PutMetricData"
                ],
                "condition": [],
                "effect": "Allow",
                "not_actions": [],
                "not_principals": [],
                "not_resources": [],
                "principals": [],
                "resources": [
                  "*"
                ],
                "sid": ""
              },
              {
                "actions": [
                  "kinesisanalytics:CreateApplicationSnapshot",
                  "kinesisanalytics:DeleteApplicationSnapshot",
                  "kinesisanalytics:DescribeApplicationSnapshot",
                  "kinesisanalytics:ListApplicationSnapshots"
                ],
                "condition": [],
                "effect": "Allow",
                "not_actions": [],
                "not_principals": [],
                "not_resources": [],
                "principals": [],
                "resources": [
                  "*"
                ],
                "sid": ""
              },
              {
                "actions": [
                  "kms:Decrypt",
                  "kms:DescribeKey",
                  "kms:GenerateDataKey"
                ],
                "condition": [
                  {
                    "test": "StringEquals",
                    "values": [
                      "kinesis.us-east-1.amazonaws.com",
                      "s3.us-east-1.amazonaws.com"
                    ],
                    "variable": "kms:ViaService"
                  }
                ],
                "effect": "Allow",
                "not_actions": [],
                "not_principals": [],
                "not_resources": [],
                "principals": [],
                "resources": [
                  "arn:aws:kms:us-east-1:331504768406:key/*"
                ],
                "sid": ""
              }
            ],
            "version": "2012-10-17"
          },
          "sensitive_attributes": [],
          "identity_schema_version": 0
        }
      ]
    },
    {
      "module": "module.kinesis_analytics_flights",
      "mode": "managed",
      "type": "aws_cloudwatch_log_group",
      "name": "kda_flights_log_group",
      "provider": "provider[\"registry.terraform.io/hashicorp/aws\"]",
      "instances": [
        {
          "schema_version": 0,
          "attributes": {
            "arn": "arn:aws:logs:us-east-1:331504768406:log-group:/aws/kinesisanalytics/flight-radar-stream-kda-flights",
            "deletion_protection_enabled": false,
            "id": "/aws/kinesisanalytics/flight-radar-stream-kda-flights",
            "kms_key_id": "",
            "log_group_class": "STANDARD",
            "name": "/aws/kinesisanalytics/flight-radar-stream-kda-flights",
            "name_prefix": "",
            "region": "us-east-1",
            "retention_in_days": 7,
            "skip_destroy": false,
            "tags": {
              "Component": "KDA-Flink",
              "Environment": "production",
              "ManagedBy": "terraform",
              "Name": "flight-radar-stream-kda-flights-log",
              "Project": "flight-radar-stream",
              "Purpose": "Stream-Processing-Enrichment"
            },
            "tags_all": {
              "Component": "KDA-Flink",
              "Environment": "production",
              "ManagedBy": "terraform",
              "Name": "flight-radar-stream-kda-flights-log",
              "Project": "flight-radar-stream",
              "Purpose": "Stream-Processing-Enrichment"
            }
          },
          "sensitive_attributes": [],
          "identity_schema_version": 0,
          "identity": {
            "account_id": "331504768406",
            "name": "/aws/kinesisanalytics/flight-radar-stream-kda-flights",
            "region": "us-east-1"
          },
          "private": "bnVsbA==",
          "dependencies": [
            "module.kinesis_stream_flights.aws_kinesis_stream.this",
            "module.kinesis_stream_flights.data.aws_kinesis_stream.stream_info"
          ]
        }
      ]
    },
    {
      "module": "module.kinesis_analytics_flights",
      "mode": "managed",
      "type": "aws_cloudwatch_log_stream",
      "name": "kda_flights_log_stream",
      "provider": "provider[\"registry.terraform.io/hashicorp/aws\"]",
      "instances": [
        {
          "schema_version": 0,
          "attributes": {
            "arn": "arn:aws:logs:us-east-1:331504768406:log-group:/aws/kinesisanalytics/flight-radar-stream-kda-flights:log-stream:FlinkApplicationLogs",
            "id": "FlinkApplicationLogs",
            "log_group_name": "/aws/kinesisanalytics/flight-radar-stream-kda-flights",
            "name": "FlinkApplicationLogs",
            "region": "us-east-1"
          },
          "sensitive_attributes": [],
          "identity_schema_version": 0,
          "private": "bnVsbA==",
          "dependencies": [
            "module.kinesis_analytics_flights.aws_cloudwatch_log_group.kda_flights_log_group",
            "module.kinesis_stream_flights.aws_kinesis_stream.this",
            "module.kinesis_stream_flights.data.aws_kinesis_stream.stream_info"
          ]
        }
      ]
    },
    {
      "module": "module.kinesis_analytics_flights",
      "mode": "managed",
      "type": "aws_iam_role",
      "name": "kda_execution",
      "provider": "provider[\"registry.terraform.io/hashicorp/aws\"]",
      "instances": [
        {
          "schema_version": 0,
          "attributes": {
            "arn": "arn:aws:iam::331504768406:role/flight-radar-stream-kda-execution-role",
            "assume_role_policy": "{\"Statement\":[{\"Action\":\"sts:AssumeRole\",\"Effect\":\"Allow\",\"Principal\":{\"Service\":\"kinesisanalytics.amazonaws.com\"}}],\"Version\":\"2012-10-17\"}",
            "create_date": "2026-06-06T15:18:39Z",
            "description": "",
            "force_detach_policies": false,
            "id": "flight-radar-stream-kda-execution-role",
            "inline_policy": [
              {
                "name": "flight-radar-stream-kda-policy",
                "policy": "{\"Version\":\"2012-10-17\",\"Statement\":[{\"Action\":[\"kinesis:PutRecords\",\"kinesis:PutRecord\",\"kinesis:ListStreams\",\"kinesis:ListShards\",\"kinesis:ListRecords\",\"kinesis:GetShardIterator\",\"kinesis:GetRecords\",\"kinesis:DescribeStreamSummary\",\"kinesis:DescribeStream\"],\"Effect\":\"Allow\",\"Resource\":\"*\"},{\"Action\":[\"s3:PutObject\",\"s3:ListBucket\",\"s3:GetObjectVersion\",\"s3:GetObject\",\"s3:DeleteObject\"],\"Effect\":\"Allow\",\"Resource\":[\"arn:aws:s3:::lakehouse-workspace-331504768406/*\",\"arn:aws:s3:::lakehouse-workspace-331504768406\"]},{\"Action\":[\"logs:PutLogEvents\",\"logs:DescribeLogStreams\",\"logs:CreateLogStream\",\"logs:CreateLogGroup\"],\"Effect\":\"Allow\",\"Resource\":\"arn:aws:logs:*:*:*\"},{\"Action\":\"cloudwatch:PutMetricData\",\"Effect\":\"Allow\",\"Resource\":\"*\"},{\"Action\":[\"kinesisanalytics:ListApplicationSnapshots\",\"kinesisanalytics:DescribeApplicationSnapshot\",\"kinesisanalytics:DeleteApplicationSnapshot\",\"kinesisanalytics:CreateApplicationSnapshot\"],\"Effect\":\"Allow\",\"Resource\":\"*\"},{\"Action\":[\"kms:GenerateDataKey\",\"kms:DescribeKey\",\"kms:Decrypt\"],\"Condition\":{\"StringEquals\":{\"kms:ViaService\":[\"kinesis.us-east-1.amazonaws.com\",\"s3.us-east-1.amazonaws.com\"]}},\"Effect\":\"Allow\",\"Resource\":\"arn:aws:kms:us-east-1:331504768406:key/*\"}]}"
              }
            ],
            "managed_policy_arns": [],
            "max_session_duration": 3600,
            "name": "flight-radar-stream-kda-execution-role",
            "name_prefix": "",
            "path": "/",
            "permissions_boundary": "",
            "tags": {
              "Component": "KDA-Flink",
              "Environment": "production",
              "ManagedBy": "terraform",
              "Project": "flight-radar-stream",
              "Purpose": "Stream-Processing-Enrichment"
            },
            "tags_all": {
              "Component": "KDA-Flink",
              "Environment": "production",
              "ManagedBy": "terraform",
              "Project": "flight-radar-stream",
              "Purpose": "Stream-Processing-Enrichment"
            },
            "unique_id": "AROAU2LZZKWLBA5P2VKAO"
          },
          "sensitive_attributes": [],
          "identity_schema_version": 0,
          "identity": {
            "account_id": "331504768406",
            "name": "flight-radar-stream-kda-execution-role"
          },
          "private": "bnVsbA==",
          "dependencies": [
            "module.kinesis_analytics_flights.data.aws_iam_policy_document.kda_assume_role",
            "module.kinesis_stream_flights.aws_kinesis_stream.this",
            "module.kinesis_stream_flights.data.aws_kinesis_stream.stream_info"
          ]
        }
      ]
    },
    {
      "module": "module.kinesis_analytics_flights",
      "mode": "managed",
      "type": "aws_iam_role_policy",
      "name": "kda_policy",
      "provider": "provider[\"registry.terraform.io/hashicorp/aws\"]",
      "instances": [
        {
          "schema_version": 0,
          "attributes": {
            "id": "flight-radar-stream-kda-execution-role:flight-radar-stream-kda-policy",
            "name": "flight-radar-stream-kda-policy",
            "name_prefix": "",
            "policy": "{\"Version\":\"2012-10-17\",\"Statement\":[{\"Action\":[\"kinesis:PutRecords\",\"kinesis:PutRecord\",\"kinesis:ListStreams\",\"kinesis:ListShards\",\"kinesis:ListRecords\",\"kinesis:GetShardIterator\",\"kinesis:GetRecords\",\"kinesis:DescribeStreamSummary\",\"kinesis:DescribeStream\"],\"Effect\":\"Allow\",\"Resource\":\"*\"},{\"Action\":[\"s3:PutObject\",\"s3:ListBucket\",\"s3:GetObjectVersion\",\"s3:GetObject\",\"s3:DeleteObject\"],\"Effect\":\"Allow\",\"Resource\":[\"arn:aws:s3:::lakehouse-workspace-331504768406/*\",\"arn:aws:s3:::lakehouse-workspace-331504768406\"]},{\"Action\":[\"logs:PutLogEvents\",\"logs:DescribeLogStreams\",\"logs:CreateLogStream\",\"logs:CreateLogGroup\"],\"Effect\":\"Allow\",\"Resource\":\"arn:aws:logs:*:*:*\"},{\"Action\":\"cloudwatch:PutMetricData\",\"Effect\":\"Allow\",\"Resource\":\"*\"},{\"Action\":[\"kinesisanalytics:ListApplicationSnapshots\",\"kinesisanalytics:DescribeApplicationSnapshot\",\"kinesisanalytics:DeleteApplicationSnapshot\",\"kinesisanalytics:CreateApplicationSnapshot\"],\"Effect\":\"Allow\",\"Resource\":\"*\"},{\"Action\":[\"kms:GenerateDataKey\",\"kms:DescribeKey\",\"kms:Decrypt\"],\"Condition\":{\"StringEquals\":{\"kms:ViaService\":[\"kinesis.us-east-1.amazonaws.com\",\"s3.us-east-1.amazonaws.com\"]}},\"Effect\":\"Allow\",\"Resource\":\"arn:aws:kms:us-east-1:331504768406:key/*\"}]}",
            "role": "flight-radar-stream-kda-execution-role"
          },
          "sensitive_attributes": [],
          "identity_schema_version": 0,
          "identity": {
            "account_id": "331504768406",
            "name": "flight-radar-stream-kda-policy",
            "role": "flight-radar-stream-kda-execution-role"
          },
          "private": "bnVsbA==",
          "dependencies": [
            "data.aws_caller_identity.current",
            "module.kinesis_analytics_flights.aws_iam_role.kda_execution",
            "module.kinesis_analytics_flights.data.aws_caller_identity.current",
            "module.kinesis_analytics_flights.data.aws_iam_policy_document.kda_assume_role",
            "module.kinesis_analytics_flights.data.aws_iam_policy_document.kda_policy",
            "module.kinesis_stream_flights.aws_kinesis_stream.this",
            "module.kinesis_stream_flights.data.aws_kinesis_stream.stream_info"
          ]
        }
      ]
    },
    {
      "module": "module.kinesis_analytics_flights",
      "mode": "managed",
      "type": "aws_kinesisanalyticsv2_application",
      "name": "kda_flights",
      "provider": "provider[\"registry.terraform.io/hashicorp/aws\"]",
      "instances": [
        {
          "schema_version": 0,
          "attributes": {
            "application_configuration": [
              {
                "application_code_configuration": [
                  {
                    "code_content": [
                      {
                        "s3_content_location": [
                          {
                            "bucket_arn": "arn:aws:s3:::lakehouse-workspace-331504768406",
                            "file_key": "flink/flight-radar-stream-kda-flights-d0f20b8cfff46012313f54878f1c6cfc.zip",
                            "object_version": ""
                          }
                        ],
                        "text_content": ""
                      }
                    ],
                    "code_content_type": "ZIPFILE"
                  }
                ],
                "application_encryption_configuration": [
                  {
                    "key_id": "",
                    "key_type": "AWS_OWNED_KEY"
                  }
                ],
                "application_snapshot_configuration": [
                  {
                    "snapshots_enabled": false
                  }
                ],
                "environment_properties": [
                  {
                    "property_group": [
                      {
                        "property_group_id": "FLINK_APPLICATION_PROPERTIES",
                        "property_map": {
                          "AWS_REGION": "us-east-1",
                          "KINESIS_STREAM_ARN": "arn:aws:kinesis:us-east-1:331504768406:stream/flight-radar-stream-flights",
                          "restart-strategy": "none"
                        }
                      },
                      {
                        "property_group_id": "kinesis.analytics.flink.run.options",
                        "property_map": {
                          "python": "app.py"
                        }
                      }
                    ]
                  }
                ],
                "flink_application_configuration": [
                  {
                    "checkpoint_configuration": [
                      {
                        "checkpoint_interval": 60000,
                        "checkpointing_enabled": true,
                        "configuration_type": "DEFAULT",
                        "min_pause_between_checkpoints": 5000
                      }
                    ],
                    "monitoring_configuration": [
                      {
                        "configuration_type": "CUSTOM",
                        "log_level": "INFO",
                        "metrics_level": "TASK"
                      }
                    ],
                    "parallelism_configuration": [
                      {
                        "auto_scaling_enabled": true,
                        "configuration_type": "CUSTOM",
                        "parallelism": 1,
                        "parallelism_per_kpu": 2
                      }
                    ]
                  }
                ],
                "run_configuration": [],
                "sql_application_configuration": [],
                "vpc_configuration": []
              }
            ],
            "application_mode": "STREAMING",
            "arn": "arn:aws:kinesisanalytics:us-east-1:331504768406:application/flight-radar-stream-kda-flights",
            "cloudwatch_logging_options": [
              {
                "cloudwatch_logging_option_id": "1.1",
                "log_stream_arn": "arn:aws:logs:us-east-1:331504768406:log-group:/aws/kinesisanalytics/flight-radar-stream-kda-flights:log-stream:FlinkApplicationLogs"
              }
            ],
            "create_timestamp": "2026-06-06T15:18:47Z",
            "description": "",
            "force_stop": null,
            "id": "arn:aws:kinesisanalytics:us-east-1:331504768406:application/flight-radar-stream-kda-flights",
            "last_update_timestamp": "2026-06-07T18:50:44Z",
            "name": "flight-radar-stream-kda-flights",
            "region": "us-east-1",
            "runtime_environment": "FLINK-1_20",
            "service_execution_role": "arn:aws:iam::331504768406:role/flight-radar-stream-kda-execution-role",
            "start_application": true,
            "status": "READY",
            "tags": {
              "Component": "KDA-Flink",
              "Environment": "production",
              "ManagedBy": "terraform",
              "Name": "flight-radar-stream-kda-flights",
              "Project": "flight-radar-stream",
              "Purpose": "Stream-Processing-Enrichment",
              "StreamType": "flights-flink-processing"
            },
            "tags_all": {
              "Component": "KDA-Flink",
              "Environment": "production",
              "ManagedBy": "terraform",
              "Name": "flight-radar-stream-kda-flights",
              "Project": "flight-radar-stream",
              "Purpose": "Stream-Processing-Enrichment",
              "StreamType": "flights-flink-processing"
            },
            "timeouts": null,
            "version_id": 16
          },
          "sensitive_attributes": [],
          "identity_schema_version": 0,
          "private": "eyJlMmJmYjczMC1lY2FhLTExZTYtOGY4OC0zNDM2M2JjN2M0YzAiOnsiY3JlYXRlIjo2MDAwMDAwMDAwMDAsImRlbGV0ZSI6NjAwMDAwMDAwMDAwLCJ1cGRhdGUiOjYwMDAwMDAwMDAwMH19",
          "dependencies": [
            "data.aws_caller_identity.current",
            "module.kinesis_analytics_flights.aws_cloudwatch_log_group.kda_flights_log_group",
            "module.kinesis_analytics_flights.aws_cloudwatch_log_stream.kda_flights_log_stream",
            "module.kinesis_analytics_flights.aws_iam_role.kda_execution",
            "module.kinesis_analytics_flights.aws_s3_object.flink_sql_zip",
            "module.kinesis_analytics_flights.data.archive_file.flink_sql_zip",
            "module.kinesis_analytics_flights.data.aws_iam_policy_document.kda_assume_role",
            "module.kinesis_analytics_flights.local_file.flink_env_file",
            "module.kinesis_stream_flights.aws_kinesis_stream.this",
            "module.kinesis_stream_flights.data.aws_kinesis_stream.stream_info"
          ]
        }
      ]
    },
    {
      "module": "module.kinesis_analytics_flights",
      "mode": "managed",
      "type": "aws_s3_object",
      "name": "flink_sql_zip",
      "provider": "provider[\"registry.terraform.io/hashicorp/aws\"]",
      "instances": [
        {
          "schema_version": 0,
          "attributes": {
            "acl": null,
            "arn": "arn:aws:s3:::lakehouse-workspace-331504768406/flink/flight-radar-stream-kda-flights-d0f20b8cfff46012313f54878f1c6cfc.zip",
            "bucket": "lakehouse-workspace-331504768406",
            "bucket_key_enabled": false,
            "cache_control": "",
            "checksum_algorithm": null,
            "checksum_crc32": "",
            "checksum_crc32c": "",
            "checksum_crc64nvme": "",
            "checksum_sha1": "",
            "checksum_sha256": "",
            "content": null,
            "content_base64": null,
            "content_disposition": "",
            "content_encoding": "",
            "content_language": "",
            "content_type": "binary/octet-stream",
            "etag": "36b9b0ba5a704cf57922e4010fdcab65-2",
            "force_destroy": false,
            "id": "lakehouse-workspace-331504768406/flink/flight-radar-stream-kda-flights-d0f20b8cfff46012313f54878f1c6cfc.zip",
            "key": "flink/flight-radar-stream-kda-flights-d0f20b8cfff46012313f54878f1c6cfc.zip",
            "kms_key_id": null,
            "metadata": {},
            "object_lock_legal_hold_status": "",
            "object_lock_mode": "",
            "object_lock_retain_until_date": "",
            "override_provider": [],
            "region": "us-east-1",
            "server_side_encryption": "AES256",
            "source": "modules/kinesis_analytics_flights/flink_sql_app.zip",
            "source_hash": null,
            "storage_class": "STANDARD",
            "tags": {},
            "tags_all": {},
            "version_id": "",
            "website_redirect": ""
          },
          "sensitive_attributes": [],
          "identity_schema_version": 0,
          "identity": {
            "account_id": "331504768406",
            "bucket": "lakehouse-workspace-331504768406",
            "key": "flink/flight-radar-stream-kda-flights-d0f20b8cfff46012313f54878f1c6cfc.zip",
            "region": "us-east-1"
          },
          "private": "bnVsbA==",
          "dependencies": [
            "data.aws_caller_identity.current",
            "module.kinesis_analytics_flights.data.archive_file.flink_sql_zip",
            "module.kinesis_analytics_flights.local_file.flink_env_file",
            "module.kinesis_stream_flights.aws_kinesis_stream.this",
            "module.kinesis_stream_flights.data.aws_kinesis_stream.stream_info"
          ]
        }
      ]
    },
    {
      "module": "module.kinesis_analytics_flights",
      "mode": "managed",
      "type": "aws_s3_object",
      "name": "kinesis_connector_jar",
      "provider": "provider[\"registry.terraform.io/hashicorp/aws\"]",
      "instances": [
        {
          "schema_version": 0,
          "attributes": {
            "acl": null,
            "arn": "arn:aws:s3:::lakehouse-workspace-331504768406/lib/flink-sql-connector-aws-kinesis-streams-5.0.0-1.20.jar",
            "bucket": "lakehouse-workspace-331504768406",
            "bucket_key_enabled": false,
            "cache_control": "",
            "checksum_algorithm": null,
            "checksum_crc32": "",
            "checksum_crc32c": "",
            "checksum_crc64nvme": "",
            "checksum_sha1": "",
            "checksum_sha256": "",
            "content": null,
            "content_base64": null,
            "content_disposition": "",
            "content_encoding": "",
            "content_language": "",
            "content_type": "binary/octet-stream",
            "etag": "a587c386db0381511880bd6e719a7153-3",
            "force_destroy": false,
            "id": "lakehouse-workspace-331504768406/lib/flink-sql-connector-aws-kinesis-streams-5.0.0-1.20.jar",
            "key": "lib/flink-sql-connector-aws-kinesis-streams-5.0.0-1.20.jar",
            "kms_key_id": null,
            "metadata": {},
            "object_lock_legal_hold_status": "",
            "object_lock_mode": "",
            "object_lock_retain_until_date": "",
            "override_provider": [],
            "region": "us-east-1",
            "server_side_encryption": "AES256",
            "source": "./../app/flink-sql-application/lib/flink-sql-connector-aws-kinesis-streams-5.0.0-1.20.jar",
            "source_hash": null,
            "storage_class": "STANDARD",
            "tags": {},
            "tags_all": {},
            "version_id": "",
            "website_redirect": ""
          },
          "sensitive_attributes": [],
          "identity_schema_version": 0,
          "identity": {
            "account_id": "331504768406",
            "bucket": "lakehouse-workspace-331504768406",
            "key": "lib/flink-sql-connector-aws-kinesis-streams-5.0.0-1.20.jar",
            "region": "us-east-1"
          },
          "private": "bnVsbA==",
          "dependencies": [
            "data.aws_caller_identity.current",
            "module.kinesis_stream_flights.aws_kinesis_stream.this",
            "module.kinesis_stream_flights.data.aws_kinesis_stream.stream_info"
          ]
        }
      ]
    },
    {
      "module": "module.kinesis_analytics_flights",
      "mode": "managed",
      "type": "local_file",
      "name": "flink_env_file",
      "provider": "provider[\"registry.terraform.io/hashicorp/local\"]",
      "instances": [
        {
          "schema_version": 0,
          "attributes": {
            "content": "KINESIS_STREAM_ARN=arn:aws:kinesis:us-east-1:331504768406:stream/flight-radar-stream-flights\r\nAWS_REGION=us-east-1\r\n",
            "content_base64": null,
            "content_base64sha256": "pj+BFNLc/XzgFTmTRMrCi5gWtxrGRjHoazNK3NzzrrY=",
            "content_base64sha512": "FCk7R8wre8I1jZI+d5dtmKIbx7F4WFQ5yL0TyUuDuidH9XgCWKV/SimxHAir77o5EFpkxwyQkVfjJ8BLbrLzMA==",
            "content_md5": "acc7ba1de8f166de9fd70bbe58dd3024",
            "content_sha1": "3eba154ef51bf97eaf6d7efa6ede0f3f54a73e7b",
            "content_sha256": "a63f8114d2dcfd7ce015399344cac28b9816b71ac64631e86b334adcdcf3aeb6",
            "content_sha512": "14293b47cc2b7bc2358d923e77976d98a21bc7b178585439c8bd13c94b83ba2747f5780258a57f4a29b11c08abefba39105a64c70c909157e327c04b6eb2f330",
            "directory_permission": "0777",
            "file_permission": "0777",
            "filename": "./../app/flink-sql-application/.env",
            "id": "3eba154ef51bf97eaf6d7efa6ede0f3f54a73e7b",
            "sensitive_content": null,
            "source": null
          },
          "sensitive_attributes": [
            [
              {
                "type": "get_attr",
                "value": "sensitive_content"
              }
            ]
          ],
          "identity_schema_version": 0,
          "dependencies": [
            "module.kinesis_stream_flights.aws_kinesis_stream.this",
            "module.kinesis_stream_flights.data.aws_kinesis_stream.stream_info"
          ]
        }
      ]
    },
    {
      "module": "module.kinesis_stream_flights",
      "mode": "data",
      "type": "aws_kinesis_stream",
      "name": "stream_info",
      "provider": "provider[\"registry.terraform.io/hashicorp/aws\"]",
      "instances": [
        {
          "schema_version": 0,
          "attributes": {
            "arn": "arn:aws:kinesis:us-east-1:331504768406:stream/flight-radar-stream-flights",
            "closed_shards": [],
            "creation_timestamp": 1780759096,
            "encryption_type": "NONE",
            "id": "arn:aws:kinesis:us-east-1:331504768406:stream/flight-radar-stream-flights",
            "kms_key_id": "",
            "max_record_size_in_kib": 1024,
            "name": "flight-radar-stream-flights",
            "open_shards": [
              "shardId-000000000000",
              "shardId-000000000001",
              "shardId-000000000002",
              "shardId-000000000003"
            ],
            "region": "us-east-1",
            "retention_period": 24,
            "shard_level_metrics": [],
            "status": "ACTIVE",
            "stream_mode_details": [
              {
                "stream_mode": "ON_DEMAND"
              }
            ],
            "tags": {
              "Environment": "production",
              "ManagedBy": "terraform",
              "Name": "flight-radar-stream-flights",
              "Project": "flight-radar-stream"
            },
            "warm_throughput": []
          },
          "sensitive_attributes": [],
          "identity_schema_version": 0
        }
      ]
    },
    {
      "module": "module.kinesis_stream_flights",
      "mode": "managed",
      "type": "aws_kinesis_stream",
      "name": "this",
      "provider": "provider[\"registry.terraform.io/hashicorp/aws\"]",
      "instances": [
        {
          "index_key": "flights",
          "schema_version": 1,
          "attributes": {
            "arn": "arn:aws:kinesis:us-east-1:331504768406:stream/flight-radar-stream-flights",
            "encryption_type": "NONE",
            "enforce_consumer_deletion": false,
            "id": "arn:aws:kinesis:us-east-1:331504768406:stream/flight-radar-stream-flights",
            "kms_key_id": "",
            "max_record_size_in_kib": 1024,
            "name": "flight-radar-stream-flights",
            "region": "us-east-1",
            "retention_period": 24,
            "shard_count": 0,
            "shard_level_metrics": [],
            "stream_mode_details": [
              {
                "stream_mode": "ON_DEMAND"
              }
            ],
            "tags": {
              "Environment": "production",
              "ManagedBy": "terraform",
              "Name": "flight-radar-stream-flights",
              "Project": "flight-radar-stream"
            },
            "tags_all": {
              "Environment": "production",
              "ManagedBy": "terraform",
              "Name": "flight-radar-stream-flights",
              "Project": "flight-radar-stream"
            },
            "timeouts": null,
            "warm_throughput_mib_ps": 0
          },
          "sensitive_attributes": [],
          "identity_schema_version": 0,
          "identity": {
            "account_id": "331504768406",
            "name": "flight-radar-stream-flights",
            "region": "us-east-1"
          },
          "private": "eyJlMmJmYjczMC1lY2FhLTExZTYtOGY4OC0zNDM2M2JjN2M0YzAiOnsiY3JlYXRlIjozMDAwMDAwMDAwMDAsImRlbGV0ZSI6NzIwMDAwMDAwMDAwMCwidXBkYXRlIjo3MjAwMDAwMDAwMDAwfSwic2NoZW1hX3ZlcnNpb24iOiIxIn0="
        },
        {
          "index_key": "flights_altitude_bands",
          "schema_version": 1,
          "attributes": {
            "arn": "arn:aws:kinesis:us-east-1:331504768406:stream/flight-radar-stream-flights-altitude-bands",
            "encryption_type": "NONE",
            "enforce_consumer_deletion": false,
            "id": "arn:aws:kinesis:us-east-1:331504768406:stream/flight-radar-stream-flights-altitude-bands",
            "kms_key_id": "",
            "max_record_size_in_kib": 1024,
            "name": "flight-radar-stream-flights-altitude-bands",
            "region": "us-east-1",
            "retention_period": 24,
            "shard_count": 0,
            "shard_level_metrics": [],
            "stream_mode_details": [
              {
                "stream_mode": "ON_DEMAND"
              }
            ],
            "tags": {
              "Environment": "production",
              "ManagedBy": "terraform",
              "Name": "flight-radar-stream-flights-altitude-bands",
              "Project": "flight-radar-stream"
            },
            "tags_all": {
              "Environment": "production",
              "ManagedBy": "terraform",
              "Name": "flight-radar-stream-flights-altitude-bands",
              "Project": "flight-radar-stream"
            },
            "timeouts": null,
            "warm_throughput_mib_ps": 0
          },
          "sensitive_attributes": [],
          "identity_schema_version": 0,
          "identity": {
            "account_id": "331504768406",
            "name": "flight-radar-stream-flights-altitude-bands",
            "region": "us-east-1"
          },
          "private": "eyJlMmJmYjczMC1lY2FhLTExZTYtOGY4OC0zNDM2M2JjN2M0YzAiOnsiY3JlYXRlIjozMDAwMDAwMDAwMDAsImRlbGV0ZSI6NzIwMDAwMDAwMDAwMCwidXBkYXRlIjo3MjAwMDAwMDAwMDAwfSwic2NoZW1hX3ZlcnNpb24iOiIxIn0="
        },
        {
          "index_key": "flights_enriched_raw",
          "schema_version": 1,
          "attributes": {
            "arn": "arn:aws:kinesis:us-east-1:331504768406:stream/flight-radar-stream-flights-enriched-raw",
            "encryption_type": "NONE",
            "enforce_consumer_deletion": false,
            "id": "arn:aws:kinesis:us-east-1:331504768406:stream/flight-radar-stream-flights-enriched-raw",
            "kms_key_id": "",
            "max_record_size_in_kib": 1024,
            "name": "flight-radar-stream-flights-enriched-raw",
            "region": "us-east-1",
            "retention_period": 24,
            "shard_count": 0,
            "shard_level_metrics": [],
            "stream_mode_details": [
              {
                "stream_mode": "ON_DEMAND"
              }
            ],
            "tags": {
              "Environment": "production",
              "ManagedBy": "terraform",
              "Name": "flight-radar-stream-flights-enriched-raw",
              "Project": "flight-radar-stream"
            },
            "tags_all": {
              "Environment": "production",
              "ManagedBy": "terraform",
              "Name": "flight-radar-stream-flights-enriched-raw",
              "Project": "flight-radar-stream"
            },
            "timeouts": null,
            "warm_throughput_mib_ps": 0
          },
          "sensitive_attributes": [],
          "identity_schema_version": 0,
          "identity": {
            "account_id": "331504768406",
            "name": "flight-radar-stream-flights-enriched-raw",
            "region": "us-east-1"
          },
          "private": "eyJlMmJmYjczMC1lY2FhLTExZTYtOGY4OC0zNDM2M2JjN2M0YzAiOnsiY3JlYXRlIjozMDAwMDAwMDAwMDAsImRlbGV0ZSI6NzIwMDAwMDAwMDAwMCwidXBkYXRlIjo3MjAwMDAwMDAwMDAwfSwic2NoZW1hX3ZlcnNpb24iOiIxIn0="
        },
        {
          "index_key": "flights_phase_changes",
          "schema_version": 1,
          "attributes": {
            "arn": "arn:aws:kinesis:us-east-1:331504768406:stream/flight-radar-stream-flights-phase-changes",
            "encryption_type": "NONE",
            "enforce_consumer_deletion": false,
            "id": "arn:aws:kinesis:us-east-1:331504768406:stream/flight-radar-stream-flights-phase-changes",
            "kms_key_id": "",
            "max_record_size_in_kib": 1024,
            "name": "flight-radar-stream-flights-phase-changes",
            "region": "us-east-1",
            "retention_period": 24,
            "shard_count": 0,
            "shard_level_metrics": [],
            "stream_mode_details": [
              {
                "stream_mode": "ON_DEMAND"
              }
            ],
            "tags": {
              "Environment": "production",
              "ManagedBy": "terraform",
              "Name": "flight-radar-stream-flights-phase-changes",
              "Project": "flight-radar-stream"
            },
            "tags_all": {
              "Environment": "production",
              "ManagedBy": "terraform",
              "Name": "flight-radar-stream-flights-phase-changes",
              "Project": "flight-radar-stream"
            },
            "timeouts": null,
            "warm_throughput_mib_ps": 0
          },
          "sensitive_attributes": [],
          "identity_schema_version": 0,
          "identity": {
            "account_id": "331504768406",
            "name": "flight-radar-stream-flights-phase-changes",
            "region": "us-east-1"
          },
          "private": "eyJlMmJmYjczMC1lY2FhLTExZTYtOGY4OC0zNDM2M2JjN2M0YzAiOnsiY3JlYXRlIjozMDAwMDAwMDAwMDAsImRlbGV0ZSI6NzIwMDAwMDAwMDAwMCwidXBkYXRlIjo3MjAwMDAwMDAwMDAwfSwic2NoZW1hX3ZlcnNpb24iOiIxIn0="
        },
        {
          "index_key": "flights_positions_1min",
          "schema_version": 1,
          "attributes": {
            "arn": "arn:aws:kinesis:us-east-1:331504768406:stream/flight-radar-stream-flights-positions-1min",
            "encryption_type": "NONE",
            "enforce_consumer_deletion": false,
            "id": "arn:aws:kinesis:us-east-1:331504768406:stream/flight-radar-stream-flights-positions-1min",
            "kms_key_id": "",
            "max_record_size_in_kib": 1024,
            "name": "flight-radar-stream-flights-positions-1min",
            "region": "us-east-1",
            "retention_period": 24,
            "shard_count": 0,
            "shard_level_metrics": [],
            "stream_mode_details": [
              {
                "stream_mode": "ON_DEMAND"
              }
            ],
            "tags": {
              "Environment": "production",
              "ManagedBy": "terraform",
              "Name": "flight-radar-stream-flights-positions-1min",
              "Project": "flight-radar-stream"
            },
            "tags_all": {
              "Environment": "production",
              "ManagedBy": "terraform",
              "Name": "flight-radar-stream-flights-positions-1min",
              "Project": "flight-radar-stream"
            },
            "timeouts": null,
            "warm_throughput_mib_ps": 0
          },
          "sensitive_attributes": [],
          "identity_schema_version": 0,
          "identity": {
            "account_id": "331504768406",
            "name": "flight-radar-stream-flights-positions-1min",
            "region": "us-east-1"
          },
          "private": "eyJlMmJmYjczMC1lY2FhLTExZTYtOGY4OC0zNDM2M2JjN2M0YzAiOnsiY3JlYXRlIjozMDAwMDAwMDAwMDAsImRlbGV0ZSI6NzIwMDAwMDAwMDAwMCwidXBkYXRlIjo3MjAwMDAwMDAwMDAwfSwic2NoZW1hX3ZlcnNpb24iOiIxIn0="
        },
        {
          "index_key": "flights_rt",
          "schema_version": 1,
          "attributes": {
            "arn": "arn:aws:kinesis:us-east-1:331504768406:stream/flight-radar-stream-flights-rt",
            "encryption_type": "NONE",
            "enforce_consumer_deletion": false,
            "id": "arn:aws:kinesis:us-east-1:331504768406:stream/flight-radar-stream-flights-rt",
            "kms_key_id": "",
            "max_record_size_in_kib": 1024,
            "name": "flight-radar-stream-flights-rt",
            "region": "us-east-1",
            "retention_period": 24,
            "shard_count": 0,
            "shard_level_metrics": [],
            "stream_mode_details": [
              {
                "stream_mode": "ON_DEMAND"
              }
            ],
            "tags": {
              "Environment": "production",
              "ManagedBy": "terraform",
              "Name": "flight-radar-stream-flights-rt",
              "Project": "flight-radar-stream"
            },
            "tags_all": {
              "Environment": "production",
              "ManagedBy": "terraform",
              "Name": "flight-radar-stream-flights-rt",
              "Project": "flight-radar-stream"
            },
            "timeouts": null,
            "warm_throughput_mib_ps": 0
          },
          "sensitive_attributes": [],
          "identity_schema_version": 0,
          "identity": {
            "account_id": "331504768406",
            "name": "flight-radar-stream-flights-rt",
            "region": "us-east-1"
          },
          "private": "eyJlMmJmYjczMC1lY2FhLTExZTYtOGY4OC0zNDM2M2JjN2M0YzAiOnsiY3JlYXRlIjozMDAwMDAwMDAwMDAsImRlbGV0ZSI6NzIwMDAwMDAwMDAwMCwidXBkYXRlIjo3MjAwMDAwMDAwMDAwfSwic2NoZW1hX3ZlcnNpb24iOiIxIn0="
        }
      ]
    },
    {
      "module": "module.lambda_authorizer",
      "mode": "data",
      "type": "archive_file",
      "name": "authorizer_function",
      "provider": "provider[\"registry.terraform.io/hashicorp/archive\"]",
      "instances": [
        {
          "schema_version": 0,
          "attributes": {
            "exclude_symlink_directories": null,
            "excludes": null,
            "id": "c54b1666569ff4ad674eb5e645169c32beaebb19",
            "output_base64sha256": "slccvECpnbx5ZJMFRMZflWVama0aLRfD8aKudmx5NZ8=",
            "output_base64sha512": "lSRP6YVftkyp/e0n7M/MrGbBuf0LwoM2EmNWa4o1Ihq8O3Owo0780Lr2ygUjEHc+dTME5cX4Psu6PKXDz/awmA==",
            "output_file_mode": null,
            "output_md5": "c761ba0ee63e3720af957a99cecf424d",
            "output_path": "modules/lambda_authorizer/.terraform/lambda_authorizer.zip",
            "output_sha": "c54b1666569ff4ad674eb5e645169c32beaebb19",
            "output_sha256": "b2571cbc40a99dbc7964930544c65f95655a99ad1a2d17c3f1a2ae766c79359f",
            "output_sha512": "95244fe9855fb64ca9fded27eccfccac66c1b9fd0bc283361263566b8a35221abc3b73b0a34efcd0baf6ca052310773e753304e5c5f83ecbba3ca5c3cff6b098",
            "output_size": 2885,
            "source": [],
            "source_content": null,
            "source_content_filename": null,
            "source_dir": "./../app/lambda_authorizer/src",
            "source_file": null,
            "type": "zip"
          },
          "sensitive_attributes": [],
          "identity_schema_version": 0
        }
      ]
    },
    {
      "module": "module.lambda_authorizer",
      "mode": "data",
      "type": "aws_caller_identity",
      "name": "current",
      "provider": "provider[\"registry.terraform.io/hashicorp/aws\"]",
      "instances": [
        {
          "schema_version": 0,
          "attributes": {
            "account_id": "331504768406",
            "arn": "arn:aws:iam::331504768406:user/lake-admin",
            "id": "331504768406",
            "user_id": "AIDAU2LZZKWLCFPCWNTXM"
          },
          "sensitive_attributes": [],
          "identity_schema_version": 0
        }
      ]
    },
    {
      "module": "module.lambda_authorizer",
      "mode": "data",
      "type": "aws_iam_policy_document",
      "name": "assume_role",
      "provider": "provider[\"registry.terraform.io/hashicorp/aws\"]",
      "instances": [
        {
          "schema_version": 0,
          "attributes": {
            "id": "2690255455",
            "json": "{\n  \"Version\": \"2012-10-17\",\n  \"Statement\": [\n    {\n      \"Effect\": \"Allow\",\n      \"Action\": \"sts:AssumeRole\",\n      \"Principal\": {\n        \"Service\": \"lambda.amazonaws.com\"\n      }\n    }\n  ]\n}",
            "minified_json": "{\"Version\":\"2012-10-17\",\"Statement\":[{\"Effect\":\"Allow\",\"Action\":\"sts:AssumeRole\",\"Principal\":{\"Service\":\"lambda.amazonaws.com\"}}]}",
            "override_json": null,
            "override_policy_documents": null,
            "policy_id": null,
            "source_json": null,
            "source_policy_documents": null,
            "statement": [
              {
                "actions": [
                  "sts:AssumeRole"
                ],
                "condition": [],
                "effect": "Allow",
                "not_actions": [],
                "not_principals": [],
                "not_resources": [],
                "principals": [
                  {
                    "identifiers": [
                      "lambda.amazonaws.com"
                    ],
                    "type": "Service"
                  }
                ],
                "resources": [],
                "sid": ""
              }
            ],
            "version": "2012-10-17"
          },
          "sensitive_attributes": [],
          "identity_schema_version": 0
        }
      ]
    },
    {
      "module": "module.lambda_authorizer",
      "mode": "data",
      "type": "aws_iam_policy_document",
      "name": "logs",
      "provider": "provider[\"registry.terraform.io/hashicorp/aws\"]",
      "instances": [
        {
          "schema_version": 0,
          "attributes": {
            "id": "1341725985",
            "json": "{\n  \"Version\": \"2012-10-17\",\n  \"Statement\": [\n    {\n      \"Effect\": \"Allow\",\n      \"Action\": [\n        \"logs:PutLogEvents\",\n        \"logs:CreateLogStream\",\n        \"logs:CreateLogGroup\"\n      ],\n      \"Resource\": [\n        \"arn:aws:logs:us-east-1:331504768406:log-group:/aws/lambda/flight-radar-stream-flights-authorizer:*\",\n        \"arn:aws:logs:us-east-1:331504768406:log-group:/aws/lambda/flight-radar-stream-flights-authorizer\"\n      ]\n    }\n  ]\n}",
            "minified_json": "{\"Version\":\"2012-10-17\",\"Statement\":[{\"Effect\":\"Allow\",\"Action\":[\"logs:PutLogEvents\",\"logs:CreateLogStream\",\"logs:CreateLogGroup\"],\"Resource\":[\"arn:aws:logs:us-east-1:331504768406:log-group:/aws/lambda/flight-radar-stream-flights-authorizer:*\",\"arn:aws:logs:us-east-1:331504768406:log-group:/aws/lambda/flight-radar-stream-flights-authorizer\"]}]}",
            "override_json": null,
            "override_policy_documents": null,
            "policy_id": null,
            "source_json": null,
            "source_policy_documents": null,
            "statement": [
              {
                "actions": [
                  "logs:CreateLogGroup",
                  "logs:CreateLogStream",
                  "logs:PutLogEvents"
                ],
                "condition": [],
                "effect": "Allow",
                "not_actions": [],
                "not_principals": [],
                "not_resources": [],
                "principals": [],
                "resources": [
                  "arn:aws:logs:us-east-1:331504768406:log-group:/aws/lambda/flight-radar-stream-flights-authorizer",
                  "arn:aws:logs:us-east-1:331504768406:log-group:/aws/lambda/flight-radar-stream-flights-authorizer:*"
                ],
                "sid": ""
              }
            ],
            "version": "2012-10-17"
          },
          "sensitive_attributes": [],
          "identity_schema_version": 0
        }
      ]
    },
    {
      "module": "module.lambda_authorizer",
      "mode": "managed",
      "type": "aws_cloudwatch_log_group",
      "name": "authorizer",
      "provider": "provider[\"registry.terraform.io/hashicorp/aws\"]",
      "instances": [
        {
          "schema_version": 0,
          "attributes": {
            "arn": "arn:aws:logs:us-east-1:331504768406:log-group:/aws/lambda/flight-radar-stream-flights-authorizer",
            "deletion_protection_enabled": false,
            "id": "/aws/lambda/flight-radar-stream-flights-authorizer",
            "kms_key_id": "",
            "log_group_class": "STANDARD",
            "name": "/aws/lambda/flight-radar-stream-flights-authorizer",
            "name_prefix": "",
            "region": "us-east-1",
            "retention_in_days": 7,
            "skip_destroy": false,
            "tags": {
              "Environment": "production",
              "ManagedBy": "terraform",
              "Project": "flight-radar-stream"
            },
            "tags_all": {
              "Environment": "production",
              "ManagedBy": "terraform",
              "Project": "flight-radar-stream"
            }
          },
          "sensitive_attributes": [],
          "identity_schema_version": 0,
          "identity": {
            "account_id": "331504768406",
            "name": "/aws/lambda/flight-radar-stream-flights-authorizer",
            "region": "us-east-1"
          },
          "private": "bnVsbA==",
          "dependencies": [
            "module.lambda_authorizer.aws_iam_role.authorizer",
            "module.lambda_authorizer.aws_lambda_function.authorizer",
            "module.lambda_authorizer.data.archive_file.authorizer_function",
            "module.lambda_authorizer.data.aws_iam_policy_document.assume_role",
            "module.python_layer.aws_lambda_layer_version.this",
            "module.python_layer.data.archive_file.layer"
          ]
        }
      ]
    },
    {
      "module": "module.lambda_authorizer",
      "mode": "managed",
      "type": "aws_iam_role",
      "name": "authorizer",
      "provider": "provider[\"registry.terraform.io/hashicorp/aws\"]",
      "instances": [
        {
          "schema_version": 0,
          "attributes": {
            "arn": "arn:aws:iam::331504768406:role/flight-radar-stream-flights-authorizer-execution-role",
            "assume_role_policy": "{\"Statement\":[{\"Action\":\"sts:AssumeRole\",\"Effect\":\"Allow\",\"Principal\":{\"Service\":\"lambda.amazonaws.com\"}}],\"Version\":\"2012-10-17\"}",
            "create_date": "2026-06-06T15:18:17Z",
            "description": "",
            "force_detach_policies": false,
            "id": "flight-radar-stream-flights-authorizer-execution-role",
            "inline_policy": [
              {
                "name": "flight-radar-stream-flights-authorizer-logs-policy",
                "policy": "{\"Version\":\"2012-10-17\",\"Statement\":[{\"Action\":[\"logs:PutLogEvents\",\"logs:CreateLogStream\",\"logs:CreateLogGroup\"],\"Effect\":\"Allow\",\"Resource\":[\"arn:aws:logs:us-east-1:331504768406:log-group:/aws/lambda/flight-radar-stream-flights-authorizer:*\",\"arn:aws:logs:us-east-1:331504768406:log-group:/aws/lambda/flight-radar-stream-flights-authorizer\"]}]}"
              }
            ],
            "managed_policy_arns": [],
            "max_session_duration": 3600,
            "name": "flight-radar-stream-flights-authorizer-execution-role",
            "name_prefix": "",
            "path": "/",
            "permissions_boundary": "",
            "tags": {
              "Environment": "production",
              "ManagedBy": "terraform",
              "Project": "flight-radar-stream"
            },
            "tags_all": {
              "Environment": "production",
              "ManagedBy": "terraform",
              "Project": "flight-radar-stream"
            },
            "unique_id": "AROAU2LZZKWLLTXH3DBPR"
          },
          "sensitive_attributes": [],
          "identity_schema_version": 0,
          "identity": {
            "account_id": "331504768406",
            "name": "flight-radar-stream-flights-authorizer-execution-role"
          },
          "private": "bnVsbA==",
          "dependencies": [
            "module.lambda_authorizer.data.aws_iam_policy_document.assume_role"
          ],
          "create_before_destroy": true
        }
      ]
    },
    {
      "module": "module.lambda_authorizer",
      "mode": "managed",
      "type": "aws_iam_role_policy",
      "name": "logs",
      "provider": "provider[\"registry.terraform.io/hashicorp/aws\"]",
      "instances": [
        {
          "schema_version": 0,
          "attributes": {
            "id": "flight-radar-stream-flights-authorizer-execution-role:flight-radar-stream-flights-authorizer-logs-policy",
            "name": "flight-radar-stream-flights-authorizer-logs-policy",
            "name_prefix": "",
            "policy": "{\"Version\":\"2012-10-17\",\"Statement\":[{\"Action\":[\"logs:PutLogEvents\",\"logs:CreateLogStream\",\"logs:CreateLogGroup\"],\"Effect\":\"Allow\",\"Resource\":[\"arn:aws:logs:us-east-1:331504768406:log-group:/aws/lambda/flight-radar-stream-flights-authorizer:*\",\"arn:aws:logs:us-east-1:331504768406:log-group:/aws/lambda/flight-radar-stream-flights-authorizer\"]}]}",
            "role": "flight-radar-stream-flights-authorizer-execution-role"
          },
          "sensitive_attributes": [],
          "identity_schema_version": 0,
          "identity": {
            "account_id": "331504768406",
            "name": "flight-radar-stream-flights-authorizer-logs-policy",
            "role": "flight-radar-stream-flights-authorizer-execution-role"
          },
          "private": "bnVsbA==",
          "dependencies": [
            "module.lambda_authorizer.aws_iam_role.authorizer",
            "module.lambda_authorizer.data.aws_caller_identity.current",
            "module.lambda_authorizer.data.aws_iam_policy_document.assume_role",
            "module.lambda_authorizer.data.aws_iam_policy_document.logs"
          ]
        }
      ]
    },
    {
      "module": "module.lambda_authorizer",
      "mode": "managed",
      "type": "aws_lambda_function",
      "name": "authorizer",
      "provider": "provider[\"registry.terraform.io/hashicorp/aws\"]",
      "instances": [
        {
          "schema_version": 0,
          "attributes": {
            "architectures": [
              "x86_64"
            ],
            "arn": "arn:aws:lambda:us-east-1:331504768406:function:flight-radar-stream-flights-authorizer",
            "capacity_provider_config": [],
            "code_sha256": "slccvECpnbx5ZJMFRMZflWVama0aLRfD8aKudmx5NZ8=",
            "code_signing_config_arn": "",
            "dead_letter_config": [],
            "description": "",
            "durable_config": [],
            "environment": [
              {
                "variables": {
                  "LOG_LEVEL": "INFO"
                }
              }
            ],
            "ephemeral_storage": [
              {
                "size": 512
              }
            ],
            "file_system_config": [],
            "filename": "modules/lambda_authorizer/.terraform/lambda_authorizer.zip",
            "function_name": "flight-radar-stream-flights-authorizer",
            "handler": "lambda_function.lambda_handler",
            "id": "flight-radar-stream-flights-authorizer",
            "image_config": [],
            "image_uri": "",
            "invoke_arn": "arn:aws:apigateway:us-east-1:lambda:path/2015-03-31/functions/arn:aws:lambda:us-east-1:331504768406:function:flight-radar-stream-flights-authorizer/invocations",
            "kms_key_arn": "",
            "last_modified": "2026-06-07T17:37:18.000+0000",
            "layers": [
              "arn:aws:lambda:us-east-1:331504768406:layer:flight-radar-stream-python:6"
            ],
            "logging_config": [
              {
                "application_log_level": "",
                "log_format": "Text",
                "log_group": "/aws/lambda/flight-radar-stream-flights-authorizer",
                "system_log_level": ""
              }
            ],
            "memory_size": 256,
            "package_type": "Zip",
            "publish": false,
            "publish_to": null,
            "qualified_arn": "arn:aws:lambda:us-east-1:331504768406:function:flight-radar-stream-flights-authorizer:$LATEST",
            "qualified_invoke_arn": "arn:aws:apigateway:us-east-1:lambda:path/2015-03-31/functions/arn:aws:lambda:us-east-1:331504768406:function:flight-radar-stream-flights-authorizer:$LATEST/invocations",
            "region": "us-east-1",
            "replace_security_groups_on_destroy": null,
            "replacement_security_group_ids": null,
            "reserved_concurrent_executions": -1,
            "response_streaming_invoke_arn": "arn:aws:apigateway:us-east-1:lambda:path/2021-11-15/functions/arn:aws:lambda:us-east-1:331504768406:function:flight-radar-stream-flights-authorizer/response-streaming-invocations",
            "role": "arn:aws:iam::331504768406:role/flight-radar-stream-flights-authorizer-execution-role",
            "runtime": "python3.12",
            "s3_bucket": null,
            "s3_key": null,
            "s3_object_version": null,
            "signing_job_arn": "",
            "signing_profile_version_arn": "",
            "skip_destroy": false,
            "snap_start": [],
            "source_code_hash": "slccvECpnbx5ZJMFRMZflWVama0aLRfD8aKudmx5NZ8=",
            "source_code_size": 2885,
            "source_kms_key_arn": "",
            "tags": {
              "Environment": "production",
              "ManagedBy": "terraform",
              "Project": "flight-radar-stream"
            },
            "tags_all": {
              "Environment": "production",
              "ManagedBy": "terraform",
              "Project": "flight-radar-stream"
            },
            "tenancy_config": [],
            "timeout": 10,
            "timeouts": null,
            "tracing_config": [
              {
                "mode": "PassThrough"
              }
            ],
            "version": "$LATEST",
            "vpc_config": []
          },
          "sensitive_attributes": [],
          "identity_schema_version": 0,
          "identity": {
            "account_id": "331504768406",
            "function_name": "flight-radar-stream-flights-authorizer",
            "region": "us-east-1"
          },
          "private": "eyJlMmJmYjczMC1lY2FhLTExZTYtOGY4OC0zNDM2M2JjN2M0YzAiOnsiY3JlYXRlIjo2MDAwMDAwMDAwMDAsImRlbGV0ZSI6NjAwMDAwMDAwMDAwLCJ1cGRhdGUiOjYwMDAwMDAwMDAwMH19",
          "dependencies": [
            "module.lambda_authorizer.aws_iam_role.authorizer",
            "module.lambda_authorizer.data.archive_file.authorizer_function",
            "module.lambda_authorizer.data.aws_iam_policy_document.assume_role",
            "module.python_layer.aws_lambda_layer_version.this",
            "module.python_layer.data.archive_file.layer"
          ],
          "create_before_destroy": true
        }
      ]
    },
    {
      "module": "module.lambda_flights",
      "mode": "data",
      "type": "archive_file",
      "name": "lambda_function",
      "provider": "provider[\"registry.terraform.io/hashicorp/archive\"]",
      "instances": [
        {
          "schema_version": 0,
          "attributes": {
            "exclude_symlink_directories": null,
            "excludes": null,
            "id": "a2559f0f374ab10875d382c416ac591a2fd97165",
            "output_base64sha256": "2CX/eSucYPPDw5NgSk3zaFSbeXFAqop+8aYJ+cRODE8=",
            "output_base64sha512": "DGkoOI/P5/OXI4+TiHH284ko9hM4yRzhh2N/OYJI04wZiYKWmjEtgIAxV2SYnZ1T9lj7IOfNhM/ZW5JuNwi1kQ==",
            "output_file_mode": null,
            "output_md5": "ff9dd2e947bdac3341a7f39efa51cccd",
            "output_path": "modules/lambda_flights/.terraform/lambda_flights.zip",
            "output_sha": "a2559f0f374ab10875d382c416ac591a2fd97165",
            "output_sha256": "d825ff792b9c60f3c3c393604a4df368549b797140aa8a7ef1a609f9c44e0c4f",
            "output_sha512": "0c6928388fcfe7f397238f938871f6f38928f61338c91ce187637f398248d38c198982969a312d8080315764989d9d53f658fb20e7cd84cfd95b926e3708b591",
            "output_size": 9825,
            "source": [],
            "source_content": null,
            "source_content_filename": null,
            "source_dir": "./../app/lambda_flights/src",
            "source_file": null,
            "type": "zip"
          },
          "sensitive_attributes": [],
          "identity_schema_version": 0
        }
      ]
    },
    {
      "module": "module.lambda_flights",
      "mode": "data",
      "type": "aws_caller_identity",
      "name": "current",
      "provider": "provider[\"registry.terraform.io/hashicorp/aws\"]",
      "instances": [
        {
          "schema_version": 0,
          "attributes": {
            "account_id": "331504768406",
            "arn": "arn:aws:iam::331504768406:user/lake-admin",
            "id": "331504768406",
            "user_id": "AIDAU2LZZKWLCFPCWNTXM"
          },
          "sensitive_attributes": [],
          "identity_schema_version": 0
        }
      ]
    },
    {
      "module": "module.lambda_flights",
      "mode": "data",
      "type": "aws_iam_policy_document",
      "name": "lambda_assume_role",
      "provider": "provider[\"registry.terraform.io/hashicorp/aws\"]",
      "instances": [
        {
          "schema_version": 0,
          "attributes": {
            "id": "2690255455",
            "json": "{\n  \"Version\": \"2012-10-17\",\n  \"Statement\": [\n    {\n      \"Effect\": \"Allow\",\n      \"Action\": \"sts:AssumeRole\",\n      \"Principal\": {\n        \"Service\": \"lambda.amazonaws.com\"\n      }\n    }\n  ]\n}",
            "minified_json": "{\"Version\":\"2012-10-17\",\"Statement\":[{\"Effect\":\"Allow\",\"Action\":\"sts:AssumeRole\",\"Principal\":{\"Service\":\"lambda.amazonaws.com\"}}]}",
            "override_json": null,
            "override_policy_documents": null,
            "policy_id": null,
            "source_json": null,
            "source_policy_documents": null,
            "statement": [
              {
                "actions": [
                  "sts:AssumeRole"
                ],
                "condition": [],
                "effect": "Allow",
                "not_actions": [],
                "not_principals": [],
                "not_resources": [],
                "principals": [
                  {
                    "identifiers": [
                      "lambda.amazonaws.com"
                    ],
                    "type": "Service"
                  }
                ],
                "resources": [],
                "sid": ""
              }
            ],
            "version": "2012-10-17"
          },
          "sensitive_attributes": [],
          "identity_schema_version": 0
        }
      ]
    },
    {
      "module": "module.lambda_flights",
      "mode": "data",
      "type": "aws_iam_policy_document",
      "name": "lambda_kinesis",
      "provider": "provider[\"registry.terraform.io/hashicorp/aws\"]",
      "instances": [
        {
          "schema_version": 0,
          "attributes": {
            "id": "352003016",
            "json": "{\n  \"Version\": \"2012-10-17\",\n  \"Statement\": [\n    {\n      \"Effect\": \"Allow\",\n      \"Action\": [\n        \"kinesis:PutRecords\",\n        \"kinesis:PutRecord\",\n        \"kinesis:DescribeStream\"\n      ],\n      \"Resource\": \"arn:aws:kinesis:us-east-1:331504768406:stream/flight-radar-stream-flights\"\n    }\n  ]\n}",
            "minified_json": "{\"Version\":\"2012-10-17\",\"Statement\":[{\"Effect\":\"Allow\",\"Action\":[\"kinesis:PutRecords\",\"kinesis:PutRecord\",\"kinesis:DescribeStream\"],\"Resource\":\"arn:aws:kinesis:us-east-1:331504768406:stream/flight-radar-stream-flights\"}]}",
            "override_json": null,
            "override_policy_documents": null,
            "policy_id": null,
            "source_json": null,
            "source_policy_documents": null,
            "statement": [
              {
                "actions": [
                  "kinesis:DescribeStream",
                  "kinesis:PutRecord",
                  "kinesis:PutRecords"
                ],
                "condition": [],
                "effect": "Allow",
                "not_actions": [],
                "not_principals": [],
                "not_resources": [],
                "principals": [],
                "resources": [
                  "arn:aws:kinesis:us-east-1:331504768406:stream/flight-radar-stream-flights"
                ],
                "sid": ""
              }
            ],
            "version": "2012-10-17"
          },
          "sensitive_attributes": [],
          "identity_schema_version": 0
        }
      ]
    },
    {
      "module": "module.lambda_flights",
      "mode": "data",
      "type": "aws_iam_policy_document",
      "name": "lambda_logs",
      "provider": "provider[\"registry.terraform.io/hashicorp/aws\"]",
      "instances": [
        {
          "schema_version": 0,
          "attributes": {
            "id": "2110607253",
            "json": "{\n  \"Version\": \"2012-10-17\",\n  \"Statement\": [\n    {\n      \"Effect\": \"Allow\",\n      \"Action\": [\n        \"logs:PutLogEvents\",\n        \"logs:CreateLogStream\",\n        \"logs:CreateLogGroup\"\n      ],\n      \"Resource\": [\n        \"arn:aws:logs:us-east-1:331504768406:log-group:/aws/lambda/flight-radar-stream-flights_raw:*\",\n        \"arn:aws:logs:us-east-1:331504768406:log-group:/aws/lambda/flight-radar-stream-flights_raw\"\n      ]\n    }\n  ]\n}",
            "minified_json": "{\"Version\":\"2012-10-17\",\"Statement\":[{\"Effect\":\"Allow\",\"Action\":[\"logs:PutLogEvents\",\"logs:CreateLogStream\",\"logs:CreateLogGroup\"],\"Resource\":[\"arn:aws:logs:us-east-1:331504768406:log-group:/aws/lambda/flight-radar-stream-flights_raw:*\",\"arn:aws:logs:us-east-1:331504768406:log-group:/aws/lambda/flight-radar-stream-flights_raw\"]}]}",
            "override_json": null,
            "override_policy_documents": null,
            "policy_id": null,
            "source_json": null,
            "source_policy_documents": null,
            "statement": [
              {
                "actions": [
                  "logs:CreateLogGroup",
                  "logs:CreateLogStream",
                  "logs:PutLogEvents"
                ],
                "condition": [],
                "effect": "Allow",
                "not_actions": [],
                "not_principals": [],
                "not_resources": [],
                "principals": [],
                "resources": [
                  "arn:aws:logs:us-east-1:331504768406:log-group:/aws/lambda/flight-radar-stream-flights_raw",
                  "arn:aws:logs:us-east-1:331504768406:log-group:/aws/lambda/flight-radar-stream-flights_raw:*"
                ],
                "sid": ""
              }
            ],
            "version": "2012-10-17"
          },
          "sensitive_attributes": [],
          "identity_schema_version": 0
        }
      ]
    },
    {
      "module": "module.lambda_flights",
      "mode": "data",
      "type": "aws_iam_policy_document",
      "name": "lambda_sqs_dlq",
      "provider": "provider[\"registry.terraform.io/hashicorp/aws\"]",
      "instances": [
        {
          "schema_version": 0,
          "attributes": {
            "id": "3753111476",
            "json": "{\n  \"Version\": \"2012-10-17\",\n  \"Statement\": [\n    {\n      \"Effect\": \"Allow\",\n      \"Action\": [\n        \"sqs:SendMessageBatch\",\n        \"sqs:SendMessage\"\n      ],\n      \"Resource\": \"arn:aws:sqs:us-east-1:331504768406:flight-radar-stream-flights-dlq\"\n    }\n  ]\n}",
            "minified_json": "{\"Version\":\"2012-10-17\",\"Statement\":[{\"Effect\":\"Allow\",\"Action\":[\"sqs:SendMessageBatch\",\"sqs:SendMessage\"],\"Resource\":\"arn:aws:sqs:us-east-1:331504768406:flight-radar-stream-flights-dlq\"}]}",
            "override_json": null,
            "override_policy_documents": null,
            "policy_id": null,
            "source_json": null,
            "source_policy_documents": null,
            "statement": [
              {
                "actions": [
                  "sqs:SendMessage",
                  "sqs:SendMessageBatch"
                ],
                "condition": [],
                "effect": "Allow",
                "not_actions": [],
                "not_principals": [],
                "not_resources": [],
                "principals": [],
                "resources": [
                  "arn:aws:sqs:us-east-1:331504768406:flight-radar-stream-flights-dlq"
                ],
                "sid": ""
              }
            ],
            "version": "2012-10-17"
          },
          "sensitive_attributes": [],
          "identity_schema_version": 0
        }
      ]
    },
    {
      "module": "module.lambda_flights",
      "mode": "managed",
      "type": "aws_cloudwatch_log_group",
      "name": "log_group_lambda_flights",
      "provider": "provider[\"registry.terraform.io/hashicorp/aws\"]",
      "instances": [
        {
          "schema_version": 0,
          "attributes": {
            "arn": "arn:aws:logs:us-east-1:331504768406:log-group:/aws/lambda/flight-radar-stream-flights_raw",
            "deletion_protection_enabled": false,
            "id": "/aws/lambda/flight-radar-stream-flights_raw",
            "kms_key_id": "",
            "log_group_class": "STANDARD",
            "name": "/aws/lambda/flight-radar-stream-flights_raw",
            "name_prefix": "",
            "region": "us-east-1",
            "retention_in_days": 7,
            "skip_destroy": false,
            "tags": {
              "Environment": "production",
              "ManagedBy": "terraform",
              "Project": "flight-radar-stream"
            },
            "tags_all": {
              "Environment": "production",
              "ManagedBy": "terraform",
              "Project": "flight-radar-stream"
            }
          },
          "sensitive_attributes": [],
          "identity_schema_version": 0,
          "identity": {
            "account_id": "331504768406",
            "name": "/aws/lambda/flight-radar-stream-flights_raw",
            "region": "us-east-1"
          },
          "private": "bnVsbA==",
          "dependencies": [
            "module.flights_dlq.aws_sqs_queue.dlq",
            "module.lambda_flights.aws_iam_role.lambda_execution",
            "module.lambda_flights.aws_lambda_function.lambda_flights",
            "module.lambda_flights.data.archive_file.lambda_function",
            "module.lambda_flights.data.aws_iam_policy_document.lambda_assume_role",
            "module.python_layer.aws_lambda_layer_version.this",
            "module.python_layer.data.archive_file.layer"
          ]
        }
      ]
    },
    {
      "module": "module.lambda_flights",
      "mode": "managed",
      "type": "aws_iam_role",
      "name": "lambda_execution",
      "provider": "provider[\"registry.terraform.io/hashicorp/aws\"]",
      "instances": [
        {
          "schema_version": 0,
          "attributes": {
            "arn": "arn:aws:iam::331504768406:role/flight-radar-stream-flights_raw-execution-role",
            "assume_role_policy": "{\"Statement\":[{\"Action\":\"sts:AssumeRole\",\"Effect\":\"Allow\",\"Principal\":{\"Service\":\"lambda.amazonaws.com\"}}],\"Version\":\"2012-10-17\"}",
            "create_date": "2026-06-06T15:18:17Z",
            "description": "",
            "force_detach_policies": false,
            "id": "flight-radar-stream-flights_raw-execution-role",
            "inline_policy": [
              {
                "name": "flight-radar-stream-flights_raw-dlq-policy",
                "policy": "{\"Version\":\"2012-10-17\",\"Statement\":[{\"Action\":[\"sqs:SendMessageBatch\",\"sqs:SendMessage\"],\"Effect\":\"Allow\",\"Resource\":\"arn:aws:sqs:us-east-1:331504768406:flight-radar-stream-flights-dlq\"}]}"
              },
              {
                "name": "flight-radar-stream-flights_raw-kinesis-policy",
                "policy": "{\"Version\":\"2012-10-17\",\"Statement\":[{\"Action\":[\"kinesis:PutRecords\",\"kinesis:PutRecord\",\"kinesis:DescribeStream\"],\"Effect\":\"Allow\",\"Resource\":\"arn:aws:kinesis:us-east-1:331504768406:stream/flight-radar-stream-flights\"}]}"
              },
              {
                "name": "flight-radar-stream-flights_raw-logs-policy",
                "policy": "{\"Version\":\"2012-10-17\",\"Statement\":[{\"Action\":[\"logs:PutLogEvents\",\"logs:CreateLogStream\",\"logs:CreateLogGroup\"],\"Effect\":\"Allow\",\"Resource\":[\"arn:aws:logs:us-east-1:331504768406:log-group:/aws/lambda/flight-radar-stream-flights_raw:*\",\"arn:aws:logs:us-east-1:331504768406:log-group:/aws/lambda/flight-radar-stream-flights_raw\"]}]}"
              }
            ],
            "managed_policy_arns": [],
            "max_session_duration": 3600,
            "name": "flight-radar-stream-flights_raw-execution-role",
            "name_prefix": "",
            "path": "/",
            "permissions_boundary": "",
            "tags": {
              "Environment": "production",
              "ManagedBy": "terraform",
              "Project": "flight-radar-stream"
            },
            "tags_all": {
              "Environment": "production",
              "ManagedBy": "terraform",
              "Project": "flight-radar-stream"
            },
            "unique_id": "AROAU2LZZKWLDVCOAQU6I"
          },
          "sensitive_attributes": [],
          "identity_schema_version": 0,
          "identity": {
            "account_id": "331504768406",
            "name": "flight-radar-stream-flights_raw-execution-role"
          },
          "private": "bnVsbA==",
          "dependencies": [
            "module.lambda_flights.data.aws_iam_policy_document.lambda_assume_role"
          ],
          "create_before_destroy": true
        }
      ]
    },
    {
      "module": "module.lambda_flights",
      "mode": "managed",
      "type": "aws_iam_role_policy",
      "name": "lambda_kinesis_policy",
      "provider": "provider[\"registry.terraform.io/hashicorp/aws\"]",
      "instances": [
        {
          "schema_version": 0,
          "attributes": {
            "id": "flight-radar-stream-flights_raw-execution-role:flight-radar-stream-flights_raw-kinesis-policy",
            "name": "flight-radar-stream-flights_raw-kinesis-policy",
            "name_prefix": "",
            "policy": "{\"Version\":\"2012-10-17\",\"Statement\":[{\"Action\":[\"kinesis:PutRecords\",\"kinesis:PutRecord\",\"kinesis:DescribeStream\"],\"Effect\":\"Allow\",\"Resource\":\"arn:aws:kinesis:us-east-1:331504768406:stream/flight-radar-stream-flights\"}]}",
            "role": "flight-radar-stream-flights_raw-execution-role"
          },
          "sensitive_attributes": [],
          "identity_schema_version": 0,
          "identity": {
            "account_id": "331504768406",
            "name": "flight-radar-stream-flights_raw-kinesis-policy",
            "role": "flight-radar-stream-flights_raw-execution-role"
          },
          "private": "bnVsbA==",
          "dependencies": [
            "module.kinesis_stream_flights.aws_kinesis_stream.this",
            "module.lambda_flights.aws_iam_role.lambda_execution",
            "module.lambda_flights.data.aws_iam_policy_document.lambda_assume_role",
            "module.lambda_flights.data.aws_iam_policy_document.lambda_kinesis"
          ]
        }
      ]
    },
    {
      "module": "module.lambda_flights",
      "mode": "managed",
      "type": "aws_iam_role_policy",
      "name": "lambda_logs_policy",
      "provider": "provider[\"registry.terraform.io/hashicorp/aws\"]",
      "instances": [
        {
          "schema_version": 0,
          "attributes": {
            "id": "flight-radar-stream-flights_raw-execution-role:flight-radar-stream-flights_raw-logs-policy",
            "name": "flight-radar-stream-flights_raw-logs-policy",
            "name_prefix": "",
            "policy": "{\"Version\":\"2012-10-17\",\"Statement\":[{\"Action\":[\"logs:PutLogEvents\",\"logs:CreateLogStream\",\"logs:CreateLogGroup\"],\"Effect\":\"Allow\",\"Resource\":[\"arn:aws:logs:us-east-1:331504768406:log-group:/aws/lambda/flight-radar-stream-flights_raw:*\",\"arn:aws:logs:us-east-1:331504768406:log-group:/aws/lambda/flight-radar-stream-flights_raw\"]}]}",
            "role": "flight-radar-stream-flights_raw-execution-role"
          },
          "sensitive_attributes": [],
          "identity_schema_version": 0,
          "identity": {
            "account_id": "331504768406",
            "name": "flight-radar-stream-flights_raw-logs-policy",
            "role": "flight-radar-stream-flights_raw-execution-role"
          },
          "private": "bnVsbA==",
          "dependencies": [
            "module.lambda_flights.aws_iam_role.lambda_execution",
            "module.lambda_flights.data.aws_caller_identity.current",
            "module.lambda_flights.data.aws_iam_policy_document.lambda_assume_role",
            "module.lambda_flights.data.aws_iam_policy_document.lambda_logs"
          ]
        }
      ]
    },
    {
      "module": "module.lambda_flights",
      "mode": "managed",
      "type": "aws_iam_role_policy",
      "name": "lambda_sqs_dlq_policy",
      "provider": "provider[\"registry.terraform.io/hashicorp/aws\"]",
      "instances": [
        {
          "schema_version": 0,
          "attributes": {
            "id": "flight-radar-stream-flights_raw-execution-role:flight-radar-stream-flights_raw-dlq-policy",
            "name": "flight-radar-stream-flights_raw-dlq-policy",
            "name_prefix": "",
            "policy": "{\"Version\":\"2012-10-17\",\"Statement\":[{\"Action\":[\"sqs:SendMessageBatch\",\"sqs:SendMessage\"],\"Effect\":\"Allow\",\"Resource\":\"arn:aws:sqs:us-east-1:331504768406:flight-radar-stream-flights-dlq\"}]}",
            "role": "flight-radar-stream-flights_raw-execution-role"
          },
          "sensitive_attributes": [],
          "identity_schema_version": 0,
          "identity": {
            "account_id": "331504768406",
            "name": "flight-radar-stream-flights_raw-dlq-policy",
            "role": "flight-radar-stream-flights_raw-execution-role"
          },
          "private": "bnVsbA==",
          "dependencies": [
            "module.flights_dlq.aws_sqs_queue.dlq",
            "module.lambda_flights.aws_iam_role.lambda_execution",
            "module.lambda_flights.data.aws_iam_policy_document.lambda_assume_role",
            "module.lambda_flights.data.aws_iam_policy_document.lambda_sqs_dlq"
          ]
        }
      ]
    },
    {
      "module": "module.lambda_flights",
      "mode": "managed",
      "type": "aws_lambda_function",
      "name": "lambda_flights",
      "provider": "provider[\"registry.terraform.io/hashicorp/aws\"]",
      "instances": [
        {
          "schema_version": 0,
          "attributes": {
            "architectures": [
              "x86_64"
            ],
            "arn": "arn:aws:lambda:us-east-1:331504768406:function:flight-radar-stream-flights_raw",
            "capacity_provider_config": [],
            "code_sha256": "2CX/eSucYPPDw5NgSk3zaFSbeXFAqop+8aYJ+cRODE8=",
            "code_signing_config_arn": "",
            "dead_letter_config": [],
            "description": "",
            "durable_config": [],
            "environment": [
              {
                "variables": {
                  "DLQ_ARN": "arn:aws:sqs:us-east-1:331504768406:flight-radar-stream-flights-dlq",
                  "DLQ_URL": "https://sqs.us-east-1.amazonaws.com/331504768406/flight-radar-stream-flights-dlq",
                  "KINESIS_STREAM": "flight-radar-stream-flights",
                  "LOG_LEVEL": "INFO"
                }
              }
            ],
            "ephemeral_storage": [
              {
                "size": 512
              }
            ],
            "file_system_config": [],
            "filename": "modules/lambda_flights/.terraform/lambda_flights.zip",
            "function_name": "flight-radar-stream-flights_raw",
            "handler": "lambda_function.lambda_handler",
            "id": "flight-radar-stream-flights_raw",
            "image_config": [],
            "image_uri": "",
            "invoke_arn": "arn:aws:apigateway:us-east-1:lambda:path/2015-03-31/functions/arn:aws:lambda:us-east-1:331504768406:function:flight-radar-stream-flights_raw/invocations",
            "kms_key_arn": "",
            "last_modified": "2026-06-07T18:50:13.000+0000",
            "layers": [
              "arn:aws:lambda:us-east-1:331504768406:layer:flight-radar-stream-python:6"
            ],
            "logging_config": [
              {
                "application_log_level": "",
                "log_format": "Text",
                "log_group": "/aws/lambda/flight-radar-stream-flights_raw",
                "system_log_level": ""
              }
            ],
            "memory_size": 512,
            "package_type": "Zip",
            "publish": false,
            "publish_to": null,
            "qualified_arn": "arn:aws:lambda:us-east-1:331504768406:function:flight-radar-stream-flights_raw:$LATEST",
            "qualified_invoke_arn": "arn:aws:apigateway:us-east-1:lambda:path/2015-03-31/functions/arn:aws:lambda:us-east-1:331504768406:function:flight-radar-stream-flights_raw:$LATEST/invocations",
            "region": "us-east-1",
            "replace_security_groups_on_destroy": null,
            "replacement_security_group_ids": null,
            "reserved_concurrent_executions": -1,
            "response_streaming_invoke_arn": "arn:aws:apigateway:us-east-1:lambda:path/2021-11-15/functions/arn:aws:lambda:us-east-1:331504768406:function:flight-radar-stream-flights_raw/response-streaming-invocations",
            "role": "arn:aws:iam::331504768406:role/flight-radar-stream-flights_raw-execution-role",
            "runtime": "python3.12",
            "s3_bucket": null,
            "s3_key": null,
            "s3_object_version": null,
            "signing_job_arn": "",
            "signing_profile_version_arn": "",
            "skip_destroy": false,
            "snap_start": [],
            "source_code_hash": "2CX/eSucYPPDw5NgSk3zaFSbeXFAqop+8aYJ+cRODE8=",
            "source_code_size": 9825,
            "source_kms_key_arn": "",
            "tags": {
              "Environment": "production",
              "ManagedBy": "terraform",
              "Project": "flight-radar-stream"
            },
            "tags_all": {
              "Environment": "production",
              "ManagedBy": "terraform",
              "Project": "flight-radar-stream"
            },
            "tenancy_config": [],
            "timeout": 60,
            "timeouts": null,
            "tracing_config": [
              {
                "mode": "Active"
              }
            ],
            "version": "$LATEST",
            "vpc_config": []
          },
          "sensitive_attributes": [],
          "identity_schema_version": 0,
          "identity": {
            "account_id": "331504768406",
            "function_name": "flight-radar-stream-flights_raw",
            "region": "us-east-1"
          },
          "private": "eyJlMmJmYjczMC1lY2FhLTExZTYtOGY4OC0zNDM2M2JjN2M0YzAiOnsiY3JlYXRlIjo2MDAwMDAwMDAwMDAsImRlbGV0ZSI6NjAwMDAwMDAwMDAwLCJ1cGRhdGUiOjYwMDAwMDAwMDAwMH19",
          "dependencies": [
            "module.flights_dlq.aws_sqs_queue.dlq",
            "module.lambda_flights.aws_iam_role.lambda_execution",
            "module.lambda_flights.data.archive_file.lambda_function",
            "module.lambda_flights.data.aws_iam_policy_document.lambda_assume_role",
            "module.python_layer.aws_lambda_layer_version.this",
            "module.python_layer.data.archive_file.layer"
          ],
          "create_before_destroy": true
        }
      ]
    },
    {
      "module": "module.lambda_flights",
      "mode": "managed",
      "type": "aws_lambda_function_event_invoke_config",
      "name": "lambda_flights",
      "provider": "provider[\"registry.terraform.io/hashicorp/aws\"]",
      "instances": [
        {
          "schema_version": 0,
          "attributes": {
            "destination_config": [
              {
                "on_failure": [
                  {
                    "destination": "arn:aws:sqs:us-east-1:331504768406:flight-radar-stream-flights-dlq"
                  }
                ],
                "on_success": []
              }
            ],
            "function_name": "flight-radar-stream-flights_raw",
            "id": "flight-radar-stream-flights_raw",
            "maximum_event_age_in_seconds": 0,
            "maximum_retry_attempts": 2,
            "qualifier": "",
            "region": "us-east-1"
          },
          "sensitive_attributes": [],
          "identity_schema_version": 0,
          "private": "bnVsbA==",
          "dependencies": [
            "module.flights_dlq.aws_sqs_queue.dlq",
            "module.lambda_flights.aws_iam_role.lambda_execution",
            "module.lambda_flights.aws_lambda_function.lambda_flights",
            "module.lambda_flights.data.archive_file.lambda_function",
            "module.lambda_flights.data.aws_iam_policy_document.lambda_assume_role",
            "module.python_layer.aws_lambda_layer_version.this",
            "module.python_layer.data.archive_file.layer"
          ]
        }
      ]
    },
    {
      "module": "module.lambda_flights",
      "mode": "managed",
      "type": "aws_lambda_permission",
      "name": "apigateway_invoke",
      "provider": "provider[\"registry.terraform.io/hashicorp/aws\"]",
      "instances": [
        {
          "index_key": 0,
          "schema_version": 0,
          "attributes": {
            "action": "lambda:InvokeFunction",
            "event_source_token": null,
            "function_name": "flight-radar-stream-flights_raw",
            "function_url_auth_type": null,
            "id": "AllowAPIGatewayInvoke",
            "invoked_via_function_url": null,
            "principal": "apigateway.amazonaws.com",
            "principal_org_id": null,
            "qualifier": "",
            "region": "us-east-1",
            "source_account": null,
            "source_arn": "arn:aws:execute-api:us-east-1:331504768406:co4hnuyl72/*/*",
            "statement_id": "AllowAPIGatewayInvoke",
            "statement_id_prefix": ""
          },
          "sensitive_attributes": [],
          "identity_schema_version": 0,
          "identity": {
            "account_id": "331504768406",
            "function_name": "flight-radar-stream-flights_raw",
            "qualifier": null,
            "region": "us-east-1",
            "statement_id": "AllowAPIGatewayInvoke"
          },
          "private": "bnVsbA==",
          "dependencies": [
            "module.api_gateway.aws_api_gateway_rest_api.this",
            "module.flights_dlq.aws_sqs_queue.dlq",
            "module.lambda_flights.aws_iam_role.lambda_execution",
            "module.lambda_flights.aws_lambda_function.lambda_flights",
            "module.lambda_flights.data.archive_file.lambda_function",
            "module.lambda_flights.data.aws_iam_policy_document.lambda_assume_role",
            "module.python_layer.aws_lambda_layer_version.this",
            "module.python_layer.data.archive_file.layer"
          ]
        }
      ]
    },
    {
      "module": "module.python_layer",
      "mode": "data",
      "type": "archive_file",
      "name": "layer",
      "provider": "provider[\"registry.terraform.io/hashicorp/archive\"]",
      "instances": [
        {
          "schema_version": 0,
          "attributes": {
            "exclude_symlink_directories": null,
            "excludes": null,
            "id": "eb1360d217fa102a4c81aa0bebacf005d1e9f6bc",
            "output_base64sha256": "jXbZaGwXRfwrifnyVZxMW8OT13aQxOYpKmKpyvX7/tc=",
            "output_base64sha512": "6maCLfxJtV4jB4tWhEWYl/r535uWdOrm716sFiyZPYkWawJPJ+zsFVQKLuMBR6tDMDNgucuxk63pwGeQ+vHipw==",
            "output_file_mode": null,
            "output_md5": "e7cbd1702792a2c846ee774c4a66e386",
            "output_path": "./.terraform/python_layer.zip",
            "output_sha": "eb1360d217fa102a4c81aa0bebacf005d1e9f6bc",
            "output_sha256": "8d76d9686c1745fc2b89f9f2559c4c5bc393d77690c4e6292a62a9caf5fbfed7",
            "output_sha512": "ea66822dfc49b55e23078b5684459897faf9df9b9674eae6ef5eac162c993d89166b024f27ecec15540a2ee30147ab43303360b9cbb193ade9c06790faf1e2a7",
            "output_size": 21768766,
            "source": [],
            "source_content": null,
            "source_content_filename": null,
            "source_dir": "./../app/layers",
            "source_file": null,
            "type": "zip"
          },
          "sensitive_attributes": [],
          "identity_schema_version": 0
        }
      ]
    },
    {
      "module": "module.python_layer",
      "mode": "managed",
      "type": "aws_lambda_layer_version",
      "name": "this",
      "provider": "provider[\"registry.terraform.io/hashicorp/aws\"]",
      "instances": [
        {
          "schema_version": 0,
          "attributes": {
            "arn": "arn:aws:lambda:us-east-1:331504768406:layer:flight-radar-stream-python:6",
            "code_sha256": "jXbZaGwXRfwrifnyVZxMW8OT13aQxOYpKmKpyvX7/tc=",
            "compatible_architectures": [],
            "compatible_runtimes": [
              "python3.12"
            ],
            "created_date": "2026-06-07T17:37:17.553+0000",
            "description": "Shared Python dependencies (pydantic, boto3, requests, python-dotenv).",
            "filename": "./.terraform/python_layer.zip",
            "id": "arn:aws:lambda:us-east-1:331504768406:layer:flight-radar-stream-python:6",
            "layer_arn": "arn:aws:lambda:us-east-1:331504768406:layer:flight-radar-stream-python",
            "layer_name": "flight-radar-stream-python",
            "license_info": "",
            "region": "us-east-1",
            "s3_bucket": null,
            "s3_key": null,
            "s3_object_version": null,
            "signing_job_arn": "",
            "signing_profile_version_arn": "",
            "skip_destroy": false,
            "source_code_hash": "jXbZaGwXRfwrifnyVZxMW8OT13aQxOYpKmKpyvX7/tc=",
            "source_code_size": 21768766,
            "version": "6"
          },
          "sensitive_attributes": [],
          "identity_schema_version": 0,
          "identity": {
            "account_id": "331504768406",
            "layer_name": "flight-radar-stream-python",
            "region": "us-east-1",
            "version": "6"
          },
          "private": "bnVsbA==",
          "dependencies": [
            "module.python_layer.data.archive_file.layer"
          ],
          "create_before_destroy": true
        }
      ]
    }
  ],
  "check_results": [
    {
      "object_kind": "var",
      "config_addr": "var.alarm_thresholds",
      "status": "pass",
      "objects": [
        {
          "object_addr": "var.alarm_thresholds",
          "status": "pass"
        }
      ]
    },
    {
      "object_kind": "var",
      "config_addr": "var.flink_config",
      "status": "pass",
      "objects": [
        {
          "object_addr": "var.flink_config",
          "status": "pass"
        }
      ]
    },
    {
      "object_kind": "var",
      "config_addr": "var.redshift_config",
      "status": "pass",
      "objects": [
        {
          "object_addr": "var.redshift_config",
          "status": "pass"
        }
      ]
    },
    {
      "object_kind": "var",
      "config_addr": "module.kinesis_stream_flights.var.retention_hours",
      "status": "pass",
      "objects": [
        {
          "object_addr": "module.kinesis_stream_flights.var.retention_hours",
          "status": "pass"
        }
      ]
    },
    {
      "object_kind": "var",
      "config_addr": "module.api_gateway.var.endpoint_type",
      "status": "pass",
      "objects": [
        {
          "object_addr": "module.api_gateway.var.endpoint_type",
          "status": "pass"
        }
      ]
    },
    {
      "object_kind": "var",
      "config_addr": "var.alerts_email",
      "status": "pass",
      "objects": [
        {
          "object_addr": "var.alerts_email",
          "status": "pass"
        }
      ]
    }
  ]
}
