{
  "version": 4,
  "terraform_version": "1.11.1",
  "serial": 1168,
  "lineage": "f79b37b2-926f-7071-e5b7-b395d34c4681",
  "outputs": {
    "iam_lambda_execution_role_arn": {
      "value": "arn:aws:iam::331504768406:role/flight-radar-stream-lambda-execution-role",
      "type": "string"
    },
    "kinesis_stream_flights_raw_info": {
      "value": {
        "arn": "arn:aws:kinesis:us-east-1:331504768406:stream/flight-radar-stream-flights-raw",
        "mode": "ON_DEMAND",
        "name": "flight-radar-stream-flights-raw",
        "retention_hours": 24
      },
      "type": [
        "object",
        {
          "arn": "string",
          "mode": "string",
          "name": "string",
          "retention_hours": "number"
        }
      ]
    },
    "lambda_flights_enriched_arn": {
      "value": "arn:aws:lambda:us-east-1:331504768406:function:flight-radar-stream-flights_enriched",
      "type": "string"
    },
    "lambda_flights_raw_arn": {
      "value": "arn:aws:lambda:us-east-1:331504768406:function:flight-radar-stream-flights_raw",
      "type": "string"
    }
  },
  "resources": [
    {
      "mode": "data",
      "type": "aws_caller_identity",
      "name": "current",
      "provider": "provider[\"registry.terraform.io/hashicorp/aws\"]",
      "instances": [
        {
          "schema_version": 0,
          "attributes": {
            "account_id": "331504768406",
            "arn": "arn:aws:iam::331504768406:user/lake-admin",
            "id": "331504768406",
            "user_id": "AIDAU2LZZKWLCFPCWNTXM"
          },
          "sensitive_attributes": []
        }
      ]
    },
    {
      "mode": "data",
      "type": "aws_iam_role",
      "name": "datalake_role_name",
      "provider": "provider[\"registry.terraform.io/hashicorp/aws\"]",
      "instances": [
        {
          "schema_version": 0,
          "attributes": {
            "arn": "arn:aws:iam::331504768406:role/role-datalake-analytics",
            "assume_role_policy": "{\"Version\":\"2012-10-17\",\"Statement\":[{\"Effect\":\"Allow\",\"Principal\":{\"Service\":[\"firehose.amazonaws.com\",\"glue.amazonaws.com\",\"states.amazonaws.com\",\"sns.amazonaws.com\",\"s3.amazonaws.com\",\"sqs.amazonaws.com\",\"athena.amazonaws.com\"]},\"Action\":\"sts:AssumeRole\"}]}",
            "create_date": "2026-02-08T21:11:47Z",
            "description": "",
            "id": "role-datalake-analytics",
            "max_session_duration": 3600,
            "name": "role-datalake-analytics",
            "path": "/",
            "permissions_boundary": "",
            "role_last_used": [
              {
                "last_used_date": "2026-02-18T15:36:51Z",
                "region": "us-east-1"
              }
            ],
            "tags": {},
            "unique_id": "AROAU2LZZKWLJFUTIYNIP"
          },
          "sensitive_attributes": []
        }
      ]
    },
    {
      "mode": "data",
      "type": "aws_s3_bucket",
      "name": "landing",
      "provider": "provider[\"registry.terraform.io/hashicorp/aws\"]",
      "instances": [
        {
          "schema_version": 0,
          "attributes": {
            "arn": "arn:aws:s3:::lakehouse-landing-331504768406",
            "bucket": "lakehouse-landing-331504768406",
            "bucket_domain_name": "lakehouse-landing-331504768406.s3.amazonaws.com",
            "bucket_region": "us-east-1",
            "bucket_regional_domain_name": "lakehouse-landing-331504768406.s3.us-east-1.amazonaws.com",
            "hosted_zone_id": "Z3AQBSTGFYJSTF",
            "id": "lakehouse-landing-331504768406",
            "region": "us-east-1",
            "website_domain": null,
            "website_endpoint": null
          },
          "sensitive_attributes": []
        }
      ]
    },
    {
      "module": "module.iam",
      "mode": "data",
      "type": "aws_iam_policy_document",
      "name": "firehose_assume_role_policy",
      "provider": "provider[\"registry.terraform.io/hashicorp/aws\"]",
      "instances": [
        {
          "schema_version": 0,
          "attributes": {
            "id": "414810265",
            "json": "{\n  \"Version\": \"2012-10-17\",\n  \"Statement\": [\n    {\n      \"Effect\": \"Allow\",\n      \"Action\": \"sts:AssumeRole\",\n      \"Principal\": {\n        \"Service\": \"firehose.amazonaws.com\"\n      }\n    }\n  ]\n}",
            "minified_json": "{\"Version\":\"2012-10-17\",\"Statement\":[{\"Effect\":\"Allow\",\"Action\":\"sts:AssumeRole\",\"Principal\":{\"Service\":\"firehose.amazonaws.com\"}}]}",
            "override_json": null,
            "override_policy_documents": null,
            "policy_id": null,
            "source_json": null,
            "source_policy_documents": null,
            "statement": [
              {
                "actions": [
                  "sts:AssumeRole"
                ],
                "condition": [],
                "effect": "Allow",
                "not_actions": [],
                "not_principals": [],
                "not_resources": [],
                "principals": [
                  {
                    "identifiers": [
                      "firehose.amazonaws.com"
                    ],
                    "type": "Service"
                  }
                ],
                "resources": [],
                "sid": ""
              }
            ],
            "version": "2012-10-17"
          },
          "sensitive_attributes": []
        }
      ]
    },
    {
      "module": "module.iam",
      "mode": "data",
      "type": "aws_iam_policy_document",
      "name": "firehose_policy",
      "provider": "provider[\"registry.terraform.io/hashicorp/aws\"]",
      "instances": [
        {
          "schema_version": 0,
          "attributes": {
            "id": "1629910706",
            "json": "{\n  \"Version\": \"2012-10-17\",\n  \"Statement\": [\n    {\n      \"Effect\": \"Allow\",\n      \"Action\": [\n        \"s3:PutObjectAcl\",\n        \"s3:PutObject\",\n        \"s3:ListBucket\",\n        \"s3:GetBucketLocation\"\n      ],\n      \"Resource\": [\n        \"arn:aws:s3:::lakehouse-landing-331504768406/*\",\n        \"arn:aws:s3:::lakehouse-landing-331504768406\"\n      ]\n    },\n    {\n      \"Effect\": \"Allow\",\n      \"Action\": \"lambda:InvokeFunction\",\n      \"Resource\": \"*\"\n    },\n    {\n      \"Effect\": \"Allow\",\n      \"Action\": [\n        \"kinesis:ListShards\",\n        \"kinesis:GetShardIterator\",\n        \"kinesis:GetRecords\",\n        \"kinesis:DescribeStream\"\n      ],\n      \"Resource\": \"*\"\n    }\n  ]\n}",
            "minified_json": "{\"Version\":\"2012-10-17\",\"Statement\":[{\"Effect\":\"Allow\",\"Action\":[\"s3:PutObjectAcl\",\"s3:PutObject\",\"s3:ListBucket\",\"s3:GetBucketLocation\"],\"Resource\":[\"arn:aws:s3:::lakehouse-landing-331504768406/*\",\"arn:aws:s3:::lakehouse-landing-331504768406\"]},{\"Effect\":\"Allow\",\"Action\":\"lambda:InvokeFunction\",\"Resource\":\"*\"},{\"Effect\":\"Allow\",\"Action\":[\"kinesis:ListShards\",\"kinesis:GetShardIterator\",\"kinesis:GetRecords\",\"kinesis:DescribeStream\"],\"Resource\":\"*\"}]}",
            "override_json": null,
            "override_policy_documents": null,
            "policy_id": null,
            "source_json": null,
            "source_policy_documents": null,
            "statement": [
              {
                "actions": [
                  "s3:GetBucketLocation",
                  "s3:ListBucket",
                  "s3:PutObject",
                  "s3:PutObjectAcl"
                ],
                "condition": [],
                "effect": "Allow",
                "not_actions": [],
                "not_principals": [],
                "not_resources": [],
                "principals": [],
                "resources": [
                  "arn:aws:s3:::lakehouse-landing-331504768406",
                  "arn:aws:s3:::lakehouse-landing-331504768406/*"
                ],
                "sid": ""
              },
              {
                "actions": [
                  "lambda:InvokeFunction"
                ],
                "condition": [],
                "effect": "Allow",
                "not_actions": [],
                "not_principals": [],
                "not_resources": [],
                "principals": [],
                "resources": [
                  "*"
                ],
                "sid": ""
              },
              {
                "actions": [
                  "kinesis:DescribeStream",
                  "kinesis:GetRecords",
                  "kinesis:GetShardIterator",
                  "kinesis:ListShards"
                ],
                "condition": [],
                "effect": "Allow",
                "not_actions": [],
                "not_principals": [],
                "not_resources": [],
                "principals": [],
                "resources": [
                  "*"
                ],
                "sid": ""
              }
            ],
            "version": "2012-10-17"
          },
          "sensitive_attributes": []
        }
      ]
    },
    {
      "module": "module.iam",
      "mode": "data",
      "type": "aws_iam_policy_document",
      "name": "lambda_assume_role_policy",
      "provider": "provider[\"registry.terraform.io/hashicorp/aws\"]",
      "instances": [
        {
          "schema_version": 0,
          "attributes": {
            "id": "2690255455",
            "json": "{\n  \"Version\": \"2012-10-17\",\n  \"Statement\": [\n    {\n      \"Effect\": \"Allow\",\n      \"Action\": \"sts:AssumeRole\",\n      \"Principal\": {\n        \"Service\": \"lambda.amazonaws.com\"\n      }\n    }\n  ]\n}",
            "minified_json": "{\"Version\":\"2012-10-17\",\"Statement\":[{\"Effect\":\"Allow\",\"Action\":\"sts:AssumeRole\",\"Principal\":{\"Service\":\"lambda.amazonaws.com\"}}]}",
            "override_json": null,
            "override_policy_documents": null,
            "policy_id": null,
            "source_json": null,
            "source_policy_documents": null,
            "statement": [
              {
                "actions": [
                  "sts:AssumeRole"
                ],
                "condition": [],
                "effect": "Allow",
                "not_actions": [],
                "not_principals": [],
                "not_resources": [],
                "principals": [
                  {
                    "identifiers": [
                      "lambda.amazonaws.com"
                    ],
                    "type": "Service"
                  }
                ],
                "resources": [],
                "sid": ""
              }
            ],
            "version": "2012-10-17"
          },
          "sensitive_attributes": []
        }
      ]
    },
    {
      "module": "module.iam",
      "mode": "data",
      "type": "aws_iam_policy_document",
      "name": "lambda_kinesis_policy",
      "provider": "provider[\"registry.terraform.io/hashicorp/aws\"]",
      "instances": [
        {
          "schema_version": 0,
          "attributes": {
            "id": "3145098114",
            "json": "{\n  \"Version\": \"2012-10-17\",\n  \"Statement\": [\n    {\n      \"Effect\": \"Allow\",\n      \"Action\": [\n        \"kinesis:PutRecords\",\n        \"kinesis:PutRecord\",\n        \"kinesis:ListStreams\",\n        \"kinesis:ListShards\",\n        \"kinesis:DescribeStream\"\n      ],\n      \"Resource\": \"*\"\n    }\n  ]\n}",
            "minified_json": "{\"Version\":\"2012-10-17\",\"Statement\":[{\"Effect\":\"Allow\",\"Action\":[\"kinesis:PutRecords\",\"kinesis:PutRecord\",\"kinesis:ListStreams\",\"kinesis:ListShards\",\"kinesis:DescribeStream\"],\"Resource\":\"*\"}]}",
            "override_json": null,
            "override_policy_documents": null,
            "policy_id": null,
            "source_json": null,
            "source_policy_documents": null,
            "statement": [
              {
                "actions": [
                  "kinesis:DescribeStream",
                  "kinesis:ListShards",
                  "kinesis:ListStreams",
                  "kinesis:PutRecord",
                  "kinesis:PutRecords"
                ],
                "condition": [],
                "effect": "Allow",
                "not_actions": [],
                "not_principals": [],
                "not_resources": [],
                "principals": [],
                "resources": [
                  "*"
                ],
                "sid": ""
              }
            ],
            "version": "2012-10-17"
          },
          "sensitive_attributes": []
        }
      ]
    },
    {
      "module": "module.iam",
      "mode": "data",
      "type": "aws_iam_policy_document",
      "name": "lambda_logs_policy",
      "provider": "provider[\"registry.terraform.io/hashicorp/aws\"]",
      "instances": [
        {
          "schema_version": 0,
          "attributes": {
            "id": "16712114",
            "json": "{\n  \"Version\": \"2012-10-17\",\n  \"Statement\": [\n    {\n      \"Effect\": \"Allow\",\n      \"Action\": [\n        \"logs:PutLogEvents\",\n        \"logs:CreateLogStream\",\n        \"logs:CreateLogGroup\"\n      ],\n      \"Resource\": \"arn:aws:logs:*:*:*\"\n    }\n  ]\n}",
            "minified_json": "{\"Version\":\"2012-10-17\",\"Statement\":[{\"Effect\":\"Allow\",\"Action\":[\"logs:PutLogEvents\",\"logs:CreateLogStream\",\"logs:CreateLogGroup\"],\"Resource\":\"arn:aws:logs:*:*:*\"}]}",
            "override_json": null,
            "override_policy_documents": null,
            "policy_id": null,
            "source_json": null,
            "source_policy_documents": null,
            "statement": [
              {
                "actions": [
                  "logs:CreateLogGroup",
                  "logs:CreateLogStream",
                  "logs:PutLogEvents"
                ],
                "condition": [],
                "effect": "Allow",
                "not_actions": [],
                "not_principals": [],
                "not_resources": [],
                "principals": [],
                "resources": [
                  "arn:aws:logs:*:*:*"
                ],
                "sid": ""
              }
            ],
            "version": "2012-10-17"
          },
          "sensitive_attributes": []
        }
      ]
    },
    {
      "module": "module.iam",
      "mode": "managed",
      "type": "aws_iam_role",
      "name": "firehose_role",
      "provider": "provider[\"registry.terraform.io/hashicorp/aws\"]",
      "instances": [
        {
          "schema_version": 0,
          "attributes": {
            "arn": "arn:aws:iam::331504768406:role/flight-radar-stream-firehose-role",
            "assume_role_policy": "{\"Statement\":[{\"Action\":\"sts:AssumeRole\",\"Effect\":\"Allow\",\"Principal\":{\"Service\":\"firehose.amazonaws.com\"}}],\"Version\":\"2012-10-17\"}",
            "create_date": "2026-03-01T21:12:48Z",
            "description": "",
            "force_detach_policies": false,
            "id": "flight-radar-stream-firehose-role",
            "inline_policy": [
              {
                "name": "flight-radar-stream-firehose-policy",
                "policy": "{\"Version\":\"2012-10-17\",\"Statement\":[{\"Action\":[\"s3:PutObjectAcl\",\"s3:PutObject\",\"s3:ListBucket\",\"s3:GetBucketLocation\"],\"Effect\":\"Allow\",\"Resource\":[\"arn:aws:s3:::lakehouse-landing-331504768406/*\",\"arn:aws:s3:::lakehouse-landing-331504768406\"]},{\"Action\":\"lambda:InvokeFunction\",\"Effect\":\"Allow\",\"Resource\":\"*\"},{\"Action\":[\"kinesis:ListShards\",\"kinesis:GetShardIterator\",\"kinesis:GetRecords\",\"kinesis:DescribeStream\"],\"Effect\":\"Allow\",\"Resource\":\"*\"}]}"
              }
            ],
            "managed_policy_arns": [],
            "max_session_duration": 3600,
            "name": "flight-radar-stream-firehose-role",
            "name_prefix": "",
            "path": "/",
            "permissions_boundary": "",
            "tags": {
              "Environment": "production",
              "ManagedBy": "terraform",
              "Project": "flight-radar-stream"
            },
            "tags_all": {
              "Environment": "production",
              "ManagedBy": "terraform",
              "Project": "flight-radar-stream"
            },
            "unique_id": "AROAU2LZZKWLEZI6CBWXT"
          },
          "sensitive_attributes": [],
          "private": "bnVsbA==",
          "dependencies": [
            "module.iam.data.aws_iam_policy_document.firehose_assume_role_policy"
          ]
        }
      ]
    },
    {
      "module": "module.iam",
      "mode": "managed",
      "type": "aws_iam_role",
      "name": "lambda_execution",
      "provider": "provider[\"registry.terraform.io/hashicorp/aws\"]",
      "instances": [
        {
          "schema_version": 0,
          "attributes": {
            "arn": "arn:aws:iam::331504768406:role/flight-radar-stream-lambda-execution-role",
            "assume_role_policy": "{\"Statement\":[{\"Action\":\"sts:AssumeRole\",\"Effect\":\"Allow\",\"Principal\":{\"Service\":\"lambda.amazonaws.com\"}}],\"Version\":\"2012-10-17\"}",
            "create_date": "2026-03-01T21:12:48Z",
            "description": "",
            "force_detach_policies": false,
            "id": "flight-radar-stream-lambda-execution-role",
            "inline_policy": [
              {
                "name": "flight-radar-stream-lambda-kinesis-policy",
                "policy": "{\"Version\":\"2012-10-17\",\"Statement\":[{\"Action\":[\"kinesis:PutRecords\",\"kinesis:PutRecord\",\"kinesis:ListStreams\",\"kinesis:ListShards\",\"kinesis:DescribeStream\"],\"Effect\":\"Allow\",\"Resource\":\"*\"}]}"
              },
              {
                "name": "flight-radar-stream-lambda-logs-policy",
                "policy": "{\"Version\":\"2012-10-17\",\"Statement\":[{\"Action\":[\"logs:PutLogEvents\",\"logs:CreateLogStream\",\"logs:CreateLogGroup\"],\"Effect\":\"Allow\",\"Resource\":\"arn:aws:logs:*:*:*\"}]}"
              }
            ],
            "managed_policy_arns": [],
            "max_session_duration": 3600,
            "name": "flight-radar-stream-lambda-execution-role",
            "name_prefix": "",
            "path": "/",
            "permissions_boundary": "",
            "tags": {
              "Environment": "production",
              "ManagedBy": "terraform",
              "Project": "flight-radar-stream"
            },
            "tags_all": {
              "Environment": "production",
              "ManagedBy": "terraform",
              "Project": "flight-radar-stream"
            },
            "unique_id": "AROAU2LZZKWLAX3MCIWW4"
          },
          "sensitive_attributes": [],
          "private": "bnVsbA==",
          "dependencies": [
            "module.iam.data.aws_iam_policy_document.lambda_assume_role_policy"
          ]
        }
      ]
    },
    {
      "module": "module.iam",
      "mode": "managed",
      "type": "aws_iam_role_policy",
      "name": "firehose_policy",
      "provider": "provider[\"registry.terraform.io/hashicorp/aws\"]",
      "instances": [
        {
          "schema_version": 0,
          "attributes": {
            "id": "flight-radar-stream-firehose-role:flight-radar-stream-firehose-policy",
            "name": "flight-radar-stream-firehose-policy",
            "name_prefix": "",
            "policy": "{\"Version\":\"2012-10-17\",\"Statement\":[{\"Action\":[\"s3:PutObjectAcl\",\"s3:PutObject\",\"s3:ListBucket\",\"s3:GetBucketLocation\"],\"Effect\":\"Allow\",\"Resource\":[\"arn:aws:s3:::lakehouse-landing-331504768406/*\",\"arn:aws:s3:::lakehouse-landing-331504768406\"]},{\"Action\":\"lambda:InvokeFunction\",\"Effect\":\"Allow\",\"Resource\":\"*\"},{\"Action\":[\"kinesis:ListShards\",\"kinesis:GetShardIterator\",\"kinesis:GetRecords\",\"kinesis:DescribeStream\"],\"Effect\":\"Allow\",\"Resource\":\"*\"}]}",
            "role": "flight-radar-stream-firehose-role"
          },
          "sensitive_attributes": [],
          "private": "bnVsbA==",
          "dependencies": [
            "data.aws_caller_identity.current",
            "data.aws_s3_bucket.landing",
            "module.iam.aws_iam_role.firehose_role",
            "module.iam.data.aws_iam_policy_document.firehose_assume_role_policy",
            "module.iam.data.aws_iam_policy_document.firehose_policy"
          ]
        }
      ]
    },
    {
      "module": "module.iam",
      "mode": "managed",
      "type": "aws_iam_role_policy",
      "name": "lambda_kinesis_policy",
      "provider": "provider[\"registry.terraform.io/hashicorp/aws\"]",
      "instances": [
        {
          "schema_version": 0,
          "attributes": {
            "id": "flight-radar-stream-lambda-execution-role:flight-radar-stream-lambda-kinesis-policy",
            "name": "flight-radar-stream-lambda-kinesis-policy",
            "name_prefix": "",
            "policy": "{\"Version\":\"2012-10-17\",\"Statement\":[{\"Action\":[\"kinesis:PutRecords\",\"kinesis:PutRecord\",\"kinesis:ListStreams\",\"kinesis:ListShards\",\"kinesis:DescribeStream\"],\"Effect\":\"Allow\",\"Resource\":\"*\"}]}",
            "role": "flight-radar-stream-lambda-execution-role"
          },
          "sensitive_attributes": [],
          "private": "bnVsbA==",
          "dependencies": [
            "module.iam.aws_iam_role.lambda_execution",
            "module.iam.data.aws_iam_policy_document.lambda_assume_role_policy",
            "module.iam.data.aws_iam_policy_document.lambda_kinesis_policy"
          ]
        }
      ]
    },
    {
      "module": "module.iam",
      "mode": "managed",
      "type": "aws_iam_role_policy",
      "name": "lambda_logs_policy",
      "provider": "provider[\"registry.terraform.io/hashicorp/aws\"]",
      "instances": [
        {
          "schema_version": 0,
          "attributes": {
            "id": "flight-radar-stream-lambda-execution-role:flight-radar-stream-lambda-logs-policy",
            "name": "flight-radar-stream-lambda-logs-policy",
            "name_prefix": "",
            "policy": "{\"Version\":\"2012-10-17\",\"Statement\":[{\"Action\":[\"logs:PutLogEvents\",\"logs:CreateLogStream\",\"logs:CreateLogGroup\"],\"Effect\":\"Allow\",\"Resource\":\"arn:aws:logs:*:*:*\"}]}",
            "role": "flight-radar-stream-lambda-execution-role"
          },
          "sensitive_attributes": [],
          "private": "bnVsbA==",
          "dependencies": [
            "module.iam.aws_iam_role.lambda_execution",
            "module.iam.data.aws_iam_policy_document.lambda_assume_role_policy",
            "module.iam.data.aws_iam_policy_document.lambda_logs_policy"
          ]
        }
      ]
    },
    {
      "module": "module.kinesis_firehose_flights_enriched",
      "mode": "data",
      "type": "aws_caller_identity",
      "name": "current",
      "provider": "provider[\"registry.terraform.io/hashicorp/aws\"]",
      "instances": [
        {
          "schema_version": 0,
          "attributes": {
            "account_id": "331504768406",
            "arn": "arn:aws:iam::331504768406:user/lake-admin",
            "id": "331504768406",
            "user_id": "AIDAU2LZZKWLCFPCWNTXM"
          },
          "sensitive_attributes": []
        }
      ]
    },
    {
      "module": "module.kinesis_stream_flights_raw",
      "mode": "data",
      "type": "aws_kinesis_stream",
      "name": "stream_info",
      "provider": "provider[\"registry.terraform.io/hashicorp/aws\"]",
      "instances": [
        {
          "schema_version": 0,
          "attributes": {
            "arn": "arn:aws:kinesis:us-east-1:331504768406:stream/flight-radar-stream-flights-raw",
            "closed_shards": [],
            "creation_timestamp": 1772399567,
            "encryption_type": "NONE",
            "id": "arn:aws:kinesis:us-east-1:331504768406:stream/flight-radar-stream-flights-raw",
            "kms_key_id": "",
            "max_record_size_in_kib": 1024,
            "name": "flight-radar-stream-flights-raw",
            "open_shards": [
              "shardId-000000000000",
              "shardId-000000000001",
              "shardId-000000000002",
              "shardId-000000000003"
            ],
            "region": "us-east-1",
            "retention_period": 24,
            "shard_level_metrics": [],
            "status": "ACTIVE",
            "stream_mode_details": [
              {
                "stream_mode": "ON_DEMAND"
              }
            ],
            "tags": {
              "Environment": "production",
              "ManagedBy": "terraform",
              "Name": "flight-radar-stream-flights-raw",
              "Project": "flight-radar-stream",
              "StreamType": "fights-raw"
            }
          },
          "sensitive_attributes": []
        }
      ]
    },
    {
      "module": "module.kinesis_stream_flights_raw",
      "mode": "managed",
      "type": "aws_cloudwatch_metric_alarm",
      "name": "kinesis_incoming_records",
      "provider": "provider[\"registry.terraform.io/hashicorp/aws\"]",
      "instances": [
        {
          "schema_version": 1,
          "attributes": {
            "actions_enabled": true,
            "alarm_actions": [],
            "alarm_description": "Alert quando nenhum registro entra no stream por 10+ minutos",
            "alarm_name": "flight-radar-stream-flights-raw-no-incoming-records",
            "arn": "arn:aws:cloudwatch:us-east-1:331504768406:alarm:flight-radar-stream-flights-raw-no-incoming-records",
            "comparison_operator": "LessThanThreshold",
            "datapoints_to_alarm": 0,
            "dimensions": {
              "StreamName": "flight-radar-stream-flights-raw"
            },
            "evaluate_low_sample_count_percentiles": "",
            "evaluation_periods": 2,
            "extended_statistic": "",
            "id": "flight-radar-stream-flights-raw-no-incoming-records",
            "insufficient_data_actions": [],
            "metric_name": "IncomingRecords",
            "metric_query": [],
            "namespace": "AWS/Kinesis",
            "ok_actions": [],
            "period": 600,
            "region": "us-east-1",
            "statistic": "Sum",
            "tags": {},
            "tags_all": {},
            "threshold": 1,
            "threshold_metric_id": "",
            "treat_missing_data": "missing",
            "unit": ""
          },
          "sensitive_attributes": [],
          "private": "eyJzY2hlbWFfdmVyc2lvbiI6IjEifQ==",
          "dependencies": [
            "module.kinesis_stream_flights_raw.aws_kinesis_stream.kinesis_stream_flights_raw"
          ]
        }
      ]
    },
    {
      "module": "module.kinesis_stream_flights_raw",
      "mode": "managed",
      "type": "aws_cloudwatch_metric_alarm",
      "name": "kinesis_iterator_age",
      "provider": "provider[\"registry.terraform.io/hashicorp/aws\"]",
      "instances": [
        {
          "schema_version": 1,
          "attributes": {
            "actions_enabled": true,
            "alarm_actions": [],
            "alarm_description": "Alert quando registros não são processados por mais de 60 segundos",
            "alarm_name": "flight-radar-stream-flights-raw-high-iterator-age",
            "arn": "arn:aws:cloudwatch:us-east-1:331504768406:alarm:flight-radar-stream-flights-raw-high-iterator-age",
            "comparison_operator": "GreaterThanThreshold",
            "datapoints_to_alarm": 0,
            "dimensions": {
              "StreamName": "flight-radar-stream-flights-raw"
            },
            "evaluate_low_sample_count_percentiles": "",
            "evaluation_periods": 2,
            "extended_statistic": "",
            "id": "flight-radar-stream-flights-raw-high-iterator-age",
            "insufficient_data_actions": [],
            "metric_name": "GetRecords.IteratorAgeMilliseconds",
            "metric_query": [],
            "namespace": "AWS/Kinesis",
            "ok_actions": [],
            "period": 300,
            "region": "us-east-1",
            "statistic": "Maximum",
            "tags": {},
            "tags_all": {},
            "threshold": 60000,
            "threshold_metric_id": "",
            "treat_missing_data": "missing",
            "unit": ""
          },
          "sensitive_attributes": [],
          "private": "eyJzY2hlbWFfdmVyc2lvbiI6IjEifQ==",
          "dependencies": [
            "module.kinesis_stream_flights_raw.aws_kinesis_stream.kinesis_stream_flights_raw"
          ]
        }
      ]
    },
    {
      "module": "module.kinesis_stream_flights_raw",
      "mode": "managed",
      "type": "aws_kinesis_stream",
      "name": "kinesis_stream_flights_raw",
      "provider": "provider[\"registry.terraform.io/hashicorp/aws\"]",
      "instances": [
        {
          "schema_version": 1,
          "attributes": {
            "arn": "arn:aws:kinesis:us-east-1:331504768406:stream/flight-radar-stream-flights-raw",
            "encryption_type": "NONE",
            "enforce_consumer_deletion": false,
            "id": "arn:aws:kinesis:us-east-1:331504768406:stream/flight-radar-stream-flights-raw",
            "kms_key_id": "",
            "max_record_size_in_kib": 1024,
            "name": "flight-radar-stream-flights-raw",
            "region": "us-east-1",
            "retention_period": 24,
            "shard_count": 0,
            "shard_level_metrics": [],
            "stream_mode_details": [
              {
                "stream_mode": "ON_DEMAND"
              }
            ],
            "tags": {
              "Environment": "production",
              "ManagedBy": "terraform",
              "Name": "flight-radar-stream-flights-raw",
              "Project": "flight-radar-stream",
              "StreamType": "fights-raw"
            },
            "tags_all": {
              "Environment": "production",
              "ManagedBy": "terraform",
              "Name": "flight-radar-stream-flights-raw",
              "Project": "flight-radar-stream",
              "StreamType": "fights-raw"
            },
            "timeouts": null
          },
          "sensitive_attributes": [],
          "private": "eyJlMmJmYjczMC1lY2FhLTExZTYtOGY4OC0zNDM2M2JjN2M0YzAiOnsiY3JlYXRlIjozMDAwMDAwMDAwMDAsImRlbGV0ZSI6NzIwMDAwMDAwMDAwMCwidXBkYXRlIjo3MjAwMDAwMDAwMDAwfSwic2NoZW1hX3ZlcnNpb24iOiIxIn0="
        }
      ]
    },
    {
      "module": "module.kms",
      "mode": "managed",
      "type": "aws_kms_alias",
      "name": "firehose_kms_alias",
      "provider": "provider[\"registry.terraform.io/hashicorp/aws\"]",
      "instances": [
        {
          "schema_version": 0,
          "attributes": {
            "arn": "arn:aws:kms:us-east-1:331504768406:alias/flight-radar-stream-firehose-kms",
            "id": "alias/flight-radar-stream-firehose-kms",
            "name": "alias/flight-radar-stream-firehose-kms",
            "name_prefix": "",
            "region": "us-east-1",
            "target_key_arn": "arn:aws:kms:us-east-1:331504768406:key/7b50ce98-663f-4085-a157-50e1956d8cec",
            "target_key_id": "7b50ce98-663f-4085-a157-50e1956d8cec"
          },
          "sensitive_attributes": [],
          "private": "bnVsbA==",
          "dependencies": [
            "module.kms.aws_kms_key.firehose_kms"
          ]
        }
      ]
    },
    {
      "module": "module.kms",
      "mode": "managed",
      "type": "aws_kms_key",
      "name": "firehose_kms",
      "provider": "provider[\"registry.terraform.io/hashicorp/aws\"]",
      "instances": [
        {
          "schema_version": 0,
          "attributes": {
            "arn": "arn:aws:kms:us-east-1:331504768406:key/7b50ce98-663f-4085-a157-50e1956d8cec",
            "bypass_policy_lockout_safety_check": false,
            "custom_key_store_id": "",
            "customer_master_key_spec": "SYMMETRIC_DEFAULT",
            "deletion_window_in_days": 30,
            "description": "KMS key para criptografia do Firehose flights-enriched",
            "enable_key_rotation": true,
            "id": "7b50ce98-663f-4085-a157-50e1956d8cec",
            "is_enabled": true,
            "key_id": "7b50ce98-663f-4085-a157-50e1956d8cec",
            "key_usage": "ENCRYPT_DECRYPT",
            "multi_region": false,
            "policy": "{\"Id\":\"key-default-1\",\"Statement\":[{\"Action\":\"kms:*\",\"Effect\":\"Allow\",\"Principal\":{\"AWS\":\"arn:aws:iam::331504768406:root\"},\"Resource\":\"*\",\"Sid\":\"Enable IAM User Permissions\"}],\"Version\":\"2012-10-17\"}",
            "region": "us-east-1",
            "rotation_period_in_days": 365,
            "tags": {
              "Environment": "production",
              "ManagedBy": "terraform",
              "Project": "flight-radar-stream"
            },
            "tags_all": {
              "Environment": "production",
              "ManagedBy": "terraform",
              "Project": "flight-radar-stream"
            },
            "timeouts": null,
            "xks_key_id": ""
          },
          "sensitive_attributes": [],
          "private": "eyJlMmJmYjczMC1lY2FhLTExZTYtOGY4OC0zNDM2M2JjN2M0YzAiOnsiY3JlYXRlIjoxMjAwMDAwMDAwMDB9fQ=="
        }
      ]
    },
    {
      "module": "module.lambda_flights_enriched",
      "mode": "data",
      "type": "archive_file",
      "name": "lambda_function",
      "provider": "provider[\"registry.terraform.io/hashicorp/archive\"]",
      "instances": [
        {
          "schema_version": 0,
          "attributes": {
            "exclude_symlink_directories": null,
            "excludes": null,
            "id": "bcf15a09b51a516161441363369ab05f706d72d0",
            "output_base64sha256": "+WL/myfsT8TgNqpzMP/6PtrRyxokNSynEBtTo/EmCMc=",
            "output_base64sha512": "3nSUTT8SFSE8rQ7cYcfgP6XA6I+HJWHn8FW90c06dS9gPnI3XzJlni6fMJ72U2R/rUTHTezG95a/S19W8VCJmw==",
            "output_file_mode": null,
            "output_md5": "6a2fd091facd2f4ca0410f12534731b4",
            "output_path": "modules/lambda_flights_enriched/.terraform/lambda_flights_enriched.zip",
            "output_sha": "bcf15a09b51a516161441363369ab05f706d72d0",
            "output_sha256": "f962ff9b27ec4fc4e036aa7330fffa3edad1cb1a24352ca7101b53a3f12608c7",
            "output_sha512": "de74944d3f1215213cad0edc61c7e03fa5c0e88f872561e7f055bdd1cd3a752f603e72375f32659e2e9f309ef653647fad44c74decc6f796bf4b5f56f150899b",
            "output_size": 1340,
            "source": [],
            "source_content": null,
            "source_content_filename": null,
            "source_dir": "./../app/src/lambda_flights_enriched",
            "source_file": null,
            "type": "zip"
          },
          "sensitive_attributes": []
        }
      ]
    },
    {
      "module": "module.lambda_flights_enriched",
      "mode": "data",
      "type": "archive_file",
      "name": "python_layer",
      "provider": "provider[\"registry.terraform.io/hashicorp/archive\"]",
      "instances": [
        {
          "schema_version": 0,
          "attributes": {
            "exclude_symlink_directories": null,
            "excludes": null,
            "id": "d9e9a77defde4067fc04216ff77a31aff5d02705",
            "output_base64sha256": "dbQDX6BA0sBsOh6rjY0uh/GRQxh77DEj9wyce9X0rq0=",
            "output_base64sha512": "/3F0yIB1lzU+TBQ26WM5Uzn4OHbIyp4AdwY4BZTk0IM6Hc3XW/pOGK0s47KLTTGoPNGprqMHRLHGRmJ5+H5XfA==",
            "output_file_mode": null,
            "output_md5": "8245f007b4b7d7023884edf8705d46ff",
            "output_path": "modules/lambda_flights_enriched/.terraform/python_layer.zip",
            "output_sha": "d9e9a77defde4067fc04216ff77a31aff5d02705",
            "output_sha256": "75b4035fa040d2c06c3a1eab8d8d2e87f19143187bec3123f70c9c7bd5f4aead",
            "output_sha512": "ff7174c8807597353e4c1436e963395339f83876c8ca9e007706380594e4d0833a1dcdd75bfa4e18ad2ce3b28b4d31a83cd1a9aea30744b1c6466279f87e577c",
            "output_size": 17515947,
            "source": [],
            "source_content": null,
            "source_content_filename": null,
            "source_dir": "./../app/layers",
            "source_file": null,
            "type": "zip"
          },
          "sensitive_attributes": []
        }
      ]
    },
    {
      "module": "module.lambda_flights_enriched",
      "mode": "data",
      "type": "aws_caller_identity",
      "name": "current",
      "provider": "provider[\"registry.terraform.io/hashicorp/aws\"]",
      "instances": [
        {
          "schema_version": 0,
          "attributes": {
            "account_id": "331504768406",
            "arn": "arn:aws:iam::331504768406:user/lake-admin",
            "id": "331504768406",
            "user_id": "AIDAU2LZZKWLCFPCWNTXM"
          },
          "sensitive_attributes": []
        }
      ]
    },
    {
      "module": "module.lambda_flights_enriched",
      "mode": "managed",
      "type": "aws_cloudwatch_log_group",
      "name": "this",
      "provider": "provider[\"registry.terraform.io/hashicorp/aws\"]",
      "instances": [
        {
          "schema_version": 0,
          "attributes": {
            "arn": "arn:aws:logs:us-east-1:331504768406:log-group:/aws/lambda/flight-radar-stream-flights_enriched",
            "deletion_protection_enabled": false,
            "id": "/aws/lambda/flight-radar-stream-flights_enriched",
            "kms_key_id": "",
            "log_group_class": "STANDARD",
            "name": "/aws/lambda/flight-radar-stream-flights_enriched",
            "name_prefix": "",
            "region": "us-east-1",
            "retention_in_days": 7,
            "skip_destroy": false,
            "tags": {},
            "tags_all": {}
          },
          "sensitive_attributes": [],
          "private": "bnVsbA==",
          "dependencies": [
            "data.aws_caller_identity.current",
            "data.aws_s3_bucket.landing",
            "module.iam.aws_iam_role.firehose_role",
            "module.iam.aws_iam_role.lambda_execution",
            "module.iam.aws_iam_role_policy.firehose_policy",
            "module.iam.aws_iam_role_policy.lambda_kinesis_policy",
            "module.iam.aws_iam_role_policy.lambda_logs_policy",
            "module.iam.data.aws_iam_policy_document.firehose_assume_role_policy",
            "module.iam.data.aws_iam_policy_document.firehose_policy",
            "module.iam.data.aws_iam_policy_document.lambda_assume_role_policy",
            "module.iam.data.aws_iam_policy_document.lambda_kinesis_policy",
            "module.iam.data.aws_iam_policy_document.lambda_logs_policy",
            "module.lambda_flights_enriched.aws_lambda_function.this",
            "module.lambda_flights_enriched.data.archive_file.lambda_function"
          ]
        }
      ]
    },
    {
      "module": "module.lambda_flights_enriched",
      "mode": "managed",
      "type": "aws_lambda_function",
      "name": "this",
      "provider": "provider[\"registry.terraform.io/hashicorp/aws\"]",
      "instances": [
        {
          "schema_version": 0,
          "attributes": {
            "architectures": [
              "x86_64"
            ],
            "arn": "arn:aws:lambda:us-east-1:331504768406:function:flight-radar-stream-flights_enriched",
            "capacity_provider_config": [],
            "code_sha256": "+WL/myfsT8TgNqpzMP/6PtrRyxokNSynEBtTo/EmCMc=",
            "code_signing_config_arn": "",
            "dead_letter_config": [],
            "description": "",
            "durable_config": [],
            "environment": [
              {
                "variables": {
                  "LOG_LEVEL": "INFO",
                  "OUTPUT_STREAM": "flight-radar-firehose-flights-enriched"
                }
              }
            ],
            "ephemeral_storage": [
              {
                "size": 512
              }
            ],
            "file_system_config": [],
            "filename": "modules/lambda_flights_enriched/.terraform/lambda_flights_enriched.zip",
            "function_name": "flight-radar-stream-flights_enriched",
            "handler": "lambda_function.lambda_handler",
            "id": "flight-radar-stream-flights_enriched",
            "image_config": [],
            "image_uri": "",
            "invoke_arn": "arn:aws:apigateway:us-east-1:lambda:path/2015-03-31/functions/arn:aws:lambda:us-east-1:331504768406:function:flight-radar-stream-flights_enriched/invocations",
            "kms_key_arn": "",
            "last_modified": "2026-03-01T21:13:06.812+0000",
            "layers": [],
            "logging_config": [
              {
                "application_log_level": "",
                "log_format": "Text",
                "log_group": "/aws/lambda/flight-radar-stream-flights_enriched",
                "system_log_level": ""
              }
            ],
            "memory_size": 512,
            "package_type": "Zip",
            "publish": false,
            "publish_to": null,
            "qualified_arn": "arn:aws:lambda:us-east-1:331504768406:function:flight-radar-stream-flights_enriched:$LATEST",
            "qualified_invoke_arn": "arn:aws:apigateway:us-east-1:lambda:path/2015-03-31/functions/arn:aws:lambda:us-east-1:331504768406:function:flight-radar-stream-flights_enriched:$LATEST/invocations",
            "region": "us-east-1",
            "replace_security_groups_on_destroy": null,
            "replacement_security_group_ids": null,
            "reserved_concurrent_executions": -1,
            "response_streaming_invoke_arn": "arn:aws:apigateway:us-east-1:lambda:path/2021-11-15/functions/arn:aws:lambda:us-east-1:331504768406:function:flight-radar-stream-flights_enriched/response-streaming-invocations",
            "role": "arn:aws:iam::331504768406:role/flight-radar-stream-lambda-execution-role",
            "runtime": "python3.12",
            "s3_bucket": null,
            "s3_key": null,
            "s3_object_version": null,
            "signing_job_arn": "",
            "signing_profile_version_arn": "",
            "skip_destroy": false,
            "snap_start": [],
            "source_code_hash": "+WL/myfsT8TgNqpzMP/6PtrRyxokNSynEBtTo/EmCMc=",
            "source_code_size": 1340,
            "source_kms_key_arn": "",
            "tags": {
              "Environment": "production",
              "ManagedBy": "terraform",
              "Project": "flight-radar-stream"
            },
            "tags_all": {
              "Environment": "production",
              "ManagedBy": "terraform",
              "Project": "flight-radar-stream"
            },
            "tenancy_config": [],
            "timeout": 60,
            "timeouts": null,
            "tracing_config": [
              {
                "mode": "PassThrough"
              }
            ],
            "version": "$LATEST",
            "vpc_config": []
          },
          "sensitive_attributes": [],
          "private": "eyJlMmJmYjczMC1lY2FhLTExZTYtOGY4OC0zNDM2M2JjN2M0YzAiOnsiY3JlYXRlIjo2MDAwMDAwMDAwMDAsImRlbGV0ZSI6NjAwMDAwMDAwMDAwLCJ1cGRhdGUiOjYwMDAwMDAwMDAwMH19",
          "dependencies": [
            "data.aws_caller_identity.current",
            "data.aws_s3_bucket.landing",
            "module.iam.aws_iam_role.firehose_role",
            "module.iam.aws_iam_role.lambda_execution",
            "module.iam.aws_iam_role_policy.firehose_policy",
            "module.iam.aws_iam_role_policy.lambda_kinesis_policy",
            "module.iam.aws_iam_role_policy.lambda_logs_policy",
            "module.iam.data.aws_iam_policy_document.firehose_assume_role_policy",
            "module.iam.data.aws_iam_policy_document.firehose_policy",
            "module.iam.data.aws_iam_policy_document.lambda_assume_role_policy",
            "module.iam.data.aws_iam_policy_document.lambda_kinesis_policy",
            "module.iam.data.aws_iam_policy_document.lambda_logs_policy",
            "module.lambda_flights_enriched.data.archive_file.lambda_function"
          ]
        }
      ]
    },
    {
      "module": "module.lambda_flights_raw",
      "mode": "data",
      "type": "archive_file",
      "name": "lambda_function",
      "provider": "provider[\"registry.terraform.io/hashicorp/archive\"]",
      "instances": [
        {
          "schema_version": 0,
          "attributes": {
            "exclude_symlink_directories": null,
            "excludes": null,
            "id": "3ffe2999a2ccaceafc5356f65976785a820a67c6",
            "output_base64sha256": "ZMx8ZKBfRYlZOugfF1bAuUggn+FSkdgAhO2JFckDM9M=",
            "output_base64sha512": "JQP1h7iLfXmmk067ZVghC6vQVU19GAx2AzdzGoeVAEHF66qm+IuBQUw/+wJs1puLnkk+WJdzBZIW/7htPDiIOA==",
            "output_file_mode": null,
            "output_md5": "9f7ea0c97eeac43052c3bb47754585ba",
            "output_path": "modules/lambda_flights_raw/.terraform/lambda_flights_raw.zip",
            "output_sha": "3ffe2999a2ccaceafc5356f65976785a820a67c6",
            "output_sha256": "64cc7c64a05f4589593ae81f1756c0b948209fe15291d80084ed8915c90333d3",
            "output_sha512": "2503f587b88b7d79a6934ebb6558210babd0554d7d180c760337731a87950041c5ebaaa6f88b81414c3ffb026cd69b8b9e493e589773059216ffb86d3c388838",
            "output_size": 5258,
            "source": [],
            "source_content": null,
            "source_content_filename": null,
            "source_dir": "./../app/src/lambda_flights_raw",
            "source_file": null,
            "type": "zip"
          },
          "sensitive_attributes": []
        }
      ]
    },
    {
      "module": "module.lambda_flights_raw",
      "mode": "data",
      "type": "archive_file",
      "name": "python_layer",
      "provider": "provider[\"registry.terraform.io/hashicorp/archive\"]",
      "instances": [
        {
          "schema_version": 0,
          "attributes": {
            "exclude_symlink_directories": null,
            "excludes": null,
            "id": "d9e9a77defde4067fc04216ff77a31aff5d02705",
            "output_base64sha256": "dbQDX6BA0sBsOh6rjY0uh/GRQxh77DEj9wyce9X0rq0=",
            "output_base64sha512": "/3F0yIB1lzU+TBQ26WM5Uzn4OHbIyp4AdwY4BZTk0IM6Hc3XW/pOGK0s47KLTTGoPNGprqMHRLHGRmJ5+H5XfA==",
            "output_file_mode": null,
            "output_md5": "8245f007b4b7d7023884edf8705d46ff",
            "output_path": "modules/lambda_flights_raw/.terraform/python_layer.zip",
            "output_sha": "d9e9a77defde4067fc04216ff77a31aff5d02705",
            "output_sha256": "75b4035fa040d2c06c3a1eab8d8d2e87f19143187bec3123f70c9c7bd5f4aead",
            "output_sha512": "ff7174c8807597353e4c1436e963395339f83876c8ca9e007706380594e4d0833a1dcdd75bfa4e18ad2ce3b28b4d31a83cd1a9aea30744b1c6466279f87e577c",
            "output_size": 17515947,
            "source": [],
            "source_content": null,
            "source_content_filename": null,
            "source_dir": "./../app/layers",
            "source_file": null,
            "type": "zip"
          },
          "sensitive_attributes": []
        }
      ]
    },
    {
      "module": "module.lambda_flights_raw",
      "mode": "data",
      "type": "aws_caller_identity",
      "name": "current",
      "provider": "provider[\"registry.terraform.io/hashicorp/aws\"]",
      "instances": [
        {
          "schema_version": 0,
          "attributes": {
            "account_id": "331504768406",
            "arn": "arn:aws:iam::331504768406:user/lake-admin",
            "id": "331504768406",
            "user_id": "AIDAU2LZZKWLCFPCWNTXM"
          },
          "sensitive_attributes": []
        }
      ]
    },
    {
      "module": "module.lambda_flights_raw",
      "mode": "managed",
      "type": "aws_cloudwatch_log_group",
      "name": "this",
      "provider": "provider[\"registry.terraform.io/hashicorp/aws\"]",
      "instances": [
        {
          "schema_version": 0,
          "attributes": {
            "arn": "arn:aws:logs:us-east-1:331504768406:log-group:/aws/lambda/flight-radar-stream-flights_raw",
            "deletion_protection_enabled": false,
            "id": "/aws/lambda/flight-radar-stream-flights_raw",
            "kms_key_id": "",
            "log_group_class": "STANDARD",
            "name": "/aws/lambda/flight-radar-stream-flights_raw",
            "name_prefix": "",
            "region": "us-east-1",
            "retention_in_days": 7,
            "skip_destroy": false,
            "tags": {},
            "tags_all": {}
          },
          "sensitive_attributes": [],
          "private": "bnVsbA==",
          "dependencies": [
            "data.aws_caller_identity.current",
            "data.aws_s3_bucket.landing",
            "module.iam.aws_iam_role.firehose_role",
            "module.iam.aws_iam_role.lambda_execution",
            "module.iam.aws_iam_role_policy.firehose_policy",
            "module.iam.aws_iam_role_policy.lambda_kinesis_policy",
            "module.iam.aws_iam_role_policy.lambda_logs_policy",
            "module.iam.data.aws_iam_policy_document.firehose_assume_role_policy",
            "module.iam.data.aws_iam_policy_document.firehose_policy",
            "module.iam.data.aws_iam_policy_document.lambda_assume_role_policy",
            "module.iam.data.aws_iam_policy_document.lambda_kinesis_policy",
            "module.iam.data.aws_iam_policy_document.lambda_logs_policy",
            "module.kinesis_stream_flights_raw.aws_cloudwatch_metric_alarm.kinesis_incoming_records",
            "module.kinesis_stream_flights_raw.aws_cloudwatch_metric_alarm.kinesis_iterator_age",
            "module.kinesis_stream_flights_raw.aws_kinesis_stream.kinesis_stream_flights_raw",
            "module.kinesis_stream_flights_raw.data.aws_kinesis_stream.stream_info",
            "module.lambda_flights_raw.aws_lambda_function.this",
            "module.lambda_flights_raw.data.archive_file.lambda_function"
          ]
        }
      ]
    },
    {
      "module": "module.lambda_flights_raw",
      "mode": "managed",
      "type": "aws_lambda_function",
      "name": "this",
      "provider": "provider[\"registry.terraform.io/hashicorp/aws\"]",
      "instances": [
        {
          "schema_version": 0,
          "attributes": {
            "architectures": [
              "x86_64"
            ],
            "arn": "arn:aws:lambda:us-east-1:331504768406:function:flight-radar-stream-flights_raw",
            "capacity_provider_config": [],
            "code_sha256": "ZMx8ZKBfRYlZOugfF1bAuUggn+FSkdgAhO2JFckDM9M=",
            "code_signing_config_arn": "",
            "dead_letter_config": [],
            "description": "",
            "durable_config": [],
            "environment": [
              {
                "variables": {
                  "KINESIS_STREAM": "flight-radar-stream-flights-raw",
                  "LOG_LEVEL": "INFO"
                }
              }
            ],
            "ephemeral_storage": [
              {
                "size": 512
              }
            ],
            "file_system_config": [],
            "filename": "modules/lambda_flights_raw/.terraform/lambda_flights_raw.zip",
            "function_name": "flight-radar-stream-flights_raw",
            "handler": "lambda_function.lambda_handler",
            "id": "flight-radar-stream-flights_raw",
            "image_config": [],
            "image_uri": "",
            "invoke_arn": "arn:aws:apigateway:us-east-1:lambda:path/2015-03-31/functions/arn:aws:lambda:us-east-1:331504768406:function:flight-radar-stream-flights_raw/invocations",
            "kms_key_arn": "",
            "last_modified": "2026-03-01T21:13:13.324+0000",
            "layers": [],
            "logging_config": [
              {
                "application_log_level": "",
                "log_format": "Text",
                "log_group": "/aws/lambda/flight-radar-stream-flights_raw",
                "system_log_level": ""
              }
            ],
            "memory_size": 512,
            "package_type": "Zip",
            "publish": false,
            "publish_to": null,
            "qualified_arn": "arn:aws:lambda:us-east-1:331504768406:function:flight-radar-stream-flights_raw:$LATEST",
            "qualified_invoke_arn": "arn:aws:apigateway:us-east-1:lambda:path/2015-03-31/functions/arn:aws:lambda:us-east-1:331504768406:function:flight-radar-stream-flights_raw:$LATEST/invocations",
            "region": "us-east-1",
            "replace_security_groups_on_destroy": null,
            "replacement_security_group_ids": null,
            "reserved_concurrent_executions": -1,
            "response_streaming_invoke_arn": "arn:aws:apigateway:us-east-1:lambda:path/2021-11-15/functions/arn:aws:lambda:us-east-1:331504768406:function:flight-radar-stream-flights_raw/response-streaming-invocations",
            "role": "arn:aws:iam::331504768406:role/flight-radar-stream-lambda-execution-role",
            "runtime": "python3.12",
            "s3_bucket": null,
            "s3_key": null,
            "s3_object_version": null,
            "signing_job_arn": "",
            "signing_profile_version_arn": "",
            "skip_destroy": false,
            "snap_start": [],
            "source_code_hash": "ZMx8ZKBfRYlZOugfF1bAuUggn+FSkdgAhO2JFckDM9M=",
            "source_code_size": 5258,
            "source_kms_key_arn": "",
            "tags": {
              "Environment": "production",
              "ManagedBy": "terraform",
              "Project": "flight-radar-stream"
            },
            "tags_all": {
              "Environment": "production",
              "ManagedBy": "terraform",
              "Project": "flight-radar-stream"
            },
            "tenancy_config": [],
            "timeout": 60,
            "timeouts": null,
            "tracing_config": [
              {
                "mode": "PassThrough"
              }
            ],
            "version": "$LATEST",
            "vpc_config": []
          },
          "sensitive_attributes": [],
          "private": "eyJlMmJmYjczMC1lY2FhLTExZTYtOGY4OC0zNDM2M2JjN2M0YzAiOnsiY3JlYXRlIjo2MDAwMDAwMDAwMDAsImRlbGV0ZSI6NjAwMDAwMDAwMDAwLCJ1cGRhdGUiOjYwMDAwMDAwMDAwMH19",
          "dependencies": [
            "data.aws_caller_identity.current",
            "data.aws_s3_bucket.landing",
            "module.iam.aws_iam_role.firehose_role",
            "module.iam.aws_iam_role.lambda_execution",
            "module.iam.aws_iam_role_policy.firehose_policy",
            "module.iam.aws_iam_role_policy.lambda_kinesis_policy",
            "module.iam.aws_iam_role_policy.lambda_logs_policy",
            "module.iam.data.aws_iam_policy_document.firehose_assume_role_policy",
            "module.iam.data.aws_iam_policy_document.firehose_policy",
            "module.iam.data.aws_iam_policy_document.lambda_assume_role_policy",
            "module.iam.data.aws_iam_policy_document.lambda_kinesis_policy",
            "module.iam.data.aws_iam_policy_document.lambda_logs_policy",
            "module.kinesis_stream_flights_raw.aws_cloudwatch_metric_alarm.kinesis_incoming_records",
            "module.kinesis_stream_flights_raw.aws_cloudwatch_metric_alarm.kinesis_iterator_age",
            "module.kinesis_stream_flights_raw.aws_kinesis_stream.kinesis_stream_flights_raw",
            "module.kinesis_stream_flights_raw.data.aws_kinesis_stream.stream_info",
            "module.lambda_flights_raw.data.archive_file.lambda_function"
          ]
        }
      ]
    }
  ],
  "check_results": [
    {
      "object_kind": "var",
      "config_addr": "module.kinesis_stream_flights_raw.var.retention_hours",
      "status": "pass",
      "objects": [
        {
          "object_addr": "module.kinesis_stream_flights_raw.var.retention_hours",
          "status": "pass"
        }
      ]
    }
  ]
}
